{
  "version": 4,
  "terraform_version": "1.0.6",
  "serial": 285,
  "lineage": "b159d503-7342-e158-796c-88549e7d2a79",
  "outputs": {
    "arm_client_id": {
      "value": "04b07795-8ddb-461a-bbee-02f9e1bf7b46",
      "type": "string"
    },
    "arm_subscription_id": {
      "value": "3f2e4d32-8e8d-46d6-82bc-5bb8d962328b",
      "type": "string"
    },
    "arm_tenant_id": {
      "value": "9f37a392-f0ae-4280-9796-f1864a10effc",
      "type": "string"
    },
    "azure_region": {
      "value": "southeastasia",
      "type": "string"
    },
    "databricks_azure_workspace_resource_id": {
      "value": "/subscriptions/3f2e4d32-8e8d-46d6-82bc-5bb8d962328b/resourceGroups/adb-dev-adb-laug0p-rg/providers/Microsoft.Databricks/workspaces/adb-laug0p-workspace",
      "type": "string"
    },
    "resource_group": {
      "value": "adb-dev-adb-laug0p-rg",
      "type": "string"
    },
    "workspace_url": {
      "value": "https://adb-1447468542285934.14.azuredatabricks.net/",
      "type": "string"
    }
  },
  "resources": [
    {
      "mode": "data",
      "type": "azurerm_client_config",
      "name": "current",
      "provider": "provider[\"registry.terraform.io/hashicorp/azurerm\"]",
      "instances": [
        {
          "schema_version": 0,
          "attributes": {
            "client_id": "04b07795-8ddb-461a-bbee-02f9e1bf7b46",
            "id": "Y2xpZW50Q29uZmlncy9jbGllbnRJZD0wNGIwNzc5NS04ZGRiLTQ2MWEtYmJlZS0wMmY5ZTFiZjdiNDY7b2JqZWN0SWQ9ZTA0MDhkZjktY2Y5Ni00MTViLTgyNDktN2M4NjdjOTZiMGZmO3N1YnNjcmlwdGlvbklkPTNmMmU0ZDMyLThlOGQtNDZkNi04MmJjLTViYjhkOTYyMzI4Yjt0ZW5hbnRJZD05ZjM3YTM5Mi1mMGFlLTQyODAtOTc5Ni1mMTg2NGExMGVmZmM=",
            "object_id": "e0408df9-cf96-415b-8249-7c867c96b0ff",
            "subscription_id": "3f2e4d32-8e8d-46d6-82bc-5bb8d962328b",
            "tenant_id": "9f37a392-f0ae-4280-9796-f1864a10effc",
            "timeouts": null
          },
          "sensitive_attributes": []
        }
      ]
    },
    {
      "mode": "data",
      "type": "databricks_current_user",
      "name": "me",
      "provider": "provider[\"registry.terraform.io/databricks/databricks\"]",
      "instances": [
        {
          "schema_version": 0,
          "attributes": {
            "alphanumeric": "hao_wang",
            "external_id": "e0408df9-cf96-415b-8249-7c867c96b0ff",
            "home": "/Users/hao.wang@databricks.com",
            "id": "1009041076922914",
            "repos": "/Repos/hao.wang@databricks.com",
            "user_name": "hao.wang@databricks.com",
            "workspace_url": "https://adb-1447468542285934.14.azuredatabricks.net"
          },
          "sensitive_attributes": []
        }
      ]
    },
    {
      "mode": "data",
      "type": "databricks_spark_version",
      "name": "latest_lts",
      "provider": "provider[\"registry.terraform.io/databricks/databricks\"]",
      "instances": [
        {
          "schema_version": 0,
          "attributes": {
            "beta": null,
            "genomics": null,
            "gpu": null,
            "graviton": null,
            "id": "11.3.x-scala2.12",
            "latest": true,
            "long_term_support": true,
            "ml": null,
            "photon": null,
            "scala": "2.12",
            "spark_version": null
          },
          "sensitive_attributes": []
        }
      ]
    },
    {
      "mode": "data",
      "type": "external",
      "name": "me",
      "provider": "provider[\"registry.terraform.io/hashicorp/external\"]",
      "instances": [
        {
          "schema_version": 0,
          "attributes": {
            "id": "-",
            "program": [
              "az",
              "account",
              "show",
              "--query",
              "user"
            ],
            "query": null,
            "result": {
              "name": "hao.wang@databricks.com",
              "type": "user"
            },
            "working_dir": null
          },
          "sensitive_attributes": []
        }
      ]
    },
    {
      "mode": "managed",
      "type": "azurerm_databricks_workspace",
      "name": "this",
      "provider": "provider[\"registry.terraform.io/hashicorp/azurerm\"]",
      "instances": [
        {
          "schema_version": 0,
          "attributes": {
            "custom_parameters": [
              {
                "machine_learning_workspace_id": "",
                "nat_gateway_name": "nat-gateway",
                "no_public_ip": true,
                "private_subnet_name": "adb-laug0p-private",
                "private_subnet_network_security_group_association_id": "/subscriptions/3f2e4d32-8e8d-46d6-82bc-5bb8d962328b/resourceGroups/adb-dev-adb-laug0p-rg/providers/Microsoft.Network/virtualNetworks/adb-laug0p-vnet/subnets/adb-laug0p-private",
                "public_ip_name": "nat-gw-public-ip",
                "public_subnet_name": "adb-laug0p-public",
                "public_subnet_network_security_group_association_id": "/subscriptions/3f2e4d32-8e8d-46d6-82bc-5bb8d962328b/resourceGroups/adb-dev-adb-laug0p-rg/providers/Microsoft.Network/virtualNetworks/adb-laug0p-vnet/subnets/adb-laug0p-public",
                "storage_account_name": "dbfslaug0p",
                "storage_account_sku_name": "Standard_GRS",
                "virtual_network_id": "/subscriptions/3f2e4d32-8e8d-46d6-82bc-5bb8d962328b/resourceGroups/adb-dev-adb-laug0p-rg/providers/Microsoft.Network/virtualNetworks/adb-laug0p-vnet",
                "vnet_address_prefix": "10.139"
              }
            ],
            "customer_managed_key_enabled": true,
            "id": "/subscriptions/3f2e4d32-8e8d-46d6-82bc-5bb8d962328b/resourceGroups/adb-dev-adb-laug0p-rg/providers/Microsoft.Databricks/workspaces/adb-laug0p-workspace",
            "infrastructure_encryption_enabled": false,
            "load_balancer_backend_address_pool_id": "",
            "location": "southeastasia",
            "managed_resource_group_id": "/subscriptions/3f2e4d32-8e8d-46d6-82bc-5bb8d962328b/resourceGroups/databricks-rg-adb-dev-adb-laug0p-rg",
            "managed_resource_group_name": "databricks-rg-adb-dev-adb-laug0p-rg",
            "managed_services_cmk_key_vault_key_id": null,
            "name": "adb-laug0p-workspace",
            "network_security_group_rules_required": null,
            "public_network_access_enabled": true,
            "resource_group_name": "adb-dev-adb-laug0p-rg",
            "sku": "premium",
            "storage_account_identity": [
              {
                "principal_id": "208fe929-79e0-45b0-9315-6d665a1a24c2",
                "tenant_id": "9f37a392-f0ae-4280-9796-f1864a10effc",
                "type": "SystemAssigned"
              }
            ],
            "tags": {
              "Environment": "Testing",
              "Epoch": "laug0p",
              "Owner": "hao.wang@databricks.com"
            },
            "timeouts": null,
            "workspace_id": "1447468542285934",
            "workspace_url": "adb-1447468542285934.14.azuredatabricks.net"
          },
          "sensitive_attributes": [],
          "private": "eyJlMmJmYjczMC1lY2FhLTExZTYtOGY4OC0zNDM2M2JjN2M0YzAiOnsiY3JlYXRlIjoxODAwMDAwMDAwMDAwLCJkZWxldGUiOjE4MDAwMDAwMDAwMDAsInJlYWQiOjMwMDAwMDAwMDAwMCwidXBkYXRlIjoxODAwMDAwMDAwMDAwfX0=",
          "dependencies": [
            "azurerm_network_security_group.this",
            "azurerm_resource_group.this",
            "azurerm_subnet.private",
            "azurerm_subnet.public",
            "azurerm_subnet_network_security_group_association.private",
            "azurerm_subnet_network_security_group_association.public",
            "azurerm_virtual_network.this",
            "data.external.me",
            "random_string.naming"
          ]
        }
      ]
    },
    {
      "mode": "managed",
      "type": "azurerm_key_vault",
      "name": "akv1",
      "provider": "provider[\"registry.terraform.io/hashicorp/azurerm\"]",
      "instances": [
        {
          "schema_version": 2,
          "attributes": {
            "access_policy": [],
            "contact": [],
            "enable_rbac_authorization": false,
            "enabled_for_deployment": false,
            "enabled_for_disk_encryption": true,
            "enabled_for_template_deployment": false,
            "id": "/subscriptions/3f2e4d32-8e8d-46d6-82bc-5bb8d962328b/resourceGroups/adb-dev-adb-laug0p-rg/providers/Microsoft.KeyVault/vaults/adb-laug0p-akv",
            "location": "southeastasia",
            "name": "adb-laug0p-akv",
            "network_acls": [
              {
                "bypass": "AzureServices",
                "default_action": "Allow",
                "ip_rules": [],
                "virtual_network_subnet_ids": []
              }
            ],
            "public_network_access_enabled": true,
            "purge_protection_enabled": false,
            "resource_group_name": "adb-dev-adb-laug0p-rg",
            "sku_name": "standard",
            "soft_delete_retention_days": 7,
            "tags": null,
            "tenant_id": "9f37a392-f0ae-4280-9796-f1864a10effc",
            "timeouts": null,
            "vault_uri": "https://adb-laug0p-akv.vault.azure.net/"
          },
          "sensitive_attributes": [],
          "private": "eyJlMmJmYjczMC1lY2FhLTExZTYtOGY4OC0zNDM2M2JjN2M0YzAiOnsiY3JlYXRlIjoxODAwMDAwMDAwMDAwLCJkZWxldGUiOjE4MDAwMDAwMDAwMDAsInJlYWQiOjMwMDAwMDAwMDAwMCwidXBkYXRlIjoxODAwMDAwMDAwMDAwfSwic2NoZW1hX3ZlcnNpb24iOiIyIn0=",
          "dependencies": [
            "azurerm_resource_group.this",
            "data.azurerm_client_config.current",
            "data.external.me",
            "random_string.naming"
          ]
        }
      ]
    },
    {
      "mode": "managed",
      "type": "azurerm_key_vault_access_policy",
      "name": "example",
      "provider": "provider[\"registry.terraform.io/hashicorp/azurerm\"]",
      "instances": [
        {
          "schema_version": 0,
          "attributes": {
            "application_id": null,
            "certificate_permissions": null,
            "id": "/subscriptions/3f2e4d32-8e8d-46d6-82bc-5bb8d962328b/resourceGroups/adb-dev-adb-laug0p-rg/providers/Microsoft.KeyVault/vaults/adb-laug0p-akv/objectId/e0408df9-cf96-415b-8249-7c867c96b0ff",
            "key_permissions": [
              "Backup",
              "Delete",
              "Get",
              "List",
              "Purge",
              "Recover",
              "Restore"
            ],
            "key_vault_id": "/subscriptions/3f2e4d32-8e8d-46d6-82bc-5bb8d962328b/resourceGroups/adb-dev-adb-laug0p-rg/providers/Microsoft.KeyVault/vaults/adb-laug0p-akv",
            "object_id": "e0408df9-cf96-415b-8249-7c867c96b0ff",
            "secret_permissions": [
              "Backup",
              "Delete",
              "Get",
              "List",
              "Purge",
              "Recover",
              "Restore",
              "Set"
            ],
            "storage_permissions": null,
            "tenant_id": "9f37a392-f0ae-4280-9796-f1864a10effc",
            "timeouts": null
          },
          "sensitive_attributes": [],
          "private": "eyJlMmJmYjczMC1lY2FhLTExZTYtOGY4OC0zNDM2M2JjN2M0YzAiOnsiY3JlYXRlIjoxODAwMDAwMDAwMDAwLCJkZWxldGUiOjE4MDAwMDAwMDAwMDAsInJlYWQiOjMwMDAwMDAwMDAwMCwidXBkYXRlIjoxODAwMDAwMDAwMDAwfX0=",
          "dependencies": [
            "azurerm_key_vault.akv1",
            "azurerm_resource_group.this",
            "data.azurerm_client_config.current",
            "data.external.me",
            "random_string.naming"
          ]
        }
      ]
    },
    {
      "mode": "managed",
      "type": "azurerm_key_vault_secret",
      "name": "hivepwd",
      "provider": "provider[\"registry.terraform.io/hashicorp/azurerm\"]",
      "instances": [
        {
          "schema_version": 0,
          "attributes": {
            "content_type": "",
            "expiration_date": null,
            "id": "https://adb-laug0p-akv.vault.azure.net/secrets/HIVE-PASSWORD/e5525154319a43cbbbb3e5ff07933ce8",
            "key_vault_id": "/subscriptions/3f2e4d32-8e8d-46d6-82bc-5bb8d962328b/resourceGroups/adb-dev-adb-laug0p-rg/providers/Microsoft.KeyVault/vaults/adb-laug0p-akv",
            "name": "HIVE-PASSWORD",
            "not_before_date": null,
            "resource_id": "/subscriptions/3f2e4d32-8e8d-46d6-82bc-5bb8d962328b/resourceGroups/adb-dev-adb-laug0p-rg/providers/Microsoft.KeyVault/vaults/adb-laug0p-akv/secrets/HIVE-PASSWORD/versions/e5525154319a43cbbbb3e5ff07933ce8",
            "resource_versionless_id": "/subscriptions/3f2e4d32-8e8d-46d6-82bc-5bb8d962328b/resourceGroups/adb-dev-adb-laug0p-rg/providers/Microsoft.KeyVault/vaults/adb-laug0p-akv/secrets/HIVE-PASSWORD",
            "tags": null,
            "timeouts": null,
            "value": "Valjean8899",
            "version": "e5525154319a43cbbbb3e5ff07933ce8",
            "versionless_id": "https://adb-laug0p-akv.vault.azure.net/secrets/HIVE-PASSWORD"
          },
          "sensitive_attributes": [
            [
              {
                "type": "get_attr",
                "value": "value"
              }
            ]
          ],
          "private": "eyJlMmJmYjczMC1lY2FhLTExZTYtOGY4OC0zNDM2M2JjN2M0YzAiOnsiY3JlYXRlIjoxODAwMDAwMDAwMDAwLCJkZWxldGUiOjE4MDAwMDAwMDAwMDAsInJlYWQiOjE4MDAwMDAwMDAwMDAsInVwZGF0ZSI6MTgwMDAwMDAwMDAwMH19",
          "dependencies": [
            "azurerm_key_vault.akv1",
            "azurerm_key_vault_access_policy.example",
            "azurerm_resource_group.this",
            "data.azurerm_client_config.current",
            "data.external.me",
            "random_string.naming"
          ]
        }
      ]
    },
    {
      "mode": "managed",
      "type": "azurerm_key_vault_secret",
      "name": "hiveurl",
      "provider": "provider[\"registry.terraform.io/hashicorp/azurerm\"]",
      "instances": [
        {
          "schema_version": 0,
          "attributes": {
            "content_type": "",
            "expiration_date": null,
            "id": "https://adb-laug0p-akv.vault.azure.net/secrets/HIVE-URL/054e8287501642a2bf4df45a4b7dd35e",
            "key_vault_id": "/subscriptions/3f2e4d32-8e8d-46d6-82bc-5bb8d962328b/resourceGroups/adb-dev-adb-laug0p-rg/providers/Microsoft.KeyVault/vaults/adb-laug0p-akv",
            "name": "HIVE-URL",
            "not_before_date": null,
            "resource_id": "/subscriptions/3f2e4d32-8e8d-46d6-82bc-5bb8d962328b/resourceGroups/adb-dev-adb-laug0p-rg/providers/Microsoft.KeyVault/vaults/adb-laug0p-akv/secrets/HIVE-URL/versions/054e8287501642a2bf4df45a4b7dd35e",
            "resource_versionless_id": "/subscriptions/3f2e4d32-8e8d-46d6-82bc-5bb8d962328b/resourceGroups/adb-dev-adb-laug0p-rg/providers/Microsoft.KeyVault/vaults/adb-laug0p-akv/secrets/HIVE-URL",
            "tags": null,
            "timeouts": null,
            "value": "jdbc:sqlserver://laug0pmssqlserver.database.windows.net:1433;database=laug0pmetastore;user=azureuser@laug0pmssqlserver;password={Valjean8899};encrypt=true;trustServerCertificate=false;hostNameInCertificate=*.database.windows.net;loginTimeout=30;",
            "version": "054e8287501642a2bf4df45a4b7dd35e",
            "versionless_id": "https://adb-laug0p-akv.vault.azure.net/secrets/HIVE-URL"
          },
          "sensitive_attributes": [
            [
              {
                "type": "get_attr",
                "value": "value"
              }
            ]
          ],
          "private": "eyJlMmJmYjczMC1lY2FhLTExZTYtOGY4OC0zNDM2M2JjN2M0YzAiOnsiY3JlYXRlIjoxODAwMDAwMDAwMDAwLCJkZWxldGUiOjE4MDAwMDAwMDAwMDAsInJlYWQiOjE4MDAwMDAwMDAwMDAsInVwZGF0ZSI6MTgwMDAwMDAwMDAwMH19",
          "dependencies": [
            "azurerm_key_vault.akv1",
            "azurerm_key_vault_access_policy.example",
            "azurerm_mssql_database.sqlmetastore",
            "azurerm_mssql_server.metastoreserver",
            "azurerm_resource_group.this",
            "data.azurerm_client_config.current",
            "data.external.me",
            "random_string.naming"
          ]
        }
      ]
    },
    {
      "mode": "managed",
      "type": "azurerm_key_vault_secret",
      "name": "hiveuser",
      "provider": "provider[\"registry.terraform.io/hashicorp/azurerm\"]",
      "instances": [
        {
          "schema_version": 0,
          "attributes": {
            "content_type": "",
            "expiration_date": null,
            "id": "https://adb-laug0p-akv.vault.azure.net/secrets/HIVE-USER/7cdbe0478fbb46c8b969ff0b7864ec15",
            "key_vault_id": "/subscriptions/3f2e4d32-8e8d-46d6-82bc-5bb8d962328b/resourceGroups/adb-dev-adb-laug0p-rg/providers/Microsoft.KeyVault/vaults/adb-laug0p-akv",
            "name": "HIVE-USER",
            "not_before_date": null,
            "resource_id": "/subscriptions/3f2e4d32-8e8d-46d6-82bc-5bb8d962328b/resourceGroups/adb-dev-adb-laug0p-rg/providers/Microsoft.KeyVault/vaults/adb-laug0p-akv/secrets/HIVE-USER/versions/7cdbe0478fbb46c8b969ff0b7864ec15",
            "resource_versionless_id": "/subscriptions/3f2e4d32-8e8d-46d6-82bc-5bb8d962328b/resourceGroups/adb-dev-adb-laug0p-rg/providers/Microsoft.KeyVault/vaults/adb-laug0p-akv/secrets/HIVE-USER",
            "tags": null,
            "timeouts": null,
            "value": "azureuser",
            "version": "7cdbe0478fbb46c8b969ff0b7864ec15",
            "versionless_id": "https://adb-laug0p-akv.vault.azure.net/secrets/HIVE-USER"
          },
          "sensitive_attributes": [
            [
              {
                "type": "get_attr",
                "value": "value"
              }
            ]
          ],
          "private": "eyJlMmJmYjczMC1lY2FhLTExZTYtOGY4OC0zNDM2M2JjN2M0YzAiOnsiY3JlYXRlIjoxODAwMDAwMDAwMDAwLCJkZWxldGUiOjE4MDAwMDAwMDAwMDAsInJlYWQiOjE4MDAwMDAwMDAwMDAsInVwZGF0ZSI6MTgwMDAwMDAwMDAwMH19",
          "dependencies": [
            "azurerm_key_vault.akv1",
            "azurerm_key_vault_access_policy.example",
            "azurerm_resource_group.this",
            "data.azurerm_client_config.current",
            "data.external.me",
            "random_string.naming"
          ]
        }
      ]
    },
    {
      "mode": "managed",
      "type": "azurerm_mssql_database",
      "name": "sqlmetastore",
      "provider": "provider[\"registry.terraform.io/hashicorp/azurerm\"]",
      "instances": [
        {
          "schema_version": 1,
          "attributes": {
            "auto_pause_delay_in_minutes": 0,
            "collation": "SQL_Latin1_General_CP1_CI_AS",
            "create_mode": "Default",
            "creation_source_database_id": null,
            "elastic_pool_id": "",
            "geo_backup_enabled": true,
            "id": "/subscriptions/3f2e4d32-8e8d-46d6-82bc-5bb8d962328b/resourceGroups/adb-dev-adb-laug0p-rg/providers/Microsoft.Sql/servers/laug0pmssqlserver/databases/laug0pmetastore",
            "import": [],
            "ledger_enabled": false,
            "license_type": "LicenseIncluded",
            "long_term_retention_policy": [
              {
                "monthly_retention": "PT0S",
                "week_of_year": 1,
                "weekly_retention": "PT0S",
                "yearly_retention": "PT0S"
              }
            ],
            "maintenance_configuration_name": "SQL_Default",
            "max_size_gb": 4,
            "min_capacity": 0,
            "name": "laug0pmetastore",
            "read_replica_count": 0,
            "read_scale": true,
            "recover_database_id": null,
            "restore_dropped_database_id": null,
            "restore_point_in_time": null,
            "sample_name": null,
            "server_id": "/subscriptions/3f2e4d32-8e8d-46d6-82bc-5bb8d962328b/resourceGroups/adb-dev-adb-laug0p-rg/providers/Microsoft.Sql/servers/laug0pmssqlserver",
            "short_term_retention_policy": [
              {
                "backup_interval_in_hours": 12,
                "retention_days": 7
              }
            ],
            "sku_name": "BC_Gen5_2",
            "storage_account_type": "Geo",
            "tags": {
              "Environment": "Testing",
              "Epoch": "laug0p",
              "Owner": "hao.wang@databricks.com"
            },
            "threat_detection_policy": [
              {
                "disabled_alerts": [],
                "email_account_admins": "Disabled",
                "email_addresses": [],
                "retention_days": 0,
                "state": "Disabled",
                "storage_account_access_key": "",
                "storage_endpoint": ""
              }
            ],
            "timeouts": null,
            "transparent_data_encryption_enabled": true,
            "zone_redundant": true
          },
          "sensitive_attributes": [],
          "private": "eyJlMmJmYjczMC1lY2FhLTExZTYtOGY4OC0zNDM2M2JjN2M0YzAiOnsiY3JlYXRlIjozNjAwMDAwMDAwMDAwLCJkZWxldGUiOjM2MDAwMDAwMDAwMDAsInJlYWQiOjMwMDAwMDAwMDAwMCwidXBkYXRlIjozNjAwMDAwMDAwMDAwfSwic2NoZW1hX3ZlcnNpb24iOiIxIn0=",
          "dependencies": [
            "azurerm_mssql_server.metastoreserver",
            "azurerm_resource_group.this",
            "data.external.me",
            "random_string.naming"
          ]
        }
      ]
    },
    {
      "mode": "managed",
      "type": "azurerm_mssql_server",
      "name": "metastoreserver",
      "provider": "provider[\"registry.terraform.io/hashicorp/azurerm\"]",
      "instances": [
        {
          "schema_version": 0,
          "attributes": {
            "administrator_login": "azureuser",
            "administrator_login_password": "Valjean8899",
            "azuread_administrator": [],
            "connection_policy": "Default",
            "fully_qualified_domain_name": "laug0pmssqlserver.database.windows.net",
            "id": "/subscriptions/3f2e4d32-8e8d-46d6-82bc-5bb8d962328b/resourceGroups/adb-dev-adb-laug0p-rg/providers/Microsoft.Sql/servers/laug0pmssqlserver",
            "identity": [],
            "location": "southeastasia",
            "minimum_tls_version": "1.2",
            "name": "laug0pmssqlserver",
            "outbound_network_restriction_enabled": false,
            "primary_user_assigned_identity_id": "",
            "public_network_access_enabled": true,
            "resource_group_name": "adb-dev-adb-laug0p-rg",
            "restorable_dropped_database_ids": [],
            "tags": null,
            "timeouts": null,
            "version": "12.0"
          },
          "sensitive_attributes": [
            [
              {
                "type": "get_attr",
                "value": "administrator_login"
              }
            ],
            [
              {
                "type": "get_attr",
                "value": "administrator_login_password"
              }
            ]
          ],
          "private": "eyJlMmJmYjczMC1lY2FhLTExZTYtOGY4OC0zNDM2M2JjN2M0YzAiOnsiY3JlYXRlIjozNjAwMDAwMDAwMDAwLCJkZWxldGUiOjM2MDAwMDAwMDAwMDAsInJlYWQiOjMwMDAwMDAwMDAwMCwidXBkYXRlIjozNjAwMDAwMDAwMDAwfX0=",
          "dependencies": [
            "azurerm_resource_group.this",
            "data.external.me",
            "random_string.naming"
          ]
        }
      ]
    },
    {
      "mode": "managed",
      "type": "azurerm_mssql_server_extended_auditing_policy",
      "name": "mssqlpolicy",
      "provider": "provider[\"registry.terraform.io/hashicorp/azurerm\"]",
      "instances": [
        {
          "schema_version": 0,
          "attributes": {
            "enabled": true,
            "id": "/subscriptions/3f2e4d32-8e8d-46d6-82bc-5bb8d962328b/resourceGroups/adb-dev-adb-laug0p-rg/providers/Microsoft.Sql/servers/laug0pmssqlserver/extendedAuditingSettings/Default",
            "log_monitoring_enabled": true,
            "retention_in_days": 6,
            "server_id": "/subscriptions/3f2e4d32-8e8d-46d6-82bc-5bb8d962328b/resourceGroups/adb-dev-adb-laug0p-rg/providers/Microsoft.Sql/servers/laug0pmssqlserver",
            "storage_account_access_key": "Bfz3iWJc2Ep27JHFVMQ/Cw/LeyHvtFB3E639f3kF0bwcHQnZcYPAp2kM8AnUdvAcDUHTBjQQQvz8+ASt8yqKMQ==",
            "storage_account_access_key_is_secondary": false,
            "storage_account_subscription_id": null,
            "storage_endpoint": "https://laug0psqlserversa.blob.core.windows.net/",
            "timeouts": null
          },
          "sensitive_attributes": [
            [
              {
                "type": "get_attr",
                "value": "storage_account_access_key"
              }
            ]
          ],
          "private": "eyJlMmJmYjczMC1lY2FhLTExZTYtOGY4OC0zNDM2M2JjN2M0YzAiOnsiY3JlYXRlIjoxODAwMDAwMDAwMDAwLCJkZWxldGUiOjE4MDAwMDAwMDAwMDAsInJlYWQiOjMwMDAwMDAwMDAwMCwidXBkYXRlIjoxODAwMDAwMDAwMDAwfX0=",
          "dependencies": [
            "azurerm_mssql_server.metastoreserver",
            "azurerm_resource_group.this",
            "azurerm_storage_account.sqlserversa",
            "data.external.me",
            "random_string.naming"
          ]
        }
      ]
    },
    {
      "mode": "managed",
      "type": "azurerm_mssql_virtual_network_rule",
      "name": "sqlservervnetrule",
      "provider": "provider[\"registry.terraform.io/hashicorp/azurerm\"]",
      "instances": [
        {
          "schema_version": 0,
          "attributes": {
            "id": "/subscriptions/3f2e4d32-8e8d-46d6-82bc-5bb8d962328b/resourceGroups/adb-dev-adb-laug0p-rg/providers/Microsoft.Sql/servers/laug0pmssqlserver/virtualNetworkRules/sql-server-vnet-rule",
            "ignore_missing_vnet_service_endpoint": false,
            "name": "sql-server-vnet-rule",
            "server_id": "/subscriptions/3f2e4d32-8e8d-46d6-82bc-5bb8d962328b/resourceGroups/adb-dev-adb-laug0p-rg/providers/Microsoft.Sql/servers/laug0pmssqlserver",
            "subnet_id": "/subscriptions/3f2e4d32-8e8d-46d6-82bc-5bb8d962328b/resourceGroups/adb-dev-adb-laug0p-rg/providers/Microsoft.Network/virtualNetworks/adb-laug0p-sql-vnet/subnets/sql-server-subnet",
            "timeouts": null
          },
          "sensitive_attributes": [],
          "private": "eyJlMmJmYjczMC1lY2FhLTExZTYtOGY4OC0zNDM2M2JjN2M0YzAiOnsiY3JlYXRlIjoxODAwMDAwMDAwMDAwLCJkZWxldGUiOjE4MDAwMDAwMDAwMDAsInJlYWQiOjMwMDAwMDAwMDAwMCwidXBkYXRlIjoxODAwMDAwMDAwMDAwfX0=",
          "dependencies": [
            "azurerm_mssql_server.metastoreserver",
            "azurerm_resource_group.this",
            "azurerm_subnet.sqlsubnet",
            "azurerm_virtual_network.sqlvnet",
            "data.external.me",
            "random_string.naming"
          ]
        }
      ]
    },
    {
      "mode": "managed",
      "type": "azurerm_network_security_group",
      "name": "this",
      "provider": "provider[\"registry.terraform.io/hashicorp/azurerm\"]",
      "instances": [
        {
          "schema_version": 0,
          "attributes": {
            "id": "/subscriptions/3f2e4d32-8e8d-46d6-82bc-5bb8d962328b/resourceGroups/adb-dev-adb-laug0p-rg/providers/Microsoft.Network/networkSecurityGroups/adb-laug0p-nsg",
            "location": "southeastasia",
            "name": "adb-laug0p-nsg",
            "resource_group_name": "adb-dev-adb-laug0p-rg",
            "security_rule": [],
            "tags": {
              "Environment": "Testing",
              "Epoch": "laug0p",
              "Owner": "hao.wang@databricks.com"
            },
            "timeouts": null
          },
          "sensitive_attributes": [],
          "private": "eyJlMmJmYjczMC1lY2FhLTExZTYtOGY4OC0zNDM2M2JjN2M0YzAiOnsiY3JlYXRlIjoxODAwMDAwMDAwMDAwLCJkZWxldGUiOjE4MDAwMDAwMDAwMDAsInJlYWQiOjMwMDAwMDAwMDAwMCwidXBkYXRlIjoxODAwMDAwMDAwMDAwfX0=",
          "dependencies": [
            "azurerm_resource_group.this",
            "data.external.me",
            "random_string.naming"
          ]
        }
      ]
    },
    {
      "mode": "managed",
      "type": "azurerm_private_dns_zone",
      "name": "dnsmetastore",
      "provider": "provider[\"registry.terraform.io/hashicorp/azurerm\"]",
      "instances": [
        {
          "schema_version": 0,
          "attributes": {
            "id": "/subscriptions/3f2e4d32-8e8d-46d6-82bc-5bb8d962328b/resourceGroups/adb-dev-adb-laug0p-rg/providers/Microsoft.Network/privateDnsZones/privatelink.database.windows.net",
            "max_number_of_record_sets": 25000,
            "max_number_of_virtual_network_links": 1000,
            "max_number_of_virtual_network_links_with_registration": 100,
            "name": "privatelink.database.windows.net",
            "number_of_record_sets": 1,
            "resource_group_name": "adb-dev-adb-laug0p-rg",
            "soa_record": [
              {
                "email": "azureprivatedns-host.microsoft.com",
                "expire_time": 2419200,
                "fqdn": "privatelink.database.windows.net.",
                "host_name": "azureprivatedns.net",
                "minimum_ttl": 10,
                "refresh_time": 3600,
                "retry_time": 300,
                "serial_number": 1,
                "tags": {},
                "ttl": 3600
              }
            ],
            "tags": null,
            "timeouts": null
          },
          "sensitive_attributes": [],
          "private": "eyJlMmJmYjczMC1lY2FhLTExZTYtOGY4OC0zNDM2M2JjN2M0YzAiOnsiY3JlYXRlIjoxODAwMDAwMDAwMDAwLCJkZWxldGUiOjE4MDAwMDAwMDAwMDAsInJlYWQiOjMwMDAwMDAwMDAwMCwidXBkYXRlIjoxODAwMDAwMDAwMDAwfX0=",
          "dependencies": [
            "azurerm_resource_group.this",
            "data.external.me",
            "random_string.naming"
          ]
        }
      ]
    },
    {
      "mode": "managed",
      "type": "azurerm_private_dns_zone_virtual_network_link",
      "name": "metastorednszonevnetlink",
      "provider": "provider[\"registry.terraform.io/hashicorp/azurerm\"]",
      "instances": [
        {
          "schema_version": 0,
          "attributes": {
            "id": "/subscriptions/3f2e4d32-8e8d-46d6-82bc-5bb8d962328b/resourceGroups/adb-dev-adb-laug0p-rg/providers/Microsoft.Network/privateDnsZones/privatelink.database.windows.net/virtualNetworkLinks/metastorednsvnetconnection",
            "name": "metastorednsvnetconnection",
            "private_dns_zone_name": "privatelink.database.windows.net",
            "registration_enabled": false,
            "resource_group_name": "adb-dev-adb-laug0p-rg",
            "tags": null,
            "timeouts": null,
            "virtual_network_id": "/subscriptions/3f2e4d32-8e8d-46d6-82bc-5bb8d962328b/resourceGroups/adb-dev-adb-laug0p-rg/providers/Microsoft.Network/virtualNetworks/adb-laug0p-vnet"
          },
          "sensitive_attributes": [],
          "private": "eyJlMmJmYjczMC1lY2FhLTExZTYtOGY4OC0zNDM2M2JjN2M0YzAiOnsiY3JlYXRlIjoxODAwMDAwMDAwMDAwLCJkZWxldGUiOjE4MDAwMDAwMDAwMDAsInJlYWQiOjMwMDAwMDAwMDAwMCwidXBkYXRlIjoxODAwMDAwMDAwMDAwfX0=",
          "dependencies": [
            "azurerm_private_dns_zone.dnsmetastore",
            "azurerm_resource_group.this",
            "azurerm_virtual_network.this",
            "data.external.me",
            "random_string.naming"
          ]
        }
      ]
    },
    {
      "mode": "managed",
      "type": "azurerm_private_endpoint",
      "name": "sqlserverpe",
      "provider": "provider[\"registry.terraform.io/hashicorp/azurerm\"]",
      "instances": [
        {
          "schema_version": 0,
          "attributes": {
            "custom_dns_configs": [],
            "custom_network_interface_name": "",
            "id": "/subscriptions/3f2e4d32-8e8d-46d6-82bc-5bb8d962328b/resourceGroups/adb-dev-adb-laug0p-rg/providers/Microsoft.Network/privateEndpoints/sqlserverpvtendpoint",
            "ip_configuration": [],
            "location": "southeastasia",
            "name": "sqlserverpvtendpoint",
            "network_interface": [
              {
                "id": "/subscriptions/3f2e4d32-8e8d-46d6-82bc-5bb8d962328b/resourceGroups/adb-dev-adb-laug0p-rg/providers/Microsoft.Network/networkInterfaces/sqlserverpvtendpoint.nic.15c33e88-bbdc-42da-b902-776362a3b484",
                "name": "sqlserverpvtendpoint.nic.15c33e88-bbdc-42da-b902-776362a3b484"
              }
            ],
            "private_dns_zone_configs": [
              {
                "id": "/subscriptions/3f2e4d32-8e8d-46d6-82bc-5bb8d962328b/resourceGroups/adb-dev-adb-laug0p-rg/providers/Microsoft.Network/privateEndpoints/sqlserverpvtendpoint/privateDnsZoneGroups/private-dns-zone-metastore/privateDnsZoneConfigs/privatelink.database.windows.net",
                "name": "privatelink.database.windows.net",
                "private_dns_zone_id": "/subscriptions/3f2e4d32-8e8d-46d6-82bc-5bb8d962328b/resourceGroups/adb-dev-adb-laug0p-rg/providers/Microsoft.Network/privateDnsZones/privatelink.database.windows.net",
                "record_sets": [
                  {
                    "fqdn": "laug0pmssqlserver.privatelink.database.windows.net",
                    "ip_addresses": [
                      "10.179.4.4"
                    ],
                    "name": "laug0pmssqlserver",
                    "ttl": 10,
                    "type": "A"
                  }
                ]
              }
            ],
            "private_dns_zone_group": [
              {
                "id": "/subscriptions/3f2e4d32-8e8d-46d6-82bc-5bb8d962328b/resourceGroups/adb-dev-adb-laug0p-rg/providers/Microsoft.Network/privateEndpoints/sqlserverpvtendpoint/privateDnsZoneGroups/private-dns-zone-metastore",
                "name": "private-dns-zone-metastore",
                "private_dns_zone_ids": [
                  "/subscriptions/3f2e4d32-8e8d-46d6-82bc-5bb8d962328b/resourceGroups/adb-dev-adb-laug0p-rg/providers/Microsoft.Network/privateDnsZones/privatelink.database.windows.net"
                ]
              }
            ],
            "private_service_connection": [
              {
                "is_manual_connection": false,
                "name": "ple-adb-metastore",
                "private_connection_resource_alias": "",
                "private_connection_resource_id": "/subscriptions/3f2e4d32-8e8d-46d6-82bc-5bb8d962328b/resourceGroups/adb-dev-adb-laug0p-rg/providers/Microsoft.Sql/servers/laug0pmssqlserver",
                "private_ip_address": "10.179.4.4",
                "request_message": "",
                "subresource_names": [
                  "sqlServer"
                ]
              }
            ],
            "resource_group_name": "adb-dev-adb-laug0p-rg",
            "subnet_id": "/subscriptions/3f2e4d32-8e8d-46d6-82bc-5bb8d962328b/resourceGroups/adb-dev-adb-laug0p-rg/providers/Microsoft.Network/virtualNetworks/adb-laug0p-vnet/subnets/adb-laug0p-privatelink",
            "tags": null,
            "timeouts": null
          },
          "sensitive_attributes": [],
          "private": "eyJlMmJmYjczMC1lY2FhLTExZTYtOGY4OC0zNDM2M2JjN2M0YzAiOnsiY3JlYXRlIjozNjAwMDAwMDAwMDAwLCJkZWxldGUiOjM2MDAwMDAwMDAwMDAsInJlYWQiOjMwMDAwMDAwMDAwMCwidXBkYXRlIjozNjAwMDAwMDAwMDAwfX0=",
          "dependencies": [
            "azurerm_mssql_server.metastoreserver",
            "azurerm_private_dns_zone.dnsmetastore",
            "azurerm_resource_group.this",
            "azurerm_subnet.plsubnet",
            "azurerm_virtual_network.this",
            "data.external.me",
            "random_string.naming"
          ]
        }
      ]
    },
    {
      "mode": "managed",
      "type": "azurerm_resource_group",
      "name": "this",
      "provider": "provider[\"registry.terraform.io/hashicorp/azurerm\"]",
      "instances": [
        {
          "schema_version": 0,
          "attributes": {
            "id": "/subscriptions/3f2e4d32-8e8d-46d6-82bc-5bb8d962328b/resourceGroups/adb-dev-adb-laug0p-rg",
            "location": "southeastasia",
            "name": "adb-dev-adb-laug0p-rg",
            "tags": {
              "Environment": "Testing",
              "Epoch": "laug0p",
              "Owner": "hao.wang@databricks.com"
            },
            "timeouts": null
          },
          "sensitive_attributes": [],
          "private": "eyJlMmJmYjczMC1lY2FhLTExZTYtOGY4OC0zNDM2M2JjN2M0YzAiOnsiY3JlYXRlIjo1NDAwMDAwMDAwMDAwLCJkZWxldGUiOjU0MDAwMDAwMDAwMDAsInJlYWQiOjMwMDAwMDAwMDAwMCwidXBkYXRlIjo1NDAwMDAwMDAwMDAwfX0=",
          "dependencies": [
            "data.external.me",
            "random_string.naming"
          ]
        }
      ]
    },
    {
      "mode": "managed",
      "type": "azurerm_storage_account",
      "name": "sqlserversa",
      "provider": "provider[\"registry.terraform.io/hashicorp/azurerm\"]",
      "instances": [
        {
          "schema_version": 3,
          "attributes": {
            "access_tier": "Hot",
            "account_kind": "StorageV2",
            "account_replication_type": "LRS",
            "account_tier": "Standard",
            "allow_nested_items_to_be_public": true,
            "azure_files_authentication": [],
            "blob_properties": [
              {
                "change_feed_enabled": false,
                "change_feed_retention_in_days": 0,
                "container_delete_retention_policy": [],
                "cors_rule": [],
                "default_service_version": "",
                "delete_retention_policy": [],
                "last_access_time_enabled": false,
                "restore_policy": [],
                "versioning_enabled": false
              }
            ],
            "cross_tenant_replication_enabled": true,
            "custom_domain": [],
            "customer_managed_key": [],
            "default_to_oauth_authentication": false,
            "edge_zone": "",
            "enable_https_traffic_only": true,
            "id": "/subscriptions/3f2e4d32-8e8d-46d6-82bc-5bb8d962328b/resourceGroups/adb-dev-adb-laug0p-rg/providers/Microsoft.Storage/storageAccounts/laug0psqlserversa",
            "identity": [],
            "immutability_policy": [],
            "infrastructure_encryption_enabled": false,
            "is_hns_enabled": false,
            "large_file_share_enabled": null,
            "location": "southeastasia",
            "min_tls_version": "TLS1_2",
            "name": "laug0psqlserversa",
            "network_rules": [
              {
                "bypass": [
                  "AzureServices"
                ],
                "default_action": "Allow",
                "ip_rules": [],
                "private_link_access": [],
                "virtual_network_subnet_ids": []
              }
            ],
            "nfsv3_enabled": false,
            "primary_access_key": "Bfz3iWJc2Ep27JHFVMQ/Cw/LeyHvtFB3E639f3kF0bwcHQnZcYPAp2kM8AnUdvAcDUHTBjQQQvz8+ASt8yqKMQ==",
            "primary_blob_connection_string": "DefaultEndpointsProtocol=https;BlobEndpoint=https://laug0psqlserversa.blob.core.windows.net/;AccountName=laug0psqlserversa;AccountKey=Bfz3iWJc2Ep27JHFVMQ/Cw/LeyHvtFB3E639f3kF0bwcHQnZcYPAp2kM8AnUdvAcDUHTBjQQQvz8+ASt8yqKMQ==",
            "primary_blob_endpoint": "https://laug0psqlserversa.blob.core.windows.net/",
            "primary_blob_host": "laug0psqlserversa.blob.core.windows.net",
            "primary_connection_string": "DefaultEndpointsProtocol=https;AccountName=laug0psqlserversa;AccountKey=Bfz3iWJc2Ep27JHFVMQ/Cw/LeyHvtFB3E639f3kF0bwcHQnZcYPAp2kM8AnUdvAcDUHTBjQQQvz8+ASt8yqKMQ==;EndpointSuffix=core.windows.net",
            "primary_dfs_endpoint": "https://laug0psqlserversa.dfs.core.windows.net/",
            "primary_dfs_host": "laug0psqlserversa.dfs.core.windows.net",
            "primary_file_endpoint": "https://laug0psqlserversa.file.core.windows.net/",
            "primary_file_host": "laug0psqlserversa.file.core.windows.net",
            "primary_location": "southeastasia",
            "primary_queue_endpoint": "https://laug0psqlserversa.queue.core.windows.net/",
            "primary_queue_host": "laug0psqlserversa.queue.core.windows.net",
            "primary_table_endpoint": "https://laug0psqlserversa.table.core.windows.net/",
            "primary_table_host": "laug0psqlserversa.table.core.windows.net",
            "primary_web_endpoint": "https://laug0psqlserversa.z23.web.core.windows.net/",
            "primary_web_host": "laug0psqlserversa.z23.web.core.windows.net",
            "public_network_access_enabled": true,
            "queue_encryption_key_type": "Service",
            "queue_properties": [
              {
                "cors_rule": [],
                "hour_metrics": [
                  {
                    "enabled": true,
                    "include_apis": true,
                    "retention_policy_days": 7,
                    "version": "1.0"
                  }
                ],
                "logging": [
                  {
                    "delete": false,
                    "read": false,
                    "retention_policy_days": 0,
                    "version": "1.0",
                    "write": false
                  }
                ],
                "minute_metrics": [
                  {
                    "enabled": false,
                    "include_apis": false,
                    "retention_policy_days": 0,
                    "version": "1.0"
                  }
                ]
              }
            ],
            "resource_group_name": "adb-dev-adb-laug0p-rg",
            "routing": [],
            "sas_policy": [],
            "secondary_access_key": "YVxS9+gDcsStJP/S6Ym9BIhWYElx5EGxVuqBzDOGexugsVDljTBVjMsp+SghVi413fhzmmGaqZH8+AStggwM0g==",
            "secondary_blob_connection_string": "",
            "secondary_blob_endpoint": null,
            "secondary_blob_host": null,
            "secondary_connection_string": "DefaultEndpointsProtocol=https;AccountName=laug0psqlserversa;AccountKey=YVxS9+gDcsStJP/S6Ym9BIhWYElx5EGxVuqBzDOGexugsVDljTBVjMsp+SghVi413fhzmmGaqZH8+AStggwM0g==;EndpointSuffix=core.windows.net",
            "secondary_dfs_endpoint": null,
            "secondary_dfs_host": null,
            "secondary_file_endpoint": null,
            "secondary_file_host": null,
            "secondary_location": "",
            "secondary_queue_endpoint": null,
            "secondary_queue_host": null,
            "secondary_table_endpoint": null,
            "secondary_table_host": null,
            "secondary_web_endpoint": null,
            "secondary_web_host": null,
            "sftp_enabled": false,
            "share_properties": [
              {
                "cors_rule": [],
                "retention_policy": [
                  {
                    "days": 7
                  }
                ],
                "smb": []
              }
            ],
            "shared_access_key_enabled": true,
            "static_website": [],
            "table_encryption_key_type": "Service",
            "tags": null,
            "timeouts": null
          },
          "sensitive_attributes": [],
          "private": "eyJlMmJmYjczMC1lY2FhLTExZTYtOGY4OC0zNDM2M2JjN2M0YzAiOnsiY3JlYXRlIjozNjAwMDAwMDAwMDAwLCJkZWxldGUiOjM2MDAwMDAwMDAwMDAsInJlYWQiOjMwMDAwMDAwMDAwMCwidXBkYXRlIjozNjAwMDAwMDAwMDAwfSwic2NoZW1hX3ZlcnNpb24iOiIzIn0=",
          "dependencies": [
            "azurerm_resource_group.this",
            "data.external.me",
            "random_string.naming"
          ]
        }
      ]
    },
    {
      "mode": "managed",
      "type": "azurerm_subnet",
      "name": "plsubnet",
      "provider": "provider[\"registry.terraform.io/hashicorp/azurerm\"]",
      "instances": [
        {
          "schema_version": 0,
          "attributes": {
            "address_prefixes": [
              "10.179.4.0/23"
            ],
            "delegation": [],
            "enforce_private_link_endpoint_network_policies": true,
            "enforce_private_link_service_network_policies": false,
            "id": "/subscriptions/3f2e4d32-8e8d-46d6-82bc-5bb8d962328b/resourceGroups/adb-dev-adb-laug0p-rg/providers/Microsoft.Network/virtualNetworks/adb-laug0p-vnet/subnets/adb-laug0p-privatelink",
            "name": "adb-laug0p-privatelink",
            "private_endpoint_network_policies_enabled": false,
            "private_link_service_network_policies_enabled": true,
            "resource_group_name": "adb-dev-adb-laug0p-rg",
            "service_endpoint_policy_ids": null,
            "service_endpoints": null,
            "timeouts": null,
            "virtual_network_name": "adb-laug0p-vnet"
          },
          "sensitive_attributes": [],
          "private": "eyJlMmJmYjczMC1lY2FhLTExZTYtOGY4OC0zNDM2M2JjN2M0YzAiOnsiY3JlYXRlIjoxODAwMDAwMDAwMDAwLCJkZWxldGUiOjE4MDAwMDAwMDAwMDAsInJlYWQiOjMwMDAwMDAwMDAwMCwidXBkYXRlIjoxODAwMDAwMDAwMDAwfX0=",
          "dependencies": [
            "azurerm_resource_group.this",
            "azurerm_virtual_network.this",
            "data.external.me",
            "random_string.naming"
          ]
        }
      ]
    },
    {
      "mode": "managed",
      "type": "azurerm_subnet",
      "name": "private",
      "provider": "provider[\"registry.terraform.io/hashicorp/azurerm\"]",
      "instances": [
        {
          "schema_version": 0,
          "attributes": {
            "address_prefixes": [
              "10.179.2.0/23"
            ],
            "delegation": [
              {
                "name": "databricks",
                "service_delegation": [
                  {
                    "actions": [
                      "Microsoft.Network/virtualNetworks/subnets/join/action",
                      "Microsoft.Network/virtualNetworks/subnets/prepareNetworkPolicies/action",
                      "Microsoft.Network/virtualNetworks/subnets/unprepareNetworkPolicies/action"
                    ],
                    "name": "Microsoft.Databricks/workspaces"
                  }
                ]
              }
            ],
            "enforce_private_link_endpoint_network_policies": true,
            "enforce_private_link_service_network_policies": true,
            "id": "/subscriptions/3f2e4d32-8e8d-46d6-82bc-5bb8d962328b/resourceGroups/adb-dev-adb-laug0p-rg/providers/Microsoft.Network/virtualNetworks/adb-laug0p-vnet/subnets/adb-laug0p-private",
            "name": "adb-laug0p-private",
            "private_endpoint_network_policies_enabled": false,
            "private_link_service_network_policies_enabled": false,
            "resource_group_name": "adb-dev-adb-laug0p-rg",
            "service_endpoint_policy_ids": null,
            "service_endpoints": null,
            "timeouts": null,
            "virtual_network_name": "adb-laug0p-vnet"
          },
          "sensitive_attributes": [],
          "private": "eyJlMmJmYjczMC1lY2FhLTExZTYtOGY4OC0zNDM2M2JjN2M0YzAiOnsiY3JlYXRlIjoxODAwMDAwMDAwMDAwLCJkZWxldGUiOjE4MDAwMDAwMDAwMDAsInJlYWQiOjMwMDAwMDAwMDAwMCwidXBkYXRlIjoxODAwMDAwMDAwMDAwfX0=",
          "dependencies": [
            "azurerm_resource_group.this",
            "azurerm_virtual_network.this",
            "data.external.me",
            "random_string.naming"
          ]
        }
      ]
    },
    {
      "mode": "managed",
      "type": "azurerm_subnet",
      "name": "public",
      "provider": "provider[\"registry.terraform.io/hashicorp/azurerm\"]",
      "instances": [
        {
          "schema_version": 0,
          "attributes": {
            "address_prefixes": [
              "10.179.0.0/23"
            ],
            "delegation": [
              {
                "name": "databricks",
                "service_delegation": [
                  {
                    "actions": [
                      "Microsoft.Network/virtualNetworks/subnets/join/action",
                      "Microsoft.Network/virtualNetworks/subnets/prepareNetworkPolicies/action",
                      "Microsoft.Network/virtualNetworks/subnets/unprepareNetworkPolicies/action"
                    ],
                    "name": "Microsoft.Databricks/workspaces"
                  }
                ]
              }
            ],
            "enforce_private_link_endpoint_network_policies": false,
            "enforce_private_link_service_network_policies": false,
            "id": "/subscriptions/3f2e4d32-8e8d-46d6-82bc-5bb8d962328b/resourceGroups/adb-dev-adb-laug0p-rg/providers/Microsoft.Network/virtualNetworks/adb-laug0p-vnet/subnets/adb-laug0p-public",
            "name": "adb-laug0p-public",
            "private_endpoint_network_policies_enabled": true,
            "private_link_service_network_policies_enabled": true,
            "resource_group_name": "adb-dev-adb-laug0p-rg",
            "service_endpoint_policy_ids": null,
            "service_endpoints": null,
            "timeouts": null,
            "virtual_network_name": "adb-laug0p-vnet"
          },
          "sensitive_attributes": [],
          "private": "eyJlMmJmYjczMC1lY2FhLTExZTYtOGY4OC0zNDM2M2JjN2M0YzAiOnsiY3JlYXRlIjoxODAwMDAwMDAwMDAwLCJkZWxldGUiOjE4MDAwMDAwMDAwMDAsInJlYWQiOjMwMDAwMDAwMDAwMCwidXBkYXRlIjoxODAwMDAwMDAwMDAwfX0=",
          "dependencies": [
            "azurerm_resource_group.this",
            "azurerm_virtual_network.this",
            "data.external.me",
            "random_string.naming"
          ]
        }
      ]
    },
    {
      "mode": "managed",
      "type": "azurerm_subnet",
      "name": "sqlsubnet",
      "provider": "provider[\"registry.terraform.io/hashicorp/azurerm\"]",
      "instances": [
        {
          "schema_version": 0,
          "attributes": {
            "address_prefixes": [
              "10.178.4.0/23"
            ],
            "delegation": [],
            "enforce_private_link_endpoint_network_policies": false,
            "enforce_private_link_service_network_policies": false,
            "id": "/subscriptions/3f2e4d32-8e8d-46d6-82bc-5bb8d962328b/resourceGroups/adb-dev-adb-laug0p-rg/providers/Microsoft.Network/virtualNetworks/adb-laug0p-sql-vnet/subnets/sql-server-subnet",
            "name": "sql-server-subnet",
            "private_endpoint_network_policies_enabled": true,
            "private_link_service_network_policies_enabled": true,
            "resource_group_name": "adb-dev-adb-laug0p-rg",
            "service_endpoint_policy_ids": null,
            "service_endpoints": [
              "Microsoft.Sql"
            ],
            "timeouts": null,
            "virtual_network_name": "adb-laug0p-sql-vnet"
          },
          "sensitive_attributes": [],
          "private": "eyJlMmJmYjczMC1lY2FhLTExZTYtOGY4OC0zNDM2M2JjN2M0YzAiOnsiY3JlYXRlIjoxODAwMDAwMDAwMDAwLCJkZWxldGUiOjE4MDAwMDAwMDAwMDAsInJlYWQiOjMwMDAwMDAwMDAwMCwidXBkYXRlIjoxODAwMDAwMDAwMDAwfX0=",
          "dependencies": [
            "azurerm_resource_group.this",
            "azurerm_virtual_network.sqlvnet",
            "data.external.me",
            "random_string.naming"
          ]
        }
      ]
    },
    {
      "mode": "managed",
      "type": "azurerm_subnet_network_security_group_association",
      "name": "private",
      "provider": "provider[\"registry.terraform.io/hashicorp/azurerm\"]",
      "instances": [
        {
          "schema_version": 0,
          "attributes": {
            "id": "/subscriptions/3f2e4d32-8e8d-46d6-82bc-5bb8d962328b/resourceGroups/adb-dev-adb-laug0p-rg/providers/Microsoft.Network/virtualNetworks/adb-laug0p-vnet/subnets/adb-laug0p-private",
            "network_security_group_id": "/subscriptions/3f2e4d32-8e8d-46d6-82bc-5bb8d962328b/resourceGroups/adb-dev-adb-laug0p-rg/providers/Microsoft.Network/networkSecurityGroups/adb-laug0p-nsg",
            "subnet_id": "/subscriptions/3f2e4d32-8e8d-46d6-82bc-5bb8d962328b/resourceGroups/adb-dev-adb-laug0p-rg/providers/Microsoft.Network/virtualNetworks/adb-laug0p-vnet/subnets/adb-laug0p-private",
            "timeouts": null
          },
          "sensitive_attributes": [],
          "private": "eyJlMmJmYjczMC1lY2FhLTExZTYtOGY4OC0zNDM2M2JjN2M0YzAiOnsiY3JlYXRlIjoxODAwMDAwMDAwMDAwLCJkZWxldGUiOjE4MDAwMDAwMDAwMDAsInJlYWQiOjMwMDAwMDAwMDAwMCwidXBkYXRlIjoxODAwMDAwMDAwMDAwfX0=",
          "dependencies": [
            "azurerm_network_security_group.this",
            "azurerm_resource_group.this",
            "azurerm_subnet.private",
            "azurerm_virtual_network.this",
            "data.external.me",
            "random_string.naming"
          ]
        }
      ]
    },
    {
      "mode": "managed",
      "type": "azurerm_subnet_network_security_group_association",
      "name": "public",
      "provider": "provider[\"registry.terraform.io/hashicorp/azurerm\"]",
      "instances": [
        {
          "schema_version": 0,
          "attributes": {
            "id": "/subscriptions/3f2e4d32-8e8d-46d6-82bc-5bb8d962328b/resourceGroups/adb-dev-adb-laug0p-rg/providers/Microsoft.Network/virtualNetworks/adb-laug0p-vnet/subnets/adb-laug0p-public",
            "network_security_group_id": "/subscriptions/3f2e4d32-8e8d-46d6-82bc-5bb8d962328b/resourceGroups/adb-dev-adb-laug0p-rg/providers/Microsoft.Network/networkSecurityGroups/adb-laug0p-nsg",
            "subnet_id": "/subscriptions/3f2e4d32-8e8d-46d6-82bc-5bb8d962328b/resourceGroups/adb-dev-adb-laug0p-rg/providers/Microsoft.Network/virtualNetworks/adb-laug0p-vnet/subnets/adb-laug0p-public",
            "timeouts": null
          },
          "sensitive_attributes": [],
          "private": "eyJlMmJmYjczMC1lY2FhLTExZTYtOGY4OC0zNDM2M2JjN2M0YzAiOnsiY3JlYXRlIjoxODAwMDAwMDAwMDAwLCJkZWxldGUiOjE4MDAwMDAwMDAwMDAsInJlYWQiOjMwMDAwMDAwMDAwMCwidXBkYXRlIjoxODAwMDAwMDAwMDAwfX0=",
          "dependencies": [
            "azurerm_network_security_group.this",
            "azurerm_resource_group.this",
            "azurerm_subnet.public",
            "azurerm_virtual_network.this",
            "data.external.me",
            "random_string.naming"
          ]
        }
      ]
    },
    {
      "mode": "managed",
      "type": "azurerm_virtual_network",
      "name": "sqlvnet",
      "provider": "provider[\"registry.terraform.io/hashicorp/azurerm\"]",
      "instances": [
        {
          "schema_version": 0,
          "attributes": {
            "address_space": [
              "10.178.0.0/20"
            ],
            "bgp_community": "",
            "ddos_protection_plan": [],
            "dns_servers": [],
            "edge_zone": "",
            "flow_timeout_in_minutes": 0,
            "guid": "8c0a8234-73f0-414f-b9c3-ba34b47aec26",
            "id": "/subscriptions/3f2e4d32-8e8d-46d6-82bc-5bb8d962328b/resourceGroups/adb-dev-adb-laug0p-rg/providers/Microsoft.Network/virtualNetworks/adb-laug0p-sql-vnet",
            "location": "southeastasia",
            "name": "adb-laug0p-sql-vnet",
            "resource_group_name": "adb-dev-adb-laug0p-rg",
            "subnet": [],
            "tags": {
              "Environment": "Testing",
              "Epoch": "laug0p",
              "Owner": "hao.wang@databricks.com"
            },
            "timeouts": null
          },
          "sensitive_attributes": [],
          "private": "eyJlMmJmYjczMC1lY2FhLTExZTYtOGY4OC0zNDM2M2JjN2M0YzAiOnsiY3JlYXRlIjoxODAwMDAwMDAwMDAwLCJkZWxldGUiOjE4MDAwMDAwMDAwMDAsInJlYWQiOjMwMDAwMDAwMDAwMCwidXBkYXRlIjoxODAwMDAwMDAwMDAwfX0=",
          "dependencies": [
            "azurerm_resource_group.this",
            "data.external.me",
            "random_string.naming"
          ]
        }
      ]
    },
    {
      "mode": "managed",
      "type": "azurerm_virtual_network",
      "name": "this",
      "provider": "provider[\"registry.terraform.io/hashicorp/azurerm\"]",
      "instances": [
        {
          "schema_version": 0,
          "attributes": {
            "address_space": [
              "10.179.0.0/20"
            ],
            "bgp_community": "",
            "ddos_protection_plan": [],
            "dns_servers": [],
            "edge_zone": "",
            "flow_timeout_in_minutes": 0,
            "guid": "9e4c308b-eae5-4f78-b728-ecf3aa4031f3",
            "id": "/subscriptions/3f2e4d32-8e8d-46d6-82bc-5bb8d962328b/resourceGroups/adb-dev-adb-laug0p-rg/providers/Microsoft.Network/virtualNetworks/adb-laug0p-vnet",
            "location": "southeastasia",
            "name": "adb-laug0p-vnet",
            "resource_group_name": "adb-dev-adb-laug0p-rg",
            "subnet": [],
            "tags": {
              "Environment": "Testing",
              "Epoch": "laug0p",
              "Owner": "hao.wang@databricks.com"
            },
            "timeouts": null
          },
          "sensitive_attributes": [],
          "private": "eyJlMmJmYjczMC1lY2FhLTExZTYtOGY4OC0zNDM2M2JjN2M0YzAiOnsiY3JlYXRlIjoxODAwMDAwMDAwMDAwLCJkZWxldGUiOjE4MDAwMDAwMDAwMDAsInJlYWQiOjMwMDAwMDAwMDAwMCwidXBkYXRlIjoxODAwMDAwMDAwMDAwfX0=",
          "dependencies": [
            "azurerm_resource_group.this",
            "data.external.me",
            "random_string.naming"
          ]
        }
      ]
    },
    {
      "mode": "managed",
      "type": "databricks_cluster",
      "name": "coldstart",
      "provider": "provider[\"registry.terraform.io/databricks/databricks\"]",
      "instances": [
        {
          "index_key": 0,
          "schema_version": 2,
          "attributes": {
            "apply_policy_default_values": null,
            "autoscale": [
              {
                "max_workers": 1,
                "min_workers": 0
              }
            ],
            "autotermination_minutes": 30,
            "aws_attributes": [],
            "azure_attributes": [
              {
                "availability": "ON_DEMAND_AZURE",
                "first_on_demand": 1,
                "spot_bid_max_price": -1
              }
            ],
            "cluster_id": "0103-144447-w8951gpi",
            "cluster_log_conf": [],
            "cluster_name": "cluster - external metastore",
            "custom_tags": null,
            "data_security_mode": null,
            "default_tags": {
              "ClusterId": "0103-144447-w8951gpi",
              "ClusterName": "cluster - external metastore",
              "Creator": "hao.wang@databricks.com",
              "Environment": "Testing",
              "Epoch": "laug0p",
              "Owner": "hao.wang@databricks.com",
              "Vendor": "Databricks"
            },
            "docker_image": [],
            "driver_instance_pool_id": null,
            "driver_node_type_id": "Standard_E8ds_v4",
            "enable_elastic_disk": true,
            "enable_local_disk_encryption": false,
            "gcp_attributes": [],
            "id": "0103-144447-w8951gpi",
            "idempotency_token": null,
            "init_scripts": [],
            "instance_pool_id": null,
            "is_pinned": false,
            "library": [],
            "node_type_id": "Standard_E8ds_v4",
            "num_workers": 0,
            "policy_id": null,
            "runtime_engine": null,
            "single_user_name": null,
            "spark_conf": {
              "datanucleus.autoCreateSchema": "false",
              "datanucleus.fixedDatastore": "true",
              "spark.databricks.delta.preview.enabled": "true",
              "spark.hadoop.javax.jdo.option.ConnectionDriverName": "com.microsoft.sqlserver.jdbc.SQLServerDriver",
              "spark.hadoop.javax.jdo.option.ConnectionPassword": "{{secrets/hive/HIVE-PASSWORD}}",
              "spark.hadoop.javax.jdo.option.ConnectionURL": "{{secrets/hive/HIVE-URL}}",
              "spark.hadoop.javax.jdo.option.ConnectionUserName": "{{secrets/hive/HIVE-USER}}",
              "spark.hadoop.metastore.catalog.default": "hive",
              "spark.sql.hive.metastore.jars": "/dbfs/tmp/hive/3-1-0/lib/*",
              "spark.sql.hive.metastore.version": "3.1.0"
            },
            "spark_env_vars": {
              "HIVE_PASSWORD": "{{secrets/hive/HIVE-PASSWORD}}",
              "HIVE_URL": "{{secrets/hive/HIVE-URL}}",
              "HIVE_USER": "{{secrets/hive/HIVE-USER}}"
            },
            "spark_version": "11.3.x-scala2.12",
            "ssh_public_keys": null,
            "state": "RUNNING",
            "timeouts": null,
            "url": "https://adb-1447468542285934.14.azuredatabricks.net/#setting/clusters/0103-144447-w8951gpi/configuration",
            "workload_type": []
          },
          "sensitive_attributes": [],
          "private": "eyJlMmJmYjczMC1lY2FhLTExZTYtOGY4OC0zNDM2M2JjN2M0YzAiOnsiY3JlYXRlIjoxODAwMDAwMDAwMDAwLCJkZWxldGUiOjE4MDAwMDAwMDAwMDAsInVwZGF0ZSI6MTgwMDAwMDAwMDAwMH0sInNjaGVtYV92ZXJzaW9uIjoiMiJ9",
          "dependencies": [
            "azurerm_databricks_workspace.this",
            "azurerm_key_vault.akv1",
            "azurerm_key_vault_access_policy.example",
            "azurerm_key_vault_secret.hivepwd",
            "azurerm_key_vault_secret.hiveurl",
            "azurerm_key_vault_secret.hiveuser",
            "azurerm_mssql_database.sqlmetastore",
            "azurerm_mssql_server.metastoreserver",
            "azurerm_network_security_group.this",
            "azurerm_resource_group.this",
            "azurerm_subnet.private",
            "azurerm_subnet.public",
            "azurerm_subnet_network_security_group_association.private",
            "azurerm_subnet_network_security_group_association.public",
            "azurerm_virtual_network.this",
            "data.azurerm_client_config.current",
            "data.databricks_spark_version.latest_lts",
            "data.external.me",
            "databricks_secret_scope.kv",
            "random_string.naming"
          ]
        }
      ]
    },
    {
      "mode": "managed",
      "type": "databricks_global_init_script",
      "name": "metastoreinit",
      "provider": "provider[\"registry.terraform.io/databricks/databricks\"]",
      "instances": [
        {
          "schema_version": 1,
          "attributes": {
            "content_base64": null,
            "enabled": false,
            "id": "744CFCA68CB66711",
            "md5": "f11a52b4ad89e9ab8b3b74ac7ee1deb2",
            "name": "basic init script to enforce on every cluster in workspace that uses external metastore",
            "position": 0,
            "source": "./initscripts/external_metastore_init.sh",
            "timeouts": null
          },
          "sensitive_attributes": [],
          "private": "eyJzY2hlbWFfdmVyc2lvbiI6IjEifQ==",
          "dependencies": [
            "azurerm_databricks_workspace.this",
            "azurerm_network_security_group.this",
            "azurerm_resource_group.this",
            "azurerm_subnet.private",
            "azurerm_subnet.public",
            "azurerm_subnet_network_security_group_association.private",
            "azurerm_subnet_network_security_group_association.public",
            "azurerm_virtual_network.this",
            "data.external.me",
            "random_string.naming"
          ]
        }
      ]
    },
    {
      "mode": "managed",
      "type": "databricks_job",
      "name": "metastoresetup",
      "provider": "provider[\"registry.terraform.io/databricks/databricks\"]",
      "instances": [
        {
          "schema_version": 2,
          "attributes": {
            "always_running": false,
            "dbt_task": [],
            "email_notifications": [
              {
                "alert_on_last_attempt": false,
                "no_alert_for_skipped_runs": false,
                "on_failure": [],
                "on_start": [],
                "on_success": []
              }
            ],
            "existing_cluster_id": "0103-144447-w8951gpi",
            "format": "SINGLE_TASK",
            "git_source": [],
            "id": "407049735265122",
            "job_cluster": [],
            "library": [],
            "max_concurrent_runs": 1,
            "max_retries": 0,
            "min_retry_interval_millis": 0,
            "name": "Initialize external hive metastore",
            "new_cluster": [],
            "notebook_task": [
              {
                "base_parameters": null,
                "notebook_path": "/Users/hao.wang@databricks.com/coldstart",
                "source": "WORKSPACE"
              }
            ],
            "pipeline_task": [],
            "python_wheel_task": [],
            "retry_on_timeout": false,
            "schedule": [],
            "spark_jar_task": [],
            "spark_python_task": [],
            "spark_submit_task": [],
            "tags": null,
            "task": [],
            "timeout_seconds": 0,
            "timeouts": null,
            "url": "https://adb-1447468542285934.14.azuredatabricks.net/#job/407049735265122",
            "webhook_notifications": [
              {
                "on_failure": [],
                "on_start": [],
                "on_success": []
              }
            ]
          },
          "sensitive_attributes": [],
          "private": "eyJlMmJmYjczMC1lY2FhLTExZTYtOGY4OC0zNDM2M2JjN2M0YzAiOnsiY3JlYXRlIjoxODAwMDAwMDAwMDAwLCJ1cGRhdGUiOjE4MDAwMDAwMDAwMDB9LCJzY2hlbWFfdmVyc2lvbiI6IjIifQ==",
          "dependencies": [
            "azurerm_databricks_workspace.this",
            "azurerm_key_vault.akv1",
            "azurerm_key_vault_access_policy.example",
            "azurerm_key_vault_secret.hivepwd",
            "azurerm_key_vault_secret.hiveurl",
            "azurerm_key_vault_secret.hiveuser",
            "azurerm_mssql_database.sqlmetastore",
            "azurerm_mssql_server.metastoreserver",
            "azurerm_network_security_group.this",
            "azurerm_resource_group.this",
            "azurerm_subnet.private",
            "azurerm_subnet.public",
            "azurerm_subnet_network_security_group_association.private",
            "azurerm_subnet_network_security_group_association.public",
            "azurerm_virtual_network.this",
            "data.azurerm_client_config.current",
            "data.databricks_current_user.me",
            "data.databricks_spark_version.latest_lts",
            "data.external.me",
            "databricks_cluster.coldstart",
            "databricks_notebook.ddl",
            "databricks_secret_scope.kv",
            "random_string.naming"
          ]
        }
      ]
    },
    {
      "mode": "managed",
      "type": "databricks_notebook",
      "name": "ddl",
      "provider": "provider[\"registry.terraform.io/databricks/databricks\"]",
      "instances": [
        {
          "schema_version": 1,
          "attributes": {
            "content_base64": null,
            "format": "SOURCE",
            "id": "/Users/hao.wang@databricks.com/coldstart",
            "language": "PYTHON",
            "md5": "3c1da52413d9a5fa67ac48648ffbb2f3",
            "object_id": 3857815420458665,
            "object_type": "NOTEBOOK",
            "path": "/Users/hao.wang@databricks.com/coldstart",
            "source": "./coldstart/metastore_coldstart.py",
            "url": "https://adb-1447468542285934.14.azuredatabricks.net/#workspace/Users/hao.wang@databricks.com/coldstart"
          },
          "sensitive_attributes": [],
          "private": "eyJzY2hlbWFfdmVyc2lvbiI6IjEifQ==",
          "dependencies": [
            "azurerm_databricks_workspace.this",
            "azurerm_network_security_group.this",
            "azurerm_resource_group.this",
            "azurerm_subnet.private",
            "azurerm_subnet.public",
            "azurerm_subnet_network_security_group_association.private",
            "azurerm_subnet_network_security_group_association.public",
            "azurerm_virtual_network.this",
            "data.databricks_current_user.me",
            "data.external.me",
            "random_string.naming"
          ]
        }
      ]
    },
    {
      "mode": "managed",
      "type": "databricks_secret_scope",
      "name": "kv",
      "provider": "provider[\"registry.terraform.io/databricks/databricks\"]",
      "instances": [
        {
          "schema_version": 2,
          "attributes": {
            "backend_type": "AZURE_KEYVAULT",
            "id": "hive",
            "initial_manage_principal": null,
            "keyvault_metadata": [
              {
                "dns_name": "https://adb-laug0p-akv.vault.azure.net/",
                "resource_id": "/subscriptions/3f2e4d32-8e8d-46d6-82bc-5bb8d962328b/resourceGroups/adb-dev-adb-laug0p-rg/providers/Microsoft.KeyVault/vaults/adb-laug0p-akv"
              }
            ],
            "name": "hive"
          },
          "sensitive_attributes": [],
          "private": "eyJzY2hlbWFfdmVyc2lvbiI6IjIifQ==",
          "dependencies": [
            "azurerm_databricks_workspace.this",
            "azurerm_key_vault.akv1",
            "azurerm_network_security_group.this",
            "azurerm_resource_group.this",
            "azurerm_subnet.private",
            "azurerm_subnet.public",
            "azurerm_subnet_network_security_group_association.private",
            "azurerm_subnet_network_security_group_association.public",
            "azurerm_virtual_network.this",
            "data.azurerm_client_config.current",
            "data.external.me",
            "random_string.naming"
          ]
        }
      ]
    },
    {
      "mode": "managed",
      "type": "random_string",
      "name": "naming",
      "provider": "provider[\"registry.terraform.io/hashicorp/random\"]",
      "instances": [
        {
          "schema_version": 2,
          "attributes": {
            "id": "laug0p",
            "keepers": null,
            "length": 6,
            "lower": true,
            "min_lower": 0,
            "min_numeric": 0,
            "min_special": 0,
            "min_upper": 0,
            "number": true,
            "numeric": true,
            "override_special": null,
            "result": "laug0p",
            "special": false,
            "upper": false
          },
          "sensitive_attributes": []
        }
      ]
    }
  ]
}
