{
  "version": 4,
  "terraform_version": "1.0.6",
  "serial": 391,
  "lineage": "d09745c0-1367-a954-245c-15a907abc1e9",
  "outputs": {
    "arm_client_id": {
      "value": "04b07795-8ddb-461a-bbee-02f9e1bf7b46",
      "type": "string"
    },
    "arm_subscription_id": {
      "value": "3f2e4d32-8e8d-46d6-82bc-5bb8d962328b",
      "type": "string"
    },
    "arm_tenant_id": {
      "value": "9f37a392-f0ae-4280-9796-f1864a10effc",
      "type": "string"
    },
    "azure_region": {
      "value": "southeastasia",
      "type": "string"
    },
    "databricks_azure_workspace_resource_id": {
      "value": "/subscriptions/3f2e4d32-8e8d-46d6-82bc-5bb8d962328b/resourceGroups/adb-dev-adb-99ex8g-rg/providers/Microsoft.Databricks/workspaces/adb-99ex8g-workspace",
      "type": "string"
    },
    "resource_group": {
      "value": "adb-dev-adb-99ex8g-rg",
      "type": "string"
    },
    "workspace_url": {
      "value": "https://adb-6525645244456924.4.azuredatabricks.net/",
      "type": "string"
    }
  },
  "resources": [
    {
      "mode": "data",
      "type": "azurerm_client_config",
      "name": "current",
      "provider": "provider[\"registry.terraform.io/hashicorp/azurerm\"]",
      "instances": [
        {
          "schema_version": 0,
          "attributes": {
            "client_id": "04b07795-8ddb-461a-bbee-02f9e1bf7b46",
            "id": "2022-08-30 12:52:48.725905 +0000 UTC",
            "object_id": "",
            "subscription_id": "3f2e4d32-8e8d-46d6-82bc-5bb8d962328b",
            "tenant_id": "9f37a392-f0ae-4280-9796-f1864a10effc",
            "timeouts": null
          },
          "sensitive_attributes": []
        }
      ]
    },
    {
      "mode": "data",
      "type": "external",
      "name": "me",
      "provider": "provider[\"registry.terraform.io/hashicorp/external\"]",
      "instances": [
        {
          "schema_version": 0,
          "attributes": {
            "id": "-",
            "program": [
              "az",
              "account",
              "show",
              "--query",
              "user"
            ],
            "query": null,
            "result": {
              "name": "hao.wang@databricks.com",
              "type": "user"
            },
            "working_dir": null
          },
          "sensitive_attributes": []
        }
      ]
    },
    {
      "mode": "managed",
      "type": "azurerm_databricks_workspace",
      "name": "this",
      "provider": "provider[\"registry.terraform.io/hashicorp/azurerm\"]",
      "instances": [
        {
          "schema_version": 0,
          "attributes": {
            "custom_parameters": [
              {
                "machine_learning_workspace_id": "",
                "nat_gateway_name": "nat-gateway",
                "no_public_ip": true,
                "private_subnet_name": "adb-99ex8g-private",
                "private_subnet_network_security_group_association_id": "/subscriptions/3f2e4d32-8e8d-46d6-82bc-5bb8d962328b/resourceGroups/adb-dev-adb-99ex8g-rg/providers/Microsoft.Network/virtualNetworks/adb-99ex8g-vnet/subnets/adb-99ex8g-private",
                "public_ip_name": "nat-gw-public-ip",
                "public_subnet_name": "adb-99ex8g-public",
                "public_subnet_network_security_group_association_id": "/subscriptions/3f2e4d32-8e8d-46d6-82bc-5bb8d962328b/resourceGroups/adb-dev-adb-99ex8g-rg/providers/Microsoft.Network/virtualNetworks/adb-99ex8g-vnet/subnets/adb-99ex8g-public",
                "storage_account_name": "dbfs99ex8g",
                "storage_account_sku_name": "Standard_GRS",
                "virtual_network_id": "/subscriptions/3f2e4d32-8e8d-46d6-82bc-5bb8d962328b/resourceGroups/adb-dev-adb-99ex8g-rg/providers/Microsoft.Network/virtualNetworks/adb-99ex8g-vnet",
                "vnet_address_prefix": "10.139"
              }
            ],
            "customer_managed_key_enabled": false,
            "id": "/subscriptions/3f2e4d32-8e8d-46d6-82bc-5bb8d962328b/resourceGroups/adb-dev-adb-99ex8g-rg/providers/Microsoft.Databricks/workspaces/adb-99ex8g-workspace",
            "infrastructure_encryption_enabled": false,
            "load_balancer_backend_address_pool_id": "",
            "location": "southeastasia",
            "managed_resource_group_id": "/subscriptions/3f2e4d32-8e8d-46d6-82bc-5bb8d962328b/resourceGroups/databricks-rg-adb-dev-adb-99ex8g-rg",
            "managed_resource_group_name": "databricks-rg-adb-dev-adb-99ex8g-rg",
            "managed_services_cmk_key_vault_key_id": null,
            "name": "adb-99ex8g-workspace",
            "network_security_group_rules_required": null,
            "public_network_access_enabled": true,
            "resource_group_name": "adb-dev-adb-99ex8g-rg",
            "sku": "premium",
            "storage_account_identity": [],
            "tags": {
              "Environment": "Testing",
              "Epoch": "99ex8g",
              "Owner": "hao.wang@databricks.com"
            },
            "timeouts": null,
            "workspace_id": "6525645244456924",
            "workspace_url": "adb-6525645244456924.4.azuredatabricks.net"
          },
          "sensitive_attributes": [],
          "private": "eyJlMmJmYjczMC1lY2FhLTExZTYtOGY4OC0zNDM2M2JjN2M0YzAiOnsiY3JlYXRlIjoxODAwMDAwMDAwMDAwLCJkZWxldGUiOjE4MDAwMDAwMDAwMDAsInJlYWQiOjMwMDAwMDAwMDAwMCwidXBkYXRlIjoxODAwMDAwMDAwMDAwfX0=",
          "dependencies": [
            "azurerm_network_security_group.this",
            "azurerm_resource_group.this",
            "azurerm_subnet.private",
            "azurerm_subnet.public",
            "azurerm_subnet_network_security_group_association.private",
            "azurerm_subnet_network_security_group_association.public",
            "azurerm_virtual_network.this",
            "data.external.me",
            "random_string.naming"
          ]
        }
      ]
    },
    {
      "mode": "managed",
      "type": "azurerm_firewall",
      "name": "hubfw",
      "provider": "provider[\"registry.terraform.io/hashicorp/azurerm\"]",
      "instances": [
        {
          "schema_version": 0,
          "attributes": {
            "dns_servers": null,
            "firewall_policy_id": null,
            "id": "/subscriptions/3f2e4d32-8e8d-46d6-82bc-5bb8d962328b/resourceGroups/adb-dev-adb-99ex8g-rg/providers/Microsoft.Network/azureFirewalls/hubfirewall",
            "ip_configuration": [
              {
                "name": "configuration",
                "private_ip_address": "10.178.0.4",
                "public_ip_address_id": "/subscriptions/3f2e4d32-8e8d-46d6-82bc-5bb8d962328b/resourceGroups/adb-dev-adb-99ex8g-rg/providers/Microsoft.Network/publicIPAddresses/hubfirewallpublicip",
                "subnet_id": "/subscriptions/3f2e4d32-8e8d-46d6-82bc-5bb8d962328b/resourceGroups/adb-dev-adb-99ex8g-rg/providers/Microsoft.Network/virtualNetworks/adb-99ex8g-hub-vnet/subnets/AzureFirewallSubnet"
              }
            ],
            "location": "southeastasia",
            "management_ip_configuration": [],
            "name": "hubfirewall",
            "private_ip_ranges": null,
            "resource_group_name": "adb-dev-adb-99ex8g-rg",
            "sku_name": "AZFW_VNet",
            "sku_tier": "Standard",
            "tags": null,
            "threat_intel_mode": "Alert",
            "timeouts": null,
            "virtual_hub": [],
            "zones": null
          },
          "sensitive_attributes": [],
          "private": "eyJlMmJmYjczMC1lY2FhLTExZTYtOGY4OC0zNDM2M2JjN2M0YzAiOnsiY3JlYXRlIjo1NDAwMDAwMDAwMDAwLCJkZWxldGUiOjU0MDAwMDAwMDAwMDAsInJlYWQiOjMwMDAwMDAwMDAwMCwidXBkYXRlIjo1NDAwMDAwMDAwMDAwfX0=",
          "dependencies": [
            "azurerm_public_ip.fwpublicip",
            "azurerm_resource_group.this",
            "azurerm_subnet.hubfw",
            "azurerm_virtual_network.hubvnet",
            "data.external.me",
            "random_string.naming"
          ]
        }
      ]
    },
    {
      "mode": "managed",
      "type": "azurerm_firewall_application_rule_collection",
      "name": "adbfqdn",
      "provider": "provider[\"registry.terraform.io/hashicorp/azurerm\"]",
      "instances": [
        {
          "schema_version": 0,
          "attributes": {
            "action": "Allow",
            "azure_firewall_name": "hubfirewall",
            "id": "/subscriptions/3f2e4d32-8e8d-46d6-82bc-5bb8d962328b/resourceGroups/adb-dev-adb-99ex8g-rg/providers/Microsoft.Network/azureFirewalls/hubfirewall/applicationRuleCollections/adbcontrolplanefqdn",
            "name": "adbcontrolplanefqdn",
            "priority": 200,
            "resource_group_name": "adb-dev-adb-99ex8g-rg",
            "rule": [
              {
                "description": "",
                "fqdn_tags": null,
                "name": "databricks-control-plane-services",
                "protocol": [
                  {
                    "port": 443,
                    "type": "Https"
                  }
                ],
                "source_addresses": [
                  "10.179.0.0/23",
                  "10.179.2.0/23"
                ],
                "source_ip_groups": null,
                "target_fqdns": [
                  "dbartifactsprodseap.blob.core.windows.net",
                  "dbartifactsprodeap.blob.core.windows.net",
                  "dblogprodseasia.blob.core.windows.net",
                  "prod-southeastasia-observabilityeventhubs.servicebus.windows.net",
                  "cdnjs.com"
                ]
              },
              {
                "description": "",
                "fqdn_tags": null,
                "name": "databricks-dbfs",
                "protocol": [
                  {
                    "port": 443,
                    "type": "Https"
                  }
                ],
                "source_addresses": [
                  "10.179.0.0/23",
                  "10.179.2.0/23"
                ],
                "source_ip_groups": null,
                "target_fqdns": [
                  "dbfs99ex8g.blob.core.windows.net"
                ]
              },
              {
                "description": "",
                "fqdn_tags": null,
                "name": "storage-accounts",
                "protocol": [
                  {
                    "port": 443,
                    "type": "Https"
                  }
                ],
                "source_addresses": [
                  "10.179.0.0/23",
                  "10.179.2.0/23"
                ],
                "source_ip_groups": null,
                "target_fqdns": [
                  "99ex8gallowedstorage.dfs.core.windows.net"
                ]
              }
            ],
            "timeouts": null
          },
          "sensitive_attributes": [],
          "private": "eyJlMmJmYjczMC1lY2FhLTExZTYtOGY4OC0zNDM2M2JjN2M0YzAiOnsiY3JlYXRlIjoxODAwMDAwMDAwMDAwLCJkZWxldGUiOjE4MDAwMDAwMDAwMDAsInJlYWQiOjMwMDAwMDAwMDAwMCwidXBkYXRlIjoxODAwMDAwMDAwMDAwfX0=",
          "dependencies": [
            "azurerm_firewall.hubfw",
            "azurerm_public_ip.fwpublicip",
            "azurerm_resource_group.this",
            "azurerm_storage_account.allowedstorage",
            "azurerm_subnet.hubfw",
            "azurerm_subnet.private",
            "azurerm_subnet.public",
            "azurerm_virtual_network.hubvnet",
            "azurerm_virtual_network.this",
            "data.external.me",
            "random_string.naming"
          ]
        }
      ]
    },
    {
      "mode": "managed",
      "type": "azurerm_firewall_network_rule_collection",
      "name": "adbfnetwork",
      "provider": "provider[\"registry.terraform.io/hashicorp/azurerm\"]",
      "instances": [
        {
          "schema_version": 0,
          "attributes": {
            "action": "Allow",
            "azure_firewall_name": "hubfirewall",
            "id": "/subscriptions/3f2e4d32-8e8d-46d6-82bc-5bb8d962328b/resourceGroups/adb-dev-adb-99ex8g-rg/providers/Microsoft.Network/azureFirewalls/hubfirewall/networkRuleCollections/adbcontrolplanenetwork",
            "name": "adbcontrolplanenetwork",
            "priority": 200,
            "resource_group_name": "adb-dev-adb-99ex8g-rg",
            "rule": [
              {
                "description": "",
                "destination_addresses": [
                  "40.78.233.2"
                ],
                "destination_fqdns": null,
                "destination_ip_groups": null,
                "destination_ports": [
                  "3306"
                ],
                "name": "databricks-metastore",
                "protocols": [
                  "TCP"
                ],
                "source_addresses": [
                  "10.179.0.0/23",
                  "10.179.2.0/23"
                ],
                "source_ip_groups": null
              },
              {
                "description": "",
                "destination_addresses": [
                  "52.187.145.107/32"
                ],
                "destination_fqdns": null,
                "destination_ip_groups": null,
                "destination_ports": [
                  "443"
                ],
                "name": "databricks-webapp",
                "protocols": [
                  "TCP"
                ],
                "source_addresses": [
                  "10.179.0.0/23",
                  "10.179.2.0/23"
                ],
                "source_ip_groups": null
              }
            ],
            "timeouts": null
          },
          "sensitive_attributes": [],
          "private": "eyJlMmJmYjczMC1lY2FhLTExZTYtOGY4OC0zNDM2M2JjN2M0YzAiOnsiY3JlYXRlIjoxODAwMDAwMDAwMDAwLCJkZWxldGUiOjE4MDAwMDAwMDAwMDAsInJlYWQiOjMwMDAwMDAwMDAwMCwidXBkYXRlIjoxODAwMDAwMDAwMDAwfX0=",
          "dependencies": [
            "azurerm_firewall.hubfw",
            "azurerm_public_ip.fwpublicip",
            "azurerm_resource_group.this",
            "azurerm_subnet.hubfw",
            "azurerm_subnet.private",
            "azurerm_subnet.public",
            "azurerm_virtual_network.hubvnet",
            "azurerm_virtual_network.this",
            "data.external.me",
            "random_string.naming"
          ]
        }
      ]
    },
    {
      "mode": "managed",
      "type": "azurerm_network_security_group",
      "name": "this",
      "provider": "provider[\"registry.terraform.io/hashicorp/azurerm\"]",
      "instances": [
        {
          "schema_version": 0,
          "attributes": {
            "id": "/subscriptions/3f2e4d32-8e8d-46d6-82bc-5bb8d962328b/resourceGroups/adb-dev-adb-99ex8g-rg/providers/Microsoft.Network/networkSecurityGroups/adb-99ex8g-nsg",
            "location": "southeastasia",
            "name": "adb-99ex8g-nsg",
            "resource_group_name": "adb-dev-adb-99ex8g-rg",
            "security_rule": [],
            "tags": {
              "Environment": "Testing",
              "Epoch": "99ex8g",
              "Owner": "hao.wang@databricks.com"
            },
            "timeouts": null
          },
          "sensitive_attributes": [],
          "private": "eyJlMmJmYjczMC1lY2FhLTExZTYtOGY4OC0zNDM2M2JjN2M0YzAiOnsiY3JlYXRlIjoxODAwMDAwMDAwMDAwLCJkZWxldGUiOjE4MDAwMDAwMDAwMDAsInJlYWQiOjMwMDAwMDAwMDAwMCwidXBkYXRlIjoxODAwMDAwMDAwMDAwfX0=",
          "dependencies": [
            "azurerm_resource_group.this",
            "data.external.me",
            "random_string.naming"
          ]
        }
      ]
    },
    {
      "mode": "managed",
      "type": "azurerm_public_ip",
      "name": "fwpublicip",
      "provider": "provider[\"registry.terraform.io/hashicorp/azurerm\"]",
      "instances": [
        {
          "schema_version": 0,
          "attributes": {
            "allocation_method": "Static",
            "domain_name_label": null,
            "edge_zone": "",
            "fqdn": null,
            "id": "/subscriptions/3f2e4d32-8e8d-46d6-82bc-5bb8d962328b/resourceGroups/adb-dev-adb-99ex8g-rg/providers/Microsoft.Network/publicIPAddresses/hubfirewallpublicip",
            "idle_timeout_in_minutes": 4,
            "ip_address": "20.212.15.241",
            "ip_tags": null,
            "ip_version": "IPv4",
            "location": "southeastasia",
            "name": "hubfirewallpublicip",
            "public_ip_prefix_id": null,
            "resource_group_name": "adb-dev-adb-99ex8g-rg",
            "reverse_fqdn": null,
            "sku": "Standard",
            "sku_tier": "Regional",
            "tags": null,
            "timeouts": null,
            "zones": null
          },
          "sensitive_attributes": [],
          "private": "eyJlMmJmYjczMC1lY2FhLTExZTYtOGY4OC0zNDM2M2JjN2M0YzAiOnsiY3JlYXRlIjoxODAwMDAwMDAwMDAwLCJkZWxldGUiOjE4MDAwMDAwMDAwMDAsInJlYWQiOjMwMDAwMDAwMDAwMCwidXBkYXRlIjoxODAwMDAwMDAwMDAwfX0=",
          "dependencies": [
            "azurerm_resource_group.this",
            "data.external.me",
            "random_string.naming"
          ]
        }
      ]
    },
    {
      "mode": "managed",
      "type": "azurerm_resource_group",
      "name": "this",
      "provider": "provider[\"registry.terraform.io/hashicorp/azurerm\"]",
      "instances": [
        {
          "schema_version": 0,
          "attributes": {
            "id": "/subscriptions/3f2e4d32-8e8d-46d6-82bc-5bb8d962328b/resourceGroups/adb-dev-adb-99ex8g-rg",
            "location": "southeastasia",
            "name": "adb-dev-adb-99ex8g-rg",
            "tags": {
              "Environment": "Testing",
              "Epoch": "99ex8g",
              "Owner": "hao.wang@databricks.com"
            },
            "timeouts": null
          },
          "sensitive_attributes": [],
          "private": "eyJlMmJmYjczMC1lY2FhLTExZTYtOGY4OC0zNDM2M2JjN2M0YzAiOnsiY3JlYXRlIjo1NDAwMDAwMDAwMDAwLCJkZWxldGUiOjU0MDAwMDAwMDAwMDAsInJlYWQiOjMwMDAwMDAwMDAwMCwidXBkYXRlIjo1NDAwMDAwMDAwMDAwfX0=",
          "dependencies": [
            "data.external.me",
            "random_string.naming"
          ]
        }
      ]
    },
    {
      "mode": "managed",
      "type": "azurerm_route_table",
      "name": "adbroute",
      "provider": "provider[\"registry.terraform.io/hashicorp/azurerm\"]",
      "instances": [
        {
          "schema_version": 0,
          "attributes": {
            "disable_bgp_route_propagation": false,
            "id": "/subscriptions/3f2e4d32-8e8d-46d6-82bc-5bb8d962328b/resourceGroups/adb-dev-adb-99ex8g-rg/providers/Microsoft.Network/routeTables/spoke-routetable",
            "location": "southeastasia",
            "name": "spoke-routetable",
            "resource_group_name": "adb-dev-adb-99ex8g-rg",
            "route": [
              {
                "address_prefix": "0.0.0.0/0",
                "name": "to-firewall",
                "next_hop_in_ip_address": "10.178.0.4",
                "next_hop_type": "VirtualAppliance"
              },
              {
                "address_prefix": "52.230.27.216/32",
                "name": "to-scc",
                "next_hop_in_ip_address": "",
                "next_hop_type": "Internet"
              }
            ],
            "subnets": [],
            "tags": null,
            "timeouts": null
          },
          "sensitive_attributes": [],
          "private": "eyJlMmJmYjczMC1lY2FhLTExZTYtOGY4OC0zNDM2M2JjN2M0YzAiOnsiY3JlYXRlIjoxODAwMDAwMDAwMDAwLCJkZWxldGUiOjE4MDAwMDAwMDAwMDAsInJlYWQiOjMwMDAwMDAwMDAwMCwidXBkYXRlIjoxODAwMDAwMDAwMDAwfX0=",
          "dependencies": [
            "azurerm_firewall.hubfw",
            "azurerm_public_ip.fwpublicip",
            "azurerm_resource_group.this",
            "azurerm_subnet.hubfw",
            "azurerm_virtual_network.hubvnet",
            "data.external.me",
            "random_string.naming"
          ]
        }
      ]
    },
    {
      "mode": "managed",
      "type": "azurerm_storage_account",
      "name": "allowedstorage",
      "provider": "provider[\"registry.terraform.io/hashicorp/azurerm\"]",
      "instances": [
        {
          "schema_version": 3,
          "attributes": {
            "access_tier": "Hot",
            "account_kind": "StorageV2",
            "account_replication_type": "LRS",
            "account_tier": "Standard",
            "allow_nested_items_to_be_public": true,
            "azure_files_authentication": [],
            "blob_properties": [
              {
                "change_feed_enabled": false,
                "container_delete_retention_policy": [],
                "cors_rule": [],
                "default_service_version": "",
                "delete_retention_policy": [],
                "last_access_time_enabled": false,
                "versioning_enabled": false
              }
            ],
            "cross_tenant_replication_enabled": true,
            "custom_domain": [],
            "customer_managed_key": [],
            "edge_zone": "",
            "enable_https_traffic_only": true,
            "id": "/subscriptions/3f2e4d32-8e8d-46d6-82bc-5bb8d962328b/resourceGroups/adb-dev-adb-99ex8g-rg/providers/Microsoft.Storage/storageAccounts/99ex8gallowedstorage",
            "identity": [],
            "infrastructure_encryption_enabled": false,
            "is_hns_enabled": true,
            "large_file_share_enabled": null,
            "location": "southeastasia",
            "min_tls_version": "TLS1_2",
            "name": "99ex8gallowedstorage",
            "network_rules": [
              {
                "bypass": [
                  "AzureServices"
                ],
                "default_action": "Allow",
                "ip_rules": [],
                "private_link_access": [],
                "virtual_network_subnet_ids": []
              }
            ],
            "nfsv3_enabled": false,
            "primary_access_key": "UA0i+bdJt0Bo+H3fRTP85evVBFCjffnhCJyOAug6U7Kbql4N9nF9XjNbuPW431rDzVGyCUQB1EOb+ASt/O5AHQ==",
            "primary_blob_connection_string": "DefaultEndpointsProtocol=https;BlobEndpoint=https://99ex8gallowedstorage.blob.core.windows.net/;AccountName=99ex8gallowedstorage;AccountKey=UA0i+bdJt0Bo+H3fRTP85evVBFCjffnhCJyOAug6U7Kbql4N9nF9XjNbuPW431rDzVGyCUQB1EOb+ASt/O5AHQ==",
            "primary_blob_endpoint": "https://99ex8gallowedstorage.blob.core.windows.net/",
            "primary_blob_host": "99ex8gallowedstorage.blob.core.windows.net",
            "primary_connection_string": "DefaultEndpointsProtocol=https;AccountName=99ex8gallowedstorage;AccountKey=UA0i+bdJt0Bo+H3fRTP85evVBFCjffnhCJyOAug6U7Kbql4N9nF9XjNbuPW431rDzVGyCUQB1EOb+ASt/O5AHQ==;EndpointSuffix=core.windows.net",
            "primary_dfs_endpoint": "https://99ex8gallowedstorage.dfs.core.windows.net/",
            "primary_dfs_host": "99ex8gallowedstorage.dfs.core.windows.net",
            "primary_file_endpoint": "https://99ex8gallowedstorage.file.core.windows.net/",
            "primary_file_host": "99ex8gallowedstorage.file.core.windows.net",
            "primary_location": "southeastasia",
            "primary_queue_endpoint": "https://99ex8gallowedstorage.queue.core.windows.net/",
            "primary_queue_host": "99ex8gallowedstorage.queue.core.windows.net",
            "primary_table_endpoint": "https://99ex8gallowedstorage.table.core.windows.net/",
            "primary_table_host": "99ex8gallowedstorage.table.core.windows.net",
            "primary_web_endpoint": "https://99ex8gallowedstorage.z23.web.core.windows.net/",
            "primary_web_host": "99ex8gallowedstorage.z23.web.core.windows.net",
            "queue_encryption_key_type": "Service",
            "queue_properties": [
              {
                "cors_rule": [],
                "hour_metrics": [
                  {
                    "enabled": true,
                    "include_apis": true,
                    "retention_policy_days": 7,
                    "version": "1.0"
                  }
                ],
                "logging": [
                  {
                    "delete": false,
                    "read": false,
                    "retention_policy_days": 0,
                    "version": "1.0",
                    "write": false
                  }
                ],
                "minute_metrics": [
                  {
                    "enabled": false,
                    "include_apis": false,
                    "retention_policy_days": 0,
                    "version": "1.0"
                  }
                ]
              }
            ],
            "resource_group_name": "adb-dev-adb-99ex8g-rg",
            "routing": [],
            "secondary_access_key": "fzRtQigDXVSp2ymFO45WR1iG6vnVfQFRdbjWbQtlIAmWEq0TGxo8sZjbM9nqcME/3rscs2zXthAI+AStnDgA8A==",
            "secondary_blob_connection_string": "",
            "secondary_blob_endpoint": null,
            "secondary_blob_host": null,
            "secondary_connection_string": "DefaultEndpointsProtocol=https;AccountName=99ex8gallowedstorage;AccountKey=fzRtQigDXVSp2ymFO45WR1iG6vnVfQFRdbjWbQtlIAmWEq0TGxo8sZjbM9nqcME/3rscs2zXthAI+AStnDgA8A==;EndpointSuffix=core.windows.net",
            "secondary_dfs_endpoint": null,
            "secondary_dfs_host": null,
            "secondary_file_endpoint": null,
            "secondary_file_host": null,
            "secondary_location": "",
            "secondary_queue_endpoint": null,
            "secondary_queue_host": null,
            "secondary_table_endpoint": null,
            "secondary_table_host": null,
            "secondary_web_endpoint": null,
            "secondary_web_host": null,
            "share_properties": [
              {
                "cors_rule": [],
                "retention_policy": [
                  {
                    "days": 7
                  }
                ],
                "smb": []
              }
            ],
            "shared_access_key_enabled": true,
            "static_website": [],
            "table_encryption_key_type": "Service",
            "tags": {
              "Environment": "Testing",
              "Epoch": "99ex8g",
              "Owner": "hao.wang@databricks.com"
            },
            "timeouts": null
          },
          "sensitive_attributes": [],
          "private": "eyJlMmJmYjczMC1lY2FhLTExZTYtOGY4OC0zNDM2M2JjN2M0YzAiOnsiY3JlYXRlIjozNjAwMDAwMDAwMDAwLCJkZWxldGUiOjM2MDAwMDAwMDAwMDAsInJlYWQiOjMwMDAwMDAwMDAwMCwidXBkYXRlIjozNjAwMDAwMDAwMDAwfSwic2NoZW1hX3ZlcnNpb24iOiIzIn0=",
          "dependencies": [
            "azurerm_resource_group.this",
            "data.external.me",
            "random_string.naming"
          ]
        }
      ]
    },
    {
      "mode": "managed",
      "type": "azurerm_storage_account",
      "name": "deniedstorage",
      "provider": "provider[\"registry.terraform.io/hashicorp/azurerm\"]",
      "instances": [
        {
          "schema_version": 3,
          "attributes": {
            "access_tier": "Hot",
            "account_kind": "StorageV2",
            "account_replication_type": "LRS",
            "account_tier": "Standard",
            "allow_nested_items_to_be_public": true,
            "azure_files_authentication": [],
            "blob_properties": [
              {
                "change_feed_enabled": false,
                "container_delete_retention_policy": [],
                "cors_rule": [],
                "default_service_version": "",
                "delete_retention_policy": [],
                "last_access_time_enabled": false,
                "versioning_enabled": false
              }
            ],
            "cross_tenant_replication_enabled": true,
            "custom_domain": [],
            "customer_managed_key": [],
            "edge_zone": "",
            "enable_https_traffic_only": true,
            "id": "/subscriptions/3f2e4d32-8e8d-46d6-82bc-5bb8d962328b/resourceGroups/adb-dev-adb-99ex8g-rg/providers/Microsoft.Storage/storageAccounts/99ex8gdeniedstorage",
            "identity": [],
            "infrastructure_encryption_enabled": false,
            "is_hns_enabled": true,
            "large_file_share_enabled": null,
            "location": "southeastasia",
            "min_tls_version": "TLS1_2",
            "name": "99ex8gdeniedstorage",
            "network_rules": [
              {
                "bypass": [
                  "AzureServices"
                ],
                "default_action": "Allow",
                "ip_rules": [],
                "private_link_access": [],
                "virtual_network_subnet_ids": []
              }
            ],
            "nfsv3_enabled": false,
            "primary_access_key": "XoSA6mo6QVQdoRb+4o97mRapzv2FVOUHiUpLmbZlaK1RdDvvvOU06J5pf7PAu4Zc/71/lg6VhfV9+AStKnRgJA==",
            "primary_blob_connection_string": "DefaultEndpointsProtocol=https;BlobEndpoint=https://99ex8gdeniedstorage.blob.core.windows.net/;AccountName=99ex8gdeniedstorage;AccountKey=XoSA6mo6QVQdoRb+4o97mRapzv2FVOUHiUpLmbZlaK1RdDvvvOU06J5pf7PAu4Zc/71/lg6VhfV9+AStKnRgJA==",
            "primary_blob_endpoint": "https://99ex8gdeniedstorage.blob.core.windows.net/",
            "primary_blob_host": "99ex8gdeniedstorage.blob.core.windows.net",
            "primary_connection_string": "DefaultEndpointsProtocol=https;AccountName=99ex8gdeniedstorage;AccountKey=XoSA6mo6QVQdoRb+4o97mRapzv2FVOUHiUpLmbZlaK1RdDvvvOU06J5pf7PAu4Zc/71/lg6VhfV9+AStKnRgJA==;EndpointSuffix=core.windows.net",
            "primary_dfs_endpoint": "https://99ex8gdeniedstorage.dfs.core.windows.net/",
            "primary_dfs_host": "99ex8gdeniedstorage.dfs.core.windows.net",
            "primary_file_endpoint": "https://99ex8gdeniedstorage.file.core.windows.net/",
            "primary_file_host": "99ex8gdeniedstorage.file.core.windows.net",
            "primary_location": "southeastasia",
            "primary_queue_endpoint": "https://99ex8gdeniedstorage.queue.core.windows.net/",
            "primary_queue_host": "99ex8gdeniedstorage.queue.core.windows.net",
            "primary_table_endpoint": "https://99ex8gdeniedstorage.table.core.windows.net/",
            "primary_table_host": "99ex8gdeniedstorage.table.core.windows.net",
            "primary_web_endpoint": "https://99ex8gdeniedstorage.z23.web.core.windows.net/",
            "primary_web_host": "99ex8gdeniedstorage.z23.web.core.windows.net",
            "queue_encryption_key_type": "Service",
            "queue_properties": [
              {
                "cors_rule": [],
                "hour_metrics": [
                  {
                    "enabled": true,
                    "include_apis": true,
                    "retention_policy_days": 7,
                    "version": "1.0"
                  }
                ],
                "logging": [
                  {
                    "delete": false,
                    "read": false,
                    "retention_policy_days": 0,
                    "version": "1.0",
                    "write": false
                  }
                ],
                "minute_metrics": [
                  {
                    "enabled": false,
                    "include_apis": false,
                    "retention_policy_days": 0,
                    "version": "1.0"
                  }
                ]
              }
            ],
            "resource_group_name": "adb-dev-adb-99ex8g-rg",
            "routing": [],
            "secondary_access_key": "h/bJgjoY+XLRJN9fANdHeitNCz+/pfhIDsBG0LwMXyqK4J8vSi3fJmuXglBwIg+58p0PsrDWWw13+AStbu90nw==",
            "secondary_blob_connection_string": "",
            "secondary_blob_endpoint": null,
            "secondary_blob_host": null,
            "secondary_connection_string": "DefaultEndpointsProtocol=https;AccountName=99ex8gdeniedstorage;AccountKey=h/bJgjoY+XLRJN9fANdHeitNCz+/pfhIDsBG0LwMXyqK4J8vSi3fJmuXglBwIg+58p0PsrDWWw13+AStbu90nw==;EndpointSuffix=core.windows.net",
            "secondary_dfs_endpoint": null,
            "secondary_dfs_host": null,
            "secondary_file_endpoint": null,
            "secondary_file_host": null,
            "secondary_location": "",
            "secondary_queue_endpoint": null,
            "secondary_queue_host": null,
            "secondary_table_endpoint": null,
            "secondary_table_host": null,
            "secondary_web_endpoint": null,
            "secondary_web_host": null,
            "share_properties": [
              {
                "cors_rule": [],
                "retention_policy": [
                  {
                    "days": 7
                  }
                ],
                "smb": []
              }
            ],
            "shared_access_key_enabled": true,
            "static_website": [],
            "table_encryption_key_type": "Service",
            "tags": {
              "Environment": "Testing",
              "Epoch": "99ex8g",
              "Owner": "hao.wang@databricks.com"
            },
            "timeouts": null
          },
          "sensitive_attributes": [],
          "private": "eyJlMmJmYjczMC1lY2FhLTExZTYtOGY4OC0zNDM2M2JjN2M0YzAiOnsiY3JlYXRlIjozNjAwMDAwMDAwMDAwLCJkZWxldGUiOjM2MDAwMDAwMDAwMDAsInJlYWQiOjMwMDAwMDAwMDAwMCwidXBkYXRlIjozNjAwMDAwMDAwMDAwfSwic2NoZW1hX3ZlcnNpb24iOiIzIn0=",
          "dependencies": [
            "azurerm_resource_group.this",
            "data.external.me",
            "random_string.naming"
          ]
        }
      ]
    },
    {
      "mode": "managed",
      "type": "azurerm_subnet",
      "name": "hubfw",
      "provider": "provider[\"registry.terraform.io/hashicorp/azurerm\"]",
      "instances": [
        {
          "schema_version": 0,
          "attributes": {
            "address_prefixes": [
              "10.178.0.0/23"
            ],
            "delegation": [],
            "enforce_private_link_endpoint_network_policies": false,
            "enforce_private_link_service_network_policies": false,
            "id": "/subscriptions/3f2e4d32-8e8d-46d6-82bc-5bb8d962328b/resourceGroups/adb-dev-adb-99ex8g-rg/providers/Microsoft.Network/virtualNetworks/adb-99ex8g-hub-vnet/subnets/AzureFirewallSubnet",
            "name": "AzureFirewallSubnet",
            "resource_group_name": "adb-dev-adb-99ex8g-rg",
            "service_endpoint_policy_ids": null,
            "service_endpoints": [
              "Microsoft.Storage"
            ],
            "timeouts": null,
            "virtual_network_name": "adb-99ex8g-hub-vnet"
          },
          "sensitive_attributes": [],
          "private": "eyJlMmJmYjczMC1lY2FhLTExZTYtOGY4OC0zNDM2M2JjN2M0YzAiOnsiY3JlYXRlIjoxODAwMDAwMDAwMDAwLCJkZWxldGUiOjE4MDAwMDAwMDAwMDAsInJlYWQiOjMwMDAwMDAwMDAwMCwidXBkYXRlIjoxODAwMDAwMDAwMDAwfX0=",
          "dependencies": [
            "azurerm_resource_group.this",
            "azurerm_virtual_network.hubvnet",
            "data.external.me",
            "random_string.naming"
          ]
        }
      ]
    },
    {
      "mode": "managed",
      "type": "azurerm_subnet",
      "name": "plsubnet",
      "provider": "provider[\"registry.terraform.io/hashicorp/azurerm\"]",
      "instances": [
        {
          "schema_version": 0,
          "attributes": {
            "address_prefixes": [
              "10.179.4.0/23"
            ],
            "delegation": [],
            "enforce_private_link_endpoint_network_policies": false,
            "enforce_private_link_service_network_policies": false,
            "id": "/subscriptions/3f2e4d32-8e8d-46d6-82bc-5bb8d962328b/resourceGroups/adb-dev-adb-99ex8g-rg/providers/Microsoft.Network/virtualNetworks/adb-99ex8g-vnet/subnets/adb-99ex8g-privatelink",
            "name": "adb-99ex8g-privatelink",
            "resource_group_name": "adb-dev-adb-99ex8g-rg",
            "service_endpoint_policy_ids": null,
            "service_endpoints": null,
            "timeouts": null,
            "virtual_network_name": "adb-99ex8g-vnet"
          },
          "sensitive_attributes": [],
          "private": "eyJlMmJmYjczMC1lY2FhLTExZTYtOGY4OC0zNDM2M2JjN2M0YzAiOnsiY3JlYXRlIjoxODAwMDAwMDAwMDAwLCJkZWxldGUiOjE4MDAwMDAwMDAwMDAsInJlYWQiOjMwMDAwMDAwMDAwMCwidXBkYXRlIjoxODAwMDAwMDAwMDAwfX0=",
          "dependencies": [
            "azurerm_resource_group.this",
            "azurerm_virtual_network.this",
            "data.external.me",
            "random_string.naming"
          ]
        }
      ]
    },
    {
      "mode": "managed",
      "type": "azurerm_subnet",
      "name": "private",
      "provider": "provider[\"registry.terraform.io/hashicorp/azurerm\"]",
      "instances": [
        {
          "schema_version": 0,
          "attributes": {
            "address_prefixes": [
              "10.179.2.0/23"
            ],
            "delegation": [
              {
                "name": "databricks",
                "service_delegation": [
                  {
                    "actions": [
                      "Microsoft.Network/virtualNetworks/subnets/join/action",
                      "Microsoft.Network/virtualNetworks/subnets/prepareNetworkPolicies/action",
                      "Microsoft.Network/virtualNetworks/subnets/unprepareNetworkPolicies/action"
                    ],
                    "name": "Microsoft.Databricks/workspaces"
                  }
                ]
              }
            ],
            "enforce_private_link_endpoint_network_policies": true,
            "enforce_private_link_service_network_policies": true,
            "id": "/subscriptions/3f2e4d32-8e8d-46d6-82bc-5bb8d962328b/resourceGroups/adb-dev-adb-99ex8g-rg/providers/Microsoft.Network/virtualNetworks/adb-99ex8g-vnet/subnets/adb-99ex8g-private",
            "name": "adb-99ex8g-private",
            "resource_group_name": "adb-dev-adb-99ex8g-rg",
            "service_endpoint_policy_ids": null,
            "service_endpoints": null,
            "timeouts": null,
            "virtual_network_name": "adb-99ex8g-vnet"
          },
          "sensitive_attributes": [],
          "private": "eyJlMmJmYjczMC1lY2FhLTExZTYtOGY4OC0zNDM2M2JjN2M0YzAiOnsiY3JlYXRlIjoxODAwMDAwMDAwMDAwLCJkZWxldGUiOjE4MDAwMDAwMDAwMDAsInJlYWQiOjMwMDAwMDAwMDAwMCwidXBkYXRlIjoxODAwMDAwMDAwMDAwfX0=",
          "dependencies": [
            "azurerm_resource_group.this",
            "azurerm_virtual_network.this",
            "data.external.me",
            "random_string.naming"
          ]
        }
      ]
    },
    {
      "mode": "managed",
      "type": "azurerm_subnet",
      "name": "public",
      "provider": "provider[\"registry.terraform.io/hashicorp/azurerm\"]",
      "instances": [
        {
          "schema_version": 0,
          "attributes": {
            "address_prefixes": [
              "10.179.0.0/23"
            ],
            "delegation": [
              {
                "name": "databricks",
                "service_delegation": [
                  {
                    "actions": [
                      "Microsoft.Network/virtualNetworks/subnets/join/action",
                      "Microsoft.Network/virtualNetworks/subnets/prepareNetworkPolicies/action",
                      "Microsoft.Network/virtualNetworks/subnets/unprepareNetworkPolicies/action"
                    ],
                    "name": "Microsoft.Databricks/workspaces"
                  }
                ]
              }
            ],
            "enforce_private_link_endpoint_network_policies": false,
            "enforce_private_link_service_network_policies": false,
            "id": "/subscriptions/3f2e4d32-8e8d-46d6-82bc-5bb8d962328b/resourceGroups/adb-dev-adb-99ex8g-rg/providers/Microsoft.Network/virtualNetworks/adb-99ex8g-vnet/subnets/adb-99ex8g-public",
            "name": "adb-99ex8g-public",
            "resource_group_name": "adb-dev-adb-99ex8g-rg",
            "service_endpoint_policy_ids": null,
            "service_endpoints": null,
            "timeouts": null,
            "virtual_network_name": "adb-99ex8g-vnet"
          },
          "sensitive_attributes": [],
          "private": "eyJlMmJmYjczMC1lY2FhLTExZTYtOGY4OC0zNDM2M2JjN2M0YzAiOnsiY3JlYXRlIjoxODAwMDAwMDAwMDAwLCJkZWxldGUiOjE4MDAwMDAwMDAwMDAsInJlYWQiOjMwMDAwMDAwMDAwMCwidXBkYXRlIjoxODAwMDAwMDAwMDAwfX0=",
          "dependencies": [
            "azurerm_resource_group.this",
            "azurerm_virtual_network.this",
            "data.external.me",
            "random_string.naming"
          ]
        }
      ]
    },
    {
      "mode": "managed",
      "type": "azurerm_subnet_network_security_group_association",
      "name": "private",
      "provider": "provider[\"registry.terraform.io/hashicorp/azurerm\"]",
      "instances": [
        {
          "schema_version": 0,
          "attributes": {
            "id": "/subscriptions/3f2e4d32-8e8d-46d6-82bc-5bb8d962328b/resourceGroups/adb-dev-adb-99ex8g-rg/providers/Microsoft.Network/virtualNetworks/adb-99ex8g-vnet/subnets/adb-99ex8g-private",
            "network_security_group_id": "/subscriptions/3f2e4d32-8e8d-46d6-82bc-5bb8d962328b/resourceGroups/adb-dev-adb-99ex8g-rg/providers/Microsoft.Network/networkSecurityGroups/adb-99ex8g-nsg",
            "subnet_id": "/subscriptions/3f2e4d32-8e8d-46d6-82bc-5bb8d962328b/resourceGroups/adb-dev-adb-99ex8g-rg/providers/Microsoft.Network/virtualNetworks/adb-99ex8g-vnet/subnets/adb-99ex8g-private",
            "timeouts": null
          },
          "sensitive_attributes": [],
          "private": "eyJlMmJmYjczMC1lY2FhLTExZTYtOGY4OC0zNDM2M2JjN2M0YzAiOnsiY3JlYXRlIjoxODAwMDAwMDAwMDAwLCJkZWxldGUiOjE4MDAwMDAwMDAwMDAsInJlYWQiOjMwMDAwMDAwMDAwMCwidXBkYXRlIjoxODAwMDAwMDAwMDAwfX0=",
          "dependencies": [
            "azurerm_network_security_group.this",
            "azurerm_resource_group.this",
            "azurerm_subnet.private",
            "azurerm_virtual_network.this",
            "data.external.me",
            "random_string.naming"
          ]
        }
      ]
    },
    {
      "mode": "managed",
      "type": "azurerm_subnet_network_security_group_association",
      "name": "public",
      "provider": "provider[\"registry.terraform.io/hashicorp/azurerm\"]",
      "instances": [
        {
          "schema_version": 0,
          "attributes": {
            "id": "/subscriptions/3f2e4d32-8e8d-46d6-82bc-5bb8d962328b/resourceGroups/adb-dev-adb-99ex8g-rg/providers/Microsoft.Network/virtualNetworks/adb-99ex8g-vnet/subnets/adb-99ex8g-public",
            "network_security_group_id": "/subscriptions/3f2e4d32-8e8d-46d6-82bc-5bb8d962328b/resourceGroups/adb-dev-adb-99ex8g-rg/providers/Microsoft.Network/networkSecurityGroups/adb-99ex8g-nsg",
            "subnet_id": "/subscriptions/3f2e4d32-8e8d-46d6-82bc-5bb8d962328b/resourceGroups/adb-dev-adb-99ex8g-rg/providers/Microsoft.Network/virtualNetworks/adb-99ex8g-vnet/subnets/adb-99ex8g-public",
            "timeouts": null
          },
          "sensitive_attributes": [],
          "private": "eyJlMmJmYjczMC1lY2FhLTExZTYtOGY4OC0zNDM2M2JjN2M0YzAiOnsiY3JlYXRlIjoxODAwMDAwMDAwMDAwLCJkZWxldGUiOjE4MDAwMDAwMDAwMDAsInJlYWQiOjMwMDAwMDAwMDAwMCwidXBkYXRlIjoxODAwMDAwMDAwMDAwfX0=",
          "dependencies": [
            "azurerm_network_security_group.this",
            "azurerm_resource_group.this",
            "azurerm_subnet.public",
            "azurerm_virtual_network.this",
            "data.external.me",
            "random_string.naming"
          ]
        }
      ]
    },
    {
      "mode": "managed",
      "type": "azurerm_subnet_route_table_association",
      "name": "privateudr",
      "provider": "provider[\"registry.terraform.io/hashicorp/azurerm\"]",
      "instances": [
        {
          "schema_version": 0,
          "attributes": {
            "id": "/subscriptions/3f2e4d32-8e8d-46d6-82bc-5bb8d962328b/resourceGroups/adb-dev-adb-99ex8g-rg/providers/Microsoft.Network/virtualNetworks/adb-99ex8g-vnet/subnets/adb-99ex8g-private",
            "route_table_id": "/subscriptions/3f2e4d32-8e8d-46d6-82bc-5bb8d962328b/resourceGroups/adb-dev-adb-99ex8g-rg/providers/Microsoft.Network/routeTables/spoke-routetable",
            "subnet_id": "/subscriptions/3f2e4d32-8e8d-46d6-82bc-5bb8d962328b/resourceGroups/adb-dev-adb-99ex8g-rg/providers/Microsoft.Network/virtualNetworks/adb-99ex8g-vnet/subnets/adb-99ex8g-private",
            "timeouts": null
          },
          "sensitive_attributes": [],
          "private": "eyJlMmJmYjczMC1lY2FhLTExZTYtOGY4OC0zNDM2M2JjN2M0YzAiOnsiY3JlYXRlIjoxODAwMDAwMDAwMDAwLCJkZWxldGUiOjE4MDAwMDAwMDAwMDAsInJlYWQiOjMwMDAwMDAwMDAwMCwidXBkYXRlIjoxODAwMDAwMDAwMDAwfX0=",
          "dependencies": [
            "azurerm_firewall.hubfw",
            "azurerm_public_ip.fwpublicip",
            "azurerm_resource_group.this",
            "azurerm_route_table.adbroute",
            "azurerm_subnet.hubfw",
            "azurerm_subnet.private",
            "azurerm_virtual_network.hubvnet",
            "azurerm_virtual_network.this",
            "data.external.me",
            "random_string.naming"
          ]
        }
      ]
    },
    {
      "mode": "managed",
      "type": "azurerm_subnet_route_table_association",
      "name": "publicudr",
      "provider": "provider[\"registry.terraform.io/hashicorp/azurerm\"]",
      "instances": [
        {
          "schema_version": 0,
          "attributes": {
            "id": "/subscriptions/3f2e4d32-8e8d-46d6-82bc-5bb8d962328b/resourceGroups/adb-dev-adb-99ex8g-rg/providers/Microsoft.Network/virtualNetworks/adb-99ex8g-vnet/subnets/adb-99ex8g-public",
            "route_table_id": "/subscriptions/3f2e4d32-8e8d-46d6-82bc-5bb8d962328b/resourceGroups/adb-dev-adb-99ex8g-rg/providers/Microsoft.Network/routeTables/spoke-routetable",
            "subnet_id": "/subscriptions/3f2e4d32-8e8d-46d6-82bc-5bb8d962328b/resourceGroups/adb-dev-adb-99ex8g-rg/providers/Microsoft.Network/virtualNetworks/adb-99ex8g-vnet/subnets/adb-99ex8g-public",
            "timeouts": null
          },
          "sensitive_attributes": [],
          "private": "eyJlMmJmYjczMC1lY2FhLTExZTYtOGY4OC0zNDM2M2JjN2M0YzAiOnsiY3JlYXRlIjoxODAwMDAwMDAwMDAwLCJkZWxldGUiOjE4MDAwMDAwMDAwMDAsInJlYWQiOjMwMDAwMDAwMDAwMCwidXBkYXRlIjoxODAwMDAwMDAwMDAwfX0=",
          "dependencies": [
            "azurerm_firewall.hubfw",
            "azurerm_public_ip.fwpublicip",
            "azurerm_resource_group.this",
            "azurerm_route_table.adbroute",
            "azurerm_subnet.hubfw",
            "azurerm_subnet.public",
            "azurerm_virtual_network.hubvnet",
            "azurerm_virtual_network.this",
            "data.external.me",
            "random_string.naming"
          ]
        }
      ]
    },
    {
      "mode": "managed",
      "type": "azurerm_virtual_network",
      "name": "hubvnet",
      "provider": "provider[\"registry.terraform.io/hashicorp/azurerm\"]",
      "instances": [
        {
          "schema_version": 0,
          "attributes": {
            "address_space": [
              "10.178.0.0/20"
            ],
            "bgp_community": "",
            "ddos_protection_plan": [],
            "dns_servers": [],
            "edge_zone": "",
            "flow_timeout_in_minutes": 0,
            "guid": "1d4a8c90-66cc-4a78-8557-40bd247be2f0",
            "id": "/subscriptions/3f2e4d32-8e8d-46d6-82bc-5bb8d962328b/resourceGroups/adb-dev-adb-99ex8g-rg/providers/Microsoft.Network/virtualNetworks/adb-99ex8g-hub-vnet",
            "location": "southeastasia",
            "name": "adb-99ex8g-hub-vnet",
            "resource_group_name": "adb-dev-adb-99ex8g-rg",
            "subnet": [],
            "tags": {
              "Environment": "Testing",
              "Epoch": "99ex8g",
              "Owner": "hao.wang@databricks.com"
            },
            "timeouts": null
          },
          "sensitive_attributes": [],
          "private": "eyJlMmJmYjczMC1lY2FhLTExZTYtOGY4OC0zNDM2M2JjN2M0YzAiOnsiY3JlYXRlIjoxODAwMDAwMDAwMDAwLCJkZWxldGUiOjE4MDAwMDAwMDAwMDAsInJlYWQiOjMwMDAwMDAwMDAwMCwidXBkYXRlIjoxODAwMDAwMDAwMDAwfX0=",
          "dependencies": [
            "azurerm_resource_group.this",
            "data.external.me",
            "random_string.naming"
          ]
        }
      ]
    },
    {
      "mode": "managed",
      "type": "azurerm_virtual_network",
      "name": "this",
      "provider": "provider[\"registry.terraform.io/hashicorp/azurerm\"]",
      "instances": [
        {
          "schema_version": 0,
          "attributes": {
            "address_space": [
              "10.179.0.0/20"
            ],
            "bgp_community": "",
            "ddos_protection_plan": [],
            "dns_servers": [],
            "edge_zone": "",
            "flow_timeout_in_minutes": 0,
            "guid": "5375420b-c131-45a5-bcce-cac42d546d16",
            "id": "/subscriptions/3f2e4d32-8e8d-46d6-82bc-5bb8d962328b/resourceGroups/adb-dev-adb-99ex8g-rg/providers/Microsoft.Network/virtualNetworks/adb-99ex8g-vnet",
            "location": "southeastasia",
            "name": "adb-99ex8g-vnet",
            "resource_group_name": "adb-dev-adb-99ex8g-rg",
            "subnet": [],
            "tags": {
              "Environment": "Testing",
              "Epoch": "99ex8g",
              "Owner": "hao.wang@databricks.com"
            },
            "timeouts": null
          },
          "sensitive_attributes": [],
          "private": "eyJlMmJmYjczMC1lY2FhLTExZTYtOGY4OC0zNDM2M2JjN2M0YzAiOnsiY3JlYXRlIjoxODAwMDAwMDAwMDAwLCJkZWxldGUiOjE4MDAwMDAwMDAwMDAsInJlYWQiOjMwMDAwMDAwMDAwMCwidXBkYXRlIjoxODAwMDAwMDAwMDAwfX0=",
          "dependencies": [
            "azurerm_resource_group.this",
            "data.external.me",
            "random_string.naming"
          ]
        }
      ]
    },
    {
      "mode": "managed",
      "type": "azurerm_virtual_network_peering",
      "name": "hubvnet",
      "provider": "provider[\"registry.terraform.io/hashicorp/azurerm\"]",
      "instances": [
        {
          "schema_version": 0,
          "attributes": {
            "allow_forwarded_traffic": false,
            "allow_gateway_transit": false,
            "allow_virtual_network_access": true,
            "id": "/subscriptions/3f2e4d32-8e8d-46d6-82bc-5bb8d962328b/resourceGroups/adb-dev-adb-99ex8g-rg/providers/Microsoft.Network/virtualNetworks/adb-99ex8g-hub-vnet/virtualNetworkPeerings/peerhubtospoke",
            "name": "peerhubtospoke",
            "remote_virtual_network_id": "/subscriptions/3f2e4d32-8e8d-46d6-82bc-5bb8d962328b/resourceGroups/adb-dev-adb-99ex8g-rg/providers/Microsoft.Network/virtualNetworks/adb-99ex8g-vnet",
            "resource_group_name": "adb-dev-adb-99ex8g-rg",
            "timeouts": null,
            "use_remote_gateways": false,
            "virtual_network_name": "adb-99ex8g-hub-vnet"
          },
          "sensitive_attributes": [],
          "private": "eyJlMmJmYjczMC1lY2FhLTExZTYtOGY4OC0zNDM2M2JjN2M0YzAiOnsiY3JlYXRlIjoxODAwMDAwMDAwMDAwLCJkZWxldGUiOjE4MDAwMDAwMDAwMDAsInJlYWQiOjMwMDAwMDAwMDAwMCwidXBkYXRlIjoxODAwMDAwMDAwMDAwfX0=",
          "dependencies": [
            "azurerm_resource_group.this",
            "azurerm_virtual_network.hubvnet",
            "azurerm_virtual_network.this",
            "data.external.me",
            "random_string.naming"
          ]
        }
      ]
    },
    {
      "mode": "managed",
      "type": "azurerm_virtual_network_peering",
      "name": "spokevnet",
      "provider": "provider[\"registry.terraform.io/hashicorp/azurerm\"]",
      "instances": [
        {
          "schema_version": 0,
          "attributes": {
            "allow_forwarded_traffic": false,
            "allow_gateway_transit": false,
            "allow_virtual_network_access": true,
            "id": "/subscriptions/3f2e4d32-8e8d-46d6-82bc-5bb8d962328b/resourceGroups/adb-dev-adb-99ex8g-rg/providers/Microsoft.Network/virtualNetworks/adb-99ex8g-vnet/virtualNetworkPeerings/peerspoketohub",
            "name": "peerspoketohub",
            "remote_virtual_network_id": "/subscriptions/3f2e4d32-8e8d-46d6-82bc-5bb8d962328b/resourceGroups/adb-dev-adb-99ex8g-rg/providers/Microsoft.Network/virtualNetworks/adb-99ex8g-hub-vnet",
            "resource_group_name": "adb-dev-adb-99ex8g-rg",
            "timeouts": null,
            "use_remote_gateways": false,
            "virtual_network_name": "adb-99ex8g-vnet"
          },
          "sensitive_attributes": [],
          "private": "eyJlMmJmYjczMC1lY2FhLTExZTYtOGY4OC0zNDM2M2JjN2M0YzAiOnsiY3JlYXRlIjoxODAwMDAwMDAwMDAwLCJkZWxldGUiOjE4MDAwMDAwMDAwMDAsInJlYWQiOjMwMDAwMDAwMDAwMCwidXBkYXRlIjoxODAwMDAwMDAwMDAwfX0=",
          "dependencies": [
            "azurerm_resource_group.this",
            "azurerm_virtual_network.hubvnet",
            "azurerm_virtual_network.this",
            "data.external.me",
            "random_string.naming"
          ]
        }
      ]
    },
    {
      "mode": "managed",
      "type": "random_string",
      "name": "naming",
      "provider": "provider[\"registry.terraform.io/hashicorp/random\"]",
      "instances": [
        {
          "schema_version": 1,
          "attributes": {
            "id": "99ex8g",
            "keepers": null,
            "length": 6,
            "lower": true,
            "min_lower": 0,
            "min_numeric": 0,
            "min_special": 0,
            "min_upper": 0,
            "number": true,
            "override_special": null,
            "result": "99ex8g",
            "special": false,
            "upper": false
          },
          "sensitive_attributes": [],
          "private": "eyJzY2hlbWFfdmVyc2lvbiI6IjEifQ=="
        }
      ]
    }
  ]
}
