{
  "version": 4,
  "terraform_version": "1.0.6",
  "serial": 57,
  "lineage": "de52340f-c660-7620-f36a-1da640a0de98",
  "outputs": {
    "databricks_azure_workspace_resource_id": {
      "value": "/subscriptions/3f2e4d32-8e8d-46d6-82bc-5bb8d962328b/resourceGroups/8kmlv4-basic-demo-rg/providers/Microsoft.Databricks/workspaces/adb-8kmlv4-workspace",
      "type": "string"
    },
    "module_cluster_id": {
      "value": "0922-024424-o6dvu8cv",
      "type": "string"
    },
    "workspace_url": {
      "value": "https://adb-4462217527384590.10.azuredatabricks.net/",
      "type": "string"
    }
  },
  "resources": [
    {
      "mode": "data",
      "type": "databricks_spark_version",
      "name": "latest_lts",
      "provider": "provider[\"registry.terraform.io/databricks/databricks\"]",
      "instances": [
        {
          "schema_version": 0,
          "attributes": {
            "beta": false,
            "genomics": false,
            "gpu": false,
            "graviton": null,
            "id": "10.4.x-scala2.12",
            "latest": true,
            "long_term_support": true,
            "ml": false,
            "photon": false,
            "scala": "2.12",
            "spark_version": null
          },
          "sensitive_attributes": []
        }
      ]
    },
    {
      "mode": "managed",
      "type": "azurerm_databricks_workspace",
      "name": "example",
      "provider": "provider[\"registry.terraform.io/hashicorp/azurerm\"]",
      "instances": [
        {
          "schema_version": 0,
          "attributes": {
            "custom_parameters": [
              {
                "machine_learning_workspace_id": "",
                "nat_gateway_name": "nat-gateway",
                "no_public_ip": true,
                "private_subnet_name": "",
                "private_subnet_network_security_group_association_id": "",
                "public_ip_name": "nat-gw-public-ip",
                "public_subnet_name": "",
                "public_subnet_network_security_group_association_id": "",
                "storage_account_name": "anotherdbfsname8kmlv4",
                "storage_account_sku_name": "Standard_LRS",
                "virtual_network_id": "",
                "vnet_address_prefix": "10.139"
              }
            ],
            "customer_managed_key_enabled": false,
            "id": "/subscriptions/3f2e4d32-8e8d-46d6-82bc-5bb8d962328b/resourceGroups/8kmlv4-basic-demo-rg/providers/Microsoft.Databricks/workspaces/adb-8kmlv4-workspace",
            "infrastructure_encryption_enabled": false,
            "load_balancer_backend_address_pool_id": "",
            "location": "southeastasia",
            "managed_resource_group_id": "/subscriptions/3f2e4d32-8e8d-46d6-82bc-5bb8d962328b/resourceGroups/databricks-rg-8kmlv4-basic-demo-rg",
            "managed_resource_group_name": "databricks-rg-8kmlv4-basic-demo-rg",
            "managed_services_cmk_key_vault_key_id": null,
            "name": "adb-8kmlv4-workspace",
            "network_security_group_rules_required": null,
            "public_network_access_enabled": true,
            "resource_group_name": "8kmlv4-basic-demo-rg",
            "sku": "premium",
            "storage_account_identity": [],
            "tags": {
              "Environment": "Testing",
              "Epoch": "8kmlv4"
            },
            "timeouts": null,
            "workspace_id": "4462217527384590",
            "workspace_url": "adb-4462217527384590.10.azuredatabricks.net"
          },
          "sensitive_attributes": [],
          "private": "eyJlMmJmYjczMC1lY2FhLTExZTYtOGY4OC0zNDM2M2JjN2M0YzAiOnsiY3JlYXRlIjoxODAwMDAwMDAwMDAwLCJkZWxldGUiOjE4MDAwMDAwMDAwMDAsInJlYWQiOjMwMDAwMDAwMDAwMCwidXBkYXRlIjoxODAwMDAwMDAwMDAwfX0=",
          "dependencies": [
            "azurerm_resource_group.example",
            "random_string.naming"
          ]
        }
      ]
    },
    {
      "mode": "managed",
      "type": "azurerm_resource_group",
      "name": "example",
      "provider": "provider[\"registry.terraform.io/hashicorp/azurerm\"]",
      "instances": [
        {
          "schema_version": 0,
          "attributes": {
            "id": "/subscriptions/3f2e4d32-8e8d-46d6-82bc-5bb8d962328b/resourceGroups/8kmlv4-basic-demo-rg",
            "location": "southeastasia",
            "name": "8kmlv4-basic-demo-rg",
            "tags": null,
            "timeouts": null
          },
          "sensitive_attributes": [],
          "private": "eyJlMmJmYjczMC1lY2FhLTExZTYtOGY4OC0zNDM2M2JjN2M0YzAiOnsiY3JlYXRlIjo1NDAwMDAwMDAwMDAwLCJkZWxldGUiOjU0MDAwMDAwMDAwMDAsInJlYWQiOjMwMDAwMDAwMDAwMCwidXBkYXRlIjo1NDAwMDAwMDAwMDAwfX0=",
          "dependencies": [
            "random_string.naming"
          ]
        }
      ]
    },
    {
      "mode": "managed",
      "type": "random_string",
      "name": "naming",
      "provider": "provider[\"registry.terraform.io/hashicorp/random\"]",
      "instances": [
        {
          "schema_version": 2,
          "attributes": {
            "id": "8kmlv4",
            "keepers": null,
            "length": 6,
            "lower": true,
            "min_lower": 0,
            "min_numeric": 0,
            "min_special": 0,
            "min_upper": 0,
            "number": true,
            "numeric": true,
            "override_special": null,
            "result": "8kmlv4",
            "special": false,
            "upper": false
          },
          "sensitive_attributes": [],
          "private": "eyJzY2hlbWFfdmVyc2lvbiI6IjIifQ=="
        }
      ]
    },
    {
      "module": "module.auto_scaling_cluster_example",
      "mode": "managed",
      "type": "databricks_cluster",
      "name": "shared_autoscaling",
      "provider": "provider[\"registry.terraform.io/databricks/databricks\"]",
      "instances": [
        {
          "schema_version": 2,
          "attributes": {
            "autoscale": [
              {
                "max_workers": 3,
                "min_workers": 1
              }
            ],
            "autotermination_minutes": 30,
            "aws_attributes": [],
            "azure_attributes": [
              {
                "availability": "ON_DEMAND_AZURE",
                "first_on_demand": 1,
                "spot_bid_max_price": -1
              }
            ],
            "cluster_id": "0922-024424-o6dvu8cv",
            "cluster_log_conf": [],
            "cluster_name": "Shared Autoscaling",
            "custom_tags": null,
            "data_security_mode": null,
            "default_tags": {
              "ClusterId": "0922-024424-o6dvu8cv",
              "ClusterName": "Shared Autoscaling",
              "Creator": "hao.wang@databricks.com",
              "Environment": "Testing",
              "Epoch": "8kmlv4",
              "Vendor": "Databricks"
            },
            "docker_image": [],
            "driver_instance_pool_id": null,
            "driver_node_type_id": "Standard_E8ds_v4",
            "enable_elastic_disk": true,
            "enable_local_disk_encryption": false,
            "gcp_attributes": [],
            "id": "0922-024424-o6dvu8cv",
            "idempotency_token": null,
            "init_scripts": [],
            "instance_pool_id": null,
            "is_pinned": false,
            "library": [],
            "node_type_id": "Standard_E8ds_v4",
            "num_workers": 0,
            "policy_id": null,
            "single_user_name": null,
            "spark_conf": {
              "spark.databricks.delta.preview.enabled": "true"
            },
            "spark_env_vars": null,
            "spark_version": "10.4.x-scala2.12",
            "ssh_public_keys": null,
            "state": "RUNNING",
            "timeouts": null,
            "url": "https://adb-4462217527384590.10.azuredatabricks.net/#setting/clusters/0922-024424-o6dvu8cv/configuration"
          },
          "sensitive_attributes": [],
          "private": "eyJlMmJmYjczMC1lY2FhLTExZTYtOGY4OC0zNDM2M2JjN2M0YzAiOnsiY3JlYXRlIjoxODAwMDAwMDAwMDAwLCJkZWxldGUiOjE4MDAwMDAwMDAwMDAsInVwZGF0ZSI6MTgwMDAwMDAwMDAwMH0sInNjaGVtYV92ZXJzaW9uIjoiMiJ9",
          "dependencies": [
            "azurerm_databricks_workspace.example",
            "azurerm_resource_group.example",
            "data.databricks_spark_version.latest_lts",
            "random_string.naming"
          ]
        }
      ]
    }
  ]
}
