{
  "version": 4,
  "terraform_version": "1.0.6",
  "serial": 3,
  "lineage": "38a8167e-eaa9-eec0-aa51-dbed08ac5704",
  "outputs": {},
  "resources": [
    {
      "mode": "managed",
      "type": "databricks_group",
      "name": "this",
      "provider": "provider[\"registry.terraform.io/databricks/databricks\"].azure_account",
      "instances": [
        {
          "schema_version": 0,
          "attributes": {
            "allow_cluster_create": false,
            "allow_instance_pool_create": false,
            "databricks_sql_access": false,
            "display_name": "test_tf_sp",
            "external_id": "",
            "force": null,
            "id": "1096493524913393",
            "url": "https://accounts.azuredatabricks.net/#setting/accounts/groups/1096493524913393",
            "workspace_access": false
          },
          "sensitive_attributes": [],
          "private": "bnVsbA=="
        }
      ]
    }
  ]
}
