{
  "version": 4,
  "terraform_version": "1.0.6",
  "serial": 77,
  "lineage": "ac21268b-e0cf-c682-c4eb-9ef8fda4c0ff",
  "outputs": {},
  "resources": [
    {
      "mode": "data",
      "type": "azurerm_client_config",
      "name": "current",
      "provider": "provider[\"registry.terraform.io/hashicorp/azurerm\"]",
      "instances": [
        {
          "schema_version": 0,
          "attributes": {
            "client_id": "81581960-4ffa-4efa-9045-85241f449906",
            "id": "Y2xpZW50Q29uZmlncy9jbGllbnRJZD04MTU4MTk2MC00ZmZhLTRlZmEtOTA0NS04NTI0MWY0NDk5MDY7b2JqZWN0SWQ9NjRlYmMwZDEtNzNlMi00OWQ3LTg4MTYtYzkxZjdlYjk5NjI5O3N1YnNjcmlwdGlvbklkPTNlNTUxZjgyLWM2MjQtNGEzZS1iOGY2LWUwNTBhOTZhNzAwNDt0ZW5hbnRJZD0zNGYxYmIwMi1hYzFkLTRjMDQtYjA1MS01OGUwOTRmYTY2OGM=",
            "object_id": "64ebc0d1-73e2-49d7-8816-c91f7eb99629",
            "subscription_id": "3e551f82-c624-4a3e-b8f6-e050a96a7004",
            "tenant_id": "34f1bb02-ac1d-4c04-b051-58e094fa668c",
            "timeouts": null
          },
          "sensitive_attributes": []
        }
      ]
    },
    {
      "mode": "data",
      "type": "azurerm_databricks_workspace",
      "name": "this",
      "provider": "provider[\"registry.terraform.io/hashicorp/azurerm\"]",
      "instances": [
        {
          "schema_version": 0,
          "attributes": {
            "id": "/subscriptions/3e551f82-c624-4a3e-b8f6-e050a96a7004/resourceGroups/testrg/providers/Microsoft.Databricks/workspaces/ws1",
            "location": "southeastasia",
            "name": "ws1",
            "resource_group_name": "testrg",
            "sku": "premium",
            "tags": {},
            "timeouts": null,
            "workspace_id": "3269574047863413",
            "workspace_url": "adb-3269574047863413.13.azuredatabricks.net"
          },
          "sensitive_attributes": []
        }
      ]
    },
    {
      "mode": "data",
      "type": "azurerm_resource_group",
      "name": "this",
      "provider": "provider[\"registry.terraform.io/hashicorp/azurerm\"]",
      "instances": [
        {
          "schema_version": 0,
          "attributes": {
            "id": "/subscriptions/3e551f82-c624-4a3e-b8f6-e050a96a7004/resourceGroups/testrg",
            "location": "southeastasia",
            "name": "testrg",
            "tags": {},
            "timeouts": null
          },
          "sensitive_attributes": []
        }
      ]
    },
    {
      "mode": "managed",
      "type": "azurerm_role_assignment",
      "name": "example",
      "provider": "provider[\"registry.terraform.io/hashicorp/azurerm\"]",
      "instances": []
    },
    {
      "mode": "managed",
      "type": "azurerm_storage_account",
      "name": "unity_catalog",
      "provider": "provider[\"registry.terraform.io/hashicorp/azurerm\"]",
      "instances": [
        {
          "schema_version": 3,
          "attributes": {
            "access_tier": "Hot",
            "account_kind": "StorageV2",
            "account_replication_type": "GRS",
            "account_tier": "Standard",
            "allow_nested_items_to_be_public": true,
            "azure_files_authentication": [],
            "blob_properties": [
              {
                "change_feed_enabled": false,
                "change_feed_retention_in_days": 0,
                "container_delete_retention_policy": [],
                "cors_rule": [],
                "default_service_version": "",
                "delete_retention_policy": [],
                "last_access_time_enabled": false,
                "versioning_enabled": false
              }
            ],
            "cross_tenant_replication_enabled": true,
            "custom_domain": [],
            "customer_managed_key": [],
            "default_to_oauth_authentication": false,
            "edge_zone": "",
            "enable_https_traffic_only": true,
            "id": "/subscriptions/3e551f82-c624-4a3e-b8f6-e050a96a7004/resourceGroups/testrg/providers/Microsoft.Storage/storageAccounts/teststoragehwang012",
            "identity": [],
            "immutability_policy": [],
            "infrastructure_encryption_enabled": false,
            "is_hns_enabled": true,
            "large_file_share_enabled": null,
            "location": "southeastasia",
            "min_tls_version": "TLS1_2",
            "name": "teststoragehwang012",
            "network_rules": [
              {
                "bypass": [
                  "AzureServices"
                ],
                "default_action": "Allow",
                "ip_rules": [],
                "private_link_access": [],
                "virtual_network_subnet_ids": []
              }
            ],
            "nfsv3_enabled": false,
            "primary_access_key": "O58hq1LEAhRwMlyK7VaP5nSe60VrBy9w+j6q++LQ9BVjtFkdvfg2x3yCEYW5eJxL/ILXhCl8jnZR+AStg9xqzQ==",
            "primary_blob_connection_string": "DefaultEndpointsProtocol=https;BlobEndpoint=https://teststoragehwang012.blob.core.windows.net/;AccountName=teststoragehwang012;AccountKey=O58hq1LEAhRwMlyK7VaP5nSe60VrBy9w+j6q++LQ9BVjtFkdvfg2x3yCEYW5eJxL/ILXhCl8jnZR+AStg9xqzQ==",
            "primary_blob_endpoint": "https://teststoragehwang012.blob.core.windows.net/",
            "primary_blob_host": "teststoragehwang012.blob.core.windows.net",
            "primary_connection_string": "DefaultEndpointsProtocol=https;AccountName=teststoragehwang012;AccountKey=O58hq1LEAhRwMlyK7VaP5nSe60VrBy9w+j6q++LQ9BVjtFkdvfg2x3yCEYW5eJxL/ILXhCl8jnZR+AStg9xqzQ==;EndpointSuffix=core.windows.net",
            "primary_dfs_endpoint": "https://teststoragehwang012.dfs.core.windows.net/",
            "primary_dfs_host": "teststoragehwang012.dfs.core.windows.net",
            "primary_file_endpoint": "https://teststoragehwang012.file.core.windows.net/",
            "primary_file_host": "teststoragehwang012.file.core.windows.net",
            "primary_location": "southeastasia",
            "primary_queue_endpoint": "https://teststoragehwang012.queue.core.windows.net/",
            "primary_queue_host": "teststoragehwang012.queue.core.windows.net",
            "primary_table_endpoint": "https://teststoragehwang012.table.core.windows.net/",
            "primary_table_host": "teststoragehwang012.table.core.windows.net",
            "primary_web_endpoint": "https://teststoragehwang012.z23.web.core.windows.net/",
            "primary_web_host": "teststoragehwang012.z23.web.core.windows.net",
            "public_network_access_enabled": true,
            "queue_encryption_key_type": "Service",
            "queue_properties": [
              {
                "cors_rule": [],
                "hour_metrics": [
                  {
                    "enabled": true,
                    "include_apis": true,
                    "retention_policy_days": 7,
                    "version": "1.0"
                  }
                ],
                "logging": [
                  {
                    "delete": false,
                    "read": false,
                    "retention_policy_days": 0,
                    "version": "1.0",
                    "write": false
                  }
                ],
                "minute_metrics": [
                  {
                    "enabled": false,
                    "include_apis": false,
                    "retention_policy_days": 0,
                    "version": "1.0"
                  }
                ]
              }
            ],
            "resource_group_name": "testrg",
            "routing": [],
            "sas_policy": [],
            "secondary_access_key": "g1uDD8NECplNoNbvbxZV8vasK1Q1JvwnwFwSaE/NBJ8Gg88att6PqNjhY0X+n0oIPINKgMtVMnye+AStlagOZA==",
            "secondary_blob_connection_string": "",
            "secondary_blob_endpoint": null,
            "secondary_blob_host": null,
            "secondary_connection_string": "DefaultEndpointsProtocol=https;AccountName=teststoragehwang012;AccountKey=g1uDD8NECplNoNbvbxZV8vasK1Q1JvwnwFwSaE/NBJ8Gg88att6PqNjhY0X+n0oIPINKgMtVMnye+AStlagOZA==;EndpointSuffix=core.windows.net",
            "secondary_dfs_endpoint": null,
            "secondary_dfs_host": null,
            "secondary_file_endpoint": null,
            "secondary_file_host": null,
            "secondary_location": "eastasia",
            "secondary_queue_endpoint": null,
            "secondary_queue_host": null,
            "secondary_table_endpoint": null,
            "secondary_table_host": null,
            "secondary_web_endpoint": null,
            "secondary_web_host": null,
            "share_properties": [
              {
                "cors_rule": [],
                "retention_policy": [
                  {
                    "days": 7
                  }
                ],
                "smb": []
              }
            ],
            "shared_access_key_enabled": true,
            "static_website": [],
            "table_encryption_key_type": "Service",
            "tags": null,
            "timeouts": null
          },
          "sensitive_attributes": [],
          "private": "eyJlMmJmYjczMC1lY2FhLTExZTYtOGY4OC0zNDM2M2JjN2M0YzAiOnsiY3JlYXRlIjozNjAwMDAwMDAwMDAwLCJkZWxldGUiOjM2MDAwMDAwMDAwMDAsInJlYWQiOjMwMDAwMDAwMDAwMCwidXBkYXRlIjozNjAwMDAwMDAwMDAwfSwic2NoZW1hX3ZlcnNpb24iOiIzIn0=",
          "dependencies": [
            "data.azurerm_resource_group.this"
          ]
        }
      ]
    },
    {
      "mode": "managed",
      "type": "azurerm_storage_container",
      "name": "unity_catalog",
      "provider": "provider[\"registry.terraform.io/hashicorp/azurerm\"]",
      "instances": [
        {
          "schema_version": 1,
          "attributes": {
            "container_access_type": "private",
            "has_immutability_policy": false,
            "has_legal_hold": false,
            "id": "https://teststoragehwang012.blob.core.windows.net/test-container",
            "metadata": {},
            "name": "test-container",
            "resource_manager_id": "/subscriptions/3e551f82-c624-4a3e-b8f6-e050a96a7004/resourceGroups/testrg/providers/Microsoft.Storage/storageAccounts/teststoragehwang012/blobServices/default/containers/test-container",
            "storage_account_name": "teststoragehwang012",
            "timeouts": null
          },
          "sensitive_attributes": [],
          "private": "eyJlMmJmYjczMC1lY2FhLTExZTYtOGY4OC0zNDM2M2JjN2M0YzAiOnsiY3JlYXRlIjoxODAwMDAwMDAwMDAwLCJkZWxldGUiOjE4MDAwMDAwMDAwMDAsInJlYWQiOjMwMDAwMDAwMDAwMCwidXBkYXRlIjoxODAwMDAwMDAwMDAwfSwic2NoZW1hX3ZlcnNpb24iOiIxIn0=",
          "dependencies": [
            "azurerm_storage_account.unity_catalog",
            "data.azurerm_resource_group.this"
          ]
        }
      ]
    },
    {
      "mode": "managed",
      "type": "databricks_metastore",
      "name": "this",
      "provider": "provider[\"registry.terraform.io/databricks/databricks\"]",
      "instances": [
        {
          "schema_version": 0,
          "attributes": {
            "cloud": "azure",
            "created_at": 1669625286019,
            "created_by": "hwang012@outlook.com",
            "default_data_access_config_id": null,
            "delta_sharing_organization_name": null,
            "delta_sharing_recipient_token_lifetime_in_seconds": 0,
            "delta_sharing_scope": "INTERNAL",
            "force_destroy": true,
            "global_metastore_id": "azure:southeastasia:0efb4409-2588-4f16-a941-545f8dda0e8c",
            "id": "0efb4409-2588-4f16-a941-545f8dda0e8c",
            "name": "primary",
            "owner": "hwang012@outlook.com",
            "region": "southeastasia",
            "storage_root": "abfss://test-container@teststoragehwang012.dfs.core.windows.net/0efb4409-2588-4f16-a941-545f8dda0e8c",
            "updated_at": 1669625286019,
            "updated_by": "hwang012@outlook.com"
          },
          "sensitive_attributes": [],
          "private": "bnVsbA==",
          "dependencies": [
            "azurerm_storage_account.unity_catalog",
            "azurerm_storage_container.unity_catalog",
            "data.azurerm_databricks_workspace.this",
            "data.azurerm_resource_group.this"
          ]
        }
      ]
    },
    {
      "mode": "managed",
      "type": "databricks_metastore_assignment",
      "name": "this",
      "provider": "provider[\"registry.terraform.io/databricks/databricks\"]",
      "instances": [
        {
          "schema_version": 0,
          "attributes": {
            "default_catalog_name": "hive_metastore",
            "id": "3269574047863413|0efb4409-2588-4f16-a941-545f8dda0e8c",
            "metastore_id": "0efb4409-2588-4f16-a941-545f8dda0e8c",
            "workspace_id": 3269574047863413
          },
          "sensitive_attributes": [],
          "private": "bnVsbA==",
          "dependencies": [
            "azurerm_storage_account.unity_catalog",
            "azurerm_storage_container.unity_catalog",
            "data.azurerm_databricks_workspace.this",
            "data.azurerm_resource_group.this",
            "databricks_metastore.this"
          ]
        }
      ]
    },
    {
      "mode": "managed",
      "type": "databricks_metastore_data_access",
      "name": "first",
      "provider": "provider[\"registry.terraform.io/databricks/databricks\"]",
      "instances": []
    }
  ]
}
