{
  "version": 4,
  "terraform_version": "1.0.6",
  "serial": 79,
  "lineage": "3ff81a58-1edc-28e0-6a9b-e5fd17f87048",
  "outputs": {
    "databricks_azure_workspace_resource_id": {
      "value": "/subscriptions/3f2e4d32-8e8d-46d6-82bc-5bb8d962328b/resourceGroups/databricks-demo-1m8k8a-rg/providers/Microsoft.Databricks/workspaces/adb-1m8k8a-workspace",
      "type": "string"
    },
    "initscript_path": {
      "value": "dbfs:/init-scripts/dp_git_proxy_init.sh",
      "type": "string"
    },
    "module_cluster_id": {
      "value": "0821-133528-9ovk46y9",
      "type": "string"
    },
    "workspace_url": {
      "value": "https://adb-8318144746252518.18.azuredatabricks.net/",
      "type": "string"
    }
  },
  "resources": [
    {
      "mode": "data",
      "type": "databricks_spark_version",
      "name": "latest_lts",
      "provider": "provider[\"registry.terraform.io/databricks/databricks\"]",
      "instances": [
        {
          "schema_version": 0,
          "attributes": {
            "beta": null,
            "genomics": null,
            "gpu": null,
            "graviton": null,
            "id": "10.4.x-scala2.12",
            "latest": true,
            "long_term_support": true,
            "ml": null,
            "photon": null,
            "scala": "2.12",
            "spark_version": null
          },
          "sensitive_attributes": []
        }
      ]
    },
    {
      "mode": "managed",
      "type": "azurerm_databricks_workspace",
      "name": "example",
      "provider": "provider[\"registry.terraform.io/hashicorp/azurerm\"]",
      "instances": [
        {
          "schema_version": 0,
          "attributes": {
            "custom_parameters": [
              {
                "machine_learning_workspace_id": "",
                "nat_gateway_name": "nat-gateway",
                "no_public_ip": true,
                "private_subnet_name": "",
                "private_subnet_network_security_group_association_id": "",
                "public_ip_name": "nat-gw-public-ip",
                "public_subnet_name": "",
                "public_subnet_network_security_group_association_id": "",
                "storage_account_name": "anotherdbfsname1m8k8a",
                "storage_account_sku_name": "Standard_LRS",
                "virtual_network_id": "",
                "vnet_address_prefix": "10.139"
              }
            ],
            "customer_managed_key_enabled": false,
            "id": "/subscriptions/3f2e4d32-8e8d-46d6-82bc-5bb8d962328b/resourceGroups/databricks-demo-1m8k8a-rg/providers/Microsoft.Databricks/workspaces/adb-1m8k8a-workspace",
            "infrastructure_encryption_enabled": false,
            "load_balancer_backend_address_pool_id": "",
            "location": "southeastasia",
            "managed_resource_group_id": "/subscriptions/3f2e4d32-8e8d-46d6-82bc-5bb8d962328b/resourceGroups/databricks-rg-databricks-demo-1m8k8a-rg",
            "managed_resource_group_name": "databricks-rg-databricks-demo-1m8k8a-rg",
            "managed_services_cmk_key_vault_key_id": null,
            "name": "adb-1m8k8a-workspace",
            "network_security_group_rules_required": null,
            "public_network_access_enabled": true,
            "resource_group_name": "databricks-demo-1m8k8a-rg",
            "sku": "premium",
            "storage_account_identity": [],
            "tags": {
              "Environment": "Testing"
            },
            "timeouts": null,
            "workspace_id": "8318144746252518",
            "workspace_url": "adb-8318144746252518.18.azuredatabricks.net"
          },
          "sensitive_attributes": [],
          "private": "eyJlMmJmYjczMC1lY2FhLTExZTYtOGY4OC0zNDM2M2JjN2M0YzAiOnsiY3JlYXRlIjoxODAwMDAwMDAwMDAwLCJkZWxldGUiOjE4MDAwMDAwMDAwMDAsInJlYWQiOjMwMDAwMDAwMDAwMCwidXBkYXRlIjoxODAwMDAwMDAwMDAwfX0=",
          "dependencies": [
            "azurerm_resource_group.example",
            "random_string.naming"
          ]
        }
      ]
    },
    {
      "mode": "managed",
      "type": "azurerm_resource_group",
      "name": "example",
      "provider": "provider[\"registry.terraform.io/hashicorp/azurerm\"]",
      "instances": [
        {
          "schema_version": 0,
          "attributes": {
            "id": "/subscriptions/3f2e4d32-8e8d-46d6-82bc-5bb8d962328b/resourceGroups/databricks-demo-1m8k8a-rg",
            "location": "southeastasia",
            "name": "databricks-demo-1m8k8a-rg",
            "tags": null,
            "timeouts": null
          },
          "sensitive_attributes": [],
          "private": "eyJlMmJmYjczMC1lY2FhLTExZTYtOGY4OC0zNDM2M2JjN2M0YzAiOnsiY3JlYXRlIjo1NDAwMDAwMDAwMDAwLCJkZWxldGUiOjU0MDAwMDAwMDAwMDAsInJlYWQiOjMwMDAwMDAwMDAwMCwidXBkYXRlIjo1NDAwMDAwMDAwMDAwfX0=",
          "dependencies": [
            "random_string.naming"
          ]
        }
      ]
    },
    {
      "mode": "managed",
      "type": "databricks_dbfs_file",
      "name": "init",
      "provider": "provider[\"registry.terraform.io/databricks/databricks\"]",
      "instances": [
        {
          "schema_version": 1,
          "attributes": {
            "content_base64": null,
            "dbfs_path": "dbfs:/init-scripts/dp_git_proxy_init.sh",
            "file_size": 3645,
            "id": "/init-scripts/dp_git_proxy_init.sh",
            "md5": "1a2ffba6a57e1911ab8f1a40e4337031",
            "path": "/init-scripts/dp_git_proxy_init.sh",
            "source": "./scripts/git_proxy_init.sh"
          },
          "sensitive_attributes": [],
          "private": "eyJzY2hlbWFfdmVyc2lvbiI6IjEifQ==",
          "dependencies": [
            "azurerm_databricks_workspace.example",
            "azurerm_resource_group.example",
            "random_string.naming"
          ]
        }
      ]
    },
    {
      "mode": "managed",
      "type": "databricks_job",
      "name": "this",
      "provider": "provider[\"registry.terraform.io/databricks/databricks\"]",
      "instances": [
        {
          "schema_version": 2,
          "attributes": {
            "always_running": false,
            "email_notifications": [
              {
                "alert_on_last_attempt": false,
                "no_alert_for_skipped_runs": false,
                "on_failure": [],
                "on_start": [],
                "on_success": []
              }
            ],
            "existing_cluster_id": "0821-133528-9ovk46y9",
            "format": "SINGLE_TASK",
            "git_source": [],
            "id": "414000405185126",
            "job_cluster": [],
            "library": [],
            "max_concurrent_runs": 1,
            "max_retries": 0,
            "min_retry_interval_millis": 0,
            "name": "run once git-proxy flip feature flag",
            "new_cluster": [],
            "notebook_task": [
              {
                "base_parameters": null,
                "notebook_path": "/Shared/git_proxy_flip_feature_flag"
              }
            ],
            "pipeline_task": [],
            "python_wheel_task": [],
            "retry_on_timeout": false,
            "schedule": [],
            "spark_jar_task": [],
            "spark_python_task": [],
            "spark_submit_task": [],
            "tags": null,
            "task": [],
            "timeout_seconds": 0,
            "timeouts": null,
            "url": "https://adb-8318144746252518.18.azuredatabricks.net/#job/414000405185126"
          },
          "sensitive_attributes": [],
          "private": "eyJlMmJmYjczMC1lY2FhLTExZTYtOGY4OC0zNDM2M2JjN2M0YzAiOnsiY3JlYXRlIjoxODAwMDAwMDAwMDAwLCJ1cGRhdGUiOjE4MDAwMDAwMDAwMDB9LCJzY2hlbWFfdmVyc2lvbiI6IjIifQ==",
          "dependencies": [
            "azurerm_databricks_workspace.example",
            "azurerm_resource_group.example",
            "data.databricks_spark_version.latest_lts",
            "databricks_dbfs_file.init",
            "databricks_notebook.flip_feature_flag_notebook",
            "module.git_proxy_module_instance.databricks_cluster.proxy_cluster",
            "random_string.naming"
          ]
        }
      ]
    },
    {
      "mode": "managed",
      "type": "databricks_notebook",
      "name": "flip_feature_flag_notebook",
      "provider": "provider[\"registry.terraform.io/databricks/databricks\"]",
      "instances": [
        {
          "schema_version": 1,
          "attributes": {
            "content_base64": null,
            "format": "SOURCE",
            "id": "/Shared/git_proxy_flip_feature_flag",
            "language": "PYTHON",
            "md5": "ef04fabcb532be27b66e1dcc71a9d39b",
            "object_id": 2420743969761161,
            "object_type": "NOTEBOOK",
            "path": "/Shared/git_proxy_flip_feature_flag",
            "source": "./scripts/git_proxy_flip_feature_flag.py",
            "url": "https://adb-8318144746252518.18.azuredatabricks.net/#workspace/Shared/git_proxy_flip_feature_flag"
          },
          "sensitive_attributes": [],
          "private": "eyJzY2hlbWFfdmVyc2lvbiI6IjEifQ==",
          "dependencies": [
            "azurerm_databricks_workspace.example",
            "azurerm_resource_group.example",
            "random_string.naming"
          ]
        }
      ]
    },
    {
      "mode": "managed",
      "type": "random_string",
      "name": "naming",
      "provider": "provider[\"registry.terraform.io/hashicorp/random\"]",
      "instances": [
        {
          "schema_version": 2,
          "attributes": {
            "id": "1m8k8a",
            "keepers": null,
            "length": 6,
            "lower": true,
            "min_lower": 0,
            "min_numeric": 0,
            "min_special": 0,
            "min_upper": 0,
            "number": true,
            "numeric": true,
            "override_special": null,
            "result": "1m8k8a",
            "special": false,
            "upper": false
          },
          "sensitive_attributes": [],
          "private": "eyJzY2hlbWFfdmVyc2lvbiI6IjIifQ=="
        }
      ]
    },
    {
      "module": "module.git_proxy_module_instance",
      "mode": "managed",
      "type": "databricks_cluster",
      "name": "proxy_cluster",
      "provider": "provider[\"registry.terraform.io/databricks/databricks\"]",
      "instances": [
        {
          "schema_version": 2,
          "attributes": {
            "autoscale": [],
            "autotermination_minutes": 0,
            "aws_attributes": [],
            "azure_attributes": [
              {
                "availability": "ON_DEMAND_AZURE",
                "first_on_demand": 1,
                "spot_bid_max_price": -1
              }
            ],
            "cluster_id": "0821-133528-9ovk46y9",
            "cluster_log_conf": [],
            "cluster_name": "git-proxy",
            "custom_tags": {
              "ResourceClass": "SingleNode"
            },
            "data_security_mode": null,
            "default_tags": {
              "ClusterId": "0821-133528-9ovk46y9",
              "ClusterName": "git-proxy",
              "Creator": "hao.wang@databricks.com",
              "Environment": "Testing",
              "Vendor": "Databricks"
            },
            "docker_image": [],
            "driver_instance_pool_id": null,
            "driver_node_type_id": "Standard_F4s_v2",
            "enable_elastic_disk": true,
            "enable_local_disk_encryption": false,
            "gcp_attributes": [],
            "id": "0821-133528-9ovk46y9",
            "idempotency_token": null,
            "init_scripts": [
              {
                "dbfs": [
                  {
                    "destination": "dbfs:/init-scripts/dp_git_proxy_init.sh"
                  }
                ],
                "file": [],
                "gcs": [],
                "s3": []
              }
            ],
            "instance_pool_id": null,
            "is_pinned": false,
            "library": [],
            "node_type_id": "Standard_F4s_v2",
            "num_workers": 0,
            "policy_id": null,
            "single_user_name": null,
            "spark_conf": {
              "spark.databricks.cluster.profile": "singleNode",
              "spark.databricks.delta.preview.enabled": "true",
              "spark.master": "local[*]"
            },
            "spark_env_vars": null,
            "spark_version": "10.4.x-scala2.12",
            "ssh_public_keys": null,
            "state": "RUNNING",
            "timeouts": null,
            "url": "https://adb-8318144746252518.18.azuredatabricks.net/#setting/clusters/0821-133528-9ovk46y9/configuration",
            "workload_type": []
          },
          "sensitive_attributes": [],
          "private": "eyJlMmJmYjczMC1lY2FhLTExZTYtOGY4OC0zNDM2M2JjN2M0YzAiOnsiY3JlYXRlIjoxODAwMDAwMDAwMDAwLCJkZWxldGUiOjE4MDAwMDAwMDAwMDAsInVwZGF0ZSI6MTgwMDAwMDAwMDAwMH0sInNjaGVtYV92ZXJzaW9uIjoiMiJ9",
          "dependencies": [
            "azurerm_databricks_workspace.example",
            "azurerm_resource_group.example",
            "data.databricks_spark_version.latest_lts",
            "databricks_dbfs_file.init",
            "random_string.naming"
          ]
        }
      ]
    }
  ]
}
