{
  "version": 4,
  "terraform_version": "1.0.6",
  "serial": 4,
  "lineage": "df0bd85d-52a9-031f-28ab-e6ecfe7998e2",
  "outputs": {},
  "resources": [
    {
      "mode": "data",
      "type": "azurerm_client_config",
      "name": "current",
      "provider": "provider[\"registry.terraform.io/hashicorp/azurerm\"]",
      "instances": [
        {
          "schema_version": 0,
          "attributes": {
            "client_id": "04b07795-8ddb-461a-bbee-02f9e1bf7b46",
            "id": "2022-01-26 02:56:45.340857 +0000 UTC",
            "object_id": "e0408df9-cf96-415b-8249-7c867c96b0ff",
            "subscription_id": "3f2e4d32-8e8d-46d6-82bc-5bb8d962328b",
            "tenant_id": "9f37a392-f0ae-4280-9796-f1864a10effc",
            "timeouts": null
          },
          "sensitive_attributes": []
        }
      ]
    },
    {
      "mode": "data",
      "type": "external",
      "name": "me",
      "provider": "provider[\"registry.terraform.io/hashicorp/external\"]",
      "instances": [
        {
          "schema_version": 0,
          "attributes": {
            "id": "-",
            "program": [
              "az",
              "account",
              "show",
              "--query",
              "user"
            ],
            "query": null,
            "result": {
              "name": "hao.wang@databricks.com",
              "type": "user"
            },
            "working_dir": null
          },
          "sensitive_attributes": []
        }
      ]
    },
    {
      "mode": "managed",
      "type": "azurerm_resource_group",
      "name": "rg1",
      "provider": "provider[\"registry.terraform.io/hashicorp/azurerm\"]",
      "instances": [
        {
          "schema_version": 0,
          "attributes": {
            "id": "/subscriptions/3f2e4d32-8e8d-46d6-82bc-5bb8d962328b/resourceGroups/Workspace-1qpddw-rg-1",
            "location": "southeastasia",
            "name": "Workspace-1qpddw-rg-1",
            "tags": {
              "Environment": "Testing",
              "Epoch": "1qpddw",
              "Owner": "hao.wang@databricks.com"
            },
            "timeouts": null
          },
          "sensitive_attributes": [],
          "private": "eyJlMmJmYjczMC1lY2FhLTExZTYtOGY4OC0zNDM2M2JjN2M0YzAiOnsiY3JlYXRlIjo1NDAwMDAwMDAwMDAwLCJkZWxldGUiOjU0MDAwMDAwMDAwMDAsInJlYWQiOjMwMDAwMDAwMDAwMCwidXBkYXRlIjo1NDAwMDAwMDAwMDAwfX0=",
          "dependencies": [
            "data.external.me",
            "random_string.naming"
          ]
        }
      ]
    },
    {
      "mode": "managed",
      "type": "random_string",
      "name": "naming",
      "provider": "provider[\"registry.terraform.io/hashicorp/random\"]",
      "instances": [
        {
          "schema_version": 1,
          "attributes": {
            "id": "1qpddw",
            "keepers": null,
            "length": 6,
            "lower": true,
            "min_lower": 0,
            "min_numeric": 0,
            "min_special": 0,
            "min_upper": 0,
            "number": true,
            "override_special": null,
            "result": "1qpddw",
            "special": false,
            "upper": false
          },
          "sensitive_attributes": [],
          "private": "eyJzY2hlbWFfdmVyc2lvbiI6IjEifQ=="
        }
      ]
    }
  ]
}
