{
  "version": 4,
  "terraform_version": "1.0.6",
  "serial": 366,
  "lineage": "ba566939-e182-5620-2c88-715775a7f4d4",
  "outputs": {
    "arm_client_id": {
      "value": "04b07795-8ddb-461a-bbee-02f9e1bf7b46",
      "type": "string"
    },
    "arm_subscription_id": {
      "value": "3f2e4d32-8e8d-46d6-82bc-5bb8d962328b",
      "type": "string"
    },
    "arm_tenant_id": {
      "value": "9f37a392-f0ae-4280-9796-f1864a10effc",
      "type": "string"
    },
    "azure_region": {
      "value": "southeastasia",
      "type": "string"
    },
    "databricks_azure_workspace_resource_id": {
      "value": "/subscriptions/3f2e4d32-8e8d-46d6-82bc-5bb8d962328b/resourceGroups/adb-dev-adb-ll73ze-rg/providers/Microsoft.Databricks/workspaces/adb-ll73ze-workspace",
      "type": "string"
    },
    "my_ip_addr": {
      "value": "119.74.128.46",
      "type": "string"
    },
    "resource_group": {
      "value": "adb-dev-adb-ll73ze-rg",
      "type": "string"
    },
    "workspace_url": {
      "value": "https://adb-4702231944620481.1.azuredatabricks.net/",
      "type": "string"
    }
  },
  "resources": [
    {
      "mode": "data",
      "type": "azurerm_client_config",
      "name": "current",
      "provider": "provider[\"registry.terraform.io/hashicorp/azurerm\"]",
      "instances": [
        {
          "schema_version": 0,
          "attributes": {
            "client_id": "04b07795-8ddb-461a-bbee-02f9e1bf7b46",
            "id": "Y2xpZW50Q29uZmlncy9jbGllbnRJZD0wNGIwNzc5NS04ZGRiLTQ2MWEtYmJlZS0wMmY5ZTFiZjdiNDY7b2JqZWN0SWQ9ZTA0MDhkZjktY2Y5Ni00MTViLTgyNDktN2M4NjdjOTZiMGZmO3N1YnNjcmlwdGlvbklkPTNmMmU0ZDMyLThlOGQtNDZkNi04MmJjLTViYjhkOTYyMzI4Yjt0ZW5hbnRJZD05ZjM3YTM5Mi1mMGFlLTQyODAtOTc5Ni1mMTg2NGExMGVmZmM=",
            "object_id": "e0408df9-cf96-415b-8249-7c867c96b0ff",
            "subscription_id": "3f2e4d32-8e8d-46d6-82bc-5bb8d962328b",
            "tenant_id": "9f37a392-f0ae-4280-9796-f1864a10effc",
            "timeouts": null
          },
          "sensitive_attributes": []
        }
      ]
    },
    {
      "mode": "data",
      "type": "external",
      "name": "me",
      "provider": "provider[\"registry.terraform.io/hashicorp/external\"]",
      "instances": [
        {
          "schema_version": 0,
          "attributes": {
            "id": "-",
            "program": [
              "az",
              "account",
              "show",
              "--query",
              "user"
            ],
            "query": null,
            "result": {
              "name": "hao.wang@databricks.com",
              "type": "user"
            },
            "working_dir": null
          },
          "sensitive_attributes": []
        }
      ]
    },
    {
      "mode": "data",
      "type": "http",
      "name": "my_public_ip",
      "provider": "provider[\"registry.terraform.io/hashicorp/http\"]",
      "instances": [
        {
          "schema_version": 0,
          "attributes": {
            "body": "{\n  \"ip\": \"119.74.128.46\",\n  \"ip_decimal\": 2001371182,\n  \"country\": \"Singapore\",\n  \"country_iso\": \"SG\",\n  \"country_eu\": false,\n  \"zip_code\": \"55\",\n  \"city\": \"Singapore\",\n  \"latitude\": 1.3616,\n  \"longitude\": 103.8657,\n  \"time_zone\": \"Asia/Singapore\",\n  \"asn\": \"AS9506\",\n  \"asn_org\": \"Singtel Fibre Broadband\",\n  \"hostname\": \"bb119-74-128-46.singnet.com.sg\",\n  \"user_agent\": {\n    \"product\": \"Go-http-client\",\n    \"version\": \"2.0\",\n    \"raw_value\": \"Go-http-client/2.0\"\n  }\n}",
            "id": "https://ifconfig.co/json",
            "method": null,
            "request_body": null,
            "request_headers": {
              "Accept": "application/json"
            },
            "response_body": "{\n  \"ip\": \"119.74.128.46\",\n  \"ip_decimal\": 2001371182,\n  \"country\": \"Singapore\",\n  \"country_iso\": \"SG\",\n  \"country_eu\": false,\n  \"zip_code\": \"55\",\n  \"city\": \"Singapore\",\n  \"latitude\": 1.3616,\n  \"longitude\": 103.8657,\n  \"time_zone\": \"Asia/Singapore\",\n  \"asn\": \"AS9506\",\n  \"asn_org\": \"Singtel Fibre Broadband\",\n  \"hostname\": \"bb119-74-128-46.singnet.com.sg\",\n  \"user_agent\": {\n    \"product\": \"Go-http-client\",\n    \"version\": \"2.0\",\n    \"raw_value\": \"Go-http-client/2.0\"\n  }\n}",
            "response_headers": {
              "Alt-Svc": "h3=\":443\"; ma=86400, h3-29=\":443\"; ma=86400",
              "Cf-Cache-Status": "DYNAMIC",
              "Cf-Ray": "7675c94ae83187bf-SIN",
              "Content-Type": "application/json",
              "Date": "Wed, 09 Nov 2022 10:15:17 GMT",
              "Nel": "{\"success_fraction\":0,\"report_to\":\"cf-nel\",\"max_age\":604800}",
              "Report-To": "{\"endpoints\":[{\"url\":\"https:\\/\\/a.nel.cloudflare.com\\/report\\/v3?s=WwAXP1fZSQHALVRgycfsFdhNiQMrR2dqpcYxwNRgu54vbukGyIQ4UEU50ti0Bo608NjBSXclC9SADkAmSHu%2FzRNoSpYU5F5Aq9ZvJJesFE9iHKPSkHJK1XPX%2F1XObQ%3D%3D\"}],\"group\":\"cf-nel\",\"max_age\":604800}",
              "Server": "cloudflare"
            },
            "status_code": 200,
            "url": "https://ifconfig.co/json"
          },
          "sensitive_attributes": []
        }
      ]
    },
    {
      "mode": "managed",
      "type": "azurerm_databricks_workspace",
      "name": "this",
      "provider": "provider[\"registry.terraform.io/hashicorp/azurerm\"]",
      "instances": [
        {
          "schema_version": 0,
          "attributes": {
            "custom_parameters": [
              {
                "machine_learning_workspace_id": "",
                "nat_gateway_name": "nat-gateway",
                "no_public_ip": true,
                "private_subnet_name": "adb-ll73ze-private",
                "private_subnet_network_security_group_association_id": "/subscriptions/3f2e4d32-8e8d-46d6-82bc-5bb8d962328b/resourceGroups/adb-dev-adb-ll73ze-rg/providers/Microsoft.Network/virtualNetworks/adb-ll73ze-vnet/subnets/adb-ll73ze-private",
                "public_ip_name": "nat-gw-public-ip",
                "public_subnet_name": "adb-ll73ze-public",
                "public_subnet_network_security_group_association_id": "/subscriptions/3f2e4d32-8e8d-46d6-82bc-5bb8d962328b/resourceGroups/adb-dev-adb-ll73ze-rg/providers/Microsoft.Network/virtualNetworks/adb-ll73ze-vnet/subnets/adb-ll73ze-public",
                "storage_account_name": "dbfsll73ze",
                "storage_account_sku_name": "Standard_GRS",
                "virtual_network_id": "/subscriptions/3f2e4d32-8e8d-46d6-82bc-5bb8d962328b/resourceGroups/adb-dev-adb-ll73ze-rg/providers/Microsoft.Network/virtualNetworks/adb-ll73ze-vnet",
                "vnet_address_prefix": "10.139"
              }
            ],
            "customer_managed_key_enabled": true,
            "id": "/subscriptions/3f2e4d32-8e8d-46d6-82bc-5bb8d962328b/resourceGroups/adb-dev-adb-ll73ze-rg/providers/Microsoft.Databricks/workspaces/adb-ll73ze-workspace",
            "infrastructure_encryption_enabled": false,
            "load_balancer_backend_address_pool_id": "",
            "location": "southeastasia",
            "managed_resource_group_id": "/subscriptions/3f2e4d32-8e8d-46d6-82bc-5bb8d962328b/resourceGroups/databricks-rg-adb-dev-adb-ll73ze-rg",
            "managed_resource_group_name": "databricks-rg-adb-dev-adb-ll73ze-rg",
            "managed_services_cmk_key_vault_key_id": null,
            "name": "adb-ll73ze-workspace",
            "network_security_group_rules_required": "NoAzureDatabricksRules",
            "public_network_access_enabled": false,
            "resource_group_name": "adb-dev-adb-ll73ze-rg",
            "sku": "premium",
            "storage_account_identity": [
              {
                "principal_id": "3275b504-b299-4e72-ade3-ea6496e97f47",
                "tenant_id": "9f37a392-f0ae-4280-9796-f1864a10effc",
                "type": "SystemAssigned"
              }
            ],
            "tags": {
              "Environment": "Testing",
              "Epoch": "ll73ze",
              "Owner": "hao.wang@databricks.com"
            },
            "timeouts": null,
            "workspace_id": "4702231944620481",
            "workspace_url": "adb-4702231944620481.1.azuredatabricks.net"
          },
          "sensitive_attributes": [],
          "private": "eyJlMmJmYjczMC1lY2FhLTExZTYtOGY4OC0zNDM2M2JjN2M0YzAiOnsiY3JlYXRlIjoxODAwMDAwMDAwMDAwLCJkZWxldGUiOjE4MDAwMDAwMDAwMDAsInJlYWQiOjMwMDAwMDAwMDAwMCwidXBkYXRlIjoxODAwMDAwMDAwMDAwfX0=",
          "dependencies": [
            "azurerm_network_security_group.this",
            "azurerm_resource_group.this",
            "azurerm_subnet.private",
            "azurerm_subnet.public",
            "azurerm_subnet_network_security_group_association.private",
            "azurerm_subnet_network_security_group_association.public",
            "azurerm_virtual_network.this",
            "data.external.me",
            "random_string.naming"
          ]
        }
      ]
    },
    {
      "mode": "managed",
      "type": "azurerm_firewall",
      "name": "hubfw",
      "provider": "provider[\"registry.terraform.io/hashicorp/azurerm\"]",
      "instances": [
        {
          "schema_version": 0,
          "attributes": {
            "dns_servers": null,
            "firewall_policy_id": null,
            "id": "/subscriptions/3f2e4d32-8e8d-46d6-82bc-5bb8d962328b/resourceGroups/adb-dev-adb-ll73ze-rg/providers/Microsoft.Network/azureFirewalls/hubfirewall",
            "ip_configuration": [
              {
                "name": "configuration",
                "private_ip_address": "10.178.0.4",
                "public_ip_address_id": "/subscriptions/3f2e4d32-8e8d-46d6-82bc-5bb8d962328b/resourceGroups/adb-dev-adb-ll73ze-rg/providers/Microsoft.Network/publicIPAddresses/hubfirewallpublicip",
                "subnet_id": "/subscriptions/3f2e4d32-8e8d-46d6-82bc-5bb8d962328b/resourceGroups/adb-dev-adb-ll73ze-rg/providers/Microsoft.Network/virtualNetworks/adb-ll73ze-hub-vnet/subnets/AzureFirewallSubnet"
              }
            ],
            "location": "southeastasia",
            "management_ip_configuration": [],
            "name": "hubfirewall",
            "private_ip_ranges": null,
            "resource_group_name": "adb-dev-adb-ll73ze-rg",
            "sku_name": "AZFW_VNet",
            "sku_tier": "Standard",
            "tags": null,
            "threat_intel_mode": "Alert",
            "timeouts": null,
            "virtual_hub": [],
            "zones": null
          },
          "sensitive_attributes": [],
          "private": "eyJlMmJmYjczMC1lY2FhLTExZTYtOGY4OC0zNDM2M2JjN2M0YzAiOnsiY3JlYXRlIjo1NDAwMDAwMDAwMDAwLCJkZWxldGUiOjU0MDAwMDAwMDAwMDAsInJlYWQiOjMwMDAwMDAwMDAwMCwidXBkYXRlIjo1NDAwMDAwMDAwMDAwfX0=",
          "dependencies": [
            "azurerm_public_ip.fwpublicip",
            "azurerm_resource_group.this",
            "azurerm_subnet.hubfw",
            "azurerm_virtual_network.hubvnet",
            "data.external.me",
            "random_string.naming"
          ]
        }
      ]
    },
    {
      "mode": "managed",
      "type": "azurerm_firewall_application_rule_collection",
      "name": "adbfqdn",
      "provider": "provider[\"registry.terraform.io/hashicorp/azurerm\"]",
      "instances": [
        {
          "schema_version": 0,
          "attributes": {
            "action": "Allow",
            "azure_firewall_name": "hubfirewall",
            "id": "/subscriptions/3f2e4d32-8e8d-46d6-82bc-5bb8d962328b/resourceGroups/adb-dev-adb-ll73ze-rg/providers/Microsoft.Network/azureFirewalls/hubfirewall/applicationRuleCollections/adbcontrolplanefqdn",
            "name": "adbcontrolplanefqdn",
            "priority": 200,
            "resource_group_name": "adb-dev-adb-ll73ze-rg",
            "rule": [
              {
                "description": "",
                "fqdn_tags": null,
                "name": "databricks-control-plane-services",
                "protocol": [
                  {
                    "port": 443,
                    "type": "Https"
                  }
                ],
                "source_addresses": [
                  "10.179.0.0/23",
                  "10.179.2.0/23"
                ],
                "source_ip_groups": null,
                "target_fqdns": [
                  "dbartifactsprodseap.blob.core.windows.net",
                  "dbartifactsprodeap.blob.core.windows.net",
                  "dblogprodseasia.blob.core.windows.net",
                  "prod-southeastasia-observabilityeventhubs.servicebus.windows.net",
                  "cdnjs.com"
                ]
              }
            ],
            "timeouts": null
          },
          "sensitive_attributes": [],
          "private": "eyJlMmJmYjczMC1lY2FhLTExZTYtOGY4OC0zNDM2M2JjN2M0YzAiOnsiY3JlYXRlIjoxODAwMDAwMDAwMDAwLCJkZWxldGUiOjE4MDAwMDAwMDAwMDAsInJlYWQiOjMwMDAwMDAwMDAwMCwidXBkYXRlIjoxODAwMDAwMDAwMDAwfX0=",
          "dependencies": [
            "azurerm_firewall.hubfw",
            "azurerm_public_ip.fwpublicip",
            "azurerm_resource_group.this",
            "azurerm_subnet.hubfw",
            "azurerm_subnet.private",
            "azurerm_subnet.public",
            "azurerm_virtual_network.hubvnet",
            "azurerm_virtual_network.this",
            "data.external.me",
            "random_string.naming"
          ]
        }
      ]
    },
    {
      "mode": "managed",
      "type": "azurerm_firewall_network_rule_collection",
      "name": "adbfnetwork",
      "provider": "provider[\"registry.terraform.io/hashicorp/azurerm\"]",
      "instances": [
        {
          "schema_version": 0,
          "attributes": {
            "action": "Allow",
            "azure_firewall_name": "hubfirewall",
            "id": "/subscriptions/3f2e4d32-8e8d-46d6-82bc-5bb8d962328b/resourceGroups/adb-dev-adb-ll73ze-rg/providers/Microsoft.Network/azureFirewalls/hubfirewall/networkRuleCollections/adbcontrolplanenetwork",
            "name": "adbcontrolplanenetwork",
            "priority": 200,
            "resource_group_name": "adb-dev-adb-ll73ze-rg",
            "rule": [
              {
                "description": "",
                "destination_addresses": [
                  "40.78.233.2"
                ],
                "destination_fqdns": null,
                "destination_ip_groups": null,
                "destination_ports": [
                  "3306"
                ],
                "name": "databricks-metastore",
                "protocols": [
                  "TCP"
                ],
                "source_addresses": [
                  "10.179.0.0/23",
                  "10.179.2.0/23"
                ],
                "source_ip_groups": null
              }
            ],
            "timeouts": null
          },
          "sensitive_attributes": [],
          "private": "eyJlMmJmYjczMC1lY2FhLTExZTYtOGY4OC0zNDM2M2JjN2M0YzAiOnsiY3JlYXRlIjoxODAwMDAwMDAwMDAwLCJkZWxldGUiOjE4MDAwMDAwMDAwMDAsInJlYWQiOjMwMDAwMDAwMDAwMCwidXBkYXRlIjoxODAwMDAwMDAwMDAwfX0=",
          "dependencies": [
            "azurerm_firewall.hubfw",
            "azurerm_public_ip.fwpublicip",
            "azurerm_resource_group.this",
            "azurerm_subnet.hubfw",
            "azurerm_subnet.private",
            "azurerm_subnet.public",
            "azurerm_virtual_network.hubvnet",
            "azurerm_virtual_network.this",
            "data.external.me",
            "random_string.naming"
          ]
        }
      ]
    },
    {
      "mode": "managed",
      "type": "azurerm_network_interface",
      "name": "testvmnic",
      "provider": "provider[\"registry.terraform.io/hashicorp/azurerm\"]",
      "instances": [
        {
          "schema_version": 0,
          "attributes": {
            "applied_dns_servers": [],
            "dns_servers": [],
            "edge_zone": "",
            "enable_accelerated_networking": false,
            "enable_ip_forwarding": false,
            "id": "/subscriptions/3f2e4d32-8e8d-46d6-82bc-5bb8d962328b/resourceGroups/adb-dev-adb-ll73ze-rg/providers/Microsoft.Network/networkInterfaces/adb-ll73ze-testvm-nic",
            "internal_dns_name_label": "",
            "internal_domain_name_suffix": "yl3ehlaooo0urcclpggllqmcjh.ix.internal.cloudapp.net",
            "ip_configuration": [
              {
                "gateway_load_balancer_frontend_ip_configuration_id": "",
                "name": "testvmip",
                "primary": true,
                "private_ip_address": "10.179.6.4",
                "private_ip_address_allocation": "Dynamic",
                "private_ip_address_version": "IPv4",
                "public_ip_address_id": "/subscriptions/3f2e4d32-8e8d-46d6-82bc-5bb8d962328b/resourceGroups/adb-dev-adb-ll73ze-rg/providers/Microsoft.Network/publicIPAddresses/adb-ll73ze-vmpublicip",
                "subnet_id": "/subscriptions/3f2e4d32-8e8d-46d6-82bc-5bb8d962328b/resourceGroups/adb-dev-adb-ll73ze-rg/providers/Microsoft.Network/virtualNetworks/adb-ll73ze-vnet/subnets/adb-ll73ze-testvmsubnet"
              }
            ],
            "location": "southeastasia",
            "mac_address": "",
            "name": "adb-ll73ze-testvm-nic",
            "private_ip_address": "10.179.6.4",
            "private_ip_addresses": [
              "10.179.6.4"
            ],
            "resource_group_name": "adb-dev-adb-ll73ze-rg",
            "tags": null,
            "timeouts": null,
            "virtual_machine_id": ""
          },
          "sensitive_attributes": [],
          "private": "eyJlMmJmYjczMC1lY2FhLTExZTYtOGY4OC0zNDM2M2JjN2M0YzAiOnsiY3JlYXRlIjoxODAwMDAwMDAwMDAwLCJkZWxldGUiOjE4MDAwMDAwMDAwMDAsInJlYWQiOjMwMDAwMDAwMDAwMCwidXBkYXRlIjoxODAwMDAwMDAwMDAwfX0=",
          "dependencies": [
            "azurerm_public_ip.testvmpublicip",
            "azurerm_resource_group.this",
            "azurerm_subnet.testvmsubnet",
            "azurerm_virtual_network.this",
            "data.external.me",
            "random_string.naming"
          ]
        }
      ]
    },
    {
      "mode": "managed",
      "type": "azurerm_network_interface_security_group_association",
      "name": "testvmnsgassoc",
      "provider": "provider[\"registry.terraform.io/hashicorp/azurerm\"]",
      "instances": [
        {
          "schema_version": 0,
          "attributes": {
            "id": "/subscriptions/3f2e4d32-8e8d-46d6-82bc-5bb8d962328b/resourceGroups/adb-dev-adb-ll73ze-rg/providers/Microsoft.Network/networkInterfaces/adb-ll73ze-testvm-nic|/subscriptions/3f2e4d32-8e8d-46d6-82bc-5bb8d962328b/resourceGroups/adb-dev-adb-ll73ze-rg/providers/Microsoft.Network/networkSecurityGroups/adb-ll73ze-testvm-nsg",
            "network_interface_id": "/subscriptions/3f2e4d32-8e8d-46d6-82bc-5bb8d962328b/resourceGroups/adb-dev-adb-ll73ze-rg/providers/Microsoft.Network/networkInterfaces/adb-ll73ze-testvm-nic",
            "network_security_group_id": "/subscriptions/3f2e4d32-8e8d-46d6-82bc-5bb8d962328b/resourceGroups/adb-dev-adb-ll73ze-rg/providers/Microsoft.Network/networkSecurityGroups/adb-ll73ze-testvm-nsg",
            "timeouts": null
          },
          "sensitive_attributes": [],
          "private": "eyJlMmJmYjczMC1lY2FhLTExZTYtOGY4OC0zNDM2M2JjN2M0YzAiOnsiY3JlYXRlIjoxODAwMDAwMDAwMDAwLCJkZWxldGUiOjE4MDAwMDAwMDAwMDAsInJlYWQiOjMwMDAwMDAwMDAwMCwidXBkYXRlIjoxODAwMDAwMDAwMDAwfX0=",
          "dependencies": [
            "azurerm_network_interface.testvmnic",
            "azurerm_network_security_group.testvm-nsg",
            "azurerm_public_ip.testvmpublicip",
            "azurerm_resource_group.this",
            "azurerm_subnet.testvmsubnet",
            "azurerm_virtual_network.this",
            "data.external.me",
            "random_string.naming"
          ]
        }
      ]
    },
    {
      "mode": "managed",
      "type": "azurerm_network_security_group",
      "name": "testvm-nsg",
      "provider": "provider[\"registry.terraform.io/hashicorp/azurerm\"]",
      "instances": [
        {
          "schema_version": 0,
          "attributes": {
            "id": "/subscriptions/3f2e4d32-8e8d-46d6-82bc-5bb8d962328b/resourceGroups/adb-dev-adb-ll73ze-rg/providers/Microsoft.Network/networkSecurityGroups/adb-ll73ze-testvm-nsg",
            "location": "southeastasia",
            "name": "adb-ll73ze-testvm-nsg",
            "resource_group_name": "adb-dev-adb-ll73ze-rg",
            "security_rule": [],
            "tags": {
              "Environment": "Testing",
              "Epoch": "ll73ze",
              "Owner": "hao.wang@databricks.com"
            },
            "timeouts": null
          },
          "sensitive_attributes": [],
          "private": "eyJlMmJmYjczMC1lY2FhLTExZTYtOGY4OC0zNDM2M2JjN2M0YzAiOnsiY3JlYXRlIjoxODAwMDAwMDAwMDAwLCJkZWxldGUiOjE4MDAwMDAwMDAwMDAsInJlYWQiOjMwMDAwMDAwMDAwMCwidXBkYXRlIjoxODAwMDAwMDAwMDAwfX0=",
          "dependencies": [
            "azurerm_resource_group.this",
            "data.external.me",
            "random_string.naming"
          ]
        }
      ]
    },
    {
      "mode": "managed",
      "type": "azurerm_network_security_group",
      "name": "this",
      "provider": "provider[\"registry.terraform.io/hashicorp/azurerm\"]",
      "instances": [
        {
          "schema_version": 0,
          "attributes": {
            "id": "/subscriptions/3f2e4d32-8e8d-46d6-82bc-5bb8d962328b/resourceGroups/adb-dev-adb-ll73ze-rg/providers/Microsoft.Network/networkSecurityGroups/adb-ll73ze-nsg",
            "location": "southeastasia",
            "name": "adb-ll73ze-nsg",
            "resource_group_name": "adb-dev-adb-ll73ze-rg",
            "security_rule": [],
            "tags": {
              "Environment": "Testing",
              "Epoch": "ll73ze",
              "Owner": "hao.wang@databricks.com"
            },
            "timeouts": null
          },
          "sensitive_attributes": [],
          "private": "eyJlMmJmYjczMC1lY2FhLTExZTYtOGY4OC0zNDM2M2JjN2M0YzAiOnsiY3JlYXRlIjoxODAwMDAwMDAwMDAwLCJkZWxldGUiOjE4MDAwMDAwMDAwMDAsInJlYWQiOjMwMDAwMDAwMDAwMCwidXBkYXRlIjoxODAwMDAwMDAwMDAwfX0=",
          "dependencies": [
            "azurerm_resource_group.this",
            "data.external.me",
            "random_string.naming"
          ]
        }
      ]
    },
    {
      "mode": "managed",
      "type": "azurerm_network_security_rule",
      "name": "aad",
      "provider": "provider[\"registry.terraform.io/hashicorp/azurerm\"]",
      "instances": [
        {
          "schema_version": 0,
          "attributes": {
            "access": "Allow",
            "description": "",
            "destination_address_prefix": "AzureActiveDirectory",
            "destination_address_prefixes": null,
            "destination_application_security_group_ids": null,
            "destination_port_range": "443",
            "destination_port_ranges": null,
            "direction": "Outbound",
            "id": "/subscriptions/3f2e4d32-8e8d-46d6-82bc-5bb8d962328b/resourceGroups/adb-dev-adb-ll73ze-rg/providers/Microsoft.Network/networkSecurityGroups/adb-ll73ze-nsg/securityRules/AllowAAD",
            "name": "AllowAAD",
            "network_security_group_name": "adb-ll73ze-nsg",
            "priority": 200,
            "protocol": "Tcp",
            "resource_group_name": "adb-dev-adb-ll73ze-rg",
            "source_address_prefix": "VirtualNetwork",
            "source_address_prefixes": null,
            "source_application_security_group_ids": null,
            "source_port_range": "*",
            "source_port_ranges": null,
            "timeouts": null
          },
          "sensitive_attributes": [],
          "private": "eyJlMmJmYjczMC1lY2FhLTExZTYtOGY4OC0zNDM2M2JjN2M0YzAiOnsiY3JlYXRlIjoxODAwMDAwMDAwMDAwLCJkZWxldGUiOjE4MDAwMDAwMDAwMDAsInJlYWQiOjMwMDAwMDAwMDAwMCwidXBkYXRlIjoxODAwMDAwMDAwMDAwfX0=",
          "dependencies": [
            "azurerm_network_security_group.this",
            "azurerm_resource_group.this",
            "data.external.me",
            "random_string.naming"
          ]
        }
      ]
    },
    {
      "mode": "managed",
      "type": "azurerm_network_security_rule",
      "name": "azfrontdoor",
      "provider": "provider[\"registry.terraform.io/hashicorp/azurerm\"]",
      "instances": [
        {
          "schema_version": 0,
          "attributes": {
            "access": "Allow",
            "description": "",
            "destination_address_prefix": "AzureFrontDoor.Frontend",
            "destination_address_prefixes": null,
            "destination_application_security_group_ids": null,
            "destination_port_range": "443",
            "destination_port_ranges": null,
            "direction": "Outbound",
            "id": "/subscriptions/3f2e4d32-8e8d-46d6-82bc-5bb8d962328b/resourceGroups/adb-dev-adb-ll73ze-rg/providers/Microsoft.Network/networkSecurityGroups/adb-ll73ze-nsg/securityRules/AllowAzureFrontDoor",
            "name": "AllowAzureFrontDoor",
            "network_security_group_name": "adb-ll73ze-nsg",
            "priority": 201,
            "protocol": "Tcp",
            "resource_group_name": "adb-dev-adb-ll73ze-rg",
            "source_address_prefix": "VirtualNetwork",
            "source_address_prefixes": null,
            "source_application_security_group_ids": null,
            "source_port_range": "*",
            "source_port_ranges": null,
            "timeouts": null
          },
          "sensitive_attributes": [],
          "private": "eyJlMmJmYjczMC1lY2FhLTExZTYtOGY4OC0zNDM2M2JjN2M0YzAiOnsiY3JlYXRlIjoxODAwMDAwMDAwMDAwLCJkZWxldGUiOjE4MDAwMDAwMDAwMDAsInJlYWQiOjMwMDAwMDAwMDAwMCwidXBkYXRlIjoxODAwMDAwMDAwMDAwfX0=",
          "dependencies": [
            "azurerm_network_security_group.this",
            "azurerm_resource_group.this",
            "data.external.me",
            "random_string.naming"
          ]
        }
      ]
    },
    {
      "mode": "managed",
      "type": "azurerm_network_security_rule",
      "name": "test0",
      "provider": "provider[\"registry.terraform.io/hashicorp/azurerm\"]",
      "instances": [
        {
          "schema_version": 0,
          "attributes": {
            "access": "Allow",
            "description": "",
            "destination_address_prefix": "VirtualNetwork",
            "destination_address_prefixes": null,
            "destination_application_security_group_ids": null,
            "destination_port_range": "3389",
            "destination_port_ranges": null,
            "direction": "Inbound",
            "id": "/subscriptions/3f2e4d32-8e8d-46d6-82bc-5bb8d962328b/resourceGroups/adb-dev-adb-ll73ze-rg/providers/Microsoft.Network/networkSecurityGroups/adb-ll73ze-testvm-nsg/securityRules/RDP",
            "name": "RDP",
            "network_security_group_name": "adb-ll73ze-testvm-nsg",
            "priority": 200,
            "protocol": "Tcp",
            "resource_group_name": "adb-dev-adb-ll73ze-rg",
            "source_address_prefix": "",
            "source_address_prefixes": [
              "119.74.128.46"
            ],
            "source_application_security_group_ids": null,
            "source_port_range": "*",
            "source_port_ranges": null,
            "timeouts": null
          },
          "sensitive_attributes": [],
          "private": "eyJlMmJmYjczMC1lY2FhLTExZTYtOGY4OC0zNDM2M2JjN2M0YzAiOnsiY3JlYXRlIjoxODAwMDAwMDAwMDAwLCJkZWxldGUiOjE4MDAwMDAwMDAwMDAsInJlYWQiOjMwMDAwMDAwMDAwMCwidXBkYXRlIjoxODAwMDAwMDAwMDAwfX0=",
          "dependencies": [
            "azurerm_network_security_group.testvm-nsg",
            "azurerm_resource_group.this",
            "data.external.me",
            "data.http.my_public_ip",
            "random_string.naming"
          ]
        }
      ]
    },
    {
      "mode": "managed",
      "type": "azurerm_private_dns_zone",
      "name": "dnsdbfs",
      "provider": "provider[\"registry.terraform.io/hashicorp/azurerm\"]",
      "instances": [
        {
          "schema_version": 0,
          "attributes": {
            "id": "/subscriptions/3f2e4d32-8e8d-46d6-82bc-5bb8d962328b/resourceGroups/adb-dev-adb-ll73ze-rg/providers/Microsoft.Network/privateDnsZones/privatelink.blob.core.windows.net",
            "max_number_of_record_sets": 25000,
            "max_number_of_virtual_network_links": 1000,
            "max_number_of_virtual_network_links_with_registration": 100,
            "name": "privatelink.blob.core.windows.net",
            "number_of_record_sets": 1,
            "resource_group_name": "adb-dev-adb-ll73ze-rg",
            "soa_record": [
              {
                "email": "azureprivatedns-host.microsoft.com",
                "expire_time": 2419200,
                "fqdn": "privatelink.blob.core.windows.net.",
                "host_name": "azureprivatedns.net",
                "minimum_ttl": 10,
                "refresh_time": 3600,
                "retry_time": 300,
                "serial_number": 1,
                "tags": {},
                "ttl": 3600
              }
            ],
            "tags": null,
            "timeouts": null
          },
          "sensitive_attributes": [],
          "private": "eyJlMmJmYjczMC1lY2FhLTExZTYtOGY4OC0zNDM2M2JjN2M0YzAiOnsiY3JlYXRlIjoxODAwMDAwMDAwMDAwLCJkZWxldGUiOjE4MDAwMDAwMDAwMDAsInJlYWQiOjMwMDAwMDAwMDAwMCwidXBkYXRlIjoxODAwMDAwMDAwMDAwfX0=",
          "dependencies": [
            "azurerm_resource_group.this",
            "data.external.me",
            "random_string.naming"
          ]
        }
      ]
    },
    {
      "mode": "managed",
      "type": "azurerm_private_dns_zone",
      "name": "dnsdpcp",
      "provider": "provider[\"registry.terraform.io/hashicorp/azurerm\"]",
      "instances": [
        {
          "schema_version": 0,
          "attributes": {
            "id": "/subscriptions/3f2e4d32-8e8d-46d6-82bc-5bb8d962328b/resourceGroups/adb-dev-adb-ll73ze-rg/providers/Microsoft.Network/privateDnsZones/privatelink.azuredatabricks.net",
            "max_number_of_record_sets": 25000,
            "max_number_of_virtual_network_links": 1000,
            "max_number_of_virtual_network_links_with_registration": 100,
            "name": "privatelink.azuredatabricks.net",
            "number_of_record_sets": 1,
            "resource_group_name": "adb-dev-adb-ll73ze-rg",
            "soa_record": [
              {
                "email": "azureprivatedns-host.microsoft.com",
                "expire_time": 2419200,
                "fqdn": "privatelink.azuredatabricks.net.",
                "host_name": "azureprivatedns.net",
                "minimum_ttl": 10,
                "refresh_time": 3600,
                "retry_time": 300,
                "serial_number": 1,
                "tags": {},
                "ttl": 3600
              }
            ],
            "tags": null,
            "timeouts": null
          },
          "sensitive_attributes": [],
          "private": "eyJlMmJmYjczMC1lY2FhLTExZTYtOGY4OC0zNDM2M2JjN2M0YzAiOnsiY3JlYXRlIjoxODAwMDAwMDAwMDAwLCJkZWxldGUiOjE4MDAwMDAwMDAwMDAsInJlYWQiOjMwMDAwMDAwMDAwMCwidXBkYXRlIjoxODAwMDAwMDAwMDAwfX0=",
          "dependencies": [
            "azurerm_resource_group.this",
            "data.external.me",
            "random_string.naming"
          ]
        }
      ]
    },
    {
      "mode": "managed",
      "type": "azurerm_private_dns_zone_virtual_network_link",
      "name": "dbfsdnszonevnetlink",
      "provider": "provider[\"registry.terraform.io/hashicorp/azurerm\"]",
      "instances": [
        {
          "schema_version": 0,
          "attributes": {
            "id": "/subscriptions/3f2e4d32-8e8d-46d6-82bc-5bb8d962328b/resourceGroups/adb-dev-adb-ll73ze-rg/providers/Microsoft.Network/privateDnsZones/privatelink.blob.core.windows.net/virtualNetworkLinks/dbfsspokevnetconnection",
            "name": "dbfsspokevnetconnection",
            "private_dns_zone_name": "privatelink.blob.core.windows.net",
            "registration_enabled": false,
            "resource_group_name": "adb-dev-adb-ll73ze-rg",
            "tags": null,
            "timeouts": null,
            "virtual_network_id": "/subscriptions/3f2e4d32-8e8d-46d6-82bc-5bb8d962328b/resourceGroups/adb-dev-adb-ll73ze-rg/providers/Microsoft.Network/virtualNetworks/adb-ll73ze-vnet"
          },
          "sensitive_attributes": [],
          "private": "eyJlMmJmYjczMC1lY2FhLTExZTYtOGY4OC0zNDM2M2JjN2M0YzAiOnsiY3JlYXRlIjoxODAwMDAwMDAwMDAwLCJkZWxldGUiOjE4MDAwMDAwMDAwMDAsInJlYWQiOjMwMDAwMDAwMDAwMCwidXBkYXRlIjoxODAwMDAwMDAwMDAwfX0=",
          "dependencies": [
            "azurerm_private_dns_zone.dnsdbfs",
            "azurerm_resource_group.this",
            "azurerm_virtual_network.this",
            "data.external.me",
            "random_string.naming"
          ]
        }
      ]
    },
    {
      "mode": "managed",
      "type": "azurerm_private_dns_zone_virtual_network_link",
      "name": "dpcpdnszonevnetlink",
      "provider": "provider[\"registry.terraform.io/hashicorp/azurerm\"]",
      "instances": [
        {
          "schema_version": 0,
          "attributes": {
            "id": "/subscriptions/3f2e4d32-8e8d-46d6-82bc-5bb8d962328b/resourceGroups/adb-dev-adb-ll73ze-rg/providers/Microsoft.Network/privateDnsZones/privatelink.azuredatabricks.net/virtualNetworkLinks/dpcpspokevnetconnection",
            "name": "dpcpspokevnetconnection",
            "private_dns_zone_name": "privatelink.azuredatabricks.net",
            "registration_enabled": false,
            "resource_group_name": "adb-dev-adb-ll73ze-rg",
            "tags": null,
            "timeouts": null,
            "virtual_network_id": "/subscriptions/3f2e4d32-8e8d-46d6-82bc-5bb8d962328b/resourceGroups/adb-dev-adb-ll73ze-rg/providers/Microsoft.Network/virtualNetworks/adb-ll73ze-vnet"
          },
          "sensitive_attributes": [],
          "private": "eyJlMmJmYjczMC1lY2FhLTExZTYtOGY4OC0zNDM2M2JjN2M0YzAiOnsiY3JlYXRlIjoxODAwMDAwMDAwMDAwLCJkZWxldGUiOjE4MDAwMDAwMDAwMDAsInJlYWQiOjMwMDAwMDAwMDAwMCwidXBkYXRlIjoxODAwMDAwMDAwMDAwfX0=",
          "dependencies": [
            "azurerm_private_dns_zone.dnsdpcp",
            "azurerm_resource_group.this",
            "azurerm_virtual_network.this",
            "data.external.me",
            "random_string.naming"
          ]
        }
      ]
    },
    {
      "mode": "managed",
      "type": "azurerm_private_endpoint",
      "name": "auth",
      "provider": "provider[\"registry.terraform.io/hashicorp/azurerm\"]",
      "instances": [
        {
          "schema_version": 0,
          "attributes": {
            "custom_dns_configs": [],
            "custom_network_interface_name": "",
            "id": "/subscriptions/3f2e4d32-8e8d-46d6-82bc-5bb8d962328b/resourceGroups/adb-dev-adb-ll73ze-rg/providers/Microsoft.Network/privateEndpoints/aadauthpvtendpoint",
            "ip_configuration": [],
            "location": "southeastasia",
            "name": "aadauthpvtendpoint",
            "network_interface": [
              {
                "id": "/subscriptions/3f2e4d32-8e8d-46d6-82bc-5bb8d962328b/resourceGroups/adb-dev-adb-ll73ze-rg/providers/Microsoft.Network/networkInterfaces/aadauthpvtendpoint.nic.e6638bb6-2dc2-4178-a133-70ff35a1be33",
                "name": "aadauthpvtendpoint.nic.e6638bb6-2dc2-4178-a133-70ff35a1be33"
              }
            ],
            "private_dns_zone_configs": [
              {
                "id": "/subscriptions/3f2e4d32-8e8d-46d6-82bc-5bb8d962328b/resourceGroups/adb-dev-adb-ll73ze-rg/providers/Microsoft.Network/privateEndpoints/aadauthpvtendpoint/privateDnsZoneGroups/private-dns-zone-auth/privateDnsZoneConfigs/privatelink.azuredatabricks.net",
                "name": "privatelink.azuredatabricks.net",
                "private_dns_zone_id": "/subscriptions/3f2e4d32-8e8d-46d6-82bc-5bb8d962328b/resourceGroups/adb-dev-adb-ll73ze-rg/providers/Microsoft.Network/privateDnsZones/privatelink.azuredatabricks.net",
                "record_sets": [
                  {
                    "fqdn": "southeastasia.pl-auth.privatelink.azuredatabricks.net",
                    "ip_addresses": [
                      "10.179.4.6"
                    ],
                    "name": "southeastasia.pl-auth",
                    "ttl": 10,
                    "type": "A"
                  }
                ]
              }
            ],
            "private_dns_zone_group": [
              {
                "id": "/subscriptions/3f2e4d32-8e8d-46d6-82bc-5bb8d962328b/resourceGroups/adb-dev-adb-ll73ze-rg/providers/Microsoft.Network/privateEndpoints/aadauthpvtendpoint/privateDnsZoneGroups/private-dns-zone-auth",
                "name": "private-dns-zone-auth",
                "private_dns_zone_ids": [
                  "/subscriptions/3f2e4d32-8e8d-46d6-82bc-5bb8d962328b/resourceGroups/adb-dev-adb-ll73ze-rg/providers/Microsoft.Network/privateDnsZones/privatelink.azuredatabricks.net"
                ]
              }
            ],
            "private_service_connection": [
              {
                "is_manual_connection": false,
                "name": "ple-adb-auth",
                "private_connection_resource_alias": "",
                "private_connection_resource_id": "/subscriptions/3f2e4d32-8e8d-46d6-82bc-5bb8d962328b/resourceGroups/adb-dev-adb-ll73ze-rg/providers/Microsoft.Databricks/workspaces/adb-ll73ze-workspace",
                "private_ip_address": "10.179.4.6",
                "request_message": "",
                "subresource_names": [
                  "browser_authentication"
                ]
              }
            ],
            "resource_group_name": "adb-dev-adb-ll73ze-rg",
            "subnet_id": "/subscriptions/3f2e4d32-8e8d-46d6-82bc-5bb8d962328b/resourceGroups/adb-dev-adb-ll73ze-rg/providers/Microsoft.Network/virtualNetworks/adb-ll73ze-vnet/subnets/adb-ll73ze-privatelink",
            "tags": null,
            "timeouts": null
          },
          "sensitive_attributes": [],
          "private": "eyJlMmJmYjczMC1lY2FhLTExZTYtOGY4OC0zNDM2M2JjN2M0YzAiOnsiY3JlYXRlIjozNjAwMDAwMDAwMDAwLCJkZWxldGUiOjM2MDAwMDAwMDAwMDAsInJlYWQiOjMwMDAwMDAwMDAwMCwidXBkYXRlIjozNjAwMDAwMDAwMDAwfX0=",
          "dependencies": [
            "azurerm_databricks_workspace.this",
            "azurerm_network_security_group.this",
            "azurerm_private_dns_zone.dnsdpcp",
            "azurerm_resource_group.this",
            "azurerm_subnet.plsubnet",
            "azurerm_subnet.private",
            "azurerm_subnet.public",
            "azurerm_subnet_network_security_group_association.private",
            "azurerm_subnet_network_security_group_association.public",
            "azurerm_virtual_network.this",
            "data.external.me",
            "random_string.naming"
          ]
        }
      ]
    },
    {
      "mode": "managed",
      "type": "azurerm_private_endpoint",
      "name": "dbfspe",
      "provider": "provider[\"registry.terraform.io/hashicorp/azurerm\"]",
      "instances": [
        {
          "schema_version": 0,
          "attributes": {
            "custom_dns_configs": [],
            "custom_network_interface_name": "",
            "id": "/subscriptions/3f2e4d32-8e8d-46d6-82bc-5bb8d962328b/resourceGroups/adb-dev-adb-ll73ze-rg/providers/Microsoft.Network/privateEndpoints/dbfspvtendpoint",
            "ip_configuration": [],
            "location": "southeastasia",
            "name": "dbfspvtendpoint",
            "network_interface": [
              {
                "id": "/subscriptions/3f2e4d32-8e8d-46d6-82bc-5bb8d962328b/resourceGroups/adb-dev-adb-ll73ze-rg/providers/Microsoft.Network/networkInterfaces/dbfspvtendpoint.nic.72d062c5-4b83-4a6e-b3a5-bc3dd7ac18d7",
                "name": "dbfspvtendpoint.nic.72d062c5-4b83-4a6e-b3a5-bc3dd7ac18d7"
              }
            ],
            "private_dns_zone_configs": [
              {
                "id": "/subscriptions/3f2e4d32-8e8d-46d6-82bc-5bb8d962328b/resourceGroups/adb-dev-adb-ll73ze-rg/providers/Microsoft.Network/privateEndpoints/dbfspvtendpoint/privateDnsZoneGroups/private-dns-zone-dbfs/privateDnsZoneConfigs/privatelink.blob.core.windows.net",
                "name": "privatelink.blob.core.windows.net",
                "private_dns_zone_id": "/subscriptions/3f2e4d32-8e8d-46d6-82bc-5bb8d962328b/resourceGroups/adb-dev-adb-ll73ze-rg/providers/Microsoft.Network/privateDnsZones/privatelink.blob.core.windows.net",
                "record_sets": [
                  {
                    "fqdn": "dbfsll73ze.privatelink.blob.core.windows.net",
                    "ip_addresses": [
                      "10.179.4.4"
                    ],
                    "name": "dbfsll73ze",
                    "ttl": 10,
                    "type": "A"
                  }
                ]
              }
            ],
            "private_dns_zone_group": [
              {
                "id": "/subscriptions/3f2e4d32-8e8d-46d6-82bc-5bb8d962328b/resourceGroups/adb-dev-adb-ll73ze-rg/providers/Microsoft.Network/privateEndpoints/dbfspvtendpoint/privateDnsZoneGroups/private-dns-zone-dbfs",
                "name": "private-dns-zone-dbfs",
                "private_dns_zone_ids": [
                  "/subscriptions/3f2e4d32-8e8d-46d6-82bc-5bb8d962328b/resourceGroups/adb-dev-adb-ll73ze-rg/providers/Microsoft.Network/privateDnsZones/privatelink.blob.core.windows.net"
                ]
              }
            ],
            "private_service_connection": [
              {
                "is_manual_connection": false,
                "name": "ple-adb-dbfs",
                "private_connection_resource_alias": "",
                "private_connection_resource_id": "/subscriptions/3f2e4d32-8e8d-46d6-82bc-5bb8d962328b/resourceGroups/databricks-rg-adb-dev-adb-ll73ze-rg/providers/Microsoft.Storage/storageAccounts/dbfsll73ze",
                "private_ip_address": "10.179.4.4",
                "request_message": "",
                "subresource_names": [
                  "blob"
                ]
              }
            ],
            "resource_group_name": "adb-dev-adb-ll73ze-rg",
            "subnet_id": "/subscriptions/3f2e4d32-8e8d-46d6-82bc-5bb8d962328b/resourceGroups/adb-dev-adb-ll73ze-rg/providers/Microsoft.Network/virtualNetworks/adb-ll73ze-vnet/subnets/adb-ll73ze-privatelink",
            "tags": null,
            "timeouts": null
          },
          "sensitive_attributes": [],
          "private": "eyJlMmJmYjczMC1lY2FhLTExZTYtOGY4OC0zNDM2M2JjN2M0YzAiOnsiY3JlYXRlIjozNjAwMDAwMDAwMDAwLCJkZWxldGUiOjM2MDAwMDAwMDAwMDAsInJlYWQiOjMwMDAwMDAwMDAwMCwidXBkYXRlIjozNjAwMDAwMDAwMDAwfX0=",
          "dependencies": [
            "azurerm_databricks_workspace.this",
            "azurerm_network_security_group.this",
            "azurerm_private_dns_zone.dnsdbfs",
            "azurerm_resource_group.this",
            "azurerm_subnet.plsubnet",
            "azurerm_subnet.private",
            "azurerm_subnet.public",
            "azurerm_subnet_network_security_group_association.private",
            "azurerm_subnet_network_security_group_association.public",
            "azurerm_virtual_network.this",
            "data.external.me",
            "random_string.naming"
          ]
        }
      ]
    },
    {
      "mode": "managed",
      "type": "azurerm_private_endpoint",
      "name": "dpcp",
      "provider": "provider[\"registry.terraform.io/hashicorp/azurerm\"]",
      "instances": [
        {
          "schema_version": 0,
          "attributes": {
            "custom_dns_configs": [],
            "custom_network_interface_name": "",
            "id": "/subscriptions/3f2e4d32-8e8d-46d6-82bc-5bb8d962328b/resourceGroups/adb-dev-adb-ll73ze-rg/providers/Microsoft.Network/privateEndpoints/dpcppvtendpoint",
            "ip_configuration": [],
            "location": "southeastasia",
            "name": "dpcppvtendpoint",
            "network_interface": [
              {
                "id": "/subscriptions/3f2e4d32-8e8d-46d6-82bc-5bb8d962328b/resourceGroups/adb-dev-adb-ll73ze-rg/providers/Microsoft.Network/networkInterfaces/dpcppvtendpoint.nic.d6cacb32-8453-4fca-a48f-118f79346fa2",
                "name": "dpcppvtendpoint.nic.d6cacb32-8453-4fca-a48f-118f79346fa2"
              }
            ],
            "private_dns_zone_configs": [
              {
                "id": "/subscriptions/3f2e4d32-8e8d-46d6-82bc-5bb8d962328b/resourceGroups/adb-dev-adb-ll73ze-rg/providers/Microsoft.Network/privateEndpoints/dpcppvtendpoint/privateDnsZoneGroups/private-dns-zone-dpcp/privateDnsZoneConfigs/privatelink.azuredatabricks.net",
                "name": "privatelink.azuredatabricks.net",
                "private_dns_zone_id": "/subscriptions/3f2e4d32-8e8d-46d6-82bc-5bb8d962328b/resourceGroups/adb-dev-adb-ll73ze-rg/providers/Microsoft.Network/privateDnsZones/privatelink.azuredatabricks.net",
                "record_sets": [
                  {
                    "fqdn": "adb-4702231944620481.1.privatelink.azuredatabricks.net",
                    "ip_addresses": [
                      "10.179.4.5"
                    ],
                    "name": "adb-4702231944620481.1",
                    "ttl": 10,
                    "type": "A"
                  }
                ]
              }
            ],
            "private_dns_zone_group": [
              {
                "id": "/subscriptions/3f2e4d32-8e8d-46d6-82bc-5bb8d962328b/resourceGroups/adb-dev-adb-ll73ze-rg/providers/Microsoft.Network/privateEndpoints/dpcppvtendpoint/privateDnsZoneGroups/private-dns-zone-dpcp",
                "name": "private-dns-zone-dpcp",
                "private_dns_zone_ids": [
                  "/subscriptions/3f2e4d32-8e8d-46d6-82bc-5bb8d962328b/resourceGroups/adb-dev-adb-ll73ze-rg/providers/Microsoft.Network/privateDnsZones/privatelink.azuredatabricks.net"
                ]
              }
            ],
            "private_service_connection": [
              {
                "is_manual_connection": false,
                "name": "ple-adb-dpcp",
                "private_connection_resource_alias": "",
                "private_connection_resource_id": "/subscriptions/3f2e4d32-8e8d-46d6-82bc-5bb8d962328b/resourceGroups/adb-dev-adb-ll73ze-rg/providers/Microsoft.Databricks/workspaces/adb-ll73ze-workspace",
                "private_ip_address": "10.179.4.5",
                "request_message": "",
                "subresource_names": [
                  "databricks_ui_api"
                ]
              }
            ],
            "resource_group_name": "adb-dev-adb-ll73ze-rg",
            "subnet_id": "/subscriptions/3f2e4d32-8e8d-46d6-82bc-5bb8d962328b/resourceGroups/adb-dev-adb-ll73ze-rg/providers/Microsoft.Network/virtualNetworks/adb-ll73ze-vnet/subnets/adb-ll73ze-privatelink",
            "tags": null,
            "timeouts": null
          },
          "sensitive_attributes": [],
          "private": "eyJlMmJmYjczMC1lY2FhLTExZTYtOGY4OC0zNDM2M2JjN2M0YzAiOnsiY3JlYXRlIjozNjAwMDAwMDAwMDAwLCJkZWxldGUiOjM2MDAwMDAwMDAwMDAsInJlYWQiOjMwMDAwMDAwMDAwMCwidXBkYXRlIjozNjAwMDAwMDAwMDAwfX0=",
          "dependencies": [
            "azurerm_databricks_workspace.this",
            "azurerm_network_security_group.this",
            "azurerm_private_dns_zone.dnsdpcp",
            "azurerm_resource_group.this",
            "azurerm_subnet.plsubnet",
            "azurerm_subnet.private",
            "azurerm_subnet.public",
            "azurerm_subnet_network_security_group_association.private",
            "azurerm_subnet_network_security_group_association.public",
            "azurerm_virtual_network.this",
            "data.external.me",
            "random_string.naming"
          ]
        }
      ]
    },
    {
      "mode": "managed",
      "type": "azurerm_public_ip",
      "name": "fwpublicip",
      "provider": "provider[\"registry.terraform.io/hashicorp/azurerm\"]",
      "instances": [
        {
          "schema_version": 0,
          "attributes": {
            "allocation_method": "Static",
            "domain_name_label": null,
            "edge_zone": "",
            "fqdn": null,
            "id": "/subscriptions/3f2e4d32-8e8d-46d6-82bc-5bb8d962328b/resourceGroups/adb-dev-adb-ll73ze-rg/providers/Microsoft.Network/publicIPAddresses/hubfirewallpublicip",
            "idle_timeout_in_minutes": 4,
            "ip_address": "52.163.85.62",
            "ip_tags": null,
            "ip_version": "IPv4",
            "location": "southeastasia",
            "name": "hubfirewallpublicip",
            "public_ip_prefix_id": null,
            "resource_group_name": "adb-dev-adb-ll73ze-rg",
            "reverse_fqdn": null,
            "sku": "Standard",
            "sku_tier": "Regional",
            "tags": null,
            "timeouts": null,
            "zones": null
          },
          "sensitive_attributes": [],
          "private": "eyJlMmJmYjczMC1lY2FhLTExZTYtOGY4OC0zNDM2M2JjN2M0YzAiOnsiY3JlYXRlIjoxODAwMDAwMDAwMDAwLCJkZWxldGUiOjE4MDAwMDAwMDAwMDAsInJlYWQiOjMwMDAwMDAwMDAwMCwidXBkYXRlIjoxODAwMDAwMDAwMDAwfX0=",
          "dependencies": [
            "azurerm_resource_group.this",
            "data.external.me",
            "random_string.naming"
          ]
        }
      ]
    },
    {
      "mode": "managed",
      "type": "azurerm_public_ip",
      "name": "testvmpublicip",
      "provider": "provider[\"registry.terraform.io/hashicorp/azurerm\"]",
      "instances": [
        {
          "schema_version": 0,
          "attributes": {
            "allocation_method": "Static",
            "domain_name_label": null,
            "edge_zone": "",
            "fqdn": null,
            "id": "/subscriptions/3f2e4d32-8e8d-46d6-82bc-5bb8d962328b/resourceGroups/adb-dev-adb-ll73ze-rg/providers/Microsoft.Network/publicIPAddresses/adb-ll73ze-vmpublicip",
            "idle_timeout_in_minutes": 4,
            "ip_address": "13.67.95.177",
            "ip_tags": null,
            "ip_version": "IPv4",
            "location": "southeastasia",
            "name": "adb-ll73ze-vmpublicip",
            "public_ip_prefix_id": null,
            "resource_group_name": "adb-dev-adb-ll73ze-rg",
            "reverse_fqdn": null,
            "sku": "Standard",
            "sku_tier": "Regional",
            "tags": null,
            "timeouts": null,
            "zones": null
          },
          "sensitive_attributes": [],
          "private": "eyJlMmJmYjczMC1lY2FhLTExZTYtOGY4OC0zNDM2M2JjN2M0YzAiOnsiY3JlYXRlIjoxODAwMDAwMDAwMDAwLCJkZWxldGUiOjE4MDAwMDAwMDAwMDAsInJlYWQiOjMwMDAwMDAwMDAwMCwidXBkYXRlIjoxODAwMDAwMDAwMDAwfX0=",
          "dependencies": [
            "azurerm_resource_group.this",
            "data.external.me",
            "random_string.naming"
          ]
        }
      ]
    },
    {
      "mode": "managed",
      "type": "azurerm_resource_group",
      "name": "this",
      "provider": "provider[\"registry.terraform.io/hashicorp/azurerm\"]",
      "instances": [
        {
          "schema_version": 0,
          "attributes": {
            "id": "/subscriptions/3f2e4d32-8e8d-46d6-82bc-5bb8d962328b/resourceGroups/adb-dev-adb-ll73ze-rg",
            "location": "southeastasia",
            "name": "adb-dev-adb-ll73ze-rg",
            "tags": {
              "Environment": "Testing",
              "Epoch": "ll73ze",
              "Owner": "hao.wang@databricks.com"
            },
            "timeouts": null
          },
          "sensitive_attributes": [],
          "private": "eyJlMmJmYjczMC1lY2FhLTExZTYtOGY4OC0zNDM2M2JjN2M0YzAiOnsiY3JlYXRlIjo1NDAwMDAwMDAwMDAwLCJkZWxldGUiOjU0MDAwMDAwMDAwMDAsInJlYWQiOjMwMDAwMDAwMDAwMCwidXBkYXRlIjo1NDAwMDAwMDAwMDAwfX0=",
          "dependencies": [
            "data.external.me",
            "random_string.naming"
          ]
        }
      ]
    },
    {
      "mode": "managed",
      "type": "azurerm_route_table",
      "name": "adbroute",
      "provider": "provider[\"registry.terraform.io/hashicorp/azurerm\"]",
      "instances": [
        {
          "schema_version": 0,
          "attributes": {
            "disable_bgp_route_propagation": false,
            "id": "/subscriptions/3f2e4d32-8e8d-46d6-82bc-5bb8d962328b/resourceGroups/adb-dev-adb-ll73ze-rg/providers/Microsoft.Network/routeTables/spoke-routetable",
            "location": "southeastasia",
            "name": "spoke-routetable",
            "resource_group_name": "adb-dev-adb-ll73ze-rg",
            "route": [
              {
                "address_prefix": "0.0.0.0/0",
                "name": "to-firewall",
                "next_hop_in_ip_address": "10.178.0.4",
                "next_hop_type": "VirtualAppliance"
              }
            ],
            "subnets": [],
            "tags": null,
            "timeouts": null
          },
          "sensitive_attributes": [],
          "private": "eyJlMmJmYjczMC1lY2FhLTExZTYtOGY4OC0zNDM2M2JjN2M0YzAiOnsiY3JlYXRlIjoxODAwMDAwMDAwMDAwLCJkZWxldGUiOjE4MDAwMDAwMDAwMDAsInJlYWQiOjMwMDAwMDAwMDAwMCwidXBkYXRlIjoxODAwMDAwMDAwMDAwfX0=",
          "dependencies": [
            "azurerm_firewall.hubfw",
            "azurerm_public_ip.fwpublicip",
            "azurerm_resource_group.this",
            "azurerm_subnet.hubfw",
            "azurerm_virtual_network.hubvnet",
            "data.external.me",
            "random_string.naming"
          ]
        }
      ]
    },
    {
      "mode": "managed",
      "type": "azurerm_subnet",
      "name": "hubfw",
      "provider": "provider[\"registry.terraform.io/hashicorp/azurerm\"]",
      "instances": [
        {
          "schema_version": 0,
          "attributes": {
            "address_prefixes": [
              "10.178.0.0/23"
            ],
            "delegation": [],
            "enforce_private_link_endpoint_network_policies": false,
            "enforce_private_link_service_network_policies": false,
            "id": "/subscriptions/3f2e4d32-8e8d-46d6-82bc-5bb8d962328b/resourceGroups/adb-dev-adb-ll73ze-rg/providers/Microsoft.Network/virtualNetworks/adb-ll73ze-hub-vnet/subnets/AzureFirewallSubnet",
            "name": "AzureFirewallSubnet",
            "private_endpoint_network_policies_enabled": true,
            "private_link_service_network_policies_enabled": true,
            "resource_group_name": "adb-dev-adb-ll73ze-rg",
            "service_endpoint_policy_ids": null,
            "service_endpoints": null,
            "timeouts": null,
            "virtual_network_name": "adb-ll73ze-hub-vnet"
          },
          "sensitive_attributes": [],
          "private": "eyJlMmJmYjczMC1lY2FhLTExZTYtOGY4OC0zNDM2M2JjN2M0YzAiOnsiY3JlYXRlIjoxODAwMDAwMDAwMDAwLCJkZWxldGUiOjE4MDAwMDAwMDAwMDAsInJlYWQiOjMwMDAwMDAwMDAwMCwidXBkYXRlIjoxODAwMDAwMDAwMDAwfX0=",
          "dependencies": [
            "azurerm_resource_group.this",
            "azurerm_virtual_network.hubvnet",
            "data.external.me",
            "random_string.naming"
          ]
        }
      ]
    },
    {
      "mode": "managed",
      "type": "azurerm_subnet",
      "name": "plsubnet",
      "provider": "provider[\"registry.terraform.io/hashicorp/azurerm\"]",
      "instances": [
        {
          "schema_version": 0,
          "attributes": {
            "address_prefixes": [
              "10.179.4.0/23"
            ],
            "delegation": [],
            "enforce_private_link_endpoint_network_policies": true,
            "enforce_private_link_service_network_policies": false,
            "id": "/subscriptions/3f2e4d32-8e8d-46d6-82bc-5bb8d962328b/resourceGroups/adb-dev-adb-ll73ze-rg/providers/Microsoft.Network/virtualNetworks/adb-ll73ze-vnet/subnets/adb-ll73ze-privatelink",
            "name": "adb-ll73ze-privatelink",
            "private_endpoint_network_policies_enabled": false,
            "private_link_service_network_policies_enabled": true,
            "resource_group_name": "adb-dev-adb-ll73ze-rg",
            "service_endpoint_policy_ids": null,
            "service_endpoints": null,
            "timeouts": null,
            "virtual_network_name": "adb-ll73ze-vnet"
          },
          "sensitive_attributes": [],
          "private": "eyJlMmJmYjczMC1lY2FhLTExZTYtOGY4OC0zNDM2M2JjN2M0YzAiOnsiY3JlYXRlIjoxODAwMDAwMDAwMDAwLCJkZWxldGUiOjE4MDAwMDAwMDAwMDAsInJlYWQiOjMwMDAwMDAwMDAwMCwidXBkYXRlIjoxODAwMDAwMDAwMDAwfX0=",
          "dependencies": [
            "azurerm_resource_group.this",
            "azurerm_virtual_network.this",
            "data.external.me",
            "random_string.naming"
          ]
        }
      ]
    },
    {
      "mode": "managed",
      "type": "azurerm_subnet",
      "name": "private",
      "provider": "provider[\"registry.terraform.io/hashicorp/azurerm\"]",
      "instances": [
        {
          "schema_version": 0,
          "attributes": {
            "address_prefixes": [
              "10.179.2.0/23"
            ],
            "delegation": [
              {
                "name": "databricks",
                "service_delegation": [
                  {
                    "actions": [
                      "Microsoft.Network/virtualNetworks/subnets/join/action",
                      "Microsoft.Network/virtualNetworks/subnets/prepareNetworkPolicies/action",
                      "Microsoft.Network/virtualNetworks/subnets/unprepareNetworkPolicies/action"
                    ],
                    "name": "Microsoft.Databricks/workspaces"
                  }
                ]
              }
            ],
            "enforce_private_link_endpoint_network_policies": true,
            "enforce_private_link_service_network_policies": true,
            "id": "/subscriptions/3f2e4d32-8e8d-46d6-82bc-5bb8d962328b/resourceGroups/adb-dev-adb-ll73ze-rg/providers/Microsoft.Network/virtualNetworks/adb-ll73ze-vnet/subnets/adb-ll73ze-private",
            "name": "adb-ll73ze-private",
            "private_endpoint_network_policies_enabled": false,
            "private_link_service_network_policies_enabled": false,
            "resource_group_name": "adb-dev-adb-ll73ze-rg",
            "service_endpoint_policy_ids": null,
            "service_endpoints": null,
            "timeouts": null,
            "virtual_network_name": "adb-ll73ze-vnet"
          },
          "sensitive_attributes": [],
          "private": "eyJlMmJmYjczMC1lY2FhLTExZTYtOGY4OC0zNDM2M2JjN2M0YzAiOnsiY3JlYXRlIjoxODAwMDAwMDAwMDAwLCJkZWxldGUiOjE4MDAwMDAwMDAwMDAsInJlYWQiOjMwMDAwMDAwMDAwMCwidXBkYXRlIjoxODAwMDAwMDAwMDAwfX0=",
          "dependencies": [
            "azurerm_resource_group.this",
            "azurerm_virtual_network.this",
            "data.external.me",
            "random_string.naming"
          ]
        }
      ]
    },
    {
      "mode": "managed",
      "type": "azurerm_subnet",
      "name": "public",
      "provider": "provider[\"registry.terraform.io/hashicorp/azurerm\"]",
      "instances": [
        {
          "schema_version": 0,
          "attributes": {
            "address_prefixes": [
              "10.179.0.0/23"
            ],
            "delegation": [
              {
                "name": "databricks",
                "service_delegation": [
                  {
                    "actions": [
                      "Microsoft.Network/virtualNetworks/subnets/join/action",
                      "Microsoft.Network/virtualNetworks/subnets/prepareNetworkPolicies/action",
                      "Microsoft.Network/virtualNetworks/subnets/unprepareNetworkPolicies/action"
                    ],
                    "name": "Microsoft.Databricks/workspaces"
                  }
                ]
              }
            ],
            "enforce_private_link_endpoint_network_policies": false,
            "enforce_private_link_service_network_policies": false,
            "id": "/subscriptions/3f2e4d32-8e8d-46d6-82bc-5bb8d962328b/resourceGroups/adb-dev-adb-ll73ze-rg/providers/Microsoft.Network/virtualNetworks/adb-ll73ze-vnet/subnets/adb-ll73ze-public",
            "name": "adb-ll73ze-public",
            "private_endpoint_network_policies_enabled": true,
            "private_link_service_network_policies_enabled": true,
            "resource_group_name": "adb-dev-adb-ll73ze-rg",
            "service_endpoint_policy_ids": null,
            "service_endpoints": null,
            "timeouts": null,
            "virtual_network_name": "adb-ll73ze-vnet"
          },
          "sensitive_attributes": [],
          "private": "eyJlMmJmYjczMC1lY2FhLTExZTYtOGY4OC0zNDM2M2JjN2M0YzAiOnsiY3JlYXRlIjoxODAwMDAwMDAwMDAwLCJkZWxldGUiOjE4MDAwMDAwMDAwMDAsInJlYWQiOjMwMDAwMDAwMDAwMCwidXBkYXRlIjoxODAwMDAwMDAwMDAwfX0=",
          "dependencies": [
            "azurerm_resource_group.this",
            "azurerm_virtual_network.this",
            "data.external.me",
            "random_string.naming"
          ]
        }
      ]
    },
    {
      "mode": "managed",
      "type": "azurerm_subnet",
      "name": "testvmsubnet",
      "provider": "provider[\"registry.terraform.io/hashicorp/azurerm\"]",
      "instances": [
        {
          "schema_version": 0,
          "attributes": {
            "address_prefixes": [
              "10.179.6.0/23"
            ],
            "delegation": [],
            "enforce_private_link_endpoint_network_policies": false,
            "enforce_private_link_service_network_policies": false,
            "id": "/subscriptions/3f2e4d32-8e8d-46d6-82bc-5bb8d962328b/resourceGroups/adb-dev-adb-ll73ze-rg/providers/Microsoft.Network/virtualNetworks/adb-ll73ze-vnet/subnets/adb-ll73ze-testvmsubnet",
            "name": "adb-ll73ze-testvmsubnet",
            "private_endpoint_network_policies_enabled": true,
            "private_link_service_network_policies_enabled": true,
            "resource_group_name": "adb-dev-adb-ll73ze-rg",
            "service_endpoint_policy_ids": null,
            "service_endpoints": null,
            "timeouts": null,
            "virtual_network_name": "adb-ll73ze-vnet"
          },
          "sensitive_attributes": [],
          "private": "eyJlMmJmYjczMC1lY2FhLTExZTYtOGY4OC0zNDM2M2JjN2M0YzAiOnsiY3JlYXRlIjoxODAwMDAwMDAwMDAwLCJkZWxldGUiOjE4MDAwMDAwMDAwMDAsInJlYWQiOjMwMDAwMDAwMDAwMCwidXBkYXRlIjoxODAwMDAwMDAwMDAwfX0=",
          "dependencies": [
            "azurerm_resource_group.this",
            "azurerm_virtual_network.this",
            "data.external.me",
            "random_string.naming"
          ]
        }
      ]
    },
    {
      "mode": "managed",
      "type": "azurerm_subnet_network_security_group_association",
      "name": "private",
      "provider": "provider[\"registry.terraform.io/hashicorp/azurerm\"]",
      "instances": [
        {
          "schema_version": 0,
          "attributes": {
            "id": "/subscriptions/3f2e4d32-8e8d-46d6-82bc-5bb8d962328b/resourceGroups/adb-dev-adb-ll73ze-rg/providers/Microsoft.Network/virtualNetworks/adb-ll73ze-vnet/subnets/adb-ll73ze-private",
            "network_security_group_id": "/subscriptions/3f2e4d32-8e8d-46d6-82bc-5bb8d962328b/resourceGroups/adb-dev-adb-ll73ze-rg/providers/Microsoft.Network/networkSecurityGroups/adb-ll73ze-nsg",
            "subnet_id": "/subscriptions/3f2e4d32-8e8d-46d6-82bc-5bb8d962328b/resourceGroups/adb-dev-adb-ll73ze-rg/providers/Microsoft.Network/virtualNetworks/adb-ll73ze-vnet/subnets/adb-ll73ze-private",
            "timeouts": null
          },
          "sensitive_attributes": [],
          "private": "eyJlMmJmYjczMC1lY2FhLTExZTYtOGY4OC0zNDM2M2JjN2M0YzAiOnsiY3JlYXRlIjoxODAwMDAwMDAwMDAwLCJkZWxldGUiOjE4MDAwMDAwMDAwMDAsInJlYWQiOjMwMDAwMDAwMDAwMCwidXBkYXRlIjoxODAwMDAwMDAwMDAwfX0=",
          "dependencies": [
            "azurerm_network_security_group.this",
            "azurerm_resource_group.this",
            "azurerm_subnet.private",
            "azurerm_virtual_network.this",
            "data.external.me",
            "random_string.naming"
          ]
        }
      ]
    },
    {
      "mode": "managed",
      "type": "azurerm_subnet_network_security_group_association",
      "name": "public",
      "provider": "provider[\"registry.terraform.io/hashicorp/azurerm\"]",
      "instances": [
        {
          "schema_version": 0,
          "attributes": {
            "id": "/subscriptions/3f2e4d32-8e8d-46d6-82bc-5bb8d962328b/resourceGroups/adb-dev-adb-ll73ze-rg/providers/Microsoft.Network/virtualNetworks/adb-ll73ze-vnet/subnets/adb-ll73ze-public",
            "network_security_group_id": "/subscriptions/3f2e4d32-8e8d-46d6-82bc-5bb8d962328b/resourceGroups/adb-dev-adb-ll73ze-rg/providers/Microsoft.Network/networkSecurityGroups/adb-ll73ze-nsg",
            "subnet_id": "/subscriptions/3f2e4d32-8e8d-46d6-82bc-5bb8d962328b/resourceGroups/adb-dev-adb-ll73ze-rg/providers/Microsoft.Network/virtualNetworks/adb-ll73ze-vnet/subnets/adb-ll73ze-public",
            "timeouts": null
          },
          "sensitive_attributes": [],
          "private": "eyJlMmJmYjczMC1lY2FhLTExZTYtOGY4OC0zNDM2M2JjN2M0YzAiOnsiY3JlYXRlIjoxODAwMDAwMDAwMDAwLCJkZWxldGUiOjE4MDAwMDAwMDAwMDAsInJlYWQiOjMwMDAwMDAwMDAwMCwidXBkYXRlIjoxODAwMDAwMDAwMDAwfX0=",
          "dependencies": [
            "azurerm_network_security_group.this",
            "azurerm_resource_group.this",
            "azurerm_subnet.public",
            "azurerm_virtual_network.this",
            "data.external.me",
            "random_string.naming"
          ]
        }
      ]
    },
    {
      "mode": "managed",
      "type": "azurerm_subnet_route_table_association",
      "name": "privateudr",
      "provider": "provider[\"registry.terraform.io/hashicorp/azurerm\"]",
      "instances": [
        {
          "schema_version": 0,
          "attributes": {
            "id": "/subscriptions/3f2e4d32-8e8d-46d6-82bc-5bb8d962328b/resourceGroups/adb-dev-adb-ll73ze-rg/providers/Microsoft.Network/virtualNetworks/adb-ll73ze-vnet/subnets/adb-ll73ze-private",
            "route_table_id": "/subscriptions/3f2e4d32-8e8d-46d6-82bc-5bb8d962328b/resourceGroups/adb-dev-adb-ll73ze-rg/providers/Microsoft.Network/routeTables/spoke-routetable",
            "subnet_id": "/subscriptions/3f2e4d32-8e8d-46d6-82bc-5bb8d962328b/resourceGroups/adb-dev-adb-ll73ze-rg/providers/Microsoft.Network/virtualNetworks/adb-ll73ze-vnet/subnets/adb-ll73ze-private",
            "timeouts": null
          },
          "sensitive_attributes": [],
          "private": "eyJlMmJmYjczMC1lY2FhLTExZTYtOGY4OC0zNDM2M2JjN2M0YzAiOnsiY3JlYXRlIjoxODAwMDAwMDAwMDAwLCJkZWxldGUiOjE4MDAwMDAwMDAwMDAsInJlYWQiOjMwMDAwMDAwMDAwMCwidXBkYXRlIjoxODAwMDAwMDAwMDAwfX0=",
          "dependencies": [
            "azurerm_firewall.hubfw",
            "azurerm_public_ip.fwpublicip",
            "azurerm_resource_group.this",
            "azurerm_route_table.adbroute",
            "azurerm_subnet.hubfw",
            "azurerm_subnet.private",
            "azurerm_virtual_network.hubvnet",
            "azurerm_virtual_network.this",
            "data.external.me",
            "random_string.naming"
          ]
        }
      ]
    },
    {
      "mode": "managed",
      "type": "azurerm_subnet_route_table_association",
      "name": "publicudr",
      "provider": "provider[\"registry.terraform.io/hashicorp/azurerm\"]",
      "instances": [
        {
          "schema_version": 0,
          "attributes": {
            "id": "/subscriptions/3f2e4d32-8e8d-46d6-82bc-5bb8d962328b/resourceGroups/adb-dev-adb-ll73ze-rg/providers/Microsoft.Network/virtualNetworks/adb-ll73ze-vnet/subnets/adb-ll73ze-public",
            "route_table_id": "/subscriptions/3f2e4d32-8e8d-46d6-82bc-5bb8d962328b/resourceGroups/adb-dev-adb-ll73ze-rg/providers/Microsoft.Network/routeTables/spoke-routetable",
            "subnet_id": "/subscriptions/3f2e4d32-8e8d-46d6-82bc-5bb8d962328b/resourceGroups/adb-dev-adb-ll73ze-rg/providers/Microsoft.Network/virtualNetworks/adb-ll73ze-vnet/subnets/adb-ll73ze-public",
            "timeouts": null
          },
          "sensitive_attributes": [],
          "private": "eyJlMmJmYjczMC1lY2FhLTExZTYtOGY4OC0zNDM2M2JjN2M0YzAiOnsiY3JlYXRlIjoxODAwMDAwMDAwMDAwLCJkZWxldGUiOjE4MDAwMDAwMDAwMDAsInJlYWQiOjMwMDAwMDAwMDAwMCwidXBkYXRlIjoxODAwMDAwMDAwMDAwfX0=",
          "dependencies": [
            "azurerm_firewall.hubfw",
            "azurerm_public_ip.fwpublicip",
            "azurerm_resource_group.this",
            "azurerm_route_table.adbroute",
            "azurerm_subnet.hubfw",
            "azurerm_subnet.public",
            "azurerm_virtual_network.hubvnet",
            "azurerm_virtual_network.this",
            "data.external.me",
            "random_string.naming"
          ]
        }
      ]
    },
    {
      "mode": "managed",
      "type": "azurerm_virtual_network",
      "name": "hubvnet",
      "provider": "provider[\"registry.terraform.io/hashicorp/azurerm\"]",
      "instances": [
        {
          "schema_version": 0,
          "attributes": {
            "address_space": [
              "10.178.0.0/20"
            ],
            "bgp_community": "",
            "ddos_protection_plan": [],
            "dns_servers": [],
            "edge_zone": "",
            "flow_timeout_in_minutes": 0,
            "guid": "f835ba9c-68df-426d-97f7-2a10a5d6015e",
            "id": "/subscriptions/3f2e4d32-8e8d-46d6-82bc-5bb8d962328b/resourceGroups/adb-dev-adb-ll73ze-rg/providers/Microsoft.Network/virtualNetworks/adb-ll73ze-hub-vnet",
            "location": "southeastasia",
            "name": "adb-ll73ze-hub-vnet",
            "resource_group_name": "adb-dev-adb-ll73ze-rg",
            "subnet": [],
            "tags": {
              "Environment": "Testing",
              "Epoch": "ll73ze",
              "Owner": "hao.wang@databricks.com"
            },
            "timeouts": null
          },
          "sensitive_attributes": [],
          "private": "eyJlMmJmYjczMC1lY2FhLTExZTYtOGY4OC0zNDM2M2JjN2M0YzAiOnsiY3JlYXRlIjoxODAwMDAwMDAwMDAwLCJkZWxldGUiOjE4MDAwMDAwMDAwMDAsInJlYWQiOjMwMDAwMDAwMDAwMCwidXBkYXRlIjoxODAwMDAwMDAwMDAwfX0=",
          "dependencies": [
            "azurerm_resource_group.this",
            "data.external.me",
            "random_string.naming"
          ]
        }
      ]
    },
    {
      "mode": "managed",
      "type": "azurerm_virtual_network",
      "name": "this",
      "provider": "provider[\"registry.terraform.io/hashicorp/azurerm\"]",
      "instances": [
        {
          "schema_version": 0,
          "attributes": {
            "address_space": [
              "10.179.0.0/20"
            ],
            "bgp_community": "",
            "ddos_protection_plan": [],
            "dns_servers": [],
            "edge_zone": "",
            "flow_timeout_in_minutes": 0,
            "guid": "ac43fac2-730e-48b5-884b-798cb5c1824f",
            "id": "/subscriptions/3f2e4d32-8e8d-46d6-82bc-5bb8d962328b/resourceGroups/adb-dev-adb-ll73ze-rg/providers/Microsoft.Network/virtualNetworks/adb-ll73ze-vnet",
            "location": "southeastasia",
            "name": "adb-ll73ze-vnet",
            "resource_group_name": "adb-dev-adb-ll73ze-rg",
            "subnet": [],
            "tags": {
              "Environment": "Testing",
              "Epoch": "ll73ze",
              "Owner": "hao.wang@databricks.com"
            },
            "timeouts": null
          },
          "sensitive_attributes": [],
          "private": "eyJlMmJmYjczMC1lY2FhLTExZTYtOGY4OC0zNDM2M2JjN2M0YzAiOnsiY3JlYXRlIjoxODAwMDAwMDAwMDAwLCJkZWxldGUiOjE4MDAwMDAwMDAwMDAsInJlYWQiOjMwMDAwMDAwMDAwMCwidXBkYXRlIjoxODAwMDAwMDAwMDAwfX0=",
          "dependencies": [
            "azurerm_resource_group.this",
            "data.external.me",
            "random_string.naming"
          ]
        }
      ]
    },
    {
      "mode": "managed",
      "type": "azurerm_virtual_network_peering",
      "name": "hubvnet",
      "provider": "provider[\"registry.terraform.io/hashicorp/azurerm\"]",
      "instances": [
        {
          "schema_version": 0,
          "attributes": {
            "allow_forwarded_traffic": false,
            "allow_gateway_transit": false,
            "allow_virtual_network_access": true,
            "id": "/subscriptions/3f2e4d32-8e8d-46d6-82bc-5bb8d962328b/resourceGroups/adb-dev-adb-ll73ze-rg/providers/Microsoft.Network/virtualNetworks/adb-ll73ze-hub-vnet/virtualNetworkPeerings/peerhubtospoke",
            "name": "peerhubtospoke",
            "remote_virtual_network_id": "/subscriptions/3f2e4d32-8e8d-46d6-82bc-5bb8d962328b/resourceGroups/adb-dev-adb-ll73ze-rg/providers/Microsoft.Network/virtualNetworks/adb-ll73ze-vnet",
            "resource_group_name": "adb-dev-adb-ll73ze-rg",
            "timeouts": null,
            "use_remote_gateways": false,
            "virtual_network_name": "adb-ll73ze-hub-vnet"
          },
          "sensitive_attributes": [],
          "private": "eyJlMmJmYjczMC1lY2FhLTExZTYtOGY4OC0zNDM2M2JjN2M0YzAiOnsiY3JlYXRlIjoxODAwMDAwMDAwMDAwLCJkZWxldGUiOjE4MDAwMDAwMDAwMDAsInJlYWQiOjMwMDAwMDAwMDAwMCwidXBkYXRlIjoxODAwMDAwMDAwMDAwfX0=",
          "dependencies": [
            "azurerm_resource_group.this",
            "azurerm_virtual_network.hubvnet",
            "azurerm_virtual_network.this",
            "data.external.me",
            "random_string.naming"
          ]
        }
      ]
    },
    {
      "mode": "managed",
      "type": "azurerm_virtual_network_peering",
      "name": "spokevnet",
      "provider": "provider[\"registry.terraform.io/hashicorp/azurerm\"]",
      "instances": [
        {
          "schema_version": 0,
          "attributes": {
            "allow_forwarded_traffic": false,
            "allow_gateway_transit": false,
            "allow_virtual_network_access": true,
            "id": "/subscriptions/3f2e4d32-8e8d-46d6-82bc-5bb8d962328b/resourceGroups/adb-dev-adb-ll73ze-rg/providers/Microsoft.Network/virtualNetworks/adb-ll73ze-vnet/virtualNetworkPeerings/peerspoketohub",
            "name": "peerspoketohub",
            "remote_virtual_network_id": "/subscriptions/3f2e4d32-8e8d-46d6-82bc-5bb8d962328b/resourceGroups/adb-dev-adb-ll73ze-rg/providers/Microsoft.Network/virtualNetworks/adb-ll73ze-hub-vnet",
            "resource_group_name": "adb-dev-adb-ll73ze-rg",
            "timeouts": null,
            "use_remote_gateways": false,
            "virtual_network_name": "adb-ll73ze-vnet"
          },
          "sensitive_attributes": [],
          "private": "eyJlMmJmYjczMC1lY2FhLTExZTYtOGY4OC0zNDM2M2JjN2M0YzAiOnsiY3JlYXRlIjoxODAwMDAwMDAwMDAwLCJkZWxldGUiOjE4MDAwMDAwMDAwMDAsInJlYWQiOjMwMDAwMDAwMDAwMCwidXBkYXRlIjoxODAwMDAwMDAwMDAwfX0=",
          "dependencies": [
            "azurerm_resource_group.this",
            "azurerm_virtual_network.hubvnet",
            "azurerm_virtual_network.this",
            "data.external.me",
            "random_string.naming"
          ]
        }
      ]
    },
    {
      "mode": "managed",
      "type": "azurerm_windows_virtual_machine",
      "name": "testvm",
      "provider": "provider[\"registry.terraform.io/hashicorp/azurerm\"]",
      "instances": [
        {
          "schema_version": 0,
          "attributes": {
            "additional_capabilities": [],
            "additional_unattend_content": [],
            "admin_password": "TesTed567!!!",
            "admin_username": "azureuser",
            "allow_extension_operations": true,
            "availability_set_id": "",
            "boot_diagnostics": [],
            "capacity_reservation_group_id": "",
            "computer_name": "adb-ll73ze-test",
            "custom_data": null,
            "dedicated_host_group_id": "",
            "dedicated_host_id": "",
            "edge_zone": "",
            "enable_automatic_updates": true,
            "encryption_at_host_enabled": false,
            "eviction_policy": "",
            "extensions_time_budget": "PT1H30M",
            "gallery_application": [],
            "hotpatching_enabled": false,
            "id": "/subscriptions/3f2e4d32-8e8d-46d6-82bc-5bb8d962328b/resourceGroups/adb-dev-adb-ll73ze-rg/providers/Microsoft.Compute/virtualMachines/adb-ll73ze-test",
            "identity": [],
            "license_type": "",
            "location": "southeastasia",
            "max_bid_price": -1,
            "name": "adb-ll73ze-test",
            "network_interface_ids": [
              "/subscriptions/3f2e4d32-8e8d-46d6-82bc-5bb8d962328b/resourceGroups/adb-dev-adb-ll73ze-rg/providers/Microsoft.Network/networkInterfaces/adb-ll73ze-testvm-nic"
            ],
            "os_disk": [
              {
                "caching": "ReadWrite",
                "diff_disk_settings": [],
                "disk_encryption_set_id": "",
                "disk_size_gb": 127,
                "name": "adb-ll73ze-test_disk1_180285a488c04b8a9f4c41c21d61db58",
                "secure_vm_disk_encryption_set_id": "",
                "security_encryption_type": "",
                "storage_account_type": "Standard_LRS",
                "write_accelerator_enabled": false
              }
            ],
            "patch_assessment_mode": "ImageDefault",
            "patch_mode": "AutomaticByOS",
            "plan": [],
            "platform_fault_domain": -1,
            "priority": "Regular",
            "private_ip_address": "10.179.6.4",
            "private_ip_addresses": [
              "10.179.6.4"
            ],
            "provision_vm_agent": true,
            "proximity_placement_group_id": "",
            "public_ip_address": "13.67.95.177",
            "public_ip_addresses": [
              "13.67.95.177"
            ],
            "resource_group_name": "adb-dev-adb-ll73ze-rg",
            "secret": [],
            "secure_boot_enabled": false,
            "size": "Standard_F4s_v2",
            "source_image_id": "",
            "source_image_reference": [
              {
                "offer": "windows-10",
                "publisher": "MicrosoftWindowsDesktop",
                "sku": "19h2-pro-g2",
                "version": "latest"
              }
            ],
            "tags": null,
            "termination_notification": null,
            "timeouts": null,
            "timezone": "",
            "user_data": "",
            "virtual_machine_id": "1fe303ec-d2df-4082-be22-111b9fdff29f",
            "virtual_machine_scale_set_id": "",
            "vtpm_enabled": false,
            "winrm_listener": [],
            "zone": ""
          },
          "sensitive_attributes": [],
          "private": "eyJlMmJmYjczMC1lY2FhLTExZTYtOGY4OC0zNDM2M2JjN2M0YzAiOnsiY3JlYXRlIjoyNzAwMDAwMDAwMDAwLCJkZWxldGUiOjI3MDAwMDAwMDAwMDAsInJlYWQiOjMwMDAwMDAwMDAwMCwidXBkYXRlIjoyNzAwMDAwMDAwMDAwfX0=",
          "dependencies": [
            "azurerm_network_interface.testvmnic",
            "azurerm_public_ip.testvmpublicip",
            "azurerm_resource_group.this",
            "azurerm_subnet.testvmsubnet",
            "azurerm_virtual_network.this",
            "data.external.me",
            "random_string.naming"
          ]
        }
      ]
    },
    {
      "mode": "managed",
      "type": "random_string",
      "name": "naming",
      "provider": "provider[\"registry.terraform.io/hashicorp/random\"]",
      "instances": [
        {
          "schema_version": 2,
          "attributes": {
            "id": "ll73ze",
            "keepers": null,
            "length": 6,
            "lower": true,
            "min_lower": 0,
            "min_numeric": 0,
            "min_special": 0,
            "min_upper": 0,
            "number": true,
            "numeric": true,
            "override_special": null,
            "result": "ll73ze",
            "special": false,
            "upper": false
          },
          "sensitive_attributes": []
        }
      ]
    }
  ]
}
