{
  "version": 4,
  "terraform_version": "1.0.6",
  "serial": 66,
  "lineage": "64e89c65-3d80-1164-1e66-557430e6bf6e",
  "outputs": {
    "arm_client_id": {
      "value": "04b07795-8ddb-461a-bbee-02f9e1bf7b46",
      "type": "string"
    },
    "arm_subscription_id": {
      "value": "3f2e4d32-8e8d-46d6-82bc-5bb8d962328b",
      "type": "string"
    },
    "arm_tenant_id": {
      "value": "9f37a392-f0ae-4280-9796-f1864a10effc",
      "type": "string"
    },
    "azure_region": {
      "value": "southeastasia",
      "type": "string"
    },
    "resource_group": {
      "value": "coldstart-5fhmdn-rg",
      "type": "string"
    }
  },
  "resources": [
    {
      "mode": "data",
      "type": "azurerm_client_config",
      "name": "current",
      "provider": "provider[\"registry.terraform.io/hashicorp/azurerm\"]",
      "instances": [
        {
          "schema_version": 0,
          "attributes": {
            "client_id": "04b07795-8ddb-461a-bbee-02f9e1bf7b46",
            "id": "2022-01-03 07:54:05.933452 +0000 UTC",
            "object_id": "e0408df9-cf96-415b-8249-7c867c96b0ff",
            "subscription_id": "3f2e4d32-8e8d-46d6-82bc-5bb8d962328b",
            "tenant_id": "9f37a392-f0ae-4280-9796-f1864a10effc",
            "timeouts": null
          },
          "sensitive_attributes": []
        }
      ]
    },
    {
      "mode": "data",
      "type": "external",
      "name": "me",
      "provider": "provider[\"registry.terraform.io/hashicorp/external\"]",
      "instances": [
        {
          "schema_version": 0,
          "attributes": {
            "id": "-",
            "program": [
              "az",
              "account",
              "show",
              "--query",
              "user"
            ],
            "query": null,
            "result": {
              "name": "hao.wang@databricks.com",
              "type": "user"
            },
            "working_dir": null
          },
          "sensitive_attributes": []
        }
      ]
    },
    {
      "mode": "managed",
      "type": "azurerm_resource_group",
      "name": "coldstart_image_rg",
      "provider": "provider[\"registry.terraform.io/hashicorp/azurerm\"]",
      "instances": [
        {
          "schema_version": 0,
          "attributes": {
            "id": "/subscriptions/3f2e4d32-8e8d-46d6-82bc-5bb8d962328b/resourceGroups/coldstart-5fhmdn-rg",
            "location": "southeastasia",
            "name": "coldstart-5fhmdn-rg",
            "tags": {
              "Environment": "Testing",
              "Epoch": "5fhmdn",
              "Owner": "hao.wang@databricks.com"
            },
            "timeouts": null
          },
          "sensitive_attributes": [],
          "private": "eyJlMmJmYjczMC1lY2FhLTExZTYtOGY4OC0zNDM2M2JjN2M0YzAiOnsiY3JlYXRlIjo1NDAwMDAwMDAwMDAwLCJkZWxldGUiOjU0MDAwMDAwMDAwMDAsInJlYWQiOjMwMDAwMDAwMDAwMCwidXBkYXRlIjo1NDAwMDAwMDAwMDAwfX0=",
          "dependencies": [
            "data.external.me",
            "random_string.naming"
          ]
        }
      ]
    },
    {
      "mode": "managed",
      "type": "local_file",
      "name": "packer_config",
      "provider": "provider[\"registry.terraform.io/hashicorp/local\"]",
      "instances": [
        {
          "schema_version": 0,
          "attributes": {
            "content": "managed_img_name=\"coldstart-5fhmdn-image\"\nmanaged_img_rg_name=\"coldstart-5fhmdn-rg\"\nsubscription_id=\"3f2e4d32-8e8d-46d6-82bc-5bb8d962328b\"\n",
            "content_base64": null,
            "directory_permission": "0777",
            "file_permission": "0777",
            "filename": "../os/variables.auto.pkrvars.hcl",
            "id": "2c9ae954a34651da98a8bd2bbe526c2df3353df8",
            "sensitive_content": null,
            "source": null
          },
          "sensitive_attributes": [],
          "private": "bnVsbA==",
          "dependencies": [
            "azurerm_resource_group.coldstart_image_rg",
            "data.azurerm_client_config.current",
            "random_string.naming"
          ]
        }
      ]
    },
    {
      "mode": "managed",
      "type": "random_string",
      "name": "naming",
      "provider": "provider[\"registry.terraform.io/hashicorp/random\"]",
      "instances": [
        {
          "schema_version": 1,
          "attributes": {
            "id": "5fhmdn",
            "keepers": null,
            "length": 6,
            "lower": true,
            "min_lower": 0,
            "min_numeric": 0,
            "min_special": 0,
            "min_upper": 0,
            "number": true,
            "override_special": null,
            "result": "5fhmdn",
            "special": false,
            "upper": false
          },
          "sensitive_attributes": [],
          "private": "eyJzY2hlbWFfdmVyc2lvbiI6IjEifQ=="
        }
      ]
    }
  ]
}
