{
  "version": 4,
  "terraform_version": "1.0.6",
  "serial": 969,
  "lineage": "d2453dda-eea3-6c6b-eb22-e3fa915f9f1c",
  "outputs": {},
  "resources": [
    {
      "mode": "data",
      "type": "external",
      "name": "me",
      "provider": "provider[\"registry.terraform.io/hashicorp/external\"]",
      "instances": [
        {
          "schema_version": 0,
          "attributes": {
            "id": "-",
            "program": [
              "az",
              "account",
              "show",
              "--query",
              "user"
            ],
            "query": null,
            "result": {
              "name": "hao.wang@databricks.com",
              "type": "user"
            },
            "working_dir": null
          },
          "sensitive_attributes": []
        }
      ]
    },
    {
      "mode": "managed",
      "type": "azurerm_resource_group",
      "name": "this",
      "provider": "provider[\"registry.terraform.io/hashicorp/azurerm\"]",
      "instances": [
        {
          "schema_version": 0,
          "attributes": {
            "id": "/subscriptions/3f2e4d32-8e8d-46d6-82bc-5bb8d962328b/resourceGroups/adb-dev-adb-s16731-rg",
            "location": "southeastasia",
            "name": "adb-dev-adb-s16731-rg",
            "tags": {
              "Environment": "Testing",
              "Epoch": "s16731",
              "Owner": "hao.wang@databricks.com"
            },
            "timeouts": null
          },
          "sensitive_attributes": [],
          "private": "eyJlMmJmYjczMC1lY2FhLTExZTYtOGY4OC0zNDM2M2JjN2M0YzAiOnsiY3JlYXRlIjo1NDAwMDAwMDAwMDAwLCJkZWxldGUiOjU0MDAwMDAwMDAwMDAsInJlYWQiOjMwMDAwMDAwMDAwMCwidXBkYXRlIjo1NDAwMDAwMDAwMDAwfX0=",
          "dependencies": [
            "random_string.naming",
            "data.external.me"
          ]
        }
      ]
    },
    {
      "mode": "managed",
      "type": "azurerm_subnet",
      "name": "plsubnet",
      "provider": "provider[\"registry.terraform.io/hashicorp/azurerm\"]",
      "instances": [
        {
          "schema_version": 0,
          "attributes": {
            "address_prefixes": [
              "10.179.4.0/23"
            ],
            "delegation": [],
            "enforce_private_link_endpoint_network_policies": true,
            "enforce_private_link_service_network_policies": false,
            "id": "/subscriptions/3f2e4d32-8e8d-46d6-82bc-5bb8d962328b/resourceGroups/adb-dev-adb-s16731-rg/providers/Microsoft.Network/virtualNetworks/adb-s16731-vnet/subnets/adb-s16731-privatelink",
            "name": "adb-s16731-privatelink",
            "resource_group_name": "adb-dev-adb-s16731-rg",
            "service_endpoint_policy_ids": [],
            "service_endpoints": [],
            "timeouts": null,
            "virtual_network_name": "adb-s16731-vnet"
          },
          "sensitive_attributes": [],
          "private": "eyJlMmJmYjczMC1lY2FhLTExZTYtOGY4OC0zNDM2M2JjN2M0YzAiOnsiY3JlYXRlIjoxODAwMDAwMDAwMDAwLCJkZWxldGUiOjE4MDAwMDAwMDAwMDAsInJlYWQiOjMwMDAwMDAwMDAwMCwidXBkYXRlIjoxODAwMDAwMDAwMDAwfX0=",
          "dependencies": [
            "azurerm_resource_group.this",
            "azurerm_virtual_network.this",
            "data.external.me",
            "random_string.naming"
          ]
        }
      ]
    },
    {
      "mode": "managed",
      "type": "azurerm_virtual_network",
      "name": "this",
      "provider": "provider[\"registry.terraform.io/hashicorp/azurerm\"]",
      "instances": [
        {
          "schema_version": 0,
          "attributes": {
            "address_space": [
              "10.179.0.0/20"
            ],
            "bgp_community": "",
            "ddos_protection_plan": [],
            "dns_servers": [],
            "edge_zone": "",
            "flow_timeout_in_minutes": 0,
            "guid": "d7925f41-c63d-4eed-9679-6cbaca5e8143",
            "id": "/subscriptions/3f2e4d32-8e8d-46d6-82bc-5bb8d962328b/resourceGroups/adb-dev-adb-s16731-rg/providers/Microsoft.Network/virtualNetworks/adb-s16731-vnet",
            "location": "southeastasia",
            "name": "adb-s16731-vnet",
            "resource_group_name": "adb-dev-adb-s16731-rg",
            "subnet": [
              {
                "address_prefix": "10.179.0.0/23",
                "id": "/subscriptions/3f2e4d32-8e8d-46d6-82bc-5bb8d962328b/resourceGroups/adb-dev-adb-s16731-rg/providers/Microsoft.Network/virtualNetworks/adb-s16731-vnet/subnets/adb-s16731-public",
                "name": "adb-s16731-public",
                "security_group": "/subscriptions/3f2e4d32-8e8d-46d6-82bc-5bb8d962328b/resourceGroups/adb-dev-adb-s16731-rg/providers/Microsoft.Network/networkSecurityGroups/adb-s16731-nsg"
              },
              {
                "address_prefix": "10.179.2.0/23",
                "id": "/subscriptions/3f2e4d32-8e8d-46d6-82bc-5bb8d962328b/resourceGroups/adb-dev-adb-s16731-rg/providers/Microsoft.Network/virtualNetworks/adb-s16731-vnet/subnets/adb-s16731-private",
                "name": "adb-s16731-private",
                "security_group": "/subscriptions/3f2e4d32-8e8d-46d6-82bc-5bb8d962328b/resourceGroups/adb-dev-adb-s16731-rg/providers/Microsoft.Network/networkSecurityGroups/adb-s16731-nsg"
              },
              {
                "address_prefix": "10.179.4.0/23",
                "id": "/subscriptions/3f2e4d32-8e8d-46d6-82bc-5bb8d962328b/resourceGroups/adb-dev-adb-s16731-rg/providers/Microsoft.Network/virtualNetworks/adb-s16731-vnet/subnets/adb-s16731-privatelink",
                "name": "adb-s16731-privatelink",
                "security_group": "/subscriptions/3f2e4d32-8e8d-46d6-82bc-5bb8d962328b/resourceGroups/adb-dev-adb-s16731-rg/providers/Microsoft.Network/networkSecurityGroups/testvmnsg"
              }
            ],
            "tags": {
              "Environment": "Testing",
              "Epoch": "s16731",
              "Owner": "hao.wang@databricks.com"
            },
            "timeouts": null
          },
          "sensitive_attributes": [],
          "private": "eyJlMmJmYjczMC1lY2FhLTExZTYtOGY4OC0zNDM2M2JjN2M0YzAiOnsiY3JlYXRlIjoxODAwMDAwMDAwMDAwLCJkZWxldGUiOjE4MDAwMDAwMDAwMDAsInJlYWQiOjMwMDAwMDAwMDAwMCwidXBkYXRlIjoxODAwMDAwMDAwMDAwfX0=",
          "dependencies": [
            "data.external.me",
            "random_string.naming",
            "azurerm_resource_group.this"
          ]
        }
      ]
    },
    {
      "mode": "managed",
      "type": "random_string",
      "name": "naming",
      "provider": "provider[\"registry.terraform.io/hashicorp/random\"]",
      "instances": [
        {
          "schema_version": 1,
          "attributes": {
            "id": "s16731",
            "keepers": null,
            "length": 6,
            "lower": true,
            "min_lower": 0,
            "min_numeric": 0,
            "min_special": 0,
            "min_upper": 0,
            "number": true,
            "override_special": null,
            "result": "s16731",
            "special": false,
            "upper": false
          },
          "sensitive_attributes": [],
          "private": "eyJzY2hlbWFfdmVyc2lvbiI6IjEifQ=="
        }
      ]
    }
  ]
}
