{
  "version": 4,
  "terraform_version": "1.0.6",
  "serial": 859,
  "lineage": "f71537d3-9f8f-fce3-e4c0-08c988299e5f",
  "outputs": {
    "databricks_azure_workspace_resource_id": {
      "value": "/subscriptions/3f2e4d32-8e8d-46d6-82bc-5bb8d962328b/resourceGroups/adb-splunk-adb-g2qmhd-rg/providers/Microsoft.Databricks/workspaces/adb-g2qmhd-workspace",
      "type": "string"
    },
    "splunk_public_ip": {
      "value": "52.230.4.229",
      "type": "string"
    },
    "workspace_url": {
      "value": "https://adb-1441393600607444.4.azuredatabricks.net/",
      "type": "string"
    }
  },
  "resources": [
    {
      "mode": "data",
      "type": "azurerm_client_config",
      "name": "current",
      "provider": "provider[\"registry.terraform.io/hashicorp/azurerm\"]",
      "instances": [
        {
          "schema_version": 0,
          "attributes": {
            "client_id": "04b07795-8ddb-461a-bbee-02f9e1bf7b46",
            "id": "2022-08-30 03:03:48.894083 +0000 UTC",
            "object_id": "e0408df9-cf96-415b-8249-7c867c96b0ff",
            "subscription_id": "3f2e4d32-8e8d-46d6-82bc-5bb8d962328b",
            "tenant_id": "9f37a392-f0ae-4280-9796-f1864a10effc",
            "timeouts": null
          },
          "sensitive_attributes": []
        }
      ]
    },
    {
      "mode": "data",
      "type": "external",
      "name": "me",
      "provider": "provider[\"registry.terraform.io/hashicorp/external\"]",
      "instances": [
        {
          "schema_version": 0,
          "attributes": {
            "id": "-",
            "program": [
              "az",
              "account",
              "show",
              "--query",
              "user"
            ],
            "query": null,
            "result": {
              "name": "hao.wang@databricks.com",
              "type": "user"
            },
            "working_dir": null
          },
          "sensitive_attributes": []
        }
      ]
    },
    {
      "mode": "managed",
      "type": "azurerm_databricks_workspace",
      "name": "this",
      "provider": "provider[\"registry.terraform.io/hashicorp/azurerm\"]",
      "instances": [
        {
          "schema_version": 0,
          "attributes": {
            "custom_parameters": [
              {
                "machine_learning_workspace_id": "",
                "nat_gateway_name": "nat-gateway",
                "no_public_ip": true,
                "private_subnet_name": "adb-g2qmhd-private",
                "private_subnet_network_security_group_association_id": "/subscriptions/3f2e4d32-8e8d-46d6-82bc-5bb8d962328b/resourceGroups/adb-splunk-adb-g2qmhd-rg/providers/Microsoft.Network/virtualNetworks/adb-g2qmhd-vnet/subnets/adb-g2qmhd-private",
                "public_ip_name": "nat-gw-public-ip",
                "public_subnet_name": "adb-g2qmhd-public",
                "public_subnet_network_security_group_association_id": "/subscriptions/3f2e4d32-8e8d-46d6-82bc-5bb8d962328b/resourceGroups/adb-splunk-adb-g2qmhd-rg/providers/Microsoft.Network/virtualNetworks/adb-g2qmhd-vnet/subnets/adb-g2qmhd-public",
                "storage_account_name": "dbfsg2qmhd",
                "storage_account_sku_name": "Standard_GRS",
                "virtual_network_id": "/subscriptions/3f2e4d32-8e8d-46d6-82bc-5bb8d962328b/resourceGroups/adb-splunk-adb-g2qmhd-rg/providers/Microsoft.Network/virtualNetworks/adb-g2qmhd-vnet",
                "vnet_address_prefix": "10.139"
              }
            ],
            "customer_managed_key_enabled": false,
            "id": "/subscriptions/3f2e4d32-8e8d-46d6-82bc-5bb8d962328b/resourceGroups/adb-splunk-adb-g2qmhd-rg/providers/Microsoft.Databricks/workspaces/adb-g2qmhd-workspace",
            "infrastructure_encryption_enabled": false,
            "load_balancer_backend_address_pool_id": "",
            "location": "southeastasia",
            "managed_resource_group_id": "/subscriptions/3f2e4d32-8e8d-46d6-82bc-5bb8d962328b/resourceGroups/databricks-rg-adb-splunk-adb-g2qmhd-rg",
            "managed_resource_group_name": "databricks-rg-adb-splunk-adb-g2qmhd-rg",
            "managed_services_cmk_key_vault_key_id": null,
            "name": "adb-g2qmhd-workspace",
            "network_security_group_rules_required": null,
            "public_network_access_enabled": true,
            "resource_group_name": "adb-splunk-adb-g2qmhd-rg",
            "sku": "premium",
            "storage_account_identity": [],
            "tags": {
              "Environment": "Testing",
              "Epoch": "g2qmhd",
              "Owner": "hao.wang@databricks.com"
            },
            "timeouts": null,
            "workspace_id": "1441393600607444",
            "workspace_url": "adb-1441393600607444.4.azuredatabricks.net"
          },
          "sensitive_attributes": [],
          "private": "eyJlMmJmYjczMC1lY2FhLTExZTYtOGY4OC0zNDM2M2JjN2M0YzAiOnsiY3JlYXRlIjoxODAwMDAwMDAwMDAwLCJkZWxldGUiOjE4MDAwMDAwMDAwMDAsInJlYWQiOjMwMDAwMDAwMDAwMCwidXBkYXRlIjoxODAwMDAwMDAwMDAwfX0=",
          "dependencies": [
            "azurerm_network_security_group.this",
            "azurerm_subnet_network_security_group_association.public",
            "data.external.me",
            "random_string.naming",
            "azurerm_resource_group.this",
            "azurerm_subnet.private",
            "azurerm_subnet.public",
            "azurerm_subnet_network_security_group_association.private",
            "azurerm_virtual_network.this"
          ]
        }
      ]
    },
    {
      "mode": "managed",
      "type": "azurerm_linux_virtual_machine",
      "name": "example",
      "provider": "provider[\"registry.terraform.io/hashicorp/azurerm\"]",
      "instances": [
        {
          "schema_version": 0,
          "attributes": {
            "additional_capabilities": [],
            "admin_password": null,
            "admin_ssh_key": [
              {
                "public_key": "ssh-rsa AAAAB3NzaC1yc2EAAAADAQABAAACAQCr4YIPlhoy+nH0DQglCMT+nhGQyoFibaxSVKXrrzBp2lN5taomg4Vz6tWGbjli4TZbZCcUXWRG43zwlgHnlfG3AO30w999g79cw1iwNAu7Y2vP4muGi5lVWiTz86Ew3Jpz75b3Zys/0DJHejJTly9/Ft2JBIFRqRpXUVGt23M93x5F6BfVeSdtEWL2Zqb/z6k78gBM7glQXsOStiOLHWGMnaqZ5IT9CpACLQrUjQdpETFlmkIS+3Kpfh1SSAI/iLj++I8jiz+U5nJFuDsHyzsghQ5eL2k2VZkrMMhv1X2xVhB8OHiikaUPVcPU0x9f2crVnMKSXZ2LIPL/Syv2fToFH6ql6HAN46Nb9bfKZCBcAQpNOErU8BFFC2O8fg2hwiUAOoLwdZW6orkb0mw7OjasxNqR5+E4w+kAfO/QI2cwNYeZZp+O6Il+Ue1P4ri9Fwxo/AnaOcTssO8ZElJOC1GeHjvYKITc5mGfYISXJe4KRkJKyyWhkeo20LZQr07V+OoDD/5cOSVFg4rpyQSUw2aLNeCXYsyjjRAGTSPUimgJBS2ecHCzuO2bQqoSD6mmduvad4ZuaVTsktfsAGIgWePFNamxieZL52/oHjFN5mLEmZo8oODU31SGuejsaCMTiAB/1Yu8QYOEKsMkdsmjkKFk1CF6dDZG72x4HN6iL68NRQ==\n",
                "username": "azureuser"
              }
            ],
            "admin_username": "azureuser",
            "allow_extension_operations": true,
            "availability_set_id": "",
            "boot_diagnostics": [],
            "computer_name": "splunk-vm",
            "custom_data": null,
            "dedicated_host_group_id": "",
            "dedicated_host_id": "",
            "disable_password_authentication": true,
            "edge_zone": "",
            "encryption_at_host_enabled": false,
            "eviction_policy": "",
            "extensions_time_budget": "PT1H30M",
            "id": "/subscriptions/3f2e4d32-8e8d-46d6-82bc-5bb8d962328b/resourceGroups/adb-splunk-adb-g2qmhd-rg/providers/Microsoft.Compute/virtualMachines/splunk-vm",
            "identity": [],
            "license_type": "",
            "location": "southeastasia",
            "max_bid_price": -1,
            "name": "splunk-vm",
            "network_interface_ids": [
              "/subscriptions/3f2e4d32-8e8d-46d6-82bc-5bb8d962328b/resourceGroups/adb-splunk-adb-g2qmhd-rg/providers/Microsoft.Network/networkInterfaces/splunk-nic"
            ],
            "os_disk": [
              {
                "caching": "ReadWrite",
                "diff_disk_settings": [],
                "disk_encryption_set_id": "",
                "disk_size_gb": 30,
                "name": "splunk-vm_OsDisk_1_169972c5f63f4977b8f94805a2dd14a3",
                "secure_vm_disk_encryption_set_id": "",
                "security_encryption_type": "",
                "storage_account_type": "Standard_LRS",
                "write_accelerator_enabled": false
              }
            ],
            "patch_mode": "ImageDefault",
            "plan": [],
            "platform_fault_domain": -1,
            "priority": "Regular",
            "private_ip_address": "10.179.4.4",
            "private_ip_addresses": [
              "10.179.4.4"
            ],
            "provision_vm_agent": true,
            "proximity_placement_group_id": "",
            "public_ip_address": "52.230.4.229",
            "public_ip_addresses": [
              "52.230.4.229"
            ],
            "resource_group_name": "adb-splunk-adb-g2qmhd-rg",
            "secret": [],
            "secure_boot_enabled": false,
            "size": "Standard_DS4_v2",
            "source_image_id": "",
            "source_image_reference": [
              {
                "offer": "0001-com-ubuntu-server-focal",
                "publisher": "Canonical",
                "sku": "20_04-lts-gen2",
                "version": "latest"
              }
            ],
            "tags": {},
            "termination_notification": [],
            "timeouts": null,
            "user_data": "",
            "virtual_machine_id": "d71b3bec-d42c-4e33-9c8d-bcdadc176f2a",
            "virtual_machine_scale_set_id": "",
            "vtpm_enabled": false,
            "zone": ""
          },
          "sensitive_attributes": [],
          "private": "eyJlMmJmYjczMC1lY2FhLTExZTYtOGY4OC0zNDM2M2JjN2M0YzAiOnsiY3JlYXRlIjoyNzAwMDAwMDAwMDAwLCJkZWxldGUiOjI3MDAwMDAwMDAwMDAsInJlYWQiOjMwMDAwMDAwMDAwMCwidXBkYXRlIjoyNzAwMDAwMDAwMDAwfX0=",
          "dependencies": [
            "azurerm_network_interface.splunk-nic",
            "azurerm_public_ip.splunk-nic-pubip",
            "azurerm_resource_group.this",
            "azurerm_storage_blob.splunk_databricks_app_file",
            "azurerm_storage_blob.splunk_setup_file",
            "azurerm_subnet.splunksubnet",
            "local_file.private_key",
            "local_file.setupscript",
            "module.adls_content.azurerm_storage_account.personaldropbox",
            "module.adls_content.azurerm_storage_container.example_container",
            "module.adls_content.random_string.naming",
            "tls_private_key.splunk_ssh"
          ]
        }
      ]
    },
    {
      "mode": "managed",
      "type": "azurerm_network_interface",
      "name": "splunk-nic",
      "provider": "provider[\"registry.terraform.io/hashicorp/azurerm\"]",
      "instances": [
        {
          "schema_version": 0,
          "attributes": {
            "applied_dns_servers": [],
            "dns_servers": [],
            "edge_zone": "",
            "enable_accelerated_networking": false,
            "enable_ip_forwarding": false,
            "id": "/subscriptions/3f2e4d32-8e8d-46d6-82bc-5bb8d962328b/resourceGroups/adb-splunk-adb-g2qmhd-rg/providers/Microsoft.Network/networkInterfaces/splunk-nic",
            "internal_dns_name_label": "",
            "internal_domain_name_suffix": "gm4yzcfytlvend3t3c0oysfmbh.ix.internal.cloudapp.net",
            "ip_configuration": [
              {
                "gateway_load_balancer_frontend_ip_configuration_id": "",
                "name": "internal",
                "primary": true,
                "private_ip_address": "10.179.4.4",
                "private_ip_address_allocation": "Dynamic",
                "private_ip_address_version": "IPv4",
                "public_ip_address_id": "/subscriptions/3f2e4d32-8e8d-46d6-82bc-5bb8d962328b/resourceGroups/adb-splunk-adb-g2qmhd-rg/providers/Microsoft.Network/publicIPAddresses/splunk-nic-pubip",
                "subnet_id": "/subscriptions/3f2e4d32-8e8d-46d6-82bc-5bb8d962328b/resourceGroups/adb-splunk-adb-g2qmhd-rg/providers/Microsoft.Network/virtualNetworks/adb-g2qmhd-vnet/subnets/adb-g2qmhd-splunk"
              }
            ],
            "location": "southeastasia",
            "mac_address": "00-22-48-58-69-68",
            "name": "splunk-nic",
            "private_ip_address": "10.179.4.4",
            "private_ip_addresses": [
              "10.179.4.4"
            ],
            "resource_group_name": "adb-splunk-adb-g2qmhd-rg",
            "tags": {},
            "timeouts": null,
            "virtual_machine_id": "/subscriptions/3f2e4d32-8e8d-46d6-82bc-5bb8d962328b/resourceGroups/adb-splunk-adb-g2qmhd-rg/providers/Microsoft.Compute/virtualMachines/splunk-vm"
          },
          "sensitive_attributes": [],
          "private": "eyJlMmJmYjczMC1lY2FhLTExZTYtOGY4OC0zNDM2M2JjN2M0YzAiOnsiY3JlYXRlIjoxODAwMDAwMDAwMDAwLCJkZWxldGUiOjE4MDAwMDAwMDAwMDAsInJlYWQiOjMwMDAwMDAwMDAwMCwidXBkYXRlIjoxODAwMDAwMDAwMDAwfX0=",
          "dependencies": [
            "azurerm_public_ip.splunk-nic-pubip",
            "azurerm_resource_group.this",
            "azurerm_subnet.splunksubnet"
          ]
        }
      ]
    },
    {
      "mode": "managed",
      "type": "azurerm_network_security_group",
      "name": "this",
      "provider": "provider[\"registry.terraform.io/hashicorp/azurerm\"]",
      "instances": [
        {
          "schema_version": 0,
          "attributes": {
            "id": "/subscriptions/3f2e4d32-8e8d-46d6-82bc-5bb8d962328b/resourceGroups/adb-splunk-adb-g2qmhd-rg/providers/Microsoft.Network/networkSecurityGroups/adb-g2qmhd-nsg",
            "location": "southeastasia",
            "name": "adb-g2qmhd-nsg",
            "resource_group_name": "adb-splunk-adb-g2qmhd-rg",
            "security_rule": [
              {
                "access": "Allow",
                "description": "Required for worker communication with Azure Eventhub services.",
                "destination_address_prefix": "EventHub",
                "destination_address_prefixes": [],
                "destination_application_security_group_ids": [],
                "destination_port_range": "9093",
                "destination_port_ranges": [],
                "direction": "Outbound",
                "name": "Microsoft.Databricks-workspaces_UseOnly_databricks-worker-to-eventhub",
                "priority": 104,
                "protocol": "tcp",
                "source_address_prefix": "VirtualNetwork",
                "source_address_prefixes": [],
                "source_application_security_group_ids": [],
                "source_port_range": "*",
                "source_port_ranges": []
              },
              {
                "access": "Allow",
                "description": "Required for worker nodes communication within a cluster.",
                "destination_address_prefix": "VirtualNetwork",
                "destination_address_prefixes": [],
                "destination_application_security_group_ids": [],
                "destination_port_range": "*",
                "destination_port_ranges": [],
                "direction": "Inbound",
                "name": "Microsoft.Databricks-workspaces_UseOnly_databricks-worker-to-worker-inbound",
                "priority": 100,
                "protocol": "*",
                "source_address_prefix": "VirtualNetwork",
                "source_address_prefixes": [],
                "source_application_security_group_ids": [],
                "source_port_range": "*",
                "source_port_ranges": []
              },
              {
                "access": "Allow",
                "description": "Required for worker nodes communication within a cluster.",
                "destination_address_prefix": "VirtualNetwork",
                "destination_address_prefixes": [],
                "destination_application_security_group_ids": [],
                "destination_port_range": "*",
                "destination_port_ranges": [],
                "direction": "Outbound",
                "name": "Microsoft.Databricks-workspaces_UseOnly_databricks-worker-to-worker-outbound",
                "priority": 103,
                "protocol": "*",
                "source_address_prefix": "VirtualNetwork",
                "source_address_prefixes": [],
                "source_application_security_group_ids": [],
                "source_port_range": "*",
                "source_port_ranges": []
              },
              {
                "access": "Allow",
                "description": "Required for workers communication with Azure SQL services.",
                "destination_address_prefix": "Sql",
                "destination_address_prefixes": [],
                "destination_application_security_group_ids": [],
                "destination_port_range": "3306",
                "destination_port_ranges": [],
                "direction": "Outbound",
                "name": "Microsoft.Databricks-workspaces_UseOnly_databricks-worker-to-sql",
                "priority": 101,
                "protocol": "tcp",
                "source_address_prefix": "VirtualNetwork",
                "source_address_prefixes": [],
                "source_application_security_group_ids": [],
                "source_port_range": "*",
                "source_port_ranges": []
              },
              {
                "access": "Allow",
                "description": "Required for workers communication with Azure Storage services.",
                "destination_address_prefix": "Storage",
                "destination_address_prefixes": [],
                "destination_application_security_group_ids": [],
                "destination_port_range": "443",
                "destination_port_ranges": [],
                "direction": "Outbound",
                "name": "Microsoft.Databricks-workspaces_UseOnly_databricks-worker-to-storage",
                "priority": 102,
                "protocol": "tcp",
                "source_address_prefix": "VirtualNetwork",
                "source_address_prefixes": [],
                "source_application_security_group_ids": [],
                "source_port_range": "*",
                "source_port_ranges": []
              },
              {
                "access": "Allow",
                "description": "Required for workers communication with Databricks Webapp.",
                "destination_address_prefix": "AzureDatabricks",
                "destination_address_prefixes": [],
                "destination_application_security_group_ids": [],
                "destination_port_range": "443",
                "destination_port_ranges": [],
                "direction": "Outbound",
                "name": "Microsoft.Databricks-workspaces_UseOnly_databricks-worker-to-databricks-webapp",
                "priority": 100,
                "protocol": "tcp",
                "source_address_prefix": "VirtualNetwork",
                "source_address_prefixes": [],
                "source_application_security_group_ids": [],
                "source_port_range": "*",
                "source_port_ranges": []
              }
            ],
            "tags": {
              "Environment": "Testing",
              "Epoch": "g2qmhd",
              "Owner": "hao.wang@databricks.com"
            },
            "timeouts": null
          },
          "sensitive_attributes": [],
          "private": "eyJlMmJmYjczMC1lY2FhLTExZTYtOGY4OC0zNDM2M2JjN2M0YzAiOnsiY3JlYXRlIjoxODAwMDAwMDAwMDAwLCJkZWxldGUiOjE4MDAwMDAwMDAwMDAsInJlYWQiOjMwMDAwMDAwMDAwMCwidXBkYXRlIjoxODAwMDAwMDAwMDAwfX0=",
          "dependencies": [
            "azurerm_resource_group.this",
            "data.external.me",
            "random_string.naming"
          ]
        }
      ]
    },
    {
      "mode": "managed",
      "type": "azurerm_public_ip",
      "name": "splunk-nic-pubip",
      "provider": "provider[\"registry.terraform.io/hashicorp/azurerm\"]",
      "instances": [
        {
          "schema_version": 0,
          "attributes": {
            "allocation_method": "Static",
            "domain_name_label": null,
            "edge_zone": "",
            "fqdn": null,
            "id": "/subscriptions/3f2e4d32-8e8d-46d6-82bc-5bb8d962328b/resourceGroups/adb-splunk-adb-g2qmhd-rg/providers/Microsoft.Network/publicIPAddresses/splunk-nic-pubip",
            "idle_timeout_in_minutes": 4,
            "ip_address": "52.230.4.229",
            "ip_tags": {},
            "ip_version": "IPv4",
            "location": "southeastasia",
            "name": "splunk-nic-pubip",
            "public_ip_prefix_id": null,
            "resource_group_name": "adb-splunk-adb-g2qmhd-rg",
            "reverse_fqdn": null,
            "sku": "Basic",
            "sku_tier": "Regional",
            "tags": {},
            "timeouts": null,
            "zones": []
          },
          "sensitive_attributes": [],
          "private": "eyJlMmJmYjczMC1lY2FhLTExZTYtOGY4OC0zNDM2M2JjN2M0YzAiOnsiY3JlYXRlIjoxODAwMDAwMDAwMDAwLCJkZWxldGUiOjE4MDAwMDAwMDAwMDAsInJlYWQiOjMwMDAwMDAwMDAwMCwidXBkYXRlIjoxODAwMDAwMDAwMDAwfX0=",
          "dependencies": [
            "azurerm_resource_group.this"
          ]
        }
      ]
    },
    {
      "mode": "managed",
      "type": "azurerm_resource_group",
      "name": "this",
      "provider": "provider[\"registry.terraform.io/hashicorp/azurerm\"]",
      "instances": [
        {
          "schema_version": 0,
          "attributes": {
            "id": "/subscriptions/3f2e4d32-8e8d-46d6-82bc-5bb8d962328b/resourceGroups/adb-splunk-adb-g2qmhd-rg",
            "location": "southeastasia",
            "name": "adb-splunk-adb-g2qmhd-rg",
            "tags": {
              "Environment": "Testing",
              "Epoch": "g2qmhd",
              "Owner": "hao.wang@databricks.com"
            },
            "timeouts": null
          },
          "sensitive_attributes": [],
          "private": "eyJlMmJmYjczMC1lY2FhLTExZTYtOGY4OC0zNDM2M2JjN2M0YzAiOnsiY3JlYXRlIjo1NDAwMDAwMDAwMDAwLCJkZWxldGUiOjU0MDAwMDAwMDAwMDAsInJlYWQiOjMwMDAwMDAwMDAwMCwidXBkYXRlIjo1NDAwMDAwMDAwMDAwfX0=",
          "dependencies": [
            "data.external.me",
            "random_string.naming"
          ]
        }
      ]
    },
    {
      "mode": "managed",
      "type": "azurerm_storage_blob",
      "name": "splunk_databricks_app_file",
      "provider": "provider[\"registry.terraform.io/hashicorp/azurerm\"]",
      "instances": [
        {
          "schema_version": 1,
          "attributes": {
            "access_tier": "Hot",
            "cache_control": "",
            "content_md5": "",
            "content_type": "application/octet-stream",
            "id": "https://adls5a0e9o.blob.core.windows.net/cnt1/databricks-add-on-for-splunk_110.tgz",
            "metadata": {},
            "name": "databricks-add-on-for-splunk_110.tgz",
            "parallelism": 8,
            "size": 0,
            "source": "./artifacts/databricks-add-on-for-splunk_110.tgz",
            "source_content": null,
            "source_uri": null,
            "storage_account_name": "adls5a0e9o",
            "storage_container_name": "cnt1",
            "timeouts": null,
            "type": "Block",
            "url": "https://adls5a0e9o.blob.core.windows.net/cnt1/databricks-add-on-for-splunk_110.tgz"
          },
          "sensitive_attributes": [],
          "private": "eyJlMmJmYjczMC1lY2FhLTExZTYtOGY4OC0zNDM2M2JjN2M0YzAiOnsiY3JlYXRlIjoxODAwMDAwMDAwMDAwLCJkZWxldGUiOjE4MDAwMDAwMDAwMDAsInJlYWQiOjMwMDAwMDAwMDAwMCwidXBkYXRlIjoxODAwMDAwMDAwMDAwfSwic2NoZW1hX3ZlcnNpb24iOiIxIn0=",
          "dependencies": [
            "random_string.naming",
            "azurerm_resource_group.this",
            "data.external.me",
            "local_file.setupscript",
            "module.adls_content.azurerm_storage_account.personaldropbox",
            "module.adls_content.azurerm_storage_container.example_container",
            "module.adls_content.random_string.naming"
          ]
        }
      ]
    },
    {
      "mode": "managed",
      "type": "azurerm_storage_blob",
      "name": "splunk_setup_file",
      "provider": "provider[\"registry.terraform.io/hashicorp/azurerm\"]",
      "instances": [
        {
          "schema_version": 1,
          "attributes": {
            "access_tier": "Hot",
            "cache_control": "",
            "content_md5": "",
            "content_type": "application/octet-stream",
            "id": "https://adls5a0e9o.blob.core.windows.net/cnt1/splunk_setup.sh",
            "metadata": {},
            "name": "splunk_setup.sh",
            "parallelism": 8,
            "size": 0,
            "source": "./splunk_setup.sh",
            "source_content": null,
            "source_uri": null,
            "storage_account_name": "adls5a0e9o",
            "storage_container_name": "cnt1",
            "timeouts": null,
            "type": "Block",
            "url": "https://adls5a0e9o.blob.core.windows.net/cnt1/splunk_setup.sh"
          },
          "sensitive_attributes": [],
          "private": "eyJlMmJmYjczMC1lY2FhLTExZTYtOGY4OC0zNDM2M2JjN2M0YzAiOnsiY3JlYXRlIjoxODAwMDAwMDAwMDAwLCJkZWxldGUiOjE4MDAwMDAwMDAwMDAsInJlYWQiOjMwMDAwMDAwMDAwMCwidXBkYXRlIjoxODAwMDAwMDAwMDAwfSwic2NoZW1hX3ZlcnNpb24iOiIxIn0=",
          "dependencies": [
            "module.adls_content.random_string.naming",
            "random_string.naming",
            "azurerm_resource_group.this",
            "data.external.me",
            "local_file.setupscript",
            "module.adls_content.azurerm_storage_account.personaldropbox",
            "module.adls_content.azurerm_storage_container.example_container"
          ]
        }
      ]
    },
    {
      "mode": "managed",
      "type": "azurerm_subnet",
      "name": "private",
      "provider": "provider[\"registry.terraform.io/hashicorp/azurerm\"]",
      "instances": [
        {
          "schema_version": 0,
          "attributes": {
            "address_prefixes": [
              "10.179.2.0/23"
            ],
            "delegation": [
              {
                "name": "databricks",
                "service_delegation": [
                  {
                    "actions": [
                      "Microsoft.Network/virtualNetworks/subnets/join/action",
                      "Microsoft.Network/virtualNetworks/subnets/prepareNetworkPolicies/action",
                      "Microsoft.Network/virtualNetworks/subnets/unprepareNetworkPolicies/action"
                    ],
                    "name": "Microsoft.Databricks/workspaces"
                  }
                ]
              }
            ],
            "enforce_private_link_endpoint_network_policies": true,
            "enforce_private_link_service_network_policies": true,
            "id": "/subscriptions/3f2e4d32-8e8d-46d6-82bc-5bb8d962328b/resourceGroups/adb-splunk-adb-g2qmhd-rg/providers/Microsoft.Network/virtualNetworks/adb-g2qmhd-vnet/subnets/adb-g2qmhd-private",
            "name": "adb-g2qmhd-private",
            "resource_group_name": "adb-splunk-adb-g2qmhd-rg",
            "service_endpoint_policy_ids": [],
            "service_endpoints": [],
            "timeouts": null,
            "virtual_network_name": "adb-g2qmhd-vnet"
          },
          "sensitive_attributes": [],
          "private": "eyJlMmJmYjczMC1lY2FhLTExZTYtOGY4OC0zNDM2M2JjN2M0YzAiOnsiY3JlYXRlIjoxODAwMDAwMDAwMDAwLCJkZWxldGUiOjE4MDAwMDAwMDAwMDAsInJlYWQiOjMwMDAwMDAwMDAwMCwidXBkYXRlIjoxODAwMDAwMDAwMDAwfX0=",
          "dependencies": [
            "azurerm_resource_group.this",
            "azurerm_virtual_network.this",
            "data.external.me",
            "random_string.naming"
          ]
        }
      ]
    },
    {
      "mode": "managed",
      "type": "azurerm_subnet",
      "name": "public",
      "provider": "provider[\"registry.terraform.io/hashicorp/azurerm\"]",
      "instances": [
        {
          "schema_version": 0,
          "attributes": {
            "address_prefixes": [
              "10.179.0.0/23"
            ],
            "delegation": [
              {
                "name": "databricks",
                "service_delegation": [
                  {
                    "actions": [
                      "Microsoft.Network/virtualNetworks/subnets/join/action",
                      "Microsoft.Network/virtualNetworks/subnets/prepareNetworkPolicies/action",
                      "Microsoft.Network/virtualNetworks/subnets/unprepareNetworkPolicies/action"
                    ],
                    "name": "Microsoft.Databricks/workspaces"
                  }
                ]
              }
            ],
            "enforce_private_link_endpoint_network_policies": false,
            "enforce_private_link_service_network_policies": false,
            "id": "/subscriptions/3f2e4d32-8e8d-46d6-82bc-5bb8d962328b/resourceGroups/adb-splunk-adb-g2qmhd-rg/providers/Microsoft.Network/virtualNetworks/adb-g2qmhd-vnet/subnets/adb-g2qmhd-public",
            "name": "adb-g2qmhd-public",
            "resource_group_name": "adb-splunk-adb-g2qmhd-rg",
            "service_endpoint_policy_ids": [],
            "service_endpoints": [],
            "timeouts": null,
            "virtual_network_name": "adb-g2qmhd-vnet"
          },
          "sensitive_attributes": [],
          "private": "eyJlMmJmYjczMC1lY2FhLTExZTYtOGY4OC0zNDM2M2JjN2M0YzAiOnsiY3JlYXRlIjoxODAwMDAwMDAwMDAwLCJkZWxldGUiOjE4MDAwMDAwMDAwMDAsInJlYWQiOjMwMDAwMDAwMDAwMCwidXBkYXRlIjoxODAwMDAwMDAwMDAwfX0=",
          "dependencies": [
            "random_string.naming",
            "azurerm_resource_group.this",
            "azurerm_virtual_network.this",
            "data.external.me"
          ]
        }
      ]
    },
    {
      "mode": "managed",
      "type": "azurerm_subnet",
      "name": "splunksubnet",
      "provider": "provider[\"registry.terraform.io/hashicorp/azurerm\"]",
      "instances": [
        {
          "schema_version": 0,
          "attributes": {
            "address_prefixes": [
              "10.179.4.0/23"
            ],
            "delegation": [],
            "enforce_private_link_endpoint_network_policies": false,
            "enforce_private_link_service_network_policies": false,
            "id": "/subscriptions/3f2e4d32-8e8d-46d6-82bc-5bb8d962328b/resourceGroups/adb-splunk-adb-g2qmhd-rg/providers/Microsoft.Network/virtualNetworks/adb-g2qmhd-vnet/subnets/adb-g2qmhd-splunk",
            "name": "adb-g2qmhd-splunk",
            "resource_group_name": "adb-splunk-adb-g2qmhd-rg",
            "service_endpoint_policy_ids": [],
            "service_endpoints": [],
            "timeouts": null,
            "virtual_network_name": "adb-g2qmhd-vnet"
          },
          "sensitive_attributes": [],
          "private": "eyJlMmJmYjczMC1lY2FhLTExZTYtOGY4OC0zNDM2M2JjN2M0YzAiOnsiY3JlYXRlIjoxODAwMDAwMDAwMDAwLCJkZWxldGUiOjE4MDAwMDAwMDAwMDAsInJlYWQiOjMwMDAwMDAwMDAwMCwidXBkYXRlIjoxODAwMDAwMDAwMDAwfX0=",
          "dependencies": [
            "azurerm_resource_group.this",
            "azurerm_virtual_network.this",
            "data.external.me",
            "random_string.naming"
          ]
        }
      ]
    },
    {
      "mode": "managed",
      "type": "azurerm_subnet_network_security_group_association",
      "name": "private",
      "provider": "provider[\"registry.terraform.io/hashicorp/azurerm\"]",
      "instances": [
        {
          "schema_version": 0,
          "attributes": {
            "id": "/subscriptions/3f2e4d32-8e8d-46d6-82bc-5bb8d962328b/resourceGroups/adb-splunk-adb-g2qmhd-rg/providers/Microsoft.Network/virtualNetworks/adb-g2qmhd-vnet/subnets/adb-g2qmhd-private",
            "network_security_group_id": "/subscriptions/3f2e4d32-8e8d-46d6-82bc-5bb8d962328b/resourceGroups/adb-splunk-adb-g2qmhd-rg/providers/Microsoft.Network/networkSecurityGroups/adb-g2qmhd-nsg",
            "subnet_id": "/subscriptions/3f2e4d32-8e8d-46d6-82bc-5bb8d962328b/resourceGroups/adb-splunk-adb-g2qmhd-rg/providers/Microsoft.Network/virtualNetworks/adb-g2qmhd-vnet/subnets/adb-g2qmhd-private",
            "timeouts": null
          },
          "sensitive_attributes": [],
          "private": "eyJlMmJmYjczMC1lY2FhLTExZTYtOGY4OC0zNDM2M2JjN2M0YzAiOnsiY3JlYXRlIjoxODAwMDAwMDAwMDAwLCJkZWxldGUiOjE4MDAwMDAwMDAwMDAsInJlYWQiOjMwMDAwMDAwMDAwMCwidXBkYXRlIjoxODAwMDAwMDAwMDAwfX0=",
          "dependencies": [
            "azurerm_network_security_group.this",
            "azurerm_resource_group.this",
            "azurerm_subnet.private",
            "azurerm_virtual_network.this",
            "data.external.me",
            "random_string.naming"
          ]
        }
      ]
    },
    {
      "mode": "managed",
      "type": "azurerm_subnet_network_security_group_association",
      "name": "public",
      "provider": "provider[\"registry.terraform.io/hashicorp/azurerm\"]",
      "instances": [
        {
          "schema_version": 0,
          "attributes": {
            "id": "/subscriptions/3f2e4d32-8e8d-46d6-82bc-5bb8d962328b/resourceGroups/adb-splunk-adb-g2qmhd-rg/providers/Microsoft.Network/virtualNetworks/adb-g2qmhd-vnet/subnets/adb-g2qmhd-public",
            "network_security_group_id": "/subscriptions/3f2e4d32-8e8d-46d6-82bc-5bb8d962328b/resourceGroups/adb-splunk-adb-g2qmhd-rg/providers/Microsoft.Network/networkSecurityGroups/adb-g2qmhd-nsg",
            "subnet_id": "/subscriptions/3f2e4d32-8e8d-46d6-82bc-5bb8d962328b/resourceGroups/adb-splunk-adb-g2qmhd-rg/providers/Microsoft.Network/virtualNetworks/adb-g2qmhd-vnet/subnets/adb-g2qmhd-public",
            "timeouts": null
          },
          "sensitive_attributes": [],
          "private": "eyJlMmJmYjczMC1lY2FhLTExZTYtOGY4OC0zNDM2M2JjN2M0YzAiOnsiY3JlYXRlIjoxODAwMDAwMDAwMDAwLCJkZWxldGUiOjE4MDAwMDAwMDAwMDAsInJlYWQiOjMwMDAwMDAwMDAwMCwidXBkYXRlIjoxODAwMDAwMDAwMDAwfX0=",
          "dependencies": [
            "azurerm_network_security_group.this",
            "azurerm_resource_group.this",
            "azurerm_subnet.public",
            "azurerm_virtual_network.this",
            "data.external.me",
            "random_string.naming"
          ]
        }
      ]
    },
    {
      "mode": "managed",
      "type": "azurerm_virtual_machine_extension",
      "name": "splunksetupagent",
      "provider": "provider[\"registry.terraform.io/hashicorp/azurerm\"]",
      "instances": [
        {
          "schema_version": 0,
          "attributes": {
            "auto_upgrade_minor_version": false,
            "automatic_upgrade_enabled": false,
            "id": "/subscriptions/3f2e4d32-8e8d-46d6-82bc-5bb8d962328b/resourceGroups/adb-splunk-adb-g2qmhd-rg/providers/Microsoft.Compute/virtualMachines/splunk-vm/extensions/hwangagent",
            "name": "hwangagent",
            "protected_settings": null,
            "publisher": "Microsoft.Azure.Extensions",
            "settings": "{\"commandToExecute\":\"sudo sh splunk_setup.sh\",\"fileUris\":[\"https://adls5a0e9o.blob.core.windows.net/cnt1/splunk_setup.sh\"]}",
            "tags": null,
            "timeouts": null,
            "type": "CustomScript",
            "type_handler_version": "2.1",
            "virtual_machine_id": "/subscriptions/3f2e4d32-8e8d-46d6-82bc-5bb8d962328b/resourceGroups/adb-splunk-adb-g2qmhd-rg/providers/Microsoft.Compute/virtualMachines/splunk-vm"
          },
          "sensitive_attributes": [],
          "private": "eyJlMmJmYjczMC1lY2FhLTExZTYtOGY4OC0zNDM2M2JjN2M0YzAiOnsiY3JlYXRlIjoxODAwMDAwMDAwMDAwLCJkZWxldGUiOjE4MDAwMDAwMDAwMDAsInJlYWQiOjMwMDAwMDAwMDAwMCwidXBkYXRlIjoxODAwMDAwMDAwMDAwfX0=",
          "dependencies": [
            "azurerm_linux_virtual_machine.example",
            "azurerm_network_interface.splunk-nic",
            "azurerm_public_ip.splunk-nic-pubip",
            "azurerm_resource_group.this",
            "azurerm_storage_blob.splunk_databricks_app_file",
            "azurerm_storage_blob.splunk_setup_file",
            "azurerm_subnet.splunksubnet",
            "local_file.private_key",
            "local_file.setupscript",
            "module.adls_content.azurerm_storage_account.personaldropbox",
            "module.adls_content.azurerm_storage_container.example_container",
            "module.adls_content.random_string.naming",
            "tls_private_key.splunk_ssh"
          ]
        }
      ]
    },
    {
      "mode": "managed",
      "type": "azurerm_virtual_network",
      "name": "this",
      "provider": "provider[\"registry.terraform.io/hashicorp/azurerm\"]",
      "instances": [
        {
          "schema_version": 0,
          "attributes": {
            "address_space": [
              "10.179.0.0/20"
            ],
            "bgp_community": "",
            "ddos_protection_plan": [],
            "dns_servers": [],
            "edge_zone": "",
            "flow_timeout_in_minutes": 0,
            "guid": "888c3d33-9ab8-46ea-8fb3-e8b4ec48ac0f",
            "id": "/subscriptions/3f2e4d32-8e8d-46d6-82bc-5bb8d962328b/resourceGroups/adb-splunk-adb-g2qmhd-rg/providers/Microsoft.Network/virtualNetworks/adb-g2qmhd-vnet",
            "location": "southeastasia",
            "name": "adb-g2qmhd-vnet",
            "resource_group_name": "adb-splunk-adb-g2qmhd-rg",
            "subnet": [
              {
                "address_prefix": "10.179.0.0/23",
                "id": "/subscriptions/3f2e4d32-8e8d-46d6-82bc-5bb8d962328b/resourceGroups/adb-splunk-adb-g2qmhd-rg/providers/Microsoft.Network/virtualNetworks/adb-g2qmhd-vnet/subnets/adb-g2qmhd-public",
                "name": "adb-g2qmhd-public",
                "security_group": "/subscriptions/3f2e4d32-8e8d-46d6-82bc-5bb8d962328b/resourceGroups/adb-splunk-adb-g2qmhd-rg/providers/Microsoft.Network/networkSecurityGroups/adb-g2qmhd-nsg"
              },
              {
                "address_prefix": "10.179.2.0/23",
                "id": "/subscriptions/3f2e4d32-8e8d-46d6-82bc-5bb8d962328b/resourceGroups/adb-splunk-adb-g2qmhd-rg/providers/Microsoft.Network/virtualNetworks/adb-g2qmhd-vnet/subnets/adb-g2qmhd-private",
                "name": "adb-g2qmhd-private",
                "security_group": "/subscriptions/3f2e4d32-8e8d-46d6-82bc-5bb8d962328b/resourceGroups/adb-splunk-adb-g2qmhd-rg/providers/Microsoft.Network/networkSecurityGroups/adb-g2qmhd-nsg"
              },
              {
                "address_prefix": "10.179.4.0/23",
                "id": "/subscriptions/3f2e4d32-8e8d-46d6-82bc-5bb8d962328b/resourceGroups/adb-splunk-adb-g2qmhd-rg/providers/Microsoft.Network/virtualNetworks/adb-g2qmhd-vnet/subnets/adb-g2qmhd-splunk",
                "name": "adb-g2qmhd-splunk",
                "security_group": "/subscriptions/3f2e4d32-8e8d-46d6-82bc-5bb8d962328b/resourceGroups/adb-splunk-adb-g2qmhd-rg/providers/Microsoft.Network/networkSecurityGroups/public-vm-nsg"
              }
            ],
            "tags": {
              "Environment": "Testing",
              "Epoch": "g2qmhd",
              "Owner": "hao.wang@databricks.com"
            },
            "timeouts": null
          },
          "sensitive_attributes": [],
          "private": "eyJlMmJmYjczMC1lY2FhLTExZTYtOGY4OC0zNDM2M2JjN2M0YzAiOnsiY3JlYXRlIjoxODAwMDAwMDAwMDAwLCJkZWxldGUiOjE4MDAwMDAwMDAwMDAsInJlYWQiOjMwMDAwMDAwMDAwMCwidXBkYXRlIjoxODAwMDAwMDAwMDAwfX0=",
          "dependencies": [
            "azurerm_resource_group.this",
            "data.external.me",
            "random_string.naming"
          ]
        }
      ]
    },
    {
      "mode": "managed",
      "type": "local_file",
      "name": "private_key",
      "provider": "provider[\"registry.terraform.io/hashicorp/local\"]",
      "instances": [
        {
          "schema_version": 0,
          "attributes": {
            "content": "-----BEGIN RSA PRIVATE KEY-----\nMIIJKAIBAAKCAgEAq+GCD5YaMvpx9A0IJQjE/p4RkMqBYm2sUlSl668wadpTebWq\nJoOFc+rVhm45YuE2W2QnFF1kRuN88JYB55XxtwDt9MPffYO/XMNYsDQLu2Nrz+Jr\nhouZVVok8/OhMNyac++W92crP9AyR3oyU5cvfxbdiQSBUakaV1FRrdtzPd8eRegX\n1XknbRFi9mam/8+pO/IATO4JUF7DkrYjix1hjJ2qmeSE/QqQAi0K1I0HaRExZZpC\nEvtyqX4dUkgCP4i4/viPI4s/lOZyRbg7B8s7IIUOXi9pNlWZKzDIb9V9sVYQfDh4\nopGlD1XD1NMfX9nK1ZzCkl2diyDy/0sr9n06BR+qpehwDeOjW/W3ymQgXAEKTThK\n1PARRQtjvH4NocIlADqC8HWVuqK5G9JsOzo2rMTakefhOMPpAHzv0CNnMDWHmWaf\njuiJflHtT+K4vRcMaPwJ2jnE7LDvGRJSTgtRnh472CiE3OZhn2CElyXuCkZCSssl\noZHqNtC2UK9O1fjqAw/+XDklRYOK6ckElMNmizXgl2LMo40QBk0j1IpoCQUtnnBw\ns7jtm0KqEg+ppnbr2neGbmlU7JLX7ABiIFnjxTWpsYnmS+dv6B4xTeZixJmaPKDg\n1N9Uhrno7GgjE4gAf9WLvEGDhCrDJHbJo5ChZNQhenQ2Ru9seBzeoi+vDUUCAwEA\nAQKCAgB6NIfIlSxjenVy06Eq06Vccv6CN7juRpPypYSioZiGalhXfLZRU8matSjD\nv7LFfuKq7/ZpIE2fqTa3x6/q/E0zlFGbaXiJQRbZ2XpBLX/556JL1+wjaTXH3aPQ\nXzQIDZEzRPHNTWkOofRdpaAKlr+KWLOCK9XWPakg1AyC1DiHkQ9xHKd1fAJwJaB7\nGFk8IGVu3Y0hJU0x+26J7T4wNt+YnrEhYby8PLpPEb9ViD/wj+zTFG5OGMFZiPVH\n/zK6AXemsQr0dpjqQT6WG3q8+946LOAeTw87NnkEoFaiTORlJY/rAiujSnJVCOGH\ne+Qevjbc0ev1LOJKfU7H/KZxRm/s8mEoCEkn6VOeBSk6FZqdNeNrQdVxgRXlSsfC\nutV+8qx3nh5UHLUx/gU+DOD9FiVu3nB5By+8HxXFmy+REED7eTHjtJs0Ga2mhLM8\nQTzJFF6q24mom4RlQKNSkMA4xYwxoOYErkeTOiuawOE+xEoAJLskYWY/zeHOa3XG\nBh2spifemBGYEvmgE6fIDX4QTTHyBZN7B8wNh3fmzRlUaB4MGwTmEuLWS+/srVSZ\nuhx6M+qF/pOn4Kvqi2QFL3OQrTG66jUF4kitXA6RW9dSRhLJ9WfmHkr2dw7bsaIT\nYaHVgCs5YhrxPKgLF+frf49z3EUYfVREHvqGbIZfVUF9mhQBMQKCAQEA0pK3gtlj\ntoCfd1YIaqfuAFd4vjo9es9+0Z3CwzQxqWQMZd6Fe3CZv4pK4vKv2Ir9OfYYmuuF\n0mE3pPskZDBF9KyAFyMWX6L6nZdf46mCWFjebnZbnis4vxTTn5w92r/yRv8/ce83\nWmXTSu2Bki1KN7ahVwFyn0RPJrN613mXsWhf7SydXBmcwpL7iVnnTWYmt7iGJYUd\nAXqxvIbAPzITiwueXhsHtW6/L8JCIjmdKAyecoISnqtUS8v/MhPVX5s6HdRxNnK3\ncgARAN117X4iA63XXF2VeAG4iT7dnb6ToMB2C4VNR8g707h7oD7V11SYofqf79OJ\nqkTif3XYLRIASwKCAQEA0PXxYK5rfJqepVPlGUm8pw3vzukripO7dCLcPuF4qpzP\npMod3kAIzk9L5vmtL4HcC4Acm26uceHy5pA9E3tUCNTJad0S9Mss0eJLN3dtdaHP\ni8VyDZApOccAqZH99jeS2RAKz8ou7pjPxg787vi+N8E2L5VU90ETp0NTvrdGTTID\nes+MEs/SyX75wdd6IPapUx513z+g/DQB7duMlU0CuQuDP5QZgWgWyYUqoUzZ0MTa\nQ4ISD1bLBjPwvhVUfTnXOAGkfzxguQ7O0PqLAQ/4zAS5zDs6S0ZO0E+qE1i/RYB2\nt7H7ml6+EQJVdqTkeHyzkb5qPsXScDk1x2xVYp5OrwKCAQAs9PYJEbCgPkXNjKiv\nXLsLh6FXu8d0eOhyiGQUmQghSiL7fM6y1A9/PV9PpNC2QrZdsZT/PlmL2QWwS44x\ndbz5x/pw9iTItlsbWj42tPIHOrICk3JsCn5LDX9BDHKISYLIdaZuBMykmCjMTnjj\nZJf73RoFIWH/bu4XLSqE5ojkb4xLbsMJ7s3xHMBnSrJ/a9fIUbUSPaE7t55Kydox\no9dYUFq3bL3wlnxrDeZguDw9WLRbbjnbdmjA5gTOBD4B83os9DZXkZZo2GrI7H9I\n/Sz17B+WsMRAot1rL+jQzOdn4q9RNlyRfsaHJVP/mmq9Vmpf6spKwbcaiypwXBCT\nTsyRAoIBAQCEEX2umm6rAVqVqZGZywXmG6PehXaUjkyi2UmUoJLQWm3OfEQmbRhj\ntLCHWnSAGzZFOoJaJrkwlxsbaDyB7KevMTXfp+9MMoGwYbMiamQPPebcMz2jnuK/\ndqxPgEsf6/3vHPmIXQQOnxxq1Jw+OY6X1JD3wA1EfKf8RkxOtK1FKwASBc1FMn7K\nBWu7fQHehad9NjpPkHqiDAjQGbwfvN2ksMcSTvtT08LbOUQ5UEY2ccR1eGcLtNJ6\nqCdXLEoLH5yL9FXQaQvEyrwiTse+MycPY0k+8IwmeVhkxoT611OEjO37qg0Ygxrj\nyzLS2uLf2Ajya4PhCsy3SyFXWnwY6W9XAoIBADbPzNljtx3Nm9DiY+AWm5pVxh4t\nGrgahZiVxiVI9OkcxYn+0pmnxDBohXFsSzLGG9YCjUOJSWbMrzOQQUDfMszZvNau\nf2++uJGsiFJ68Xka+MJmb57YpdyHp2E1gmPpzby0RFpqx6Rx01JUKm9PrwPnTOBW\n1Bzcwl14Sx+Q6kLceaXcIQJfQOZN7zJ/XuYWdnxzASJTjiePh5oKcyZj5ECdEYL1\nD+Dvo5C9rLHEN1SDCq+61FVRrgoUk99286ehnHSw3HcjpZVRvdx0a3dkxIYLO83I\nmNYLfr2a3AIYKLa95JFZLjG3JBE7C8mb0odbJ3YZCQexTwESsbhbAtk+MHk=\n-----END RSA PRIVATE KEY-----\n",
            "content_base64": null,
            "directory_permission": "0777",
            "file_permission": "0600",
            "filename": "ssh_private.pem",
            "id": "b2af099e5a82ce219217a82d58c08be1eccb8142",
            "sensitive_content": null,
            "source": null
          },
          "sensitive_attributes": [
            [
              {
                "type": "get_attr",
                "value": "content"
              }
            ]
          ],
          "private": "bnVsbA==",
          "dependencies": [
            "tls_private_key.splunk_ssh"
          ]
        }
      ]
    },
    {
      "mode": "managed",
      "type": "local_file",
      "name": "setupscript",
      "provider": "provider[\"registry.terraform.io/hashicorp/local\"]",
      "instances": [
        {
          "schema_version": 0,
          "attributes": {
            "content": "  #! /bin/bash\n  sudo apt update\n  sudo apt install docker.io -y\n  sudo apt install docker-compose -y\n  sudo docker run -d -p 8000:8000 -p 8089:8089 -p 9997:9997 -e \"SPLUNK_START_ARGS=--accept-license\" -e \"SPLUNK_PASSWORD=password\" -e \"SPLUNK_APPS_URL=https://adls5a0e9o.blob.core.windows.net/cnt1/databricks-add-on-for-splunk_110.tgz\" --name splunk splunk/splunk:latest\n",
            "content_base64": null,
            "directory_permission": "0777",
            "file_permission": "0777",
            "filename": "splunk_setup.sh",
            "id": "48b0643cbc6dcb6b43991f32f5e112fa45f954da",
            "sensitive_content": null,
            "source": null
          },
          "sensitive_attributes": [],
          "private": "bnVsbA==",
          "dependencies": [
            "module.adls_content.random_string.naming",
            "random_string.naming",
            "azurerm_resource_group.this",
            "data.external.me",
            "module.adls_content.azurerm_storage_account.personaldropbox",
            "module.adls_content.azurerm_storage_container.example_container"
          ]
        }
      ]
    },
    {
      "mode": "managed",
      "type": "random_string",
      "name": "naming",
      "provider": "provider[\"registry.terraform.io/hashicorp/random\"]",
      "instances": [
        {
          "schema_version": 2,
          "attributes": {
            "id": "g2qmhd",
            "keepers": null,
            "length": 6,
            "lower": true,
            "min_lower": 0,
            "min_numeric": 0,
            "min_special": 0,
            "min_upper": 0,
            "number": true,
            "numeric": true,
            "override_special": null,
            "result": "g2qmhd",
            "special": false,
            "upper": false
          },
          "sensitive_attributes": [],
          "private": "eyJzY2hlbWFfdmVyc2lvbiI6IjIifQ=="
        }
      ]
    },
    {
      "mode": "managed",
      "type": "tls_private_key",
      "name": "splunk_ssh",
      "provider": "provider[\"registry.terraform.io/hashicorp/tls\"]",
      "instances": [
        {
          "schema_version": 0,
          "attributes": {
            "algorithm": "RSA",
            "ecdsa_curve": "P224",
            "id": "f618f027fa36b6f6f18e6e310b7c6d6d0d61e92c",
            "private_key_openssh": "-----BEGIN OPENSSH PRIVATE KEY-----\nb3BlbnNzaC1rZXktdjEAAAAABG5vbmUAAAAEbm9uZQAAAAAAAAABAAACFwAAAAdz\nc2gtcnNhAAAAAwEAAQAAAgEAq+GCD5YaMvpx9A0IJQjE/p4RkMqBYm2sUlSl668w\nadpTebWqJoOFc+rVhm45YuE2W2QnFF1kRuN88JYB55XxtwDt9MPffYO/XMNYsDQL\nu2Nrz+JrhouZVVok8/OhMNyac++W92crP9AyR3oyU5cvfxbdiQSBUakaV1FRrdtz\nPd8eRegX1XknbRFi9mam/8+pO/IATO4JUF7DkrYjix1hjJ2qmeSE/QqQAi0K1I0H\naRExZZpCEvtyqX4dUkgCP4i4/viPI4s/lOZyRbg7B8s7IIUOXi9pNlWZKzDIb9V9\nsVYQfDh4opGlD1XD1NMfX9nK1ZzCkl2diyDy/0sr9n06BR+qpehwDeOjW/W3ymQg\nXAEKTThK1PARRQtjvH4NocIlADqC8HWVuqK5G9JsOzo2rMTakefhOMPpAHzv0CNn\nMDWHmWafjuiJflHtT+K4vRcMaPwJ2jnE7LDvGRJSTgtRnh472CiE3OZhn2CElyXu\nCkZCSssloZHqNtC2UK9O1fjqAw/+XDklRYOK6ckElMNmizXgl2LMo40QBk0j1Ipo\nCQUtnnBws7jtm0KqEg+ppnbr2neGbmlU7JLX7ABiIFnjxTWpsYnmS+dv6B4xTeZi\nxJmaPKDg1N9Uhrno7GgjE4gAf9WLvEGDhCrDJHbJo5ChZNQhenQ2Ru9seBzeoi+v\nDUUAAAc4cmGTknJhk5IAAAAHc3NoLXJzYQAAAgEAq+GCD5YaMvpx9A0IJQjE/p4R\nkMqBYm2sUlSl668wadpTebWqJoOFc+rVhm45YuE2W2QnFF1kRuN88JYB55XxtwDt\n9MPffYO/XMNYsDQLu2Nrz+JrhouZVVok8/OhMNyac++W92crP9AyR3oyU5cvfxbd\niQSBUakaV1FRrdtzPd8eRegX1XknbRFi9mam/8+pO/IATO4JUF7DkrYjix1hjJ2q\nmeSE/QqQAi0K1I0HaRExZZpCEvtyqX4dUkgCP4i4/viPI4s/lOZyRbg7B8s7IIUO\nXi9pNlWZKzDIb9V9sVYQfDh4opGlD1XD1NMfX9nK1ZzCkl2diyDy/0sr9n06BR+q\npehwDeOjW/W3ymQgXAEKTThK1PARRQtjvH4NocIlADqC8HWVuqK5G9JsOzo2rMTa\nkefhOMPpAHzv0CNnMDWHmWafjuiJflHtT+K4vRcMaPwJ2jnE7LDvGRJSTgtRnh47\n2CiE3OZhn2CElyXuCkZCSssloZHqNtC2UK9O1fjqAw/+XDklRYOK6ckElMNmizXg\nl2LMo40QBk0j1IpoCQUtnnBws7jtm0KqEg+ppnbr2neGbmlU7JLX7ABiIFnjxTWp\nsYnmS+dv6B4xTeZixJmaPKDg1N9Uhrno7GgjE4gAf9WLvEGDhCrDJHbJo5ChZNQh\nenQ2Ru9seBzeoi+vDUUAAAADAQABAAACAHo0h8iVLGN6dXLToSrTpVxy/oI3uO5G\nk/KlhKKhmIZqWFd8tlFTyZq1KMO/ssV+4qrv9mkgTZ+pNrfHr+r8TTOUUZtpeIlB\nFtnZekEtf/nnokvX7CNpNcfdo9BfNAgNkTNE8c1NaQ6h9F2loAqWv4pYs4Ir1dY9\nqSDUDILUOIeRD3Ecp3V8AnAloHsYWTwgZW7djSElTTH7bontPjA235iesSFhvLw8\nuk8Rv1WIP/CP7NMUbk4YwVmI9Uf/MroBd6axCvR2mOpBPpYberz73jos4B5PDzs2\neQSgVqJM5GUlj+sCK6NKclUI4Yd75B6+NtzR6/Us4kp9Tsf8pnFGb+zyYSgISSfp\nU54FKToVmp0142tB1XGBFeVKx8K61X7yrHeeHlQctTH+BT4M4P0WJW7ecHkHL7wf\nFcWbL5EQQPt5MeO0mzQZraaEszxBPMkUXqrbiaibhGVAo1KQwDjFjDGg5gSuR5M6\nK5rA4T7ESgAkuyRhZj/N4c5rdcYGHaymJ96YEZgS+aATp8gNfhBNMfIFk3sHzA2H\nd+bNGVRoHgwbBOYS4tZL7+ytVJm6HHoz6oX+k6fgq+qLZAUvc5CtMbrqNQXiSK1c\nDpFb11JGEsn1Z+YeSvZ3DtuxohNhodWAKzliGvE8qAsX5+t/j3PcRRh9VEQe+oZs\nhl9VQX2aFAExAAABADbPzNljtx3Nm9DiY+AWm5pVxh4tGrgahZiVxiVI9OkcxYn+\n0pmnxDBohXFsSzLGG9YCjUOJSWbMrzOQQUDfMszZvNauf2++uJGsiFJ68Xka+MJm\nb57YpdyHp2E1gmPpzby0RFpqx6Rx01JUKm9PrwPnTOBW1Bzcwl14Sx+Q6kLceaXc\nIQJfQOZN7zJ/XuYWdnxzASJTjiePh5oKcyZj5ECdEYL1D+Dvo5C9rLHEN1SDCq+6\n1FVRrgoUk99286ehnHSw3HcjpZVRvdx0a3dkxIYLO83ImNYLfr2a3AIYKLa95JFZ\nLjG3JBE7C8mb0odbJ3YZCQexTwESsbhbAtk+MHkAAAEBANKSt4LZY7aAn3dWCGqn\n7gBXeL46PXrPftGdwsM0MalkDGXehXtwmb+KSuLyr9iK/Tn2GJrrhdJhN6T7JGQw\nRfSsgBcjFl+i+p2XX+OpglhY3m52W54rOL8U05+cPdq/8kb/P3HvN1pl00rtgZIt\nSje2oVcBcp9ETyazetd5l7FoX+0snVwZnMKS+4lZ501mJre4hiWFHQF6sbyGwD8y\nE4sLnl4bB7Vuvy/CQiI5nSgMnnKCEp6rVEvL/zIT1V+bOh3UcTZyt3IAEQDdde1+\nIgOt11xdlXgBuIk+3Z2+k6DAdguFTUfIO9O4e6A+1ddUmKH6n+/TiapE4n912C0S\nAEsAAAEBAND18WCua3yanqVT5RlJvKcN787pK4qTu3Qi3D7heKqcz6TKHd5ACM5P\nS+b5rS+B3AuAHJturnHh8uaQPRN7VAjUyWndEvTLLNHiSzd3bXWhz4vFcg2QKTnH\nAKmR/fY3ktkQCs/KLu6Yz8YO/O74vjfBNi+VVPdBE6dDU763Rk0yA3rPjBLP0sl+\n+cHXeiD2qVMedd8/oPw0Ae3bjJVNArkLgz+UGYFoFsmFKqFM2dDE2kOCEg9WywYz\n8L4VVH051zgBpH88YLkOztD6iwEP+MwEucw7OktGTtBPqhNYv0WAdrex+5pevhEC\nVXak5Hh8s5G+aj7F0nA5NcdsVWKeTq8AAAAAAQID\n-----END OPENSSH PRIVATE KEY-----\n",
            "private_key_pem": "-----BEGIN RSA PRIVATE KEY-----\nMIIJKAIBAAKCAgEAq+GCD5YaMvpx9A0IJQjE/p4RkMqBYm2sUlSl668wadpTebWq\nJoOFc+rVhm45YuE2W2QnFF1kRuN88JYB55XxtwDt9MPffYO/XMNYsDQLu2Nrz+Jr\nhouZVVok8/OhMNyac++W92crP9AyR3oyU5cvfxbdiQSBUakaV1FRrdtzPd8eRegX\n1XknbRFi9mam/8+pO/IATO4JUF7DkrYjix1hjJ2qmeSE/QqQAi0K1I0HaRExZZpC\nEvtyqX4dUkgCP4i4/viPI4s/lOZyRbg7B8s7IIUOXi9pNlWZKzDIb9V9sVYQfDh4\nopGlD1XD1NMfX9nK1ZzCkl2diyDy/0sr9n06BR+qpehwDeOjW/W3ymQgXAEKTThK\n1PARRQtjvH4NocIlADqC8HWVuqK5G9JsOzo2rMTakefhOMPpAHzv0CNnMDWHmWaf\njuiJflHtT+K4vRcMaPwJ2jnE7LDvGRJSTgtRnh472CiE3OZhn2CElyXuCkZCSssl\noZHqNtC2UK9O1fjqAw/+XDklRYOK6ckElMNmizXgl2LMo40QBk0j1IpoCQUtnnBw\ns7jtm0KqEg+ppnbr2neGbmlU7JLX7ABiIFnjxTWpsYnmS+dv6B4xTeZixJmaPKDg\n1N9Uhrno7GgjE4gAf9WLvEGDhCrDJHbJo5ChZNQhenQ2Ru9seBzeoi+vDUUCAwEA\nAQKCAgB6NIfIlSxjenVy06Eq06Vccv6CN7juRpPypYSioZiGalhXfLZRU8matSjD\nv7LFfuKq7/ZpIE2fqTa3x6/q/E0zlFGbaXiJQRbZ2XpBLX/556JL1+wjaTXH3aPQ\nXzQIDZEzRPHNTWkOofRdpaAKlr+KWLOCK9XWPakg1AyC1DiHkQ9xHKd1fAJwJaB7\nGFk8IGVu3Y0hJU0x+26J7T4wNt+YnrEhYby8PLpPEb9ViD/wj+zTFG5OGMFZiPVH\n/zK6AXemsQr0dpjqQT6WG3q8+946LOAeTw87NnkEoFaiTORlJY/rAiujSnJVCOGH\ne+Qevjbc0ev1LOJKfU7H/KZxRm/s8mEoCEkn6VOeBSk6FZqdNeNrQdVxgRXlSsfC\nutV+8qx3nh5UHLUx/gU+DOD9FiVu3nB5By+8HxXFmy+REED7eTHjtJs0Ga2mhLM8\nQTzJFF6q24mom4RlQKNSkMA4xYwxoOYErkeTOiuawOE+xEoAJLskYWY/zeHOa3XG\nBh2spifemBGYEvmgE6fIDX4QTTHyBZN7B8wNh3fmzRlUaB4MGwTmEuLWS+/srVSZ\nuhx6M+qF/pOn4Kvqi2QFL3OQrTG66jUF4kitXA6RW9dSRhLJ9WfmHkr2dw7bsaIT\nYaHVgCs5YhrxPKgLF+frf49z3EUYfVREHvqGbIZfVUF9mhQBMQKCAQEA0pK3gtlj\ntoCfd1YIaqfuAFd4vjo9es9+0Z3CwzQxqWQMZd6Fe3CZv4pK4vKv2Ir9OfYYmuuF\n0mE3pPskZDBF9KyAFyMWX6L6nZdf46mCWFjebnZbnis4vxTTn5w92r/yRv8/ce83\nWmXTSu2Bki1KN7ahVwFyn0RPJrN613mXsWhf7SydXBmcwpL7iVnnTWYmt7iGJYUd\nAXqxvIbAPzITiwueXhsHtW6/L8JCIjmdKAyecoISnqtUS8v/MhPVX5s6HdRxNnK3\ncgARAN117X4iA63XXF2VeAG4iT7dnb6ToMB2C4VNR8g707h7oD7V11SYofqf79OJ\nqkTif3XYLRIASwKCAQEA0PXxYK5rfJqepVPlGUm8pw3vzukripO7dCLcPuF4qpzP\npMod3kAIzk9L5vmtL4HcC4Acm26uceHy5pA9E3tUCNTJad0S9Mss0eJLN3dtdaHP\ni8VyDZApOccAqZH99jeS2RAKz8ou7pjPxg787vi+N8E2L5VU90ETp0NTvrdGTTID\nes+MEs/SyX75wdd6IPapUx513z+g/DQB7duMlU0CuQuDP5QZgWgWyYUqoUzZ0MTa\nQ4ISD1bLBjPwvhVUfTnXOAGkfzxguQ7O0PqLAQ/4zAS5zDs6S0ZO0E+qE1i/RYB2\nt7H7ml6+EQJVdqTkeHyzkb5qPsXScDk1x2xVYp5OrwKCAQAs9PYJEbCgPkXNjKiv\nXLsLh6FXu8d0eOhyiGQUmQghSiL7fM6y1A9/PV9PpNC2QrZdsZT/PlmL2QWwS44x\ndbz5x/pw9iTItlsbWj42tPIHOrICk3JsCn5LDX9BDHKISYLIdaZuBMykmCjMTnjj\nZJf73RoFIWH/bu4XLSqE5ojkb4xLbsMJ7s3xHMBnSrJ/a9fIUbUSPaE7t55Kydox\no9dYUFq3bL3wlnxrDeZguDw9WLRbbjnbdmjA5gTOBD4B83os9DZXkZZo2GrI7H9I\n/Sz17B+WsMRAot1rL+jQzOdn4q9RNlyRfsaHJVP/mmq9Vmpf6spKwbcaiypwXBCT\nTsyRAoIBAQCEEX2umm6rAVqVqZGZywXmG6PehXaUjkyi2UmUoJLQWm3OfEQmbRhj\ntLCHWnSAGzZFOoJaJrkwlxsbaDyB7KevMTXfp+9MMoGwYbMiamQPPebcMz2jnuK/\ndqxPgEsf6/3vHPmIXQQOnxxq1Jw+OY6X1JD3wA1EfKf8RkxOtK1FKwASBc1FMn7K\nBWu7fQHehad9NjpPkHqiDAjQGbwfvN2ksMcSTvtT08LbOUQ5UEY2ccR1eGcLtNJ6\nqCdXLEoLH5yL9FXQaQvEyrwiTse+MycPY0k+8IwmeVhkxoT611OEjO37qg0Ygxrj\nyzLS2uLf2Ajya4PhCsy3SyFXWnwY6W9XAoIBADbPzNljtx3Nm9DiY+AWm5pVxh4t\nGrgahZiVxiVI9OkcxYn+0pmnxDBohXFsSzLGG9YCjUOJSWbMrzOQQUDfMszZvNau\nf2++uJGsiFJ68Xka+MJmb57YpdyHp2E1gmPpzby0RFpqx6Rx01JUKm9PrwPnTOBW\n1Bzcwl14Sx+Q6kLceaXcIQJfQOZN7zJ/XuYWdnxzASJTjiePh5oKcyZj5ECdEYL1\nD+Dvo5C9rLHEN1SDCq+61FVRrgoUk99286ehnHSw3HcjpZVRvdx0a3dkxIYLO83I\nmNYLfr2a3AIYKLa95JFZLjG3JBE7C8mb0odbJ3YZCQexTwESsbhbAtk+MHk=\n-----END RSA PRIVATE KEY-----\n",
            "public_key_fingerprint_md5": "74:cd:a7:5b:7e:ae:2e:b1:57:2a:e6:a8:07:dc:cb:3a",
            "public_key_fingerprint_sha256": "SHA256:Wj3L67Xhfnj6F9XWOVTF99pneEbN33P0G4nYkBhk2XU",
            "public_key_openssh": "ssh-rsa AAAAB3NzaC1yc2EAAAADAQABAAACAQCr4YIPlhoy+nH0DQglCMT+nhGQyoFibaxSVKXrrzBp2lN5taomg4Vz6tWGbjli4TZbZCcUXWRG43zwlgHnlfG3AO30w999g79cw1iwNAu7Y2vP4muGi5lVWiTz86Ew3Jpz75b3Zys/0DJHejJTly9/Ft2JBIFRqRpXUVGt23M93x5F6BfVeSdtEWL2Zqb/z6k78gBM7glQXsOStiOLHWGMnaqZ5IT9CpACLQrUjQdpETFlmkIS+3Kpfh1SSAI/iLj++I8jiz+U5nJFuDsHyzsghQ5eL2k2VZkrMMhv1X2xVhB8OHiikaUPVcPU0x9f2crVnMKSXZ2LIPL/Syv2fToFH6ql6HAN46Nb9bfKZCBcAQpNOErU8BFFC2O8fg2hwiUAOoLwdZW6orkb0mw7OjasxNqR5+E4w+kAfO/QI2cwNYeZZp+O6Il+Ue1P4ri9Fwxo/AnaOcTssO8ZElJOC1GeHjvYKITc5mGfYISXJe4KRkJKyyWhkeo20LZQr07V+OoDD/5cOSVFg4rpyQSUw2aLNeCXYsyjjRAGTSPUimgJBS2ecHCzuO2bQqoSD6mmduvad4ZuaVTsktfsAGIgWePFNamxieZL52/oHjFN5mLEmZo8oODU31SGuejsaCMTiAB/1Yu8QYOEKsMkdsmjkKFk1CF6dDZG72x4HN6iL68NRQ==\n",
            "public_key_pem": "-----BEGIN PUBLIC KEY-----\nMIICIjANBgkqhkiG9w0BAQEFAAOCAg8AMIICCgKCAgEAq+GCD5YaMvpx9A0IJQjE\n/p4RkMqBYm2sUlSl668wadpTebWqJoOFc+rVhm45YuE2W2QnFF1kRuN88JYB55Xx\ntwDt9MPffYO/XMNYsDQLu2Nrz+JrhouZVVok8/OhMNyac++W92crP9AyR3oyU5cv\nfxbdiQSBUakaV1FRrdtzPd8eRegX1XknbRFi9mam/8+pO/IATO4JUF7DkrYjix1h\njJ2qmeSE/QqQAi0K1I0HaRExZZpCEvtyqX4dUkgCP4i4/viPI4s/lOZyRbg7B8s7\nIIUOXi9pNlWZKzDIb9V9sVYQfDh4opGlD1XD1NMfX9nK1ZzCkl2diyDy/0sr9n06\nBR+qpehwDeOjW/W3ymQgXAEKTThK1PARRQtjvH4NocIlADqC8HWVuqK5G9JsOzo2\nrMTakefhOMPpAHzv0CNnMDWHmWafjuiJflHtT+K4vRcMaPwJ2jnE7LDvGRJSTgtR\nnh472CiE3OZhn2CElyXuCkZCSssloZHqNtC2UK9O1fjqAw/+XDklRYOK6ckElMNm\nizXgl2LMo40QBk0j1IpoCQUtnnBws7jtm0KqEg+ppnbr2neGbmlU7JLX7ABiIFnj\nxTWpsYnmS+dv6B4xTeZixJmaPKDg1N9Uhrno7GgjE4gAf9WLvEGDhCrDJHbJo5Ch\nZNQhenQ2Ru9seBzeoi+vDUUCAwEAAQ==\n-----END PUBLIC KEY-----\n",
            "rsa_bits": 4096
          },
          "sensitive_attributes": [],
          "private": "bnVsbA=="
        }
      ]
    },
    {
      "module": "module.adls_content",
      "mode": "managed",
      "type": "azurerm_storage_account",
      "name": "personaldropbox",
      "provider": "provider[\"registry.terraform.io/hashicorp/azurerm\"]",
      "instances": [
        {
          "schema_version": 3,
          "attributes": {
            "access_tier": "Hot",
            "account_kind": "StorageV2",
            "account_replication_type": "LRS",
            "account_tier": "Standard",
            "allow_nested_items_to_be_public": true,
            "azure_files_authentication": [],
            "blob_properties": [
              {
                "change_feed_enabled": false,
                "container_delete_retention_policy": [],
                "cors_rule": [],
                "default_service_version": "",
                "delete_retention_policy": [],
                "last_access_time_enabled": false,
                "versioning_enabled": false
              }
            ],
            "cross_tenant_replication_enabled": true,
            "custom_domain": [],
            "customer_managed_key": [],
            "edge_zone": "",
            "enable_https_traffic_only": true,
            "id": "/subscriptions/3f2e4d32-8e8d-46d6-82bc-5bb8d962328b/resourceGroups/adb-splunk-adb-g2qmhd-rg/providers/Microsoft.Storage/storageAccounts/adls5a0e9o",
            "identity": [],
            "infrastructure_encryption_enabled": false,
            "is_hns_enabled": false,
            "large_file_share_enabled": null,
            "location": "southeastasia",
            "min_tls_version": "TLS1_2",
            "name": "adls5a0e9o",
            "network_rules": [
              {
                "bypass": [
                  "AzureServices"
                ],
                "default_action": "Allow",
                "ip_rules": [],
                "private_link_access": [],
                "virtual_network_subnet_ids": []
              }
            ],
            "nfsv3_enabled": false,
            "primary_access_key": "5A2y9Y54Y61nLDoSzVGBiaLrLsBClNPOtw1KbwaEED9sV3qOaTT2bwwOe8PlQmxS66zENdkGAQgf+AStLC8mfw==",
            "primary_blob_connection_string": "DefaultEndpointsProtocol=https;BlobEndpoint=https://adls5a0e9o.blob.core.windows.net/;AccountName=adls5a0e9o;AccountKey=5A2y9Y54Y61nLDoSzVGBiaLrLsBClNPOtw1KbwaEED9sV3qOaTT2bwwOe8PlQmxS66zENdkGAQgf+AStLC8mfw==",
            "primary_blob_endpoint": "https://adls5a0e9o.blob.core.windows.net/",
            "primary_blob_host": "adls5a0e9o.blob.core.windows.net",
            "primary_connection_string": "DefaultEndpointsProtocol=https;AccountName=adls5a0e9o;AccountKey=5A2y9Y54Y61nLDoSzVGBiaLrLsBClNPOtw1KbwaEED9sV3qOaTT2bwwOe8PlQmxS66zENdkGAQgf+AStLC8mfw==;EndpointSuffix=core.windows.net",
            "primary_dfs_endpoint": "https://adls5a0e9o.dfs.core.windows.net/",
            "primary_dfs_host": "adls5a0e9o.dfs.core.windows.net",
            "primary_file_endpoint": "https://adls5a0e9o.file.core.windows.net/",
            "primary_file_host": "adls5a0e9o.file.core.windows.net",
            "primary_location": "southeastasia",
            "primary_queue_endpoint": "https://adls5a0e9o.queue.core.windows.net/",
            "primary_queue_host": "adls5a0e9o.queue.core.windows.net",
            "primary_table_endpoint": "https://adls5a0e9o.table.core.windows.net/",
            "primary_table_host": "adls5a0e9o.table.core.windows.net",
            "primary_web_endpoint": "https://adls5a0e9o.z23.web.core.windows.net/",
            "primary_web_host": "adls5a0e9o.z23.web.core.windows.net",
            "queue_encryption_key_type": "Service",
            "queue_properties": [
              {
                "cors_rule": [],
                "hour_metrics": [
                  {
                    "enabled": true,
                    "include_apis": true,
                    "retention_policy_days": 7,
                    "version": "1.0"
                  }
                ],
                "logging": [
                  {
                    "delete": false,
                    "read": false,
                    "retention_policy_days": 0,
                    "version": "1.0",
                    "write": false
                  }
                ],
                "minute_metrics": [
                  {
                    "enabled": false,
                    "include_apis": false,
                    "retention_policy_days": 0,
                    "version": "1.0"
                  }
                ]
              }
            ],
            "resource_group_name": "adb-splunk-adb-g2qmhd-rg",
            "routing": [],
            "secondary_access_key": "2+G5/2rJY/P2Mow0VJ8+oQgopKSZr2Yc2meCKwhA6p2FTsLcdFxhsmv3C8fCgnRP1Nr2q5A4kQnB+AStJZO3jQ==",
            "secondary_blob_connection_string": "",
            "secondary_blob_endpoint": null,
            "secondary_blob_host": null,
            "secondary_connection_string": "DefaultEndpointsProtocol=https;AccountName=adls5a0e9o;AccountKey=2+G5/2rJY/P2Mow0VJ8+oQgopKSZr2Yc2meCKwhA6p2FTsLcdFxhsmv3C8fCgnRP1Nr2q5A4kQnB+AStJZO3jQ==;EndpointSuffix=core.windows.net",
            "secondary_dfs_endpoint": null,
            "secondary_dfs_host": null,
            "secondary_file_endpoint": null,
            "secondary_file_host": null,
            "secondary_location": "",
            "secondary_queue_endpoint": null,
            "secondary_queue_host": null,
            "secondary_table_endpoint": null,
            "secondary_table_host": null,
            "secondary_web_endpoint": null,
            "secondary_web_host": null,
            "share_properties": [
              {
                "cors_rule": [],
                "retention_policy": [
                  {
                    "days": 7
                  }
                ],
                "smb": []
              }
            ],
            "shared_access_key_enabled": true,
            "static_website": [],
            "table_encryption_key_type": "Service",
            "tags": {},
            "timeouts": null
          },
          "sensitive_attributes": [],
          "private": "eyJlMmJmYjczMC1lY2FhLTExZTYtOGY4OC0zNDM2M2JjN2M0YzAiOnsiY3JlYXRlIjozNjAwMDAwMDAwMDAwLCJkZWxldGUiOjM2MDAwMDAwMDAwMDAsInJlYWQiOjMwMDAwMDAwMDAwMCwidXBkYXRlIjozNjAwMDAwMDAwMDAwfSwic2NoZW1hX3ZlcnNpb24iOiIzIn0=",
          "dependencies": [
            "azurerm_resource_group.this",
            "module.adls_content.random_string.naming"
          ]
        }
      ]
    },
    {
      "module": "module.adls_content",
      "mode": "managed",
      "type": "azurerm_storage_container",
      "name": "example_container",
      "provider": "provider[\"registry.terraform.io/hashicorp/azurerm\"]",
      "instances": [
        {
          "schema_version": 1,
          "attributes": {
            "container_access_type": "container",
            "has_immutability_policy": false,
            "has_legal_hold": false,
            "id": "https://adls5a0e9o.blob.core.windows.net/cnt1",
            "metadata": {},
            "name": "cnt1",
            "resource_manager_id": "/subscriptions/3f2e4d32-8e8d-46d6-82bc-5bb8d962328b/resourceGroups/adb-splunk-adb-g2qmhd-rg/providers/Microsoft.Storage/storageAccounts/adls5a0e9o/blobServices/default/containers/cnt1",
            "storage_account_name": "adls5a0e9o",
            "timeouts": null
          },
          "sensitive_attributes": [],
          "private": "eyJlMmJmYjczMC1lY2FhLTExZTYtOGY4OC0zNDM2M2JjN2M0YzAiOnsiY3JlYXRlIjoxODAwMDAwMDAwMDAwLCJkZWxldGUiOjE4MDAwMDAwMDAwMDAsInJlYWQiOjMwMDAwMDAwMDAwMCwidXBkYXRlIjoxODAwMDAwMDAwMDAwfSwic2NoZW1hX3ZlcnNpb24iOiIxIn0=",
          "dependencies": [
            "module.adls_content.random_string.naming",
            "random_string.naming",
            "azurerm_resource_group.this",
            "data.external.me",
            "module.adls_content.azurerm_storage_account.personaldropbox"
          ]
        }
      ]
    },
    {
      "module": "module.adls_content",
      "mode": "managed",
      "type": "random_string",
      "name": "naming",
      "provider": "provider[\"registry.terraform.io/hashicorp/random\"]",
      "instances": [
        {
          "schema_version": 2,
          "attributes": {
            "id": "5a0e9o",
            "keepers": null,
            "length": 6,
            "lower": true,
            "min_lower": 0,
            "min_numeric": 0,
            "min_special": 0,
            "min_upper": 0,
            "number": true,
            "numeric": true,
            "override_special": null,
            "result": "5a0e9o",
            "special": false,
            "upper": false
          },
          "sensitive_attributes": [],
          "private": "eyJzY2hlbWFfdmVyc2lvbiI6IjIifQ=="
        }
      ]
    }
  ]
}
