{
  "version": 4,
  "terraform_version": "1.0.6",
  "serial": 179,
  "lineage": "efd2c9e0-5ccf-01e6-6d38-5f88a00facb0",
  "outputs": {
    "arm_client_id": {
      "value": "04b07795-8ddb-461a-bbee-02f9e1bf7b46",
      "type": "string"
    },
    "arm_subscription_id": {
      "value": "3f2e4d32-8e8d-46d6-82bc-5bb8d962328b",
      "type": "string"
    },
    "arm_tenant_id": {
      "value": "9f37a392-f0ae-4280-9796-f1864a10effc",
      "type": "string"
    },
    "azure_region": {
      "value": "southeastasia",
      "type": "string"
    },
    "databricks_azure_workspace_resource_id": {
      "value": "/subscriptions/3f2e4d32-8e8d-46d6-82bc-5bb8d962328b/resourceGroups/adb-9scqth-rg/providers/Microsoft.Databricks/workspaces/adb-9scqth-workspace",
      "type": "string"
    },
    "resource_group": {
      "value": "adb-9scqth-rg",
      "type": "string"
    },
    "tls_private_key": {
      "value": "-----BEGIN RSA PRIVATE KEY-----\nMIIJKAIBAAKCAgEAvb4pX4W7zoYBIBKoiCntmVFNXCTmIsMxbgDp1NP+HgroHYUZ\nH53HuqJ1MWqmINa3loN4Nr51+MqRM5rHDkyFQmkh/YjKQ5l6W1kGOvdtgqMuhAls\nhTn+quDDn5Z+BvswR3UB3q0W7M/+RGRXMGmVF8QHLjhS2EcxHrFUccabbWRcQll8\nJv4YZl8kjgQRC/rTsU4Z8JmHsaDeehtbw6nGjpHfaKStz2DArXkuoLZgTNTn9/vR\n70Z8nquGN3QlJXERWXnqtK/x+0Wku3D89DARBFHLtBPY3+IULYQE+D50KJwE4rzg\n4AIWW86+l/8gjmPyrZYsmjaRGZyn3cJIrojzLecam4urcxyyTIDE6az/zTQZzp58\nzBxH1vF9TyEmsjpn54r6QwWuKP1Ya3VgSZIZscJP/DRebJEW1gaNmlMPV1NwzV4c\nyZSeyN2TPtraeyE/0QPz9kFP+3jDgbnGaZnTvkzEoqSaOwN4uNRIn2zWpCp4vJfF\nP+fs44UNvPCsJtd7t6kWu9YlGsSGIf5kNSi4nzJt9TeAzzxBi5B0dqlzAYXtLPwl\nWLnH5jj8gb2HU8sIgXy8g+PnmYrilMqV7pcNXJLbeWSG7fN6RPtzuM7+sim0IR7N\n0HJxiVwMZ/Sh5v37hDmW6elkxfthSDf+HiLHb/tdOFVKdMGvlR+FBDANTU8CAwEA\nAQKCAgB1XN9Id3bwSpD9nqzh9FVD5TcdjLFQxT2Y1jXMcAgZ2xMx1zbwCG8XMQ+e\nLmJto4JRNiawbeSYq+teaRlA7fHrXw4oPWkmoRM+13T0GkGBcZ//Cbk3OuUcGwTF\nfJedh9eYC3bJnnS0q/6RnSMVDemrlpP+cdZEctyeKH+cFIXlBxPN8n3JvJepEqaQ\ntVE6AL7aR/3hhYWaSG/0RWHgR+5KF06B8oKT6Dul0XQW8lfkjjihegCjqQzCNERD\nnrKvUx2xI6kadE4P50b6reu4utZ7voBqdXBLIxLqCGPujOrah466FKxfwsrDpMDd\nUXB4wrfDyUTzalcb6XsnvtmoI4uOQyOM1xklYjJ3w/BxCJSNTlifkVjw5QOZHybR\npM8m96UHKxnlgUmrFrCL0namQVn2KnATVK+nEqveXKIZjtiGY8pUItqMWnEg0/AB\nDdFP3dn/JyDl9tEePUGPULDch6dwCzbbF6bjxiA5wMjWy6+4yUhS0qM0sdtIXRxP\nGTlCTUFHIEwp3WLBW30ZcXpK3AOxRB8g7/LbSeLZZ9HRZYYrL/t2NqRsn7rBUfGu\nZOSs1W8cfINp0a5diDixxwPGQ2xgZBfi4JzMpzgzxGOHTFS+YYoOD2Q2mBy8qyi6\nu6ooMGHPRDO7X2KDmHrDgbTfOngc23aReSwhXMzkVfSYoUilUQKCAQEA0yzpT3Lj\nrvCBLCKMjwO3KS2vZl6SK/pvVOouNx+R5Og/El7ywaQXaiAbhBqYxgUqM4ZKTPln\n/Nfv8XoFgqQYr3mpBodffwR9Nef27ZfYl46QERrU8Is5Kgg9AuALfcIyHp+WD05/\nv3Xj6zALichiTlSF7ebYJvQ+2o07Fonmwn9ouxWEkEjdA/y03/k/JLeJ432LWbb1\n8awaS+uAaRMG8HHaSCK1RP/V9xXOl1uxOKKHPp3ozMmSM10LubvzbtR413sNxnJ+\nhi9D0Ontj6/KnUCfoG6AhIA0wTvcgAkhz1A86JeGXlKpWGF2aJs2gTqstuIKVPKB\n+5PUhbE8cHm2+QKCAQEA5gSe3//5Dg6gHO0nsLPVm/BsVAWVMz8zcXRs3qFR8PkZ\n1bSJ/FdwuWXUQkSrWN7L347YSg6vHpfzDpNBPsVBBpERzklXCAwWdiIwtPUzH64A\nV9jdQ7bqa2Ds9OORjnTP5OufeNIUKjahPuQM47csegCVGGKJWBNcjNDy/GEDkpdz\nrj6WD5O84djCKYcoBIGG1PbpWecbD0U2Sr9t51u8oXOHYlGlgfV+r+5jvOhvwKuY\n05N9+f8lWrpzXLzsSjNLo7sQGbvc1oSf67MxMdtGUCG9Kc9QDcAXlNm9ifl2pi8/\n+mDKh/VDmgXp8aNAQBdcXRubB2ZwOeI55fOKyDBQhwKCAQEAqNapmznyTDZCMLVW\nyCliUewS5rgKCltqk+vAE5aMIQaHFvsPAD9f8RvGpDJXn0sV2Kgv06c8uu0zDFBR\nA4iLrBCLUYr+kSFXsrfJt2DGbTYwfVyEj+XgSHjZvui+h0eypsVVRtuuS7fICIwb\nTYgHATWW9wSwIUT60+ZDLdwHwc34QEwN9wYqnzt2qfQvxf1wo5AG0C32Kck+JSEf\nQ+NQkwGUUkRdxdL+kVTAHkfTQ8K+exPpw4IOAD8OVuus0BnUnAPomZeFDWfQwsGl\njFIyntPCTJTM8CNJCo3/1+Z1P7mZWSV86wEQIHecIjqms1/kIzxKomxZ/HjPXCy+\nc/b8kQKCAQBI7OoaBqPFqylkQmQ1B68Ps5gEw4hcKQt8SvdBVlAOYEuqj4S39lkM\nzpYPNIpGsMxeYoF8aU9oGbC7zEABULSfCltk1ae8K2jrp0dd9+dvgdEmCOGN2G5W\nAPLfaU76pVpML8/tlF1ETPGuaMsVXzvAqnKaupLk066iDpUbIv7o+Q96DOmyoppd\n2EUmuW0ckJxY5LdzA2x22PCvniWQFmulnGUt7MjWfSjfSmtgtyjHIyBe5AIqwpPr\nQfXVTyhzFfRDQsmF/yOy93VkWvmb3vNZ8HhyywGMenx/etE271qIsa5NCWbs1/vI\n11smeyWhrEZiVqA+JmIqV+kXWLGFapv9AoIBADHuJHZv7zr2sGM2lsxhL1Labqf1\nc2DdfjOAhi3VSV3jARYtmtjT2BMQ17tyGiiO0V/yQTv6tpZxAzICq6wcPb0f6Q37\nXxA785uMtTKPlKybAMWBVFuP7ni1B7MrOAv1lLD8ANN3l03ILEatOo/cDN4HzGzj\nUZVFBXwQKG9A44+w4nTBKWBnuFd54YIoYkvZ7XXxPOu4RbrVTxJHd5k9D0ktdWXu\nvyCiQgTD3gi9mjHQIAg/2SPVfeLOQct2fTUjaNsjTKMCw1iR8u1VUuSl5bG2KI5r\nh1lf9WZoQ9cN0A0XLBk7S3TU7mqNMGbQjIyk63UcTyo2+Lkq/KSEmV5nKPA=\n-----END RSA PRIVATE KEY-----\n",
      "type": "string",
      "sensitive": true
    },
    "workspace_url": {
      "value": "https://adb-342673610356663.3.azuredatabricks.net/",
      "type": "string"
    }
  },
  "resources": [
    {
      "mode": "data",
      "type": "azurerm_client_config",
      "name": "current",
      "provider": "provider[\"registry.terraform.io/hashicorp/azurerm\"]",
      "instances": [
        {
          "schema_version": 0,
          "attributes": {
            "client_id": "04b07795-8ddb-461a-bbee-02f9e1bf7b46",
            "id": "2022-01-11 03:06:28.107626 +0000 UTC",
            "object_id": "e0408df9-cf96-415b-8249-7c867c96b0ff",
            "subscription_id": "3f2e4d32-8e8d-46d6-82bc-5bb8d962328b",
            "tenant_id": "9f37a392-f0ae-4280-9796-f1864a10effc",
            "timeouts": null
          },
          "sensitive_attributes": []
        }
      ]
    },
    {
      "mode": "data",
      "type": "azurerm_image",
      "name": "customimage",
      "provider": "provider[\"registry.terraform.io/hashicorp/azurerm\"]",
      "instances": [
        {
          "schema_version": 0,
          "attributes": {
            "data_disk": [],
            "id": "/subscriptions/3f2e4d32-8e8d-46d6-82bc-5bb8d962328b/resourceGroups/coldstart-5fhmdn-rg/providers/Microsoft.Compute/images/coldstart-5fhmdn-image",
            "location": "southeastasia",
            "name": "coldstart-5fhmdn-image",
            "name_regex": null,
            "os_disk": [
              {
                "blob_uri": "",
                "caching": "ReadWrite",
                "managed_disk_id": "/subscriptions/3f2e4d32-8e8d-46d6-82bc-5bb8d962328b/resourceGroups/pkr-Resource-Group-mksw4ke7vk/providers/Microsoft.Compute/disks/pkrosmksw4ke7vk",
                "os_state": "Generalized",
                "os_type": "Linux",
                "size_gb": 30
              }
            ],
            "resource_group_name": "coldstart-5fhmdn-rg",
            "sort_descending": false,
            "tags": {
              "dept": "hwangtest"
            },
            "timeouts": null,
            "zone_resilient": false
          },
          "sensitive_attributes": []
        }
      ]
    },
    {
      "mode": "data",
      "type": "external",
      "name": "me",
      "provider": "provider[\"registry.terraform.io/hashicorp/external\"]",
      "instances": [
        {
          "schema_version": 0,
          "attributes": {
            "id": "-",
            "program": [
              "az",
              "account",
              "show",
              "--query",
              "user"
            ],
            "query": null,
            "result": {
              "name": "hao.wang@databricks.com",
              "type": "user"
            },
            "working_dir": null
          },
          "sensitive_attributes": []
        }
      ]
    },
    {
      "mode": "managed",
      "type": "azurerm_databricks_workspace",
      "name": "this",
      "provider": "provider[\"registry.terraform.io/hashicorp/azurerm\"]",
      "instances": [
        {
          "schema_version": 0,
          "attributes": {
            "custom_parameters": [
              {
                "machine_learning_workspace_id": "",
                "nat_gateway_name": "nat-gateway",
                "no_public_ip": true,
                "private_subnet_name": "adb-9scqth-private",
                "private_subnet_network_security_group_association_id": "/subscriptions/3f2e4d32-8e8d-46d6-82bc-5bb8d962328b/resourceGroups/adb-9scqth-rg/providers/Microsoft.Network/virtualNetworks/adb-9scqth-vnet/subnets/adb-9scqth-private",
                "public_ip_name": "nat-gw-public-ip",
                "public_subnet_name": "adb-9scqth-public",
                "public_subnet_network_security_group_association_id": "/subscriptions/3f2e4d32-8e8d-46d6-82bc-5bb8d962328b/resourceGroups/adb-9scqth-rg/providers/Microsoft.Network/virtualNetworks/adb-9scqth-vnet/subnets/adb-9scqth-public",
                "storage_account_name": "dbstoragebuymen7vlrh2m",
                "storage_account_sku_name": "Standard_GRS",
                "virtual_network_id": "/subscriptions/3f2e4d32-8e8d-46d6-82bc-5bb8d962328b/resourceGroups/adb-9scqth-rg/providers/Microsoft.Network/virtualNetworks/adb-9scqth-vnet",
                "vnet_address_prefix": "10.139"
              }
            ],
            "customer_managed_key_enabled": false,
            "id": "/subscriptions/3f2e4d32-8e8d-46d6-82bc-5bb8d962328b/resourceGroups/adb-9scqth-rg/providers/Microsoft.Databricks/workspaces/adb-9scqth-workspace",
            "infrastructure_encryption_enabled": false,
            "load_balancer_backend_address_pool_id": "",
            "location": "southeastasia",
            "managed_resource_group_id": "/subscriptions/3f2e4d32-8e8d-46d6-82bc-5bb8d962328b/resourceGroups/databricks-rg-adb-9scqth-rg",
            "managed_resource_group_name": "databricks-rg-adb-9scqth-rg",
            "managed_services_cmk_key_vault_key_id": null,
            "name": "adb-9scqth-workspace",
            "network_security_group_rules_required": null,
            "public_network_access_enabled": true,
            "resource_group_name": "adb-9scqth-rg",
            "sku": "premium",
            "storage_account_identity": [],
            "tags": {
              "Environment": "Testing",
              "Epoch": "9scqth",
              "Owner": "hao.wang@databricks.com"
            },
            "timeouts": null,
            "workspace_id": "342673610356663",
            "workspace_url": "adb-342673610356663.3.azuredatabricks.net"
          },
          "sensitive_attributes": [],
          "private": "eyJlMmJmYjczMC1lY2FhLTExZTYtOGY4OC0zNDM2M2JjN2M0YzAiOnsiY3JlYXRlIjoxODAwMDAwMDAwMDAwLCJkZWxldGUiOjE4MDAwMDAwMDAwMDAsInJlYWQiOjMwMDAwMDAwMDAwMCwidXBkYXRlIjoxODAwMDAwMDAwMDAwfX0=",
          "dependencies": [
            "azurerm_linux_virtual_machine.example",
            "azurerm_public_ip.squid-nic-pubip",
            "azurerm_subnet_network_security_group_association.public",
            "azurerm_subnet.public",
            "azurerm_subnet_network_security_group_association.private",
            "azurerm_virtual_network.squidvnet",
            "tls_private_key.squid_ssh",
            "azurerm_network_interface.squid-nic",
            "azurerm_network_security_group.dbnsg",
            "azurerm_subnet.private",
            "random_string.naming",
            "data.external.me",
            "azurerm_resource_group.this",
            "azurerm_subnet.squid-public-subnet",
            "azurerm_virtual_network.dbvnet",
            "data.azurerm_image.customimage"
          ]
        }
      ]
    },
    {
      "mode": "managed",
      "type": "azurerm_linux_virtual_machine",
      "name": "example",
      "provider": "provider[\"registry.terraform.io/hashicorp/azurerm\"]",
      "instances": [
        {
          "schema_version": 0,
          "attributes": {
            "additional_capabilities": [],
            "admin_password": null,
            "admin_ssh_key": [
              {
                "public_key": "ssh-rsa AAAAB3NzaC1yc2EAAAADAQABAAACAQC9vilfhbvOhgEgEqiIKe2ZUU1cJOYiwzFuAOnU0/4eCugdhRkfnce6onUxaqYg1reWg3g2vnX4ypEzmscOTIVCaSH9iMpDmXpbWQY6922Coy6ECWyFOf6q4MOfln4G+zBHdQHerRbsz/5EZFcwaZUXxAcuOFLYRzEesVRxxpttZFxCWXwm/hhmXySOBBEL+tOxThnwmYexoN56G1vDqcaOkd9opK3PYMCteS6gtmBM1Of3+9HvRnyeq4Y3dCUlcRFZeeq0r/H7RaS7cPz0MBEEUcu0E9jf4hQthAT4PnQonATivODgAhZbzr6X/yCOY/KtliyaNpEZnKfdwkiuiPMt5xqbi6tzHLJMgMTprP/NNBnOnnzMHEfW8X1PISayOmfnivpDBa4o/VhrdWBJkhmxwk/8NF5skRbWBo2aUw9XU3DNXhzJlJ7I3ZM+2tp7IT/RA/P2QU/7eMOBucZpmdO+TMSipJo7A3i41EifbNakKni8l8U/5+zjhQ288Kwm13u3qRa71iUaxIYh/mQ1KLifMm31N4DPPEGLkHR2qXMBhe0s/CVYucfmOPyBvYdTywiBfLyD4+eZiuKUypXulw1cktt5ZIbt83pE+3O4zv6yKbQhHs3QcnGJXAxn9KHm/fuEOZbp6WTF+2FIN/4eIsdv+104VUp0wa+VH4UEMA1NTw==\n",
                "username": "azureuser"
              }
            ],
            "admin_username": "azureuser",
            "allow_extension_operations": true,
            "availability_set_id": "",
            "boot_diagnostics": [],
            "computer_name": "squid-vm",
            "custom_data": null,
            "dedicated_host_id": "",
            "disable_password_authentication": true,
            "encryption_at_host_enabled": false,
            "eviction_policy": "",
            "extensions_time_budget": "PT1H30M",
            "id": "/subscriptions/3f2e4d32-8e8d-46d6-82bc-5bb8d962328b/resourceGroups/adb-9scqth-rg/providers/Microsoft.Compute/virtualMachines/squid-vm",
            "identity": [],
            "license_type": "",
            "location": "southeastasia",
            "max_bid_price": -1,
            "name": "squid-vm",
            "network_interface_ids": [
              "/subscriptions/3f2e4d32-8e8d-46d6-82bc-5bb8d962328b/resourceGroups/adb-9scqth-rg/providers/Microsoft.Network/networkInterfaces/squid-nic"
            ],
            "os_disk": [
              {
                "caching": "ReadWrite",
                "diff_disk_settings": [],
                "disk_encryption_set_id": "",
                "disk_size_gb": 30,
                "name": "squid-vm_disk1_2bff374ba9f5418f9d39897a33c7f9f6",
                "storage_account_type": "Standard_LRS",
                "write_accelerator_enabled": false
              }
            ],
            "plan": [],
            "platform_fault_domain": -1,
            "priority": "Regular",
            "private_ip_address": "10.178.0.4",
            "private_ip_addresses": [
              "10.178.0.4"
            ],
            "provision_vm_agent": true,
            "proximity_placement_group_id": "",
            "public_ip_address": "20.212.53.70",
            "public_ip_addresses": [
              "20.212.53.70"
            ],
            "resource_group_name": "adb-9scqth-rg",
            "secret": [],
            "size": "Standard_F2",
            "source_image_id": "/subscriptions/3f2e4d32-8e8d-46d6-82bc-5bb8d962328b/resourceGroups/coldstart-5fhmdn-rg/providers/Microsoft.Compute/images/coldstart-5fhmdn-image",
            "source_image_reference": [],
            "tags": {},
            "timeouts": null,
            "virtual_machine_id": "84b48324-58d0-424a-bed9-6cd169edae1d",
            "virtual_machine_scale_set_id": "",
            "zone": ""
          },
          "sensitive_attributes": [],
          "private": "eyJlMmJmYjczMC1lY2FhLTExZTYtOGY4OC0zNDM2M2JjN2M0YzAiOnsiY3JlYXRlIjoyNzAwMDAwMDAwMDAwLCJkZWxldGUiOjI3MDAwMDAwMDAwMDAsInJlYWQiOjMwMDAwMDAwMDAwMCwidXBkYXRlIjoyNzAwMDAwMDAwMDAwfX0=",
          "dependencies": [
            "azurerm_network_interface.squid-nic",
            "azurerm_public_ip.squid-nic-pubip",
            "azurerm_resource_group.this",
            "azurerm_subnet.squid-public-subnet",
            "data.azurerm_image.customimage",
            "tls_private_key.squid_ssh"
          ]
        }
      ]
    },
    {
      "mode": "managed",
      "type": "azurerm_network_interface",
      "name": "squid-nic",
      "provider": "provider[\"registry.terraform.io/hashicorp/azurerm\"]",
      "instances": [
        {
          "schema_version": 0,
          "attributes": {
            "applied_dns_servers": [],
            "dns_servers": [],
            "enable_accelerated_networking": false,
            "enable_ip_forwarding": false,
            "id": "/subscriptions/3f2e4d32-8e8d-46d6-82bc-5bb8d962328b/resourceGroups/adb-9scqth-rg/providers/Microsoft.Network/networkInterfaces/squid-nic",
            "internal_dns_name_label": "",
            "internal_domain_name_suffix": "y20cs0othlhujev2pstgewwgcc.ix.internal.cloudapp.net",
            "ip_configuration": [
              {
                "gateway_load_balancer_frontend_ip_configuration_id": "",
                "name": "internal",
                "primary": true,
                "private_ip_address": "10.178.0.4",
                "private_ip_address_allocation": "Dynamic",
                "private_ip_address_version": "IPv4",
                "public_ip_address_id": "/subscriptions/3f2e4d32-8e8d-46d6-82bc-5bb8d962328b/resourceGroups/adb-9scqth-rg/providers/Microsoft.Network/publicIPAddresses/squid-nic-pubip",
                "subnet_id": "/subscriptions/3f2e4d32-8e8d-46d6-82bc-5bb8d962328b/resourceGroups/adb-9scqth-rg/providers/Microsoft.Network/virtualNetworks/adb-9scqth-squid-vnet/subnets/adb-9scqth-squid-public"
              }
            ],
            "location": "southeastasia",
            "mac_address": "00-0D-3A-A1-02-1B",
            "name": "squid-nic",
            "private_ip_address": "10.178.0.4",
            "private_ip_addresses": [
              "10.178.0.4"
            ],
            "resource_group_name": "adb-9scqth-rg",
            "tags": {},
            "timeouts": null,
            "virtual_machine_id": "/subscriptions/3f2e4d32-8e8d-46d6-82bc-5bb8d962328b/resourceGroups/adb-9scqth-rg/providers/Microsoft.Compute/virtualMachines/squid-vm"
          },
          "sensitive_attributes": [],
          "private": "eyJlMmJmYjczMC1lY2FhLTExZTYtOGY4OC0zNDM2M2JjN2M0YzAiOnsiY3JlYXRlIjoxODAwMDAwMDAwMDAwLCJkZWxldGUiOjE4MDAwMDAwMDAwMDAsInJlYWQiOjMwMDAwMDAwMDAwMCwidXBkYXRlIjoxODAwMDAwMDAwMDAwfX0=",
          "dependencies": [
            "azurerm_public_ip.squid-nic-pubip",
            "azurerm_resource_group.this",
            "azurerm_subnet.squid-public-subnet"
          ]
        }
      ]
    },
    {
      "mode": "managed",
      "type": "azurerm_network_interface_security_group_association",
      "name": "nsg_nic_assoc",
      "provider": "provider[\"registry.terraform.io/hashicorp/azurerm\"]",
      "instances": [
        {
          "schema_version": 0,
          "attributes": {
            "id": "/subscriptions/3f2e4d32-8e8d-46d6-82bc-5bb8d962328b/resourceGroups/adb-9scqth-rg/providers/Microsoft.Network/networkInterfaces/squid-nic|/subscriptions/3f2e4d32-8e8d-46d6-82bc-5bb8d962328b/resourceGroups/adb-9scqth-rg/providers/Microsoft.Network/networkSecurityGroups/adb-9scqth-nsg",
            "network_interface_id": "/subscriptions/3f2e4d32-8e8d-46d6-82bc-5bb8d962328b/resourceGroups/adb-9scqth-rg/providers/Microsoft.Network/networkInterfaces/squid-nic",
            "network_security_group_id": "/subscriptions/3f2e4d32-8e8d-46d6-82bc-5bb8d962328b/resourceGroups/adb-9scqth-rg/providers/Microsoft.Network/networkSecurityGroups/adb-9scqth-nsg",
            "timeouts": null
          },
          "sensitive_attributes": [],
          "private": "eyJlMmJmYjczMC1lY2FhLTExZTYtOGY4OC0zNDM2M2JjN2M0YzAiOnsiY3JlYXRlIjoxODAwMDAwMDAwMDAwLCJkZWxldGUiOjE4MDAwMDAwMDAwMDAsInJlYWQiOjMwMDAwMDAwMDAwMCwidXBkYXRlIjoxODAwMDAwMDAwMDAwfX0=",
          "dependencies": [
            "azurerm_resource_group.this",
            "azurerm_subnet.squid-public-subnet",
            "azurerm_virtual_network.squidvnet",
            "data.external.me",
            "random_string.naming",
            "azurerm_network_interface.squid-nic",
            "azurerm_network_security_group.squidnsg",
            "azurerm_public_ip.squid-nic-pubip"
          ]
        }
      ]
    },
    {
      "mode": "managed",
      "type": "azurerm_network_security_group",
      "name": "dbnsg",
      "provider": "provider[\"registry.terraform.io/hashicorp/azurerm\"]",
      "instances": [
        {
          "schema_version": 0,
          "attributes": {
            "id": "/subscriptions/3f2e4d32-8e8d-46d6-82bc-5bb8d962328b/resourceGroups/adb-9scqth-rg/providers/Microsoft.Network/networkSecurityGroups/adb-9scqth-nsg",
            "location": "southeastasia",
            "name": "adb-9scqth-nsg",
            "resource_group_name": "adb-9scqth-rg",
            "security_rule": [
              {
                "access": "Allow",
                "description": "",
                "destination_address_prefix": "*",
                "destination_address_prefixes": [],
                "destination_application_security_group_ids": [],
                "destination_port_range": "22",
                "destination_port_ranges": [],
                "direction": "Inbound",
                "name": "ssh_squid",
                "priority": 300,
                "protocol": "TCP",
                "source_address_prefix": "*",
                "source_address_prefixes": [],
                "source_application_security_group_ids": [],
                "source_port_range": "*",
                "source_port_ranges": []
              },
              {
                "access": "Allow",
                "description": "",
                "destination_address_prefix": "*",
                "destination_address_prefixes": [],
                "destination_application_security_group_ids": [],
                "destination_port_range": "3128",
                "destination_port_ranges": [],
                "direction": "Inbound",
                "name": "http_squid",
                "priority": 301,
                "protocol": "Tcp",
                "source_address_prefix": "10.179.0.0/20",
                "source_address_prefixes": [],
                "source_application_security_group_ids": [],
                "source_port_range": "*",
                "source_port_ranges": []
              },
              {
                "access": "Allow",
                "description": "",
                "destination_address_prefix": "*",
                "destination_address_prefixes": [],
                "destination_application_security_group_ids": [],
                "destination_port_range": "3130",
                "destination_port_ranges": [],
                "direction": "Inbound",
                "name": "https_squid",
                "priority": 302,
                "protocol": "Tcp",
                "source_address_prefix": "10.179.0.0/20",
                "source_address_prefixes": [],
                "source_application_security_group_ids": [],
                "source_port_range": "*",
                "source_port_ranges": []
              },
              {
                "access": "Allow",
                "description": "",
                "destination_address_prefix": "*",
                "destination_address_prefixes": [],
                "destination_application_security_group_ids": [],
                "destination_port_range": "443",
                "destination_port_ranges": [],
                "direction": "Outbound",
                "name": "https_out_squid",
                "priority": 304,
                "protocol": "Tcp",
                "source_address_prefix": "0.0.0.0/0",
                "source_address_prefixes": [],
                "source_application_security_group_ids": [],
                "source_port_range": "*",
                "source_port_ranges": []
              },
              {
                "access": "Allow",
                "description": "",
                "destination_address_prefix": "*",
                "destination_address_prefixes": [],
                "destination_application_security_group_ids": [],
                "destination_port_range": "80",
                "destination_port_ranges": [],
                "direction": "Outbound",
                "name": "http_out_squid",
                "priority": 303,
                "protocol": "Tcp",
                "source_address_prefix": "0.0.0.0/0",
                "source_address_prefixes": [],
                "source_application_security_group_ids": [],
                "source_port_range": "*",
                "source_port_ranges": []
              },
              {
                "access": "Allow",
                "description": "Required for worker communication with Azure Eventhub services.",
                "destination_address_prefix": "EventHub",
                "destination_address_prefixes": [],
                "destination_application_security_group_ids": [],
                "destination_port_range": "9093",
                "destination_port_ranges": [],
                "direction": "Outbound",
                "name": "Microsoft.Databricks-workspaces_UseOnly_databricks-worker-to-eventhub",
                "priority": 104,
                "protocol": "tcp",
                "source_address_prefix": "VirtualNetwork",
                "source_address_prefixes": [],
                "source_application_security_group_ids": [],
                "source_port_range": "*",
                "source_port_ranges": []
              },
              {
                "access": "Allow",
                "description": "Required for worker nodes communication within a cluster.",
                "destination_address_prefix": "VirtualNetwork",
                "destination_address_prefixes": [],
                "destination_application_security_group_ids": [],
                "destination_port_range": "*",
                "destination_port_ranges": [],
                "direction": "Inbound",
                "name": "Microsoft.Databricks-workspaces_UseOnly_databricks-worker-to-worker-inbound",
                "priority": 100,
                "protocol": "*",
                "source_address_prefix": "VirtualNetwork",
                "source_address_prefixes": [],
                "source_application_security_group_ids": [],
                "source_port_range": "*",
                "source_port_ranges": []
              },
              {
                "access": "Allow",
                "description": "Required for worker nodes communication within a cluster.",
                "destination_address_prefix": "VirtualNetwork",
                "destination_address_prefixes": [],
                "destination_application_security_group_ids": [],
                "destination_port_range": "*",
                "destination_port_ranges": [],
                "direction": "Outbound",
                "name": "Microsoft.Databricks-workspaces_UseOnly_databricks-worker-to-worker-outbound",
                "priority": 103,
                "protocol": "*",
                "source_address_prefix": "VirtualNetwork",
                "source_address_prefixes": [],
                "source_application_security_group_ids": [],
                "source_port_range": "*",
                "source_port_ranges": []
              },
              {
                "access": "Allow",
                "description": "Required for workers communication with Azure SQL services.",
                "destination_address_prefix": "Sql",
                "destination_address_prefixes": [],
                "destination_application_security_group_ids": [],
                "destination_port_range": "3306",
                "destination_port_ranges": [],
                "direction": "Outbound",
                "name": "Microsoft.Databricks-workspaces_UseOnly_databricks-worker-to-sql",
                "priority": 101,
                "protocol": "tcp",
                "source_address_prefix": "VirtualNetwork",
                "source_address_prefixes": [],
                "source_application_security_group_ids": [],
                "source_port_range": "*",
                "source_port_ranges": []
              },
              {
                "access": "Allow",
                "description": "Required for workers communication with Azure Storage services.",
                "destination_address_prefix": "Storage",
                "destination_address_prefixes": [],
                "destination_application_security_group_ids": [],
                "destination_port_range": "443",
                "destination_port_ranges": [],
                "direction": "Outbound",
                "name": "Microsoft.Databricks-workspaces_UseOnly_databricks-worker-to-storage",
                "priority": 102,
                "protocol": "tcp",
                "source_address_prefix": "VirtualNetwork",
                "source_address_prefixes": [],
                "source_application_security_group_ids": [],
                "source_port_range": "*",
                "source_port_ranges": []
              },
              {
                "access": "Allow",
                "description": "Required for workers communication with Databricks Webapp.",
                "destination_address_prefix": "AzureDatabricks",
                "destination_address_prefixes": [],
                "destination_application_security_group_ids": [],
                "destination_port_range": "443",
                "destination_port_ranges": [],
                "direction": "Outbound",
                "name": "Microsoft.Databricks-workspaces_UseOnly_databricks-worker-to-databricks-webapp",
                "priority": 100,
                "protocol": "tcp",
                "source_address_prefix": "VirtualNetwork",
                "source_address_prefixes": [],
                "source_application_security_group_ids": [],
                "source_port_range": "*",
                "source_port_ranges": []
              }
            ],
            "tags": {
              "Environment": "Testing",
              "Epoch": "9scqth",
              "Owner": "hao.wang@databricks.com"
            },
            "timeouts": null
          },
          "sensitive_attributes": [],
          "private": "eyJlMmJmYjczMC1lY2FhLTExZTYtOGY4OC0zNDM2M2JjN2M0YzAiOnsiY3JlYXRlIjoxODAwMDAwMDAwMDAwLCJkZWxldGUiOjE4MDAwMDAwMDAwMDAsInJlYWQiOjMwMDAwMDAwMDAwMCwidXBkYXRlIjoxODAwMDAwMDAwMDAwfX0=",
          "dependencies": [
            "azurerm_resource_group.this",
            "data.external.me",
            "random_string.naming"
          ]
        }
      ]
    },
    {
      "mode": "managed",
      "type": "azurerm_network_security_group",
      "name": "squidnsg",
      "provider": "provider[\"registry.terraform.io/hashicorp/azurerm\"]",
      "instances": [
        {
          "schema_version": 0,
          "attributes": {
            "id": "/subscriptions/3f2e4d32-8e8d-46d6-82bc-5bb8d962328b/resourceGroups/adb-9scqth-rg/providers/Microsoft.Network/networkSecurityGroups/adb-9scqth-nsg",
            "location": "southeastasia",
            "name": "adb-9scqth-nsg",
            "resource_group_name": "adb-9scqth-rg",
            "security_rule": [
              {
                "access": "Allow",
                "description": "",
                "destination_address_prefix": "*",
                "destination_address_prefixes": [],
                "destination_application_security_group_ids": [],
                "destination_port_range": "22",
                "destination_port_ranges": [],
                "direction": "Inbound",
                "name": "ssh_squid",
                "priority": 300,
                "protocol": "TCP",
                "source_address_prefix": "*",
                "source_address_prefixes": [],
                "source_application_security_group_ids": [],
                "source_port_range": "*",
                "source_port_ranges": []
              },
              {
                "access": "Allow",
                "description": "",
                "destination_address_prefix": "*",
                "destination_address_prefixes": [],
                "destination_application_security_group_ids": [],
                "destination_port_range": "3128",
                "destination_port_ranges": [],
                "direction": "Inbound",
                "name": "http_squid",
                "priority": 301,
                "protocol": "Tcp",
                "source_address_prefix": "10.179.0.0/20",
                "source_address_prefixes": [],
                "source_application_security_group_ids": [],
                "source_port_range": "*",
                "source_port_ranges": []
              },
              {
                "access": "Allow",
                "description": "",
                "destination_address_prefix": "*",
                "destination_address_prefixes": [],
                "destination_application_security_group_ids": [],
                "destination_port_range": "3130",
                "destination_port_ranges": [],
                "direction": "Inbound",
                "name": "https_squid",
                "priority": 302,
                "protocol": "Tcp",
                "source_address_prefix": "10.179.0.0/20",
                "source_address_prefixes": [],
                "source_application_security_group_ids": [],
                "source_port_range": "*",
                "source_port_ranges": []
              },
              {
                "access": "Allow",
                "description": "",
                "destination_address_prefix": "*",
                "destination_address_prefixes": [],
                "destination_application_security_group_ids": [],
                "destination_port_range": "443",
                "destination_port_ranges": [],
                "direction": "Outbound",
                "name": "https_out_squid",
                "priority": 304,
                "protocol": "Tcp",
                "source_address_prefix": "0.0.0.0/0",
                "source_address_prefixes": [],
                "source_application_security_group_ids": [],
                "source_port_range": "*",
                "source_port_ranges": []
              },
              {
                "access": "Allow",
                "description": "",
                "destination_address_prefix": "*",
                "destination_address_prefixes": [],
                "destination_application_security_group_ids": [],
                "destination_port_range": "80",
                "destination_port_ranges": [],
                "direction": "Outbound",
                "name": "http_out_squid",
                "priority": 303,
                "protocol": "Tcp",
                "source_address_prefix": "0.0.0.0/0",
                "source_address_prefixes": [],
                "source_application_security_group_ids": [],
                "source_port_range": "*",
                "source_port_ranges": []
              },
              {
                "access": "Allow",
                "description": "Required for worker communication with Azure Eventhub services.",
                "destination_address_prefix": "EventHub",
                "destination_address_prefixes": [],
                "destination_application_security_group_ids": [],
                "destination_port_range": "9093",
                "destination_port_ranges": [],
                "direction": "Outbound",
                "name": "Microsoft.Databricks-workspaces_UseOnly_databricks-worker-to-eventhub",
                "priority": 104,
                "protocol": "tcp",
                "source_address_prefix": "VirtualNetwork",
                "source_address_prefixes": [],
                "source_application_security_group_ids": [],
                "source_port_range": "*",
                "source_port_ranges": []
              },
              {
                "access": "Allow",
                "description": "Required for worker nodes communication within a cluster.",
                "destination_address_prefix": "VirtualNetwork",
                "destination_address_prefixes": [],
                "destination_application_security_group_ids": [],
                "destination_port_range": "*",
                "destination_port_ranges": [],
                "direction": "Inbound",
                "name": "Microsoft.Databricks-workspaces_UseOnly_databricks-worker-to-worker-inbound",
                "priority": 100,
                "protocol": "*",
                "source_address_prefix": "VirtualNetwork",
                "source_address_prefixes": [],
                "source_application_security_group_ids": [],
                "source_port_range": "*",
                "source_port_ranges": []
              },
              {
                "access": "Allow",
                "description": "Required for worker nodes communication within a cluster.",
                "destination_address_prefix": "VirtualNetwork",
                "destination_address_prefixes": [],
                "destination_application_security_group_ids": [],
                "destination_port_range": "*",
                "destination_port_ranges": [],
                "direction": "Outbound",
                "name": "Microsoft.Databricks-workspaces_UseOnly_databricks-worker-to-worker-outbound",
                "priority": 103,
                "protocol": "*",
                "source_address_prefix": "VirtualNetwork",
                "source_address_prefixes": [],
                "source_application_security_group_ids": [],
                "source_port_range": "*",
                "source_port_ranges": []
              },
              {
                "access": "Allow",
                "description": "Required for workers communication with Azure SQL services.",
                "destination_address_prefix": "Sql",
                "destination_address_prefixes": [],
                "destination_application_security_group_ids": [],
                "destination_port_range": "3306",
                "destination_port_ranges": [],
                "direction": "Outbound",
                "name": "Microsoft.Databricks-workspaces_UseOnly_databricks-worker-to-sql",
                "priority": 101,
                "protocol": "tcp",
                "source_address_prefix": "VirtualNetwork",
                "source_address_prefixes": [],
                "source_application_security_group_ids": [],
                "source_port_range": "*",
                "source_port_ranges": []
              },
              {
                "access": "Allow",
                "description": "Required for workers communication with Azure Storage services.",
                "destination_address_prefix": "Storage",
                "destination_address_prefixes": [],
                "destination_application_security_group_ids": [],
                "destination_port_range": "443",
                "destination_port_ranges": [],
                "direction": "Outbound",
                "name": "Microsoft.Databricks-workspaces_UseOnly_databricks-worker-to-storage",
                "priority": 102,
                "protocol": "tcp",
                "source_address_prefix": "VirtualNetwork",
                "source_address_prefixes": [],
                "source_application_security_group_ids": [],
                "source_port_range": "*",
                "source_port_ranges": []
              },
              {
                "access": "Allow",
                "description": "Required for workers communication with Databricks Webapp.",
                "destination_address_prefix": "AzureDatabricks",
                "destination_address_prefixes": [],
                "destination_application_security_group_ids": [],
                "destination_port_range": "443",
                "destination_port_ranges": [],
                "direction": "Outbound",
                "name": "Microsoft.Databricks-workspaces_UseOnly_databricks-worker-to-databricks-webapp",
                "priority": 100,
                "protocol": "tcp",
                "source_address_prefix": "VirtualNetwork",
                "source_address_prefixes": [],
                "source_application_security_group_ids": [],
                "source_port_range": "*",
                "source_port_ranges": []
              }
            ],
            "tags": {
              "Environment": "Testing",
              "Epoch": "9scqth",
              "Owner": "hao.wang@databricks.com"
            },
            "timeouts": null
          },
          "sensitive_attributes": [],
          "private": "eyJlMmJmYjczMC1lY2FhLTExZTYtOGY4OC0zNDM2M2JjN2M0YzAiOnsiY3JlYXRlIjoxODAwMDAwMDAwMDAwLCJkZWxldGUiOjE4MDAwMDAwMDAwMDAsInJlYWQiOjMwMDAwMDAwMDAwMCwidXBkYXRlIjoxODAwMDAwMDAwMDAwfX0=",
          "dependencies": [
            "azurerm_resource_group.this",
            "data.external.me",
            "random_string.naming"
          ]
        }
      ]
    },
    {
      "mode": "managed",
      "type": "azurerm_network_security_rule",
      "name": "http_out_squid",
      "provider": "provider[\"registry.terraform.io/hashicorp/azurerm\"]",
      "instances": [
        {
          "schema_version": 0,
          "attributes": {
            "access": "Allow",
            "description": "",
            "destination_address_prefix": "*",
            "destination_address_prefixes": [],
            "destination_application_security_group_ids": [],
            "destination_port_range": "80",
            "destination_port_ranges": [],
            "direction": "Outbound",
            "id": "/subscriptions/3f2e4d32-8e8d-46d6-82bc-5bb8d962328b/resourceGroups/adb-9scqth-rg/providers/Microsoft.Network/networkSecurityGroups/adb-9scqth-nsg/securityRules/http_out_squid",
            "name": "http_out_squid",
            "network_security_group_name": "adb-9scqth-nsg",
            "priority": 303,
            "protocol": "Tcp",
            "resource_group_name": "adb-9scqth-rg",
            "source_address_prefix": "0.0.0.0/0",
            "source_address_prefixes": [],
            "source_application_security_group_ids": [],
            "source_port_range": "*",
            "source_port_ranges": [],
            "timeouts": null
          },
          "sensitive_attributes": [],
          "private": "eyJlMmJmYjczMC1lY2FhLTExZTYtOGY4OC0zNDM2M2JjN2M0YzAiOnsiY3JlYXRlIjoxODAwMDAwMDAwMDAwLCJkZWxldGUiOjE4MDAwMDAwMDAwMDAsInJlYWQiOjMwMDAwMDAwMDAwMCwidXBkYXRlIjoxODAwMDAwMDAwMDAwfX0=",
          "dependencies": [
            "azurerm_resource_group.this",
            "data.external.me",
            "random_string.naming",
            "azurerm_network_security_group.squidnsg"
          ]
        }
      ]
    },
    {
      "mode": "managed",
      "type": "azurerm_network_security_rule",
      "name": "http_squid",
      "provider": "provider[\"registry.terraform.io/hashicorp/azurerm\"]",
      "instances": [
        {
          "schema_version": 0,
          "attributes": {
            "access": "Allow",
            "description": "",
            "destination_address_prefix": "*",
            "destination_address_prefixes": [],
            "destination_application_security_group_ids": [],
            "destination_port_range": "3128",
            "destination_port_ranges": [],
            "direction": "Inbound",
            "id": "/subscriptions/3f2e4d32-8e8d-46d6-82bc-5bb8d962328b/resourceGroups/adb-9scqth-rg/providers/Microsoft.Network/networkSecurityGroups/adb-9scqth-nsg/securityRules/http_squid",
            "name": "http_squid",
            "network_security_group_name": "adb-9scqth-nsg",
            "priority": 301,
            "protocol": "Tcp",
            "resource_group_name": "adb-9scqth-rg",
            "source_address_prefix": "10.179.0.0/20",
            "source_address_prefixes": [],
            "source_application_security_group_ids": [],
            "source_port_range": "*",
            "source_port_ranges": [],
            "timeouts": null
          },
          "sensitive_attributes": [],
          "private": "eyJlMmJmYjczMC1lY2FhLTExZTYtOGY4OC0zNDM2M2JjN2M0YzAiOnsiY3JlYXRlIjoxODAwMDAwMDAwMDAwLCJkZWxldGUiOjE4MDAwMDAwMDAwMDAsInJlYWQiOjMwMDAwMDAwMDAwMCwidXBkYXRlIjoxODAwMDAwMDAwMDAwfX0=",
          "dependencies": [
            "azurerm_network_security_group.squidnsg",
            "azurerm_resource_group.this",
            "azurerm_virtual_network.dbvnet",
            "data.external.me",
            "random_string.naming"
          ]
        }
      ]
    },
    {
      "mode": "managed",
      "type": "azurerm_network_security_rule",
      "name": "https_out_squid",
      "provider": "provider[\"registry.terraform.io/hashicorp/azurerm\"]",
      "instances": [
        {
          "schema_version": 0,
          "attributes": {
            "access": "Allow",
            "description": "",
            "destination_address_prefix": "*",
            "destination_address_prefixes": [],
            "destination_application_security_group_ids": [],
            "destination_port_range": "443",
            "destination_port_ranges": [],
            "direction": "Outbound",
            "id": "/subscriptions/3f2e4d32-8e8d-46d6-82bc-5bb8d962328b/resourceGroups/adb-9scqth-rg/providers/Microsoft.Network/networkSecurityGroups/adb-9scqth-nsg/securityRules/https_out_squid",
            "name": "https_out_squid",
            "network_security_group_name": "adb-9scqth-nsg",
            "priority": 304,
            "protocol": "Tcp",
            "resource_group_name": "adb-9scqth-rg",
            "source_address_prefix": "0.0.0.0/0",
            "source_address_prefixes": [],
            "source_application_security_group_ids": [],
            "source_port_range": "*",
            "source_port_ranges": [],
            "timeouts": null
          },
          "sensitive_attributes": [],
          "private": "eyJlMmJmYjczMC1lY2FhLTExZTYtOGY4OC0zNDM2M2JjN2M0YzAiOnsiY3JlYXRlIjoxODAwMDAwMDAwMDAwLCJkZWxldGUiOjE4MDAwMDAwMDAwMDAsInJlYWQiOjMwMDAwMDAwMDAwMCwidXBkYXRlIjoxODAwMDAwMDAwMDAwfX0=",
          "dependencies": [
            "data.external.me",
            "random_string.naming",
            "azurerm_network_security_group.squidnsg",
            "azurerm_resource_group.this"
          ]
        }
      ]
    },
    {
      "mode": "managed",
      "type": "azurerm_network_security_rule",
      "name": "https_squid",
      "provider": "provider[\"registry.terraform.io/hashicorp/azurerm\"]",
      "instances": [
        {
          "schema_version": 0,
          "attributes": {
            "access": "Allow",
            "description": "",
            "destination_address_prefix": "*",
            "destination_address_prefixes": [],
            "destination_application_security_group_ids": [],
            "destination_port_range": "3130",
            "destination_port_ranges": [],
            "direction": "Inbound",
            "id": "/subscriptions/3f2e4d32-8e8d-46d6-82bc-5bb8d962328b/resourceGroups/adb-9scqth-rg/providers/Microsoft.Network/networkSecurityGroups/adb-9scqth-nsg/securityRules/https_squid",
            "name": "https_squid",
            "network_security_group_name": "adb-9scqth-nsg",
            "priority": 302,
            "protocol": "Tcp",
            "resource_group_name": "adb-9scqth-rg",
            "source_address_prefix": "10.179.0.0/20",
            "source_address_prefixes": [],
            "source_application_security_group_ids": [],
            "source_port_range": "*",
            "source_port_ranges": [],
            "timeouts": null
          },
          "sensitive_attributes": [],
          "private": "eyJlMmJmYjczMC1lY2FhLTExZTYtOGY4OC0zNDM2M2JjN2M0YzAiOnsiY3JlYXRlIjoxODAwMDAwMDAwMDAwLCJkZWxldGUiOjE4MDAwMDAwMDAwMDAsInJlYWQiOjMwMDAwMDAwMDAwMCwidXBkYXRlIjoxODAwMDAwMDAwMDAwfX0=",
          "dependencies": [
            "azurerm_network_security_group.squidnsg",
            "azurerm_resource_group.this",
            "azurerm_virtual_network.dbvnet",
            "data.external.me",
            "random_string.naming"
          ]
        }
      ]
    },
    {
      "mode": "managed",
      "type": "azurerm_network_security_rule",
      "name": "ssh",
      "provider": "provider[\"registry.terraform.io/hashicorp/azurerm\"]",
      "instances": [
        {
          "schema_version": 0,
          "attributes": {
            "access": "Allow",
            "description": "",
            "destination_address_prefix": "*",
            "destination_address_prefixes": [],
            "destination_application_security_group_ids": [],
            "destination_port_range": "22",
            "destination_port_ranges": [],
            "direction": "Inbound",
            "id": "/subscriptions/3f2e4d32-8e8d-46d6-82bc-5bb8d962328b/resourceGroups/adb-9scqth-rg/providers/Microsoft.Network/networkSecurityGroups/adb-9scqth-nsg/securityRules/ssh_squid",
            "name": "ssh_squid",
            "network_security_group_name": "adb-9scqth-nsg",
            "priority": 300,
            "protocol": "TCP",
            "resource_group_name": "adb-9scqth-rg",
            "source_address_prefix": "*",
            "source_address_prefixes": [],
            "source_application_security_group_ids": [],
            "source_port_range": "*",
            "source_port_ranges": [],
            "timeouts": null
          },
          "sensitive_attributes": [],
          "private": "eyJlMmJmYjczMC1lY2FhLTExZTYtOGY4OC0zNDM2M2JjN2M0YzAiOnsiY3JlYXRlIjoxODAwMDAwMDAwMDAwLCJkZWxldGUiOjE4MDAwMDAwMDAwMDAsInJlYWQiOjMwMDAwMDAwMDAwMCwidXBkYXRlIjoxODAwMDAwMDAwMDAwfX0=",
          "dependencies": [
            "azurerm_network_security_group.squidnsg",
            "azurerm_resource_group.this",
            "data.external.me",
            "random_string.naming"
          ]
        }
      ]
    },
    {
      "mode": "managed",
      "type": "azurerm_public_ip",
      "name": "squid-nic-pubip",
      "provider": "provider[\"registry.terraform.io/hashicorp/azurerm\"]",
      "instances": [
        {
          "schema_version": 0,
          "attributes": {
            "allocation_method": "Static",
            "availability_zone": "No-Zone",
            "domain_name_label": null,
            "fqdn": null,
            "id": "/subscriptions/3f2e4d32-8e8d-46d6-82bc-5bb8d962328b/resourceGroups/adb-9scqth-rg/providers/Microsoft.Network/publicIPAddresses/squid-nic-pubip",
            "idle_timeout_in_minutes": 4,
            "ip_address": "20.212.53.70",
            "ip_tags": {},
            "ip_version": "IPv4",
            "location": "southeastasia",
            "name": "squid-nic-pubip",
            "public_ip_prefix_id": null,
            "resource_group_name": "adb-9scqth-rg",
            "reverse_fqdn": null,
            "sku": "Basic",
            "sku_tier": "Regional",
            "tags": {},
            "timeouts": null,
            "zones": []
          },
          "sensitive_attributes": [],
          "private": "eyJlMmJmYjczMC1lY2FhLTExZTYtOGY4OC0zNDM2M2JjN2M0YzAiOnsiY3JlYXRlIjoxODAwMDAwMDAwMDAwLCJkZWxldGUiOjE4MDAwMDAwMDAwMDAsInJlYWQiOjMwMDAwMDAwMDAwMCwidXBkYXRlIjoxODAwMDAwMDAwMDAwfX0=",
          "dependencies": [
            "azurerm_resource_group.this"
          ]
        }
      ]
    },
    {
      "mode": "managed",
      "type": "azurerm_resource_group",
      "name": "this",
      "provider": "provider[\"registry.terraform.io/hashicorp/azurerm\"]",
      "instances": [
        {
          "schema_version": 0,
          "attributes": {
            "id": "/subscriptions/3f2e4d32-8e8d-46d6-82bc-5bb8d962328b/resourceGroups/adb-9scqth-rg",
            "location": "southeastasia",
            "name": "adb-9scqth-rg",
            "tags": {
              "Environment": "Testing",
              "Epoch": "9scqth",
              "Owner": "hao.wang@databricks.com"
            },
            "timeouts": null
          },
          "sensitive_attributes": [],
          "private": "eyJlMmJmYjczMC1lY2FhLTExZTYtOGY4OC0zNDM2M2JjN2M0YzAiOnsiY3JlYXRlIjo1NDAwMDAwMDAwMDAwLCJkZWxldGUiOjU0MDAwMDAwMDAwMDAsInJlYWQiOjMwMDAwMDAwMDAwMCwidXBkYXRlIjo1NDAwMDAwMDAwMDAwfX0=",
          "dependencies": [
            "data.external.me",
            "random_string.naming"
          ]
        }
      ]
    },
    {
      "mode": "managed",
      "type": "azurerm_route_table",
      "name": "adbroute",
      "provider": "provider[\"registry.terraform.io/hashicorp/azurerm\"]",
      "instances": [
        {
          "schema_version": 0,
          "attributes": {
            "disable_bgp_route_propagation": false,
            "id": "/subscriptions/3f2e4d32-8e8d-46d6-82bc-5bb8d962328b/resourceGroups/adb-9scqth-rg/providers/Microsoft.Network/routeTables/udr-routetable",
            "location": "southeastasia",
            "name": "udr-routetable",
            "resource_group_name": "adb-9scqth-rg",
            "route": [
              {
                "address_prefix": "0.0.0.0/0",
                "name": "to-proxy",
                "next_hop_in_ip_address": "0.0.0.0",
                "next_hop_type": "VirtualAppliance"
              }
            ],
            "subnets": [],
            "tags": {},
            "timeouts": null
          },
          "sensitive_attributes": [],
          "private": "eyJlMmJmYjczMC1lY2FhLTExZTYtOGY4OC0zNDM2M2JjN2M0YzAiOnsiY3JlYXRlIjoxODAwMDAwMDAwMDAwLCJkZWxldGUiOjE4MDAwMDAwMDAwMDAsInJlYWQiOjMwMDAwMDAwMDAwMCwidXBkYXRlIjoxODAwMDAwMDAwMDAwfX0=",
          "dependencies": [
            "azurerm_resource_group.this",
            "data.external.me",
            "random_string.naming"
          ]
        }
      ]
    },
    {
      "mode": "managed",
      "type": "azurerm_storage_account",
      "name": "testsa",
      "provider": "provider[\"registry.terraform.io/hashicorp/azurerm\"]",
      "instances": [
        {
          "schema_version": 2,
          "attributes": {
            "access_tier": "Hot",
            "account_kind": "StorageV2",
            "account_replication_type": "LRS",
            "account_tier": "Standard",
            "allow_blob_public_access": false,
            "azure_files_authentication": [],
            "blob_properties": [
              {
                "change_feed_enabled": false,
                "container_delete_retention_policy": [],
                "cors_rule": [],
                "default_service_version": "",
                "delete_retention_policy": [],
                "last_access_time_enabled": false,
                "versioning_enabled": false
              }
            ],
            "custom_domain": [],
            "enable_https_traffic_only": true,
            "id": "/subscriptions/3f2e4d32-8e8d-46d6-82bc-5bb8d962328b/resourceGroups/adb-9scqth-rg/providers/Microsoft.Storage/storageAccounts/79fdb4a2cd276a90",
            "identity": [],
            "is_hns_enabled": true,
            "large_file_share_enabled": null,
            "location": "southeastasia",
            "min_tls_version": "TLS1_0",
            "name": "79fdb4a2cd276a90",
            "network_rules": [
              {
                "bypass": [
                  "AzureServices"
                ],
                "default_action": "Allow",
                "ip_rules": [],
                "private_link_access": [],
                "virtual_network_subnet_ids": []
              }
            ],
            "nfsv3_enabled": false,
            "primary_access_key": "EB1LvWz6GJg8OLWJVzieOBGGmsqj0RKoeyuRxSqucbBh60h+0lWE1vL+BDDXSqBZRfuNEICG51kKbiCTlX3Ssg==",
            "primary_blob_connection_string": "DefaultEndpointsProtocol=https;BlobEndpoint=https://79fdb4a2cd276a90.blob.core.windows.net/;AccountName=79fdb4a2cd276a90;AccountKey=EB1LvWz6GJg8OLWJVzieOBGGmsqj0RKoeyuRxSqucbBh60h+0lWE1vL+BDDXSqBZRfuNEICG51kKbiCTlX3Ssg==",
            "primary_blob_endpoint": "https://79fdb4a2cd276a90.blob.core.windows.net/",
            "primary_blob_host": "79fdb4a2cd276a90.blob.core.windows.net",
            "primary_connection_string": "DefaultEndpointsProtocol=https;AccountName=79fdb4a2cd276a90;AccountKey=EB1LvWz6GJg8OLWJVzieOBGGmsqj0RKoeyuRxSqucbBh60h+0lWE1vL+BDDXSqBZRfuNEICG51kKbiCTlX3Ssg==;EndpointSuffix=core.windows.net",
            "primary_dfs_endpoint": "https://79fdb4a2cd276a90.dfs.core.windows.net/",
            "primary_dfs_host": "79fdb4a2cd276a90.dfs.core.windows.net",
            "primary_file_endpoint": "https://79fdb4a2cd276a90.file.core.windows.net/",
            "primary_file_host": "79fdb4a2cd276a90.file.core.windows.net",
            "primary_location": "southeastasia",
            "primary_queue_endpoint": "https://79fdb4a2cd276a90.queue.core.windows.net/",
            "primary_queue_host": "79fdb4a2cd276a90.queue.core.windows.net",
            "primary_table_endpoint": "https://79fdb4a2cd276a90.table.core.windows.net/",
            "primary_table_host": "79fdb4a2cd276a90.table.core.windows.net",
            "primary_web_endpoint": "https://79fdb4a2cd276a90.z23.web.core.windows.net/",
            "primary_web_host": "79fdb4a2cd276a90.z23.web.core.windows.net",
            "queue_properties": [
              {
                "cors_rule": [],
                "hour_metrics": [
                  {
                    "enabled": true,
                    "include_apis": true,
                    "retention_policy_days": 7,
                    "version": "1.0"
                  }
                ],
                "logging": [
                  {
                    "delete": false,
                    "read": false,
                    "retention_policy_days": 0,
                    "version": "1.0",
                    "write": false
                  }
                ],
                "minute_metrics": [
                  {
                    "enabled": false,
                    "include_apis": false,
                    "retention_policy_days": 0,
                    "version": "1.0"
                  }
                ]
              }
            ],
            "resource_group_name": "adb-9scqth-rg",
            "routing": [],
            "secondary_access_key": "7WmJF+9GjRt7wt2mr+bwHUMZUrTyY1VyPU3ValHY60TXRVIYe2siMvlU0sQ9MeFoHHROPOs1Ggo0ZDMyOAfVUg==",
            "secondary_blob_connection_string": "",
            "secondary_blob_endpoint": null,
            "secondary_blob_host": null,
            "secondary_connection_string": "DefaultEndpointsProtocol=https;AccountName=79fdb4a2cd276a90;AccountKey=7WmJF+9GjRt7wt2mr+bwHUMZUrTyY1VyPU3ValHY60TXRVIYe2siMvlU0sQ9MeFoHHROPOs1Ggo0ZDMyOAfVUg==;EndpointSuffix=core.windows.net",
            "secondary_dfs_endpoint": null,
            "secondary_dfs_host": null,
            "secondary_file_endpoint": null,
            "secondary_file_host": null,
            "secondary_location": "",
            "secondary_queue_endpoint": null,
            "secondary_queue_host": null,
            "secondary_table_endpoint": null,
            "secondary_table_host": null,
            "secondary_web_endpoint": null,
            "secondary_web_host": null,
            "share_properties": [
              {
                "cors_rule": [],
                "retention_policy": [
                  {
                    "days": 7
                  }
                ],
                "smb": []
              }
            ],
            "shared_access_key_enabled": true,
            "static_website": [],
            "tags": {
              "Environment": "Testing",
              "Epoch": "9scqth",
              "Owner": "hao.wang@databricks.com"
            },
            "timeouts": null
          },
          "sensitive_attributes": [],
          "private": "eyJlMmJmYjczMC1lY2FhLTExZTYtOGY4OC0zNDM2M2JjN2M0YzAiOnsiY3JlYXRlIjozNjAwMDAwMDAwMDAwLCJkZWxldGUiOjM2MDAwMDAwMDAwMDAsInJlYWQiOjMwMDAwMDAwMDAwMCwidXBkYXRlIjozNjAwMDAwMDAwMDAwfSwic2NoZW1hX3ZlcnNpb24iOiIyIn0=",
          "dependencies": [
            "azurerm_resource_group.this",
            "data.external.me",
            "random_id.storage_account",
            "random_string.naming"
          ]
        }
      ]
    },
    {
      "mode": "managed",
      "type": "azurerm_subnet",
      "name": "private",
      "provider": "provider[\"registry.terraform.io/hashicorp/azurerm\"]",
      "instances": [
        {
          "schema_version": 0,
          "attributes": {
            "address_prefix": "10.179.2.0/23",
            "address_prefixes": [
              "10.179.2.0/23"
            ],
            "delegation": [
              {
                "name": "databricks",
                "service_delegation": [
                  {
                    "actions": [
                      "Microsoft.Network/virtualNetworks/subnets/join/action",
                      "Microsoft.Network/virtualNetworks/subnets/prepareNetworkPolicies/action",
                      "Microsoft.Network/virtualNetworks/subnets/unprepareNetworkPolicies/action"
                    ],
                    "name": "Microsoft.Databricks/workspaces"
                  }
                ]
              }
            ],
            "enforce_private_link_endpoint_network_policies": false,
            "enforce_private_link_service_network_policies": false,
            "id": "/subscriptions/3f2e4d32-8e8d-46d6-82bc-5bb8d962328b/resourceGroups/adb-9scqth-rg/providers/Microsoft.Network/virtualNetworks/adb-9scqth-vnet/subnets/adb-9scqth-private",
            "name": "adb-9scqth-private",
            "resource_group_name": "adb-9scqth-rg",
            "service_endpoint_policy_ids": [],
            "service_endpoints": [],
            "timeouts": null,
            "virtual_network_name": "adb-9scqth-vnet"
          },
          "sensitive_attributes": [],
          "private": "eyJlMmJmYjczMC1lY2FhLTExZTYtOGY4OC0zNDM2M2JjN2M0YzAiOnsiY3JlYXRlIjoxODAwMDAwMDAwMDAwLCJkZWxldGUiOjE4MDAwMDAwMDAwMDAsInJlYWQiOjMwMDAwMDAwMDAwMCwidXBkYXRlIjoxODAwMDAwMDAwMDAwfX0=",
          "dependencies": [
            "azurerm_resource_group.this",
            "azurerm_virtual_network.dbvnet",
            "data.external.me",
            "random_string.naming"
          ]
        }
      ]
    },
    {
      "mode": "managed",
      "type": "azurerm_subnet",
      "name": "public",
      "provider": "provider[\"registry.terraform.io/hashicorp/azurerm\"]",
      "instances": [
        {
          "schema_version": 0,
          "attributes": {
            "address_prefix": "10.179.0.0/23",
            "address_prefixes": [
              "10.179.0.0/23"
            ],
            "delegation": [
              {
                "name": "databricks",
                "service_delegation": [
                  {
                    "actions": [
                      "Microsoft.Network/virtualNetworks/subnets/join/action",
                      "Microsoft.Network/virtualNetworks/subnets/prepareNetworkPolicies/action",
                      "Microsoft.Network/virtualNetworks/subnets/unprepareNetworkPolicies/action"
                    ],
                    "name": "Microsoft.Databricks/workspaces"
                  }
                ]
              }
            ],
            "enforce_private_link_endpoint_network_policies": false,
            "enforce_private_link_service_network_policies": false,
            "id": "/subscriptions/3f2e4d32-8e8d-46d6-82bc-5bb8d962328b/resourceGroups/adb-9scqth-rg/providers/Microsoft.Network/virtualNetworks/adb-9scqth-vnet/subnets/adb-9scqth-public",
            "name": "adb-9scqth-public",
            "resource_group_name": "adb-9scqth-rg",
            "service_endpoint_policy_ids": [],
            "service_endpoints": [],
            "timeouts": null,
            "virtual_network_name": "adb-9scqth-vnet"
          },
          "sensitive_attributes": [],
          "private": "eyJlMmJmYjczMC1lY2FhLTExZTYtOGY4OC0zNDM2M2JjN2M0YzAiOnsiY3JlYXRlIjoxODAwMDAwMDAwMDAwLCJkZWxldGUiOjE4MDAwMDAwMDAwMDAsInJlYWQiOjMwMDAwMDAwMDAwMCwidXBkYXRlIjoxODAwMDAwMDAwMDAwfX0=",
          "dependencies": [
            "azurerm_resource_group.this",
            "azurerm_virtual_network.dbvnet",
            "data.external.me",
            "random_string.naming"
          ]
        }
      ]
    },
    {
      "mode": "managed",
      "type": "azurerm_subnet",
      "name": "squid-public-subnet",
      "provider": "provider[\"registry.terraform.io/hashicorp/azurerm\"]",
      "instances": [
        {
          "schema_version": 0,
          "attributes": {
            "address_prefix": "10.178.0.0/23",
            "address_prefixes": [
              "10.178.0.0/23"
            ],
            "delegation": [],
            "enforce_private_link_endpoint_network_policies": false,
            "enforce_private_link_service_network_policies": false,
            "id": "/subscriptions/3f2e4d32-8e8d-46d6-82bc-5bb8d962328b/resourceGroups/adb-9scqth-rg/providers/Microsoft.Network/virtualNetworks/adb-9scqth-squid-vnet/subnets/adb-9scqth-squid-public",
            "name": "adb-9scqth-squid-public",
            "resource_group_name": "adb-9scqth-rg",
            "service_endpoint_policy_ids": [],
            "service_endpoints": [],
            "timeouts": null,
            "virtual_network_name": "adb-9scqth-squid-vnet"
          },
          "sensitive_attributes": [],
          "private": "eyJlMmJmYjczMC1lY2FhLTExZTYtOGY4OC0zNDM2M2JjN2M0YzAiOnsiY3JlYXRlIjoxODAwMDAwMDAwMDAwLCJkZWxldGUiOjE4MDAwMDAwMDAwMDAsInJlYWQiOjMwMDAwMDAwMDAwMCwidXBkYXRlIjoxODAwMDAwMDAwMDAwfX0=",
          "dependencies": [
            "azurerm_resource_group.this",
            "azurerm_virtual_network.squidvnet",
            "data.external.me",
            "random_string.naming"
          ]
        }
      ]
    },
    {
      "mode": "managed",
      "type": "azurerm_subnet_network_security_group_association",
      "name": "private",
      "provider": "provider[\"registry.terraform.io/hashicorp/azurerm\"]",
      "instances": [
        {
          "schema_version": 0,
          "attributes": {
            "id": "/subscriptions/3f2e4d32-8e8d-46d6-82bc-5bb8d962328b/resourceGroups/adb-9scqth-rg/providers/Microsoft.Network/virtualNetworks/adb-9scqth-vnet/subnets/adb-9scqth-private",
            "network_security_group_id": "/subscriptions/3f2e4d32-8e8d-46d6-82bc-5bb8d962328b/resourceGroups/adb-9scqth-rg/providers/Microsoft.Network/networkSecurityGroups/adb-9scqth-nsg",
            "subnet_id": "/subscriptions/3f2e4d32-8e8d-46d6-82bc-5bb8d962328b/resourceGroups/adb-9scqth-rg/providers/Microsoft.Network/virtualNetworks/adb-9scqth-vnet/subnets/adb-9scqth-private",
            "timeouts": null
          },
          "sensitive_attributes": [],
          "private": "eyJlMmJmYjczMC1lY2FhLTExZTYtOGY4OC0zNDM2M2JjN2M0YzAiOnsiY3JlYXRlIjoxODAwMDAwMDAwMDAwLCJkZWxldGUiOjE4MDAwMDAwMDAwMDAsInJlYWQiOjMwMDAwMDAwMDAwMCwidXBkYXRlIjoxODAwMDAwMDAwMDAwfX0=",
          "dependencies": [
            "azurerm_resource_group.this",
            "azurerm_subnet.private",
            "azurerm_virtual_network.dbvnet",
            "data.external.me",
            "random_string.naming",
            "azurerm_network_security_group.dbnsg"
          ]
        }
      ]
    },
    {
      "mode": "managed",
      "type": "azurerm_subnet_network_security_group_association",
      "name": "public",
      "provider": "provider[\"registry.terraform.io/hashicorp/azurerm\"]",
      "instances": [
        {
          "schema_version": 0,
          "attributes": {
            "id": "/subscriptions/3f2e4d32-8e8d-46d6-82bc-5bb8d962328b/resourceGroups/adb-9scqth-rg/providers/Microsoft.Network/virtualNetworks/adb-9scqth-vnet/subnets/adb-9scqth-public",
            "network_security_group_id": "/subscriptions/3f2e4d32-8e8d-46d6-82bc-5bb8d962328b/resourceGroups/adb-9scqth-rg/providers/Microsoft.Network/networkSecurityGroups/adb-9scqth-nsg",
            "subnet_id": "/subscriptions/3f2e4d32-8e8d-46d6-82bc-5bb8d962328b/resourceGroups/adb-9scqth-rg/providers/Microsoft.Network/virtualNetworks/adb-9scqth-vnet/subnets/adb-9scqth-public",
            "timeouts": null
          },
          "sensitive_attributes": [],
          "private": "eyJlMmJmYjczMC1lY2FhLTExZTYtOGY4OC0zNDM2M2JjN2M0YzAiOnsiY3JlYXRlIjoxODAwMDAwMDAwMDAwLCJkZWxldGUiOjE4MDAwMDAwMDAwMDAsInJlYWQiOjMwMDAwMDAwMDAwMCwidXBkYXRlIjoxODAwMDAwMDAwMDAwfX0=",
          "dependencies": [
            "azurerm_subnet.public",
            "azurerm_virtual_network.dbvnet",
            "data.external.me",
            "random_string.naming",
            "azurerm_network_security_group.dbnsg",
            "azurerm_resource_group.this"
          ]
        }
      ]
    },
    {
      "mode": "managed",
      "type": "azurerm_virtual_network",
      "name": "dbvnet",
      "provider": "provider[\"registry.terraform.io/hashicorp/azurerm\"]",
      "instances": [
        {
          "schema_version": 0,
          "attributes": {
            "address_space": [
              "10.179.0.0/20"
            ],
            "bgp_community": "",
            "ddos_protection_plan": [],
            "dns_servers": [],
            "guid": "844e9fa5-efaa-41d4-a38b-acaeb4e8c533",
            "id": "/subscriptions/3f2e4d32-8e8d-46d6-82bc-5bb8d962328b/resourceGroups/adb-9scqth-rg/providers/Microsoft.Network/virtualNetworks/adb-9scqth-vnet",
            "location": "southeastasia",
            "name": "adb-9scqth-vnet",
            "resource_group_name": "adb-9scqth-rg",
            "subnet": [
              {
                "address_prefix": "10.179.0.0/23",
                "id": "/subscriptions/3f2e4d32-8e8d-46d6-82bc-5bb8d962328b/resourceGroups/adb-9scqth-rg/providers/Microsoft.Network/virtualNetworks/adb-9scqth-vnet/subnets/adb-9scqth-public",
                "name": "adb-9scqth-public",
                "security_group": "/subscriptions/3f2e4d32-8e8d-46d6-82bc-5bb8d962328b/resourceGroups/adb-9scqth-rg/providers/Microsoft.Network/networkSecurityGroups/adb-9scqth-nsg"
              },
              {
                "address_prefix": "10.179.2.0/23",
                "id": "/subscriptions/3f2e4d32-8e8d-46d6-82bc-5bb8d962328b/resourceGroups/adb-9scqth-rg/providers/Microsoft.Network/virtualNetworks/adb-9scqth-vnet/subnets/adb-9scqth-private",
                "name": "adb-9scqth-private",
                "security_group": "/subscriptions/3f2e4d32-8e8d-46d6-82bc-5bb8d962328b/resourceGroups/adb-9scqth-rg/providers/Microsoft.Network/networkSecurityGroups/adb-9scqth-nsg"
              }
            ],
            "tags": {
              "Environment": "Testing",
              "Epoch": "9scqth",
              "Owner": "hao.wang@databricks.com"
            },
            "timeouts": null,
            "vm_protection_enabled": false
          },
          "sensitive_attributes": [],
          "private": "eyJlMmJmYjczMC1lY2FhLTExZTYtOGY4OC0zNDM2M2JjN2M0YzAiOnsiY3JlYXRlIjoxODAwMDAwMDAwMDAwLCJkZWxldGUiOjE4MDAwMDAwMDAwMDAsInJlYWQiOjMwMDAwMDAwMDAwMCwidXBkYXRlIjoxODAwMDAwMDAwMDAwfX0=",
          "dependencies": [
            "azurerm_resource_group.this",
            "data.external.me",
            "random_string.naming"
          ]
        }
      ]
    },
    {
      "mode": "managed",
      "type": "azurerm_virtual_network",
      "name": "squidvnet",
      "provider": "provider[\"registry.terraform.io/hashicorp/azurerm\"]",
      "instances": [
        {
          "schema_version": 0,
          "attributes": {
            "address_space": [
              "10.178.0.0/20"
            ],
            "bgp_community": "",
            "ddos_protection_plan": [],
            "dns_servers": [],
            "guid": "692934c7-3ad3-44cf-92bc-7ca6625ac612",
            "id": "/subscriptions/3f2e4d32-8e8d-46d6-82bc-5bb8d962328b/resourceGroups/adb-9scqth-rg/providers/Microsoft.Network/virtualNetworks/adb-9scqth-squid-vnet",
            "location": "southeastasia",
            "name": "adb-9scqth-squid-vnet",
            "resource_group_name": "adb-9scqth-rg",
            "subnet": [
              {
                "address_prefix": "10.178.0.0/23",
                "id": "/subscriptions/3f2e4d32-8e8d-46d6-82bc-5bb8d962328b/resourceGroups/adb-9scqth-rg/providers/Microsoft.Network/virtualNetworks/adb-9scqth-squid-vnet/subnets/adb-9scqth-squid-public",
                "name": "adb-9scqth-squid-public",
                "security_group": ""
              }
            ],
            "tags": {
              "Environment": "Testing",
              "Epoch": "9scqth",
              "Owner": "hao.wang@databricks.com"
            },
            "timeouts": null,
            "vm_protection_enabled": false
          },
          "sensitive_attributes": [],
          "private": "eyJlMmJmYjczMC1lY2FhLTExZTYtOGY4OC0zNDM2M2JjN2M0YzAiOnsiY3JlYXRlIjoxODAwMDAwMDAwMDAwLCJkZWxldGUiOjE4MDAwMDAwMDAwMDAsInJlYWQiOjMwMDAwMDAwMDAwMCwidXBkYXRlIjoxODAwMDAwMDAwMDAwfX0=",
          "dependencies": [
            "azurerm_resource_group.this",
            "data.external.me",
            "random_string.naming"
          ]
        }
      ]
    },
    {
      "mode": "managed",
      "type": "azurerm_virtual_network_peering",
      "name": "db2squid",
      "provider": "provider[\"registry.terraform.io/hashicorp/azurerm\"]",
      "instances": [
        {
          "schema_version": 0,
          "attributes": {
            "allow_forwarded_traffic": false,
            "allow_gateway_transit": false,
            "allow_virtual_network_access": true,
            "id": "/subscriptions/3f2e4d32-8e8d-46d6-82bc-5bb8d962328b/resourceGroups/adb-9scqth-rg/providers/Microsoft.Network/virtualNetworks/adb-9scqth-vnet/virtualNetworkPeerings/db2squid",
            "name": "db2squid",
            "remote_virtual_network_id": "/subscriptions/3f2e4d32-8e8d-46d6-82bc-5bb8d962328b/resourceGroups/adb-9scqth-rg/providers/Microsoft.Network/virtualNetworks/adb-9scqth-squid-vnet",
            "resource_group_name": "adb-9scqth-rg",
            "timeouts": null,
            "use_remote_gateways": false,
            "virtual_network_name": "adb-9scqth-vnet"
          },
          "sensitive_attributes": [],
          "private": "eyJlMmJmYjczMC1lY2FhLTExZTYtOGY4OC0zNDM2M2JjN2M0YzAiOnsiY3JlYXRlIjoxODAwMDAwMDAwMDAwLCJkZWxldGUiOjE4MDAwMDAwMDAwMDAsInJlYWQiOjMwMDAwMDAwMDAwMCwidXBkYXRlIjoxODAwMDAwMDAwMDAwfX0=",
          "dependencies": [
            "azurerm_virtual_network.squidvnet",
            "data.external.me",
            "random_string.naming",
            "azurerm_resource_group.this",
            "azurerm_virtual_network.dbvnet"
          ]
        }
      ]
    },
    {
      "mode": "managed",
      "type": "azurerm_virtual_network_peering",
      "name": "squid2db",
      "provider": "provider[\"registry.terraform.io/hashicorp/azurerm\"]",
      "instances": [
        {
          "schema_version": 0,
          "attributes": {
            "allow_forwarded_traffic": false,
            "allow_gateway_transit": false,
            "allow_virtual_network_access": true,
            "id": "/subscriptions/3f2e4d32-8e8d-46d6-82bc-5bb8d962328b/resourceGroups/adb-9scqth-rg/providers/Microsoft.Network/virtualNetworks/adb-9scqth-squid-vnet/virtualNetworkPeerings/squid2db",
            "name": "squid2db",
            "remote_virtual_network_id": "/subscriptions/3f2e4d32-8e8d-46d6-82bc-5bb8d962328b/resourceGroups/adb-9scqth-rg/providers/Microsoft.Network/virtualNetworks/adb-9scqth-vnet",
            "resource_group_name": "adb-9scqth-rg",
            "timeouts": null,
            "use_remote_gateways": false,
            "virtual_network_name": "adb-9scqth-squid-vnet"
          },
          "sensitive_attributes": [],
          "private": "eyJlMmJmYjczMC1lY2FhLTExZTYtOGY4OC0zNDM2M2JjN2M0YzAiOnsiY3JlYXRlIjoxODAwMDAwMDAwMDAwLCJkZWxldGUiOjE4MDAwMDAwMDAwMDAsInJlYWQiOjMwMDAwMDAwMDAwMCwidXBkYXRlIjoxODAwMDAwMDAwMDAwfX0=",
          "dependencies": [
            "azurerm_resource_group.this",
            "azurerm_virtual_network.dbvnet",
            "azurerm_virtual_network.squidvnet",
            "data.external.me",
            "random_string.naming"
          ]
        }
      ]
    },
    {
      "mode": "managed",
      "type": "databricks_notebook",
      "name": "cluster_setup_notebook",
      "provider": "provider[\"registry.terraform.io/databrickslabs/databricks\"]",
      "instances": [
        {
          "schema_version": 1,
          "attributes": {
            "content_base64": null,
            "id": "/Shared/setup_proxy",
            "language": "SCALA",
            "md5": "ae9a2d518d489b0bdf7fb1abfba8fa76",
            "object_id": 3719184769105484,
            "object_type": "NOTEBOOK",
            "path": "/Shared/setup_proxy",
            "source": "./artifacts/proxy_setup.scala",
            "url": "https://adb-342673610356663.3.azuredatabricks.net/#workspace/Shared/setup_proxy"
          },
          "sensitive_attributes": [],
          "private": "eyJzY2hlbWFfdmVyc2lvbiI6IjEifQ==",
          "dependencies": [
            "azurerm_subnet_network_security_group_association.private",
            "azurerm_virtual_network.dbvnet",
            "data.azurerm_image.customimage",
            "azurerm_linux_virtual_machine.example",
            "azurerm_network_interface.squid-nic",
            "azurerm_subnet.private",
            "azurerm_subnet.squid-public-subnet",
            "azurerm_subnet_network_security_group_association.public",
            "tls_private_key.squid_ssh",
            "azurerm_databricks_workspace.this",
            "azurerm_network_security_group.dbnsg",
            "azurerm_public_ip.squid-nic-pubip",
            "azurerm_resource_group.this",
            "azurerm_virtual_network.squidvnet",
            "data.external.me",
            "azurerm_subnet.public",
            "random_string.naming"
          ]
        }
      ]
    },
    {
      "mode": "managed",
      "type": "local_file",
      "name": "private_key",
      "provider": "provider[\"registry.terraform.io/hashicorp/local\"]",
      "instances": [
        {
          "schema_version": 0,
          "attributes": {
            "content": "-----BEGIN RSA PRIVATE KEY-----\nMIIJKAIBAAKCAgEAvb4pX4W7zoYBIBKoiCntmVFNXCTmIsMxbgDp1NP+HgroHYUZ\nH53HuqJ1MWqmINa3loN4Nr51+MqRM5rHDkyFQmkh/YjKQ5l6W1kGOvdtgqMuhAls\nhTn+quDDn5Z+BvswR3UB3q0W7M/+RGRXMGmVF8QHLjhS2EcxHrFUccabbWRcQll8\nJv4YZl8kjgQRC/rTsU4Z8JmHsaDeehtbw6nGjpHfaKStz2DArXkuoLZgTNTn9/vR\n70Z8nquGN3QlJXERWXnqtK/x+0Wku3D89DARBFHLtBPY3+IULYQE+D50KJwE4rzg\n4AIWW86+l/8gjmPyrZYsmjaRGZyn3cJIrojzLecam4urcxyyTIDE6az/zTQZzp58\nzBxH1vF9TyEmsjpn54r6QwWuKP1Ya3VgSZIZscJP/DRebJEW1gaNmlMPV1NwzV4c\nyZSeyN2TPtraeyE/0QPz9kFP+3jDgbnGaZnTvkzEoqSaOwN4uNRIn2zWpCp4vJfF\nP+fs44UNvPCsJtd7t6kWu9YlGsSGIf5kNSi4nzJt9TeAzzxBi5B0dqlzAYXtLPwl\nWLnH5jj8gb2HU8sIgXy8g+PnmYrilMqV7pcNXJLbeWSG7fN6RPtzuM7+sim0IR7N\n0HJxiVwMZ/Sh5v37hDmW6elkxfthSDf+HiLHb/tdOFVKdMGvlR+FBDANTU8CAwEA\nAQKCAgB1XN9Id3bwSpD9nqzh9FVD5TcdjLFQxT2Y1jXMcAgZ2xMx1zbwCG8XMQ+e\nLmJto4JRNiawbeSYq+teaRlA7fHrXw4oPWkmoRM+13T0GkGBcZ//Cbk3OuUcGwTF\nfJedh9eYC3bJnnS0q/6RnSMVDemrlpP+cdZEctyeKH+cFIXlBxPN8n3JvJepEqaQ\ntVE6AL7aR/3hhYWaSG/0RWHgR+5KF06B8oKT6Dul0XQW8lfkjjihegCjqQzCNERD\nnrKvUx2xI6kadE4P50b6reu4utZ7voBqdXBLIxLqCGPujOrah466FKxfwsrDpMDd\nUXB4wrfDyUTzalcb6XsnvtmoI4uOQyOM1xklYjJ3w/BxCJSNTlifkVjw5QOZHybR\npM8m96UHKxnlgUmrFrCL0namQVn2KnATVK+nEqveXKIZjtiGY8pUItqMWnEg0/AB\nDdFP3dn/JyDl9tEePUGPULDch6dwCzbbF6bjxiA5wMjWy6+4yUhS0qM0sdtIXRxP\nGTlCTUFHIEwp3WLBW30ZcXpK3AOxRB8g7/LbSeLZZ9HRZYYrL/t2NqRsn7rBUfGu\nZOSs1W8cfINp0a5diDixxwPGQ2xgZBfi4JzMpzgzxGOHTFS+YYoOD2Q2mBy8qyi6\nu6ooMGHPRDO7X2KDmHrDgbTfOngc23aReSwhXMzkVfSYoUilUQKCAQEA0yzpT3Lj\nrvCBLCKMjwO3KS2vZl6SK/pvVOouNx+R5Og/El7ywaQXaiAbhBqYxgUqM4ZKTPln\n/Nfv8XoFgqQYr3mpBodffwR9Nef27ZfYl46QERrU8Is5Kgg9AuALfcIyHp+WD05/\nv3Xj6zALichiTlSF7ebYJvQ+2o07Fonmwn9ouxWEkEjdA/y03/k/JLeJ432LWbb1\n8awaS+uAaRMG8HHaSCK1RP/V9xXOl1uxOKKHPp3ozMmSM10LubvzbtR413sNxnJ+\nhi9D0Ontj6/KnUCfoG6AhIA0wTvcgAkhz1A86JeGXlKpWGF2aJs2gTqstuIKVPKB\n+5PUhbE8cHm2+QKCAQEA5gSe3//5Dg6gHO0nsLPVm/BsVAWVMz8zcXRs3qFR8PkZ\n1bSJ/FdwuWXUQkSrWN7L347YSg6vHpfzDpNBPsVBBpERzklXCAwWdiIwtPUzH64A\nV9jdQ7bqa2Ds9OORjnTP5OufeNIUKjahPuQM47csegCVGGKJWBNcjNDy/GEDkpdz\nrj6WD5O84djCKYcoBIGG1PbpWecbD0U2Sr9t51u8oXOHYlGlgfV+r+5jvOhvwKuY\n05N9+f8lWrpzXLzsSjNLo7sQGbvc1oSf67MxMdtGUCG9Kc9QDcAXlNm9ifl2pi8/\n+mDKh/VDmgXp8aNAQBdcXRubB2ZwOeI55fOKyDBQhwKCAQEAqNapmznyTDZCMLVW\nyCliUewS5rgKCltqk+vAE5aMIQaHFvsPAD9f8RvGpDJXn0sV2Kgv06c8uu0zDFBR\nA4iLrBCLUYr+kSFXsrfJt2DGbTYwfVyEj+XgSHjZvui+h0eypsVVRtuuS7fICIwb\nTYgHATWW9wSwIUT60+ZDLdwHwc34QEwN9wYqnzt2qfQvxf1wo5AG0C32Kck+JSEf\nQ+NQkwGUUkRdxdL+kVTAHkfTQ8K+exPpw4IOAD8OVuus0BnUnAPomZeFDWfQwsGl\njFIyntPCTJTM8CNJCo3/1+Z1P7mZWSV86wEQIHecIjqms1/kIzxKomxZ/HjPXCy+\nc/b8kQKCAQBI7OoaBqPFqylkQmQ1B68Ps5gEw4hcKQt8SvdBVlAOYEuqj4S39lkM\nzpYPNIpGsMxeYoF8aU9oGbC7zEABULSfCltk1ae8K2jrp0dd9+dvgdEmCOGN2G5W\nAPLfaU76pVpML8/tlF1ETPGuaMsVXzvAqnKaupLk066iDpUbIv7o+Q96DOmyoppd\n2EUmuW0ckJxY5LdzA2x22PCvniWQFmulnGUt7MjWfSjfSmtgtyjHIyBe5AIqwpPr\nQfXVTyhzFfRDQsmF/yOy93VkWvmb3vNZ8HhyywGMenx/etE271qIsa5NCWbs1/vI\n11smeyWhrEZiVqA+JmIqV+kXWLGFapv9AoIBADHuJHZv7zr2sGM2lsxhL1Labqf1\nc2DdfjOAhi3VSV3jARYtmtjT2BMQ17tyGiiO0V/yQTv6tpZxAzICq6wcPb0f6Q37\nXxA785uMtTKPlKybAMWBVFuP7ni1B7MrOAv1lLD8ANN3l03ILEatOo/cDN4HzGzj\nUZVFBXwQKG9A44+w4nTBKWBnuFd54YIoYkvZ7XXxPOu4RbrVTxJHd5k9D0ktdWXu\nvyCiQgTD3gi9mjHQIAg/2SPVfeLOQct2fTUjaNsjTKMCw1iR8u1VUuSl5bG2KI5r\nh1lf9WZoQ9cN0A0XLBk7S3TU7mqNMGbQjIyk63UcTyo2+Lkq/KSEmV5nKPA=\n-----END RSA PRIVATE KEY-----\n",
            "content_base64": null,
            "directory_permission": "0777",
            "file_permission": "0600",
            "filename": "ssh_private.pem",
            "id": "9e8b05c77c492a34a96c3d1ad69d58c1b6a466da",
            "sensitive_content": null,
            "source": null
          },
          "sensitive_attributes": [
            [
              {
                "type": "get_attr",
                "value": "content"
              }
            ]
          ],
          "private": "bnVsbA==",
          "dependencies": [
            "tls_private_key.squid_ssh"
          ]
        }
      ]
    },
    {
      "mode": "managed",
      "type": "random_id",
      "name": "storage_account",
      "provider": "provider[\"registry.terraform.io/hashicorp/random\"]",
      "instances": [
        {
          "schema_version": 0,
          "attributes": {
            "b64_std": "ef20os0napA=",
            "b64_url": "ef20os0napA",
            "byte_length": 8,
            "dec": "8790380659016690320",
            "hex": "79fdb4a2cd276a90",
            "id": "ef20os0napA",
            "keepers": null,
            "prefix": null
          },
          "sensitive_attributes": [],
          "private": "bnVsbA=="
        }
      ]
    },
    {
      "mode": "managed",
      "type": "random_string",
      "name": "naming",
      "provider": "provider[\"registry.terraform.io/hashicorp/random\"]",
      "instances": [
        {
          "schema_version": 1,
          "attributes": {
            "id": "9scqth",
            "keepers": null,
            "length": 6,
            "lower": true,
            "min_lower": 0,
            "min_numeric": 0,
            "min_special": 0,
            "min_upper": 0,
            "number": true,
            "override_special": null,
            "result": "9scqth",
            "special": false,
            "upper": false
          },
          "sensitive_attributes": [],
          "private": "eyJzY2hlbWFfdmVyc2lvbiI6IjEifQ=="
        }
      ]
    },
    {
      "mode": "managed",
      "type": "tls_private_key",
      "name": "squid_ssh",
      "provider": "provider[\"registry.terraform.io/hashicorp/tls\"]",
      "instances": [
        {
          "schema_version": 0,
          "attributes": {
            "algorithm": "RSA",
            "ecdsa_curve": "P224",
            "id": "cdf2a333364483707c21d97562a71ba626164e9a",
            "private_key_pem": "-----BEGIN RSA PRIVATE KEY-----\nMIIJKAIBAAKCAgEAvb4pX4W7zoYBIBKoiCntmVFNXCTmIsMxbgDp1NP+HgroHYUZ\nH53HuqJ1MWqmINa3loN4Nr51+MqRM5rHDkyFQmkh/YjKQ5l6W1kGOvdtgqMuhAls\nhTn+quDDn5Z+BvswR3UB3q0W7M/+RGRXMGmVF8QHLjhS2EcxHrFUccabbWRcQll8\nJv4YZl8kjgQRC/rTsU4Z8JmHsaDeehtbw6nGjpHfaKStz2DArXkuoLZgTNTn9/vR\n70Z8nquGN3QlJXERWXnqtK/x+0Wku3D89DARBFHLtBPY3+IULYQE+D50KJwE4rzg\n4AIWW86+l/8gjmPyrZYsmjaRGZyn3cJIrojzLecam4urcxyyTIDE6az/zTQZzp58\nzBxH1vF9TyEmsjpn54r6QwWuKP1Ya3VgSZIZscJP/DRebJEW1gaNmlMPV1NwzV4c\nyZSeyN2TPtraeyE/0QPz9kFP+3jDgbnGaZnTvkzEoqSaOwN4uNRIn2zWpCp4vJfF\nP+fs44UNvPCsJtd7t6kWu9YlGsSGIf5kNSi4nzJt9TeAzzxBi5B0dqlzAYXtLPwl\nWLnH5jj8gb2HU8sIgXy8g+PnmYrilMqV7pcNXJLbeWSG7fN6RPtzuM7+sim0IR7N\n0HJxiVwMZ/Sh5v37hDmW6elkxfthSDf+HiLHb/tdOFVKdMGvlR+FBDANTU8CAwEA\nAQKCAgB1XN9Id3bwSpD9nqzh9FVD5TcdjLFQxT2Y1jXMcAgZ2xMx1zbwCG8XMQ+e\nLmJto4JRNiawbeSYq+teaRlA7fHrXw4oPWkmoRM+13T0GkGBcZ//Cbk3OuUcGwTF\nfJedh9eYC3bJnnS0q/6RnSMVDemrlpP+cdZEctyeKH+cFIXlBxPN8n3JvJepEqaQ\ntVE6AL7aR/3hhYWaSG/0RWHgR+5KF06B8oKT6Dul0XQW8lfkjjihegCjqQzCNERD\nnrKvUx2xI6kadE4P50b6reu4utZ7voBqdXBLIxLqCGPujOrah466FKxfwsrDpMDd\nUXB4wrfDyUTzalcb6XsnvtmoI4uOQyOM1xklYjJ3w/BxCJSNTlifkVjw5QOZHybR\npM8m96UHKxnlgUmrFrCL0namQVn2KnATVK+nEqveXKIZjtiGY8pUItqMWnEg0/AB\nDdFP3dn/JyDl9tEePUGPULDch6dwCzbbF6bjxiA5wMjWy6+4yUhS0qM0sdtIXRxP\nGTlCTUFHIEwp3WLBW30ZcXpK3AOxRB8g7/LbSeLZZ9HRZYYrL/t2NqRsn7rBUfGu\nZOSs1W8cfINp0a5diDixxwPGQ2xgZBfi4JzMpzgzxGOHTFS+YYoOD2Q2mBy8qyi6\nu6ooMGHPRDO7X2KDmHrDgbTfOngc23aReSwhXMzkVfSYoUilUQKCAQEA0yzpT3Lj\nrvCBLCKMjwO3KS2vZl6SK/pvVOouNx+R5Og/El7ywaQXaiAbhBqYxgUqM4ZKTPln\n/Nfv8XoFgqQYr3mpBodffwR9Nef27ZfYl46QERrU8Is5Kgg9AuALfcIyHp+WD05/\nv3Xj6zALichiTlSF7ebYJvQ+2o07Fonmwn9ouxWEkEjdA/y03/k/JLeJ432LWbb1\n8awaS+uAaRMG8HHaSCK1RP/V9xXOl1uxOKKHPp3ozMmSM10LubvzbtR413sNxnJ+\nhi9D0Ontj6/KnUCfoG6AhIA0wTvcgAkhz1A86JeGXlKpWGF2aJs2gTqstuIKVPKB\n+5PUhbE8cHm2+QKCAQEA5gSe3//5Dg6gHO0nsLPVm/BsVAWVMz8zcXRs3qFR8PkZ\n1bSJ/FdwuWXUQkSrWN7L347YSg6vHpfzDpNBPsVBBpERzklXCAwWdiIwtPUzH64A\nV9jdQ7bqa2Ds9OORjnTP5OufeNIUKjahPuQM47csegCVGGKJWBNcjNDy/GEDkpdz\nrj6WD5O84djCKYcoBIGG1PbpWecbD0U2Sr9t51u8oXOHYlGlgfV+r+5jvOhvwKuY\n05N9+f8lWrpzXLzsSjNLo7sQGbvc1oSf67MxMdtGUCG9Kc9QDcAXlNm9ifl2pi8/\n+mDKh/VDmgXp8aNAQBdcXRubB2ZwOeI55fOKyDBQhwKCAQEAqNapmznyTDZCMLVW\nyCliUewS5rgKCltqk+vAE5aMIQaHFvsPAD9f8RvGpDJXn0sV2Kgv06c8uu0zDFBR\nA4iLrBCLUYr+kSFXsrfJt2DGbTYwfVyEj+XgSHjZvui+h0eypsVVRtuuS7fICIwb\nTYgHATWW9wSwIUT60+ZDLdwHwc34QEwN9wYqnzt2qfQvxf1wo5AG0C32Kck+JSEf\nQ+NQkwGUUkRdxdL+kVTAHkfTQ8K+exPpw4IOAD8OVuus0BnUnAPomZeFDWfQwsGl\njFIyntPCTJTM8CNJCo3/1+Z1P7mZWSV86wEQIHecIjqms1/kIzxKomxZ/HjPXCy+\nc/b8kQKCAQBI7OoaBqPFqylkQmQ1B68Ps5gEw4hcKQt8SvdBVlAOYEuqj4S39lkM\nzpYPNIpGsMxeYoF8aU9oGbC7zEABULSfCltk1ae8K2jrp0dd9+dvgdEmCOGN2G5W\nAPLfaU76pVpML8/tlF1ETPGuaMsVXzvAqnKaupLk066iDpUbIv7o+Q96DOmyoppd\n2EUmuW0ckJxY5LdzA2x22PCvniWQFmulnGUt7MjWfSjfSmtgtyjHIyBe5AIqwpPr\nQfXVTyhzFfRDQsmF/yOy93VkWvmb3vNZ8HhyywGMenx/etE271qIsa5NCWbs1/vI\n11smeyWhrEZiVqA+JmIqV+kXWLGFapv9AoIBADHuJHZv7zr2sGM2lsxhL1Labqf1\nc2DdfjOAhi3VSV3jARYtmtjT2BMQ17tyGiiO0V/yQTv6tpZxAzICq6wcPb0f6Q37\nXxA785uMtTKPlKybAMWBVFuP7ni1B7MrOAv1lLD8ANN3l03ILEatOo/cDN4HzGzj\nUZVFBXwQKG9A44+w4nTBKWBnuFd54YIoYkvZ7XXxPOu4RbrVTxJHd5k9D0ktdWXu\nvyCiQgTD3gi9mjHQIAg/2SPVfeLOQct2fTUjaNsjTKMCw1iR8u1VUuSl5bG2KI5r\nh1lf9WZoQ9cN0A0XLBk7S3TU7mqNMGbQjIyk63UcTyo2+Lkq/KSEmV5nKPA=\n-----END RSA PRIVATE KEY-----\n",
            "public_key_fingerprint_md5": "fc:fa:94:1e:95:a6:8f:52:36:ad:e7:3b:a1:b6:3e:eb",
            "public_key_openssh": "ssh-rsa AAAAB3NzaC1yc2EAAAADAQABAAACAQC9vilfhbvOhgEgEqiIKe2ZUU1cJOYiwzFuAOnU0/4eCugdhRkfnce6onUxaqYg1reWg3g2vnX4ypEzmscOTIVCaSH9iMpDmXpbWQY6922Coy6ECWyFOf6q4MOfln4G+zBHdQHerRbsz/5EZFcwaZUXxAcuOFLYRzEesVRxxpttZFxCWXwm/hhmXySOBBEL+tOxThnwmYexoN56G1vDqcaOkd9opK3PYMCteS6gtmBM1Of3+9HvRnyeq4Y3dCUlcRFZeeq0r/H7RaS7cPz0MBEEUcu0E9jf4hQthAT4PnQonATivODgAhZbzr6X/yCOY/KtliyaNpEZnKfdwkiuiPMt5xqbi6tzHLJMgMTprP/NNBnOnnzMHEfW8X1PISayOmfnivpDBa4o/VhrdWBJkhmxwk/8NF5skRbWBo2aUw9XU3DNXhzJlJ7I3ZM+2tp7IT/RA/P2QU/7eMOBucZpmdO+TMSipJo7A3i41EifbNakKni8l8U/5+zjhQ288Kwm13u3qRa71iUaxIYh/mQ1KLifMm31N4DPPEGLkHR2qXMBhe0s/CVYucfmOPyBvYdTywiBfLyD4+eZiuKUypXulw1cktt5ZIbt83pE+3O4zv6yKbQhHs3QcnGJXAxn9KHm/fuEOZbp6WTF+2FIN/4eIsdv+104VUp0wa+VH4UEMA1NTw==\n",
            "public_key_pem": "-----BEGIN PUBLIC KEY-----\nMIICIjANBgkqhkiG9w0BAQEFAAOCAg8AMIICCgKCAgEAvb4pX4W7zoYBIBKoiCnt\nmVFNXCTmIsMxbgDp1NP+HgroHYUZH53HuqJ1MWqmINa3loN4Nr51+MqRM5rHDkyF\nQmkh/YjKQ5l6W1kGOvdtgqMuhAlshTn+quDDn5Z+BvswR3UB3q0W7M/+RGRXMGmV\nF8QHLjhS2EcxHrFUccabbWRcQll8Jv4YZl8kjgQRC/rTsU4Z8JmHsaDeehtbw6nG\njpHfaKStz2DArXkuoLZgTNTn9/vR70Z8nquGN3QlJXERWXnqtK/x+0Wku3D89DAR\nBFHLtBPY3+IULYQE+D50KJwE4rzg4AIWW86+l/8gjmPyrZYsmjaRGZyn3cJIrojz\nLecam4urcxyyTIDE6az/zTQZzp58zBxH1vF9TyEmsjpn54r6QwWuKP1Ya3VgSZIZ\nscJP/DRebJEW1gaNmlMPV1NwzV4cyZSeyN2TPtraeyE/0QPz9kFP+3jDgbnGaZnT\nvkzEoqSaOwN4uNRIn2zWpCp4vJfFP+fs44UNvPCsJtd7t6kWu9YlGsSGIf5kNSi4\nnzJt9TeAzzxBi5B0dqlzAYXtLPwlWLnH5jj8gb2HU8sIgXy8g+PnmYrilMqV7pcN\nXJLbeWSG7fN6RPtzuM7+sim0IR7N0HJxiVwMZ/Sh5v37hDmW6elkxfthSDf+HiLH\nb/tdOFVKdMGvlR+FBDANTU8CAwEAAQ==\n-----END PUBLIC KEY-----\n",
            "rsa_bits": 4096
          },
          "sensitive_attributes": [],
          "private": "bnVsbA=="
        }
      ]
    }
  ]
}
